{
  "version": 4,
  "terraform_version": "1.15.8",
  "serial": 86,
  "lineage": "59c3b74e-fc4e-6971-958a-407581e15944",
  "outputs": {
    "private_subnets": {
      "value": [
        "subnet-0668a5fc1d0ddf341",
        "subnet-0a9fc29c31ec2ae10",
        "subnet-028530416b5b03dd8",
        "subnet-09f6ac08f64cea2df",
        "subnet-06a06d1e3a71c49ae"
      ],
      "type": [
        "tuple",
        [
          "string",
          "string",
          "string",
          "string",
          "string"
        ]
      ]
    },
    "public_subnets": {
      "value": [
        "subnet-0719c2524cee76fc9",
        "subnet-0444e41035d33cd04",
        "subnet-04949c37cb8ae909a"
      ],
      "type": [
        "tuple",
        [
          "string",
          "string",
          "string"
        ]
      ]
    },
    "vpc_id": {
      "value": "vpc-0d42b6150d98256a5",
      "type": "string"
    }
  },
  "resources": [
    {
      "module": "module.eks.module.eks",
      "mode": "data",
      "type": "aws_caller_identity",
      "name": "current",
      "provider": "provider[\"registry.terraform.io/hashicorp/aws\"]",
      "instances": [
        {
          "index_key": 0,
          "schema_version": 0,
          "attributes": {
            "account_id": "084766854861",
            "arn": "arn:aws:iam::084766854861:root",
            "id": "084766854861",
            "user_id": "084766854861"
          },
          "sensitive_attributes": [],
          "identity_schema_version": 0
        }
      ]
    },
    {
      "module": "module.eks.module.eks",
      "mode": "data",
      "type": "aws_eks_addon_version",
      "name": "this",
      "provider": "provider[\"registry.terraform.io/hashicorp/aws\"]",
      "instances": [
        {
          "index_key": "coredns",
          "schema_version": 0,
          "attributes": {
            "addon_name": "coredns",
            "id": "coredns",
            "kubernetes_version": "1.35",
            "most_recent": true,
            "region": "ap-south-1",
            "version": "v1.14.3-eksbuild.3"
          },
          "sensitive_attributes": [],
          "identity_schema_version": 0
        },
        {
          "index_key": "eks-pod-identity-agent",
          "schema_version": 0,
          "attributes": {
            "addon_name": "eks-pod-identity-agent",
            "id": "eks-pod-identity-agent",
            "kubernetes_version": "1.35",
            "most_recent": true,
            "region": "ap-south-1",
            "version": "v1.3.10-eksbuild.3"
          },
          "sensitive_attributes": [],
          "identity_schema_version": 0
        },
        {
          "index_key": "kube-proxy",
          "schema_version": 0,
          "attributes": {
            "addon_name": "kube-proxy",
            "id": "kube-proxy",
            "kubernetes_version": "1.35",
            "most_recent": true,
            "region": "ap-south-1",
            "version": "v1.35.3-eksbuild.17"
          },
          "sensitive_attributes": [],
          "identity_schema_version": 0
        },
        {
          "index_key": "vpc-cni",
          "schema_version": 0,
          "attributes": {
            "addon_name": "vpc-cni",
            "id": "vpc-cni",
            "kubernetes_version": "1.35",
            "most_recent": true,
            "region": "ap-south-1",
            "version": "v1.22.4-eksbuild.3"
          },
          "sensitive_attributes": [],
          "identity_schema_version": 0
        }
      ]
    },
    {
      "module": "module.eks.module.eks",
      "mode": "data",
      "type": "aws_iam_policy_document",
      "name": "assume_role_policy",
      "provider": "provider[\"registry.terraform.io/hashicorp/aws\"]",
      "instances": [
        {
          "index_key": 0,
          "schema_version": 0,
          "attributes": {
            "id": "2830595799",
            "json": "{\n  \"Version\": \"2012-10-17\",\n  \"Statement\": [\n    {\n      \"Sid\": \"EKSClusterAssumeRole\",\n      \"Effect\": \"Allow\",\n      \"Action\": [\n        \"sts:TagSession\",\n        \"sts:AssumeRole\"\n      ],\n      \"Principal\": {\n        \"Service\": \"eks.amazonaws.com\"\n      }\n    }\n  ]\n}",
            "minified_json": "{\"Version\":\"2012-10-17\",\"Statement\":[{\"Sid\":\"EKSClusterAssumeRole\",\"Effect\":\"Allow\",\"Action\":[\"sts:TagSession\",\"sts:AssumeRole\"],\"Principal\":{\"Service\":\"eks.amazonaws.com\"}}]}",
            "override_json": null,
            "override_policy_documents": null,
            "policy_id": null,
            "source_json": null,
            "source_policy_documents": null,
            "statement": [
              {
                "actions": [
                  "sts:AssumeRole",
                  "sts:TagSession"
                ],
                "condition": [],
                "effect": "Allow",
                "not_actions": [],
                "not_principals": [],
                "not_resources": [],
                "principals": [
                  {
                    "identifiers": [
                      "eks.amazonaws.com"
                    ],
                    "type": "Service"
                  }
                ],
                "resources": [],
                "sid": "EKSClusterAssumeRole"
              }
            ],
            "version": "2012-10-17"
          },
          "sensitive_attributes": [],
          "identity_schema_version": 0
        }
      ]
    },
    {
      "module": "module.eks.module.eks",
      "mode": "data",
      "type": "aws_iam_session_context",
      "name": "current",
      "provider": "provider[\"registry.terraform.io/hashicorp/aws\"]",
      "instances": [
        {
          "index_key": 0,
          "schema_version": 0,
          "attributes": {
            "arn": "arn:aws:iam::084766854861:root",
            "id": "arn:aws:iam::084766854861:root",
            "issuer_arn": "arn:aws:iam::084766854861:root",
            "issuer_id": "",
            "issuer_name": "",
            "session_name": ""
          },
          "sensitive_attributes": [],
          "identity_schema_version": 0
        }
      ]
    },
    {
      "module": "module.eks.module.eks",
      "mode": "data",
      "type": "aws_partition",
      "name": "current",
      "provider": "provider[\"registry.terraform.io/hashicorp/aws\"]",
      "instances": [
        {
          "index_key": 0,
          "schema_version": 0,
          "attributes": {
            "dns_suffix": "amazonaws.com",
            "id": "aws",
            "partition": "aws",
            "reverse_dns_prefix": "com.amazonaws"
          },
          "sensitive_attributes": [],
          "identity_schema_version": 0
        }
      ]
    },
    {
      "module": "module.eks.module.eks",
      "mode": "data",
      "type": "tls_certificate",
      "name": "this",
      "provider": "provider[\"registry.terraform.io/hashicorp/tls\"]",
      "instances": [
        {
          "index_key": 0,
          "schema_version": 0,
          "attributes": {
            "certificates": [
              {
                "cert_pem": "-----BEGIN CERTIFICATE-----\nMIIEkjCCA3qgAwIBAgITBn+USionzfP6wq4rAfkI7rnExjANBgkqhkiG9w0BAQsF\nADCBmDELMAkGA1UEBhMCVVMxEDAOBgNVBAgTB0FyaXpvbmExEzARBgNVBAcTClNj\nb3R0c2RhbGUxJTAjBgNVBAoTHFN0YXJmaWVsZCBUZWNobm9sb2dpZXMsIEluYy4x\nOzA5BgNVBAMTMlN0YXJmaWVsZCBTZXJ2aWNlcyBSb290IENlcnRpZmljYXRlIEF1\ndGhvcml0eSAtIEcyMB4XDTE1MDUyNTEyMDAwMFoXDTM3MTIzMTAxMDAwMFowOTEL\nMAkGA1UEBhMCVVMxDzANBgNVBAoTBkFtYXpvbjEZMBcGA1UEAxMQQW1hem9uIFJv\nb3QgQ0EgMTCCASIwDQYJKoZIhvcNAQEBBQADggEPADCCAQoCggEBALJ4gHHKeNXj\nca9HgFB0fW7Y14h29Jlo91ghYPl0hAEvrAIthtOgQ3pOsqTQNroBvo3bSMgHFzZM\n9O6II8c+6zf1tRn4SWiw3te5djgdYZ6k/oI2peVKVuRF4fn9tBb6dNqcmzU5L/qw\nIFAGbHrQgLKm+a/sRxmPUDgH3KKHOVj4utWp+UhnMJbulHheb4mjUcAwhmahRWa6\nVOujw5H5SNz/0egwLX0tdHA114gk957EWW67c4cX8jJGKLhD+rcdqsq08p8kDi1L\n93FcXmn/6pUCyziKrlA4b9v7LWIbxcceVOF34GfID5yHI9Y/QCB/IIDEgEw+OyQm\njgSubJrIqg0CAwEAAaOCATEwggEtMA8GA1UdEwEB/wQFMAMBAf8wDgYDVR0PAQH/\nBAQDAgGGMB0GA1UdDgQWBBSEGMyFNOy8DJSULghZnMeyEE4KCDAfBgNVHSMEGDAW\ngBScXwDfqgHXMCs4iKK4bUqc8hGRgzB4BggrBgEFBQcBAQRsMGowLgYIKwYBBQUH\nMAGGImh0dHA6Ly9vY3NwLnJvb3RnMi5hbWF6b250cnVzdC5jb20wOAYIKwYBBQUH\nMAKGLGh0dHA6Ly9jcnQucm9vdGcyLmFtYXpvbnRydXN0LmNvbS9yb290ZzIuY2Vy\nMD0GA1UdHwQ2MDQwMqAwoC6GLGh0dHA6Ly9jcmwucm9vdGcyLmFtYXpvbnRydXN0\nLmNvbS9yb290ZzIuY3JsMBEGA1UdIAQKMAgwBgYEVR0gADANBgkqhkiG9w0BAQsF\nAAOCAQEAYjdCXLwQtT6LLOkMm2xF4gcAevnFWAu5CIw+7bMlPLVvUOTNNWqnkzSW\nMiGpSESrnO09tKpzbeR/FoCJbM8oAxiDR3mjEH4wW6w7sGDgd9QIpuEdfF7Au/ma\neyKdpwAJfqxGF4PcnCZXmTA5YpaP7dreqsXMGz7KQ2hsVxa81Q4gLv7/wmpdLqBK\nbRRYh5TmOTFffHPLkIhqhBGWJ6bt2YFGpn6jcgAKUj6DiAdjd4lpFw85hdKrCEVN\n0FE6/V1dN2RMfjCyVSRCnTawXZwXgWHxyvkQAiSr6w10kY17RSlQOYiypok1JR4U\nakcjMS9cmvqtmg5iUaQqqcT5NJ0hGA==\n-----END CERTIFICATE-----\n",
                "is_ca": true,
                "issuer": "CN=Starfield Services Root Certificate Authority - G2,O=Starfield Technologies\\, Inc.,L=Scottsdale,ST=Arizona,C=US",
                "max_path_length": -1,
                "not_after": "2037-12-31T01:00:00Z",
                "not_before": "2015-05-25T12:00:00Z",
                "public_key_algorithm": "RSA",
                "serial_number": "144918191876577076464031512351042010504348870",
                "sha1_fingerprint": "06b25927c42a721631c1efd9431e648fa62e1e39",
                "signature_algorithm": "SHA256-RSA",
                "subject": "CN=Amazon Root CA 1,O=Amazon,C=US",
                "version": 3
              },
              {
                "cert_pem": "-----BEGIN CERTIFICATE-----\nMIIEXjCCA0agAwIBAgITB3MSOAudZoijOx7Zv5zNpo4ODzANBgkqhkiG9w0BAQsF\nADA5MQswCQYDVQQGEwJVUzEPMA0GA1UEChMGQW1hem9uMRkwFwYDVQQDExBBbWF6\nb24gUm9vdCBDQSAxMB4XDTIyMDgyMzIyMjEyOFoXDTMwMDgyMzIyMjEyOFowPDEL\nMAkGA1UEBhMCVVMxDzANBgNVBAoTBkFtYXpvbjEcMBoGA1UEAxMTQW1hem9uIFJT\nQSAyMDQ4IE0wMTCCASIwDQYJKoZIhvcNAQEBBQADggEPADCCAQoCggEBAOtxLKnL\nH4gokjIwr4pXD3i3NyWVVYesZ1yX0yLI2qIUZ2t88Gfa4gMqs1YSXca1R/lnCKeT\nepWSGA+0+fkQNpp/L4C2T7oTTsddUx7g3ZYzByDTlrwS5HRQQqEFE3O1T5tEJP4t\nf+28IoXsNiEzl3UGzicYgtzj2cWCB41eJgEmJmcf2T8TzzK6a614ZPyq/w4CPAff\nnAV4coz96nW3AyiE2uhuB4zQUIXvgVSycW7sbWLvj5TDXunEpNCRwC4kkZjK7rol\njtT2cbb7W2s4Bkg3R42G3PLqBvt2N32e/0JOTViCk8/iccJ4sXqrS1uUN4iB5Nmv\nJK74csVl+0u0UecCAwEAAaOCAVowggFWMBIGA1UdEwEB/wQIMAYBAf8CAQAwDgYD\nVR0PAQH/BAQDAgGGMB0GA1UdJQQWMBQGCCsGAQUFBwMBBggrBgEFBQcDAjAdBgNV\nHQ4EFgQUgbgOY4qJEhjl+js7UJWf5uWQE4UwHwYDVR0jBBgwFoAUhBjMhTTsvAyU\nlC4IWZzHshBOCggwewYIKwYBBQUHAQEEbzBtMC8GCCsGAQUFBzABhiNodHRwOi8v\nb2NzcC5yb290Y2ExLmFtYXpvbnRydXN0LmNvbTA6BggrBgEFBQcwAoYuaHR0cDov\nL2NydC5yb290Y2ExLmFtYXpvbnRydXN0LmNvbS9yb290Y2ExLmNlcjA/BgNVHR8E\nODA2MDSgMqAwhi5odHRwOi8vY3JsLnJvb3RjYTEuYW1hem9udHJ1c3QuY29tL3Jv\nb3RjYTEuY3JsMBMGA1UdIAQMMAowCAYGZ4EMAQIBMA0GCSqGSIb3DQEBCwUAA4IB\nAQCtAN4CBSMuBjJitGuxlBbkEUDeK/pZwTXv4KqPK0G50fOHOQAd8j21p0cMBgbG\nkfMHVwLU7b0XwZCav0h1ogdPMN1KakK1DT0VwA/+hFvGPJnMV1Kx2G4S1ZaSk0uU\n5QfoiYIIano01J5k4T2HapKQmmOhS/iPtuo00wW+IMLeBuKMn3OLn005hcrOGTad\nhcmeyfhQP7Z+iKHvyoQGi1C0ClymHETx/chhQGDyYSWqB/THwnN15AwLQo0E5V9E\nSJlbe4mBlqeInUsNYugExNf+tOiybcrswBy8OFsd34XOW3rjSUtsuafd9AWySa3h\nxRRrwszrzX/WWGm6wyB+f7C4\n-----END CERTIFICATE-----\n",
                "is_ca": true,
                "issuer": "CN=Amazon Root CA 1,O=Amazon,C=US",
                "max_path_length": 0,
                "not_after": "2030-08-23T22:21:28Z",
                "not_before": "2022-08-23T22:21:28Z",
                "public_key_algorithm": "RSA",
                "serial_number": "166129328851546858514271303855646110030630415",
                "sha1_fingerprint": "2ad974a775f73cbdbbd8f5ac3a49255fa8fb1f8c",
                "signature_algorithm": "SHA256-RSA",
                "subject": "CN=Amazon RSA 2048 M01,O=Amazon,C=US",
                "version": 3
              },
              {
                "cert_pem": "-----BEGIN CERTIFICATE-----\nMIIF3TCCBMWgAwIBAgIQC4PYfnn7viYTJoWfANxTuTANBgkqhkiG9w0BAQsFADA8\nMQswCQYDVQQGEwJVUzEPMA0GA1UEChMGQW1hem9uMRwwGgYDVQQDExNBbWF6b24g\nUlNBIDIwNDggTTAxMB4XDTI2MDEyNzAwMDAwMFoXDTI3MDIyNTIzNTk1OVowKTEn\nMCUGA1UEAwweKi5la3MuYXAtc291dGgtMS5hbWF6b25hd3MuY29tMIIBIjANBgkq\nhkiG9w0BAQEFAAOCAQ8AMIIBCgKCAQEAhv5NQzOW57AibZtdURJXq/91G3oMa70K\no7Xrhq4XAD0nG6OiN/NImJ3lFP7uxWWSSnN5hAc9xcuDc/77ne9IjfxgNToosF8C\nUvHNnQ13y7pEqvYg0dosz6tM134cZkwyImGP8OeLaKV4FsHYVxIXEnQdI0bC3Qiv\nyjv5mcJuAaKpm+n3/m/qBUiyL4s82W4+LGHI1hCUum3iIGA2ip6Hp7BwVGMoKecs\njqAYiXKjdfBmN6FJIQ+RIxbEgPT+o1Kidfik/1PFH2im76CefXY0HXBoWDQmWZn5\nZ6WrQ3Fu+qI0R/HgHtEb1fa7KqcsWs07rOfnrJZaB5FQVeydUV1ElwIDAQABo4IC\n7DCCAugwHwYDVR0jBBgwFoAUgbgOY4qJEhjl+js7UJWf5uWQE4UwHQYDVR0OBBYE\nFFbaD6c98vgjLUjXSFaf8SPmFLeAMCkGA1UdEQQiMCCCHiouZWtzLmFwLXNvdXRo\nLTEuYW1hem9uYXdzLmNvbTATBgNVHSAEDDAKMAgGBmeBDAECATAOBgNVHQ8BAf8E\nBAMCBaAwEwYDVR0lBAwwCgYIKwYBBQUHAwEwOwYDVR0fBDQwMjAwoC6gLIYqaHR0\ncDovL2NybC5yMm0wMS5hbWF6b250cnVzdC5jb20vcjJtMDEuY3JsMHUGCCsGAQUF\nBwEBBGkwZzAtBggrBgEFBQcwAYYhaHR0cDovL29jc3AucjJtMDEuYW1hem9udHJ1\nc3QuY29tMDYGCCsGAQUFBzAChipodHRwOi8vY3J0LnIybTAxLmFtYXpvbnRydXN0\nLmNvbS9yMm0wMS5jZXIwDAYDVR0TAQH/BAIwADCCAX0GCisGAQQB1nkCBAIEggFt\nBIIBaQFnAHYATGPcmOWcHauI9h6KPd6uj6tEozd7X5uUw/uhnPzBviYAAAGb/M85\ngwAABAMARzBFAiEA1YKhCfg9RgldH6IFIowiYiRs1Addi8oMUCIQ2pBXG/QCIDQs\nuHxMlYyoJ8LFzGLKuDLeaCFypNISBk2B4qJMapD1AHUAHJ9oLOn68EVpUPgbloqH\n3dsyENhM5siy44JSSsTPWZ8AAAGb/M85mQAABAMARjBEAiB0syZumJQByPaA1tqz\nfyZqtCV1iIwQefAGuEHFV6wxcwIgRcOL6BTii+Y/9u/ZGQBOlfDxftwa/4Widc2t\nWDuVsUoAdgBgTJqven93XwHUBvySDciZ6wscffjJUhv6+hd3O5eLyQAAAZv8zzpe\nAAAEAwBHMEUCIHgL0hy9AdNqPvNbTd8wfUUWVAcVRLgTZNCPKX+9nBuaAiEAulm6\ngP+wgjr9cyefY98pksM9Yy19ZoCHaQXTZkQmkv4wDQYJKoZIhvcNAQELBQADggEB\nAKXbVJ9K5wYRv93nW9febVCXN4txei0vG1tsp+1RRtBlKb0n1QoxfY/QHY1aS+KS\n4iZWVqd/45PJBO6ETnGA26dBOzQEmIQaHXlzHmf7ChoQ/IAzGnv1b7zSz1WJ+dHI\nQCRcxud0g7zOsJLZ1E4w3tAIHCWnjBHheAPCPhoKm7ou2Uyg+lAb4R+mjMoAt+tI\nfIs1dL5XZzShQxP92SykI0R2CAuLpluRK+9xTm03tqu9zaVENWTwlLe6ZFXl/G5a\nCA8DoejDqXx5rhT/W3fQ/0wtLULz5253CN20wlNMY9M7rS0UABfxMnTj8tr21ikl\nXqThadIz4H6dg8PDUGq6xbg=\n-----END CERTIFICATE-----\n",
                "is_ca": false,
                "issuer": "CN=Amazon RSA 2048 M01,O=Amazon,C=US",
                "max_path_length": -1,
                "not_after": "2027-02-25T23:59:59Z",
                "not_before": "2026-01-27T00:00:00Z",
                "public_key_algorithm": "RSA",
                "serial_number": "15306089863077027100491464600926835641",
                "sha1_fingerprint": "9540116bb56e8ea19f0b4a08e845a17f827c131e",
                "signature_algorithm": "SHA256-RSA",
                "subject": "CN=*.eks.ap-south-1.amazonaws.com",
                "version": 3
              }
            ],
            "content": null,
            "id": "1e3a331631939a1ae4a625cd4244a4963dabbfa2",
            "url": "https://oidc.eks.ap-south-1.amazonaws.com/id/ABA976ECD1EA5527F0EA2393390646D0",
            "verify_chain": true
          },
          "sensitive_attributes": [],
          "identity_schema_version": 0
        }
      ]
    },
    {
      "module": "module.eks.module.eks",
      "mode": "managed",
      "type": "aws_cloudwatch_log_group",
      "name": "this",
      "provider": "provider[\"registry.terraform.io/hashicorp/aws\"]",
      "instances": [
        {
          "index_key": 0,
          "schema_version": 0,
          "attributes": {
            "arn": "arn:aws:logs:ap-south-1:084766854861:log-group:/aws/eks/dev-eks-cluster/cluster",
            "deletion_protection_enabled": false,
            "id": "/aws/eks/dev-eks-cluster/cluster",
            "kms_key_id": "",
            "log_group_class": "STANDARD",
            "name": "/aws/eks/dev-eks-cluster/cluster",
            "name_prefix": "",
            "region": "ap-south-1",
            "retention_in_days": 90,
            "skip_destroy": false,
            "tags": {
              "Environment": "dev",
              "Name": "/aws/eks/dev-eks-cluster/cluster",
              "cluster": "dev-eks-cluster"
            },
            "tags_all": {
              "Environment": "dev",
              "Name": "/aws/eks/dev-eks-cluster/cluster",
              "cluster": "dev-eks-cluster"
            }
          },
          "sensitive_attributes": [],
          "identity_schema_version": 0,
          "identity": {
            "account_id": "084766854861",
            "name": "/aws/eks/dev-eks-cluster/cluster",
            "region": "ap-south-1"
          },
          "private": "bnVsbA==",
          "dependencies": [
            "module.vpc_dev.data.aws_availability_zones.available",
            "module.vpc_dev.module.vpc.aws_cloudwatch_log_group.flow_log",
            "module.vpc_dev.module.vpc.aws_customer_gateway.this",
            "module.vpc_dev.module.vpc.aws_db_subnet_group.database",
            "module.vpc_dev.module.vpc.aws_default_network_acl.this",
            "module.vpc_dev.module.vpc.aws_default_route_table.default",
            "module.vpc_dev.module.vpc.aws_default_security_group.this",
            "module.vpc_dev.module.vpc.aws_default_vpc.this",
            "module.vpc_dev.module.vpc.aws_egress_only_internet_gateway.this",
            "module.vpc_dev.module.vpc.aws_eip.nat",
            "module.vpc_dev.module.vpc.aws_elasticache_subnet_group.elasticache",
            "module.vpc_dev.module.vpc.aws_flow_log.this",
            "module.vpc_dev.module.vpc.aws_iam_policy.vpc_flow_log_cloudwatch",
            "module.vpc_dev.module.vpc.aws_iam_role.vpc_flow_log_cloudwatch",
            "module.vpc_dev.module.vpc.aws_iam_role_policy_attachment.vpc_flow_log_cloudwatch",
            "module.vpc_dev.module.vpc.aws_internet_gateway.this",
            "module.vpc_dev.module.vpc.aws_nat_gateway.this",
            "module.vpc_dev.module.vpc.aws_network_acl.database",
            "module.vpc_dev.module.vpc.aws_network_acl.elasticache",
            "module.vpc_dev.module.vpc.aws_network_acl.intra",
            "module.vpc_dev.module.vpc.aws_network_acl.outpost",
            "module.vpc_dev.module.vpc.aws_network_acl.private",
            "module.vpc_dev.module.vpc.aws_network_acl.public",
            "module.vpc_dev.module.vpc.aws_network_acl.redshift",
            "module.vpc_dev.module.vpc.aws_network_acl_rule.database_inbound",
            "module.vpc_dev.module.vpc.aws_network_acl_rule.database_outbound",
            "module.vpc_dev.module.vpc.aws_network_acl_rule.elasticache_inbound",
            "module.vpc_dev.module.vpc.aws_network_acl_rule.elasticache_outbound",
            "module.vpc_dev.module.vpc.aws_network_acl_rule.intra_inbound",
            "module.vpc_dev.module.vpc.aws_network_acl_rule.intra_outbound",
            "module.vpc_dev.module.vpc.aws_network_acl_rule.outpost_inbound",
            "module.vpc_dev.module.vpc.aws_network_acl_rule.outpost_outbound",
            "module.vpc_dev.module.vpc.aws_network_acl_rule.private_inbound",
            "module.vpc_dev.module.vpc.aws_network_acl_rule.private_outbound",
            "module.vpc_dev.module.vpc.aws_network_acl_rule.public_inbound",
            "module.vpc_dev.module.vpc.aws_network_acl_rule.public_outbound",
            "module.vpc_dev.module.vpc.aws_network_acl_rule.redshift_inbound",
            "module.vpc_dev.module.vpc.aws_network_acl_rule.redshift_outbound",
            "module.vpc_dev.module.vpc.aws_redshift_subnet_group.redshift",
            "module.vpc_dev.module.vpc.aws_route.database_dns64_nat_gateway",
            "module.vpc_dev.module.vpc.aws_route.database_internet_gateway",
            "module.vpc_dev.module.vpc.aws_route.database_ipv6_egress",
            "module.vpc_dev.module.vpc.aws_route.database_nat_gateway",
            "module.vpc_dev.module.vpc.aws_route.private_dns64_nat_gateway",
            "module.vpc_dev.module.vpc.aws_route.private_ipv6_egress",
            "module.vpc_dev.module.vpc.aws_route.private_nat_gateway",
            "module.vpc_dev.module.vpc.aws_route.public_internet_gateway",
            "module.vpc_dev.module.vpc.aws_route.public_internet_gateway_ipv6",
            "module.vpc_dev.module.vpc.aws_route_table.database",
            "module.vpc_dev.module.vpc.aws_route_table.elasticache",
            "module.vpc_dev.module.vpc.aws_route_table.intra",
            "module.vpc_dev.module.vpc.aws_route_table.private",
            "module.vpc_dev.module.vpc.aws_route_table.public",
            "module.vpc_dev.module.vpc.aws_route_table.redshift",
            "module.vpc_dev.module.vpc.aws_route_table_association.database",
            "module.vpc_dev.module.vpc.aws_route_table_association.elasticache",
            "module.vpc_dev.module.vpc.aws_route_table_association.intra",
            "module.vpc_dev.module.vpc.aws_route_table_association.outpost",
            "module.vpc_dev.module.vpc.aws_route_table_association.private",
            "module.vpc_dev.module.vpc.aws_route_table_association.public",
            "module.vpc_dev.module.vpc.aws_route_table_association.redshift",
            "module.vpc_dev.module.vpc.aws_route_table_association.redshift_public",
            "module.vpc_dev.module.vpc.aws_subnet.database",
            "module.vpc_dev.module.vpc.aws_subnet.elasticache",
            "module.vpc_dev.module.vpc.aws_subnet.intra",
            "module.vpc_dev.module.vpc.aws_subnet.outpost",
            "module.vpc_dev.module.vpc.aws_subnet.private",
            "module.vpc_dev.module.vpc.aws_subnet.public",
            "module.vpc_dev.module.vpc.aws_subnet.redshift",
            "module.vpc_dev.module.vpc.aws_vpc.this",
            "module.vpc_dev.module.vpc.aws_vpc_block_public_access_exclusion.this",
            "module.vpc_dev.module.vpc.aws_vpc_block_public_access_options.this",
            "module.vpc_dev.module.vpc.aws_vpc_dhcp_options.this",
            "module.vpc_dev.module.vpc.aws_vpc_dhcp_options_association.this",
            "module.vpc_dev.module.vpc.aws_vpc_ipv4_cidr_block_association.this",
            "module.vpc_dev.module.vpc.aws_vpn_gateway.this",
            "module.vpc_dev.module.vpc.aws_vpn_gateway_attachment.this",
            "module.vpc_dev.module.vpc.aws_vpn_gateway_route_propagation.intra",
            "module.vpc_dev.module.vpc.aws_vpn_gateway_route_propagation.private",
            "module.vpc_dev.module.vpc.aws_vpn_gateway_route_propagation.public",
            "module.vpc_dev.module.vpc.data.aws_caller_identity.current",
            "module.vpc_dev.module.vpc.data.aws_iam_policy_document.flow_log_cloudwatch_assume_role",
            "module.vpc_dev.module.vpc.data.aws_iam_policy_document.vpc_flow_log_cloudwatch",
            "module.vpc_dev.module.vpc.data.aws_partition.current",
            "module.vpc_dev.module.vpc.data.aws_region.current"
          ],
          "create_before_destroy": true
        }
      ]
    },
    {
      "module": "module.eks.module.eks",
      "mode": "managed",
      "type": "aws_ec2_tag",
      "name": "cluster_primary_security_group",
      "provider": "provider[\"registry.terraform.io/hashicorp/aws\"]",
      "instances": [
        {
          "index_key": "Environment",
          "schema_version": 0,
          "attributes": {
            "id": "sg-079c49b305eeea1bd,Environment",
            "key": "Environment",
            "region": "ap-south-1",
            "resource_id": "sg-079c49b305eeea1bd",
            "value": "dev"
          },
          "sensitive_attributes": [],
          "identity_schema_version": 0,
          "private": "bnVsbA==",
          "dependencies": [
            "module.eks.module.eks.aws_cloudwatch_log_group.this",
            "module.eks.module.eks.aws_eks_cluster.this",
            "module.eks.module.eks.aws_iam_policy.cni_ipv6_policy",
            "module.eks.module.eks.aws_iam_role.eks_auto",
            "module.eks.module.eks.aws_iam_role.this",
            "module.eks.module.eks.aws_iam_role_policy_attachment.this",
            "module.eks.module.eks.aws_security_group.cluster",
            "module.eks.module.eks.aws_security_group.node",
            "module.eks.module.eks.aws_security_group_rule.cluster",
            "module.eks.module.eks.aws_security_group_rule.node",
            "module.eks.module.eks.data.aws_caller_identity.current",
            "module.eks.module.eks.data.aws_iam_policy_document.assume_role_policy",
            "module.eks.module.eks.data.aws_iam_policy_document.cni_ipv6_policy",
            "module.eks.module.eks.data.aws_iam_policy_document.node_assume_role_policy",
            "module.eks.module.eks.data.aws_iam_session_context.current",
            "module.eks.module.eks.data.aws_partition.current",
            "module.eks.module.eks.module.kms.aws_kms_external_key.this",
            "module.eks.module.eks.module.kms.aws_kms_key.this",
            "module.eks.module.eks.module.kms.aws_kms_replica_external_key.this",
            "module.eks.module.eks.module.kms.aws_kms_replica_key.this",
            "module.eks.module.eks.module.kms.data.aws_caller_identity.current",
            "module.eks.module.eks.module.kms.data.aws_iam_policy_document.this",
            "module.eks.module.eks.module.kms.data.aws_partition.current",
            "module.vpc_dev.data.aws_availability_zones.available",
            "module.vpc_dev.module.vpc.aws_cloudwatch_log_group.flow_log",
            "module.vpc_dev.module.vpc.aws_customer_gateway.this",
            "module.vpc_dev.module.vpc.aws_db_subnet_group.database",
            "module.vpc_dev.module.vpc.aws_default_network_acl.this",
            "module.vpc_dev.module.vpc.aws_default_route_table.default",
            "module.vpc_dev.module.vpc.aws_default_security_group.this",
            "module.vpc_dev.module.vpc.aws_default_vpc.this",
            "module.vpc_dev.module.vpc.aws_egress_only_internet_gateway.this",
            "module.vpc_dev.module.vpc.aws_eip.nat",
            "module.vpc_dev.module.vpc.aws_elasticache_subnet_group.elasticache",
            "module.vpc_dev.module.vpc.aws_flow_log.this",
            "module.vpc_dev.module.vpc.aws_iam_policy.vpc_flow_log_cloudwatch",
            "module.vpc_dev.module.vpc.aws_iam_role.vpc_flow_log_cloudwatch",
            "module.vpc_dev.module.vpc.aws_iam_role_policy_attachment.vpc_flow_log_cloudwatch",
            "module.vpc_dev.module.vpc.aws_internet_gateway.this",
            "module.vpc_dev.module.vpc.aws_nat_gateway.this",
            "module.vpc_dev.module.vpc.aws_network_acl.database",
            "module.vpc_dev.module.vpc.aws_network_acl.elasticache",
            "module.vpc_dev.module.vpc.aws_network_acl.intra",
            "module.vpc_dev.module.vpc.aws_network_acl.outpost",
            "module.vpc_dev.module.vpc.aws_network_acl.private",
            "module.vpc_dev.module.vpc.aws_network_acl.public",
            "module.vpc_dev.module.vpc.aws_network_acl.redshift",
            "module.vpc_dev.module.vpc.aws_network_acl_rule.database_inbound",
            "module.vpc_dev.module.vpc.aws_network_acl_rule.database_outbound",
            "module.vpc_dev.module.vpc.aws_network_acl_rule.elasticache_inbound",
            "module.vpc_dev.module.vpc.aws_network_acl_rule.elasticache_outbound",
            "module.vpc_dev.module.vpc.aws_network_acl_rule.intra_inbound",
            "module.vpc_dev.module.vpc.aws_network_acl_rule.intra_outbound",
            "module.vpc_dev.module.vpc.aws_network_acl_rule.outpost_inbound",
            "module.vpc_dev.module.vpc.aws_network_acl_rule.outpost_outbound",
            "module.vpc_dev.module.vpc.aws_network_acl_rule.private_inbound",
            "module.vpc_dev.module.vpc.aws_network_acl_rule.private_outbound",
            "module.vpc_dev.module.vpc.aws_network_acl_rule.public_inbound",
            "module.vpc_dev.module.vpc.aws_network_acl_rule.public_outbound",
            "module.vpc_dev.module.vpc.aws_network_acl_rule.redshift_inbound",
            "module.vpc_dev.module.vpc.aws_network_acl_rule.redshift_outbound",
            "module.vpc_dev.module.vpc.aws_redshift_subnet_group.redshift",
            "module.vpc_dev.module.vpc.aws_route.database_dns64_nat_gateway",
            "module.vpc_dev.module.vpc.aws_route.database_internet_gateway",
            "module.vpc_dev.module.vpc.aws_route.database_ipv6_egress",
            "module.vpc_dev.module.vpc.aws_route.database_nat_gateway",
            "module.vpc_dev.module.vpc.aws_route.private_dns64_nat_gateway",
            "module.vpc_dev.module.vpc.aws_route.private_ipv6_egress",
            "module.vpc_dev.module.vpc.aws_route.private_nat_gateway",
            "module.vpc_dev.module.vpc.aws_route.public_internet_gateway",
            "module.vpc_dev.module.vpc.aws_route.public_internet_gateway_ipv6",
            "module.vpc_dev.module.vpc.aws_route_table.database",
            "module.vpc_dev.module.vpc.aws_route_table.elasticache",
            "module.vpc_dev.module.vpc.aws_route_table.intra",
            "module.vpc_dev.module.vpc.aws_route_table.private",
            "module.vpc_dev.module.vpc.aws_route_table.public",
            "module.vpc_dev.module.vpc.aws_route_table.redshift",
            "module.vpc_dev.module.vpc.aws_route_table_association.database",
            "module.vpc_dev.module.vpc.aws_route_table_association.elasticache",
            "module.vpc_dev.module.vpc.aws_route_table_association.intra",
            "module.vpc_dev.module.vpc.aws_route_table_association.outpost",
            "module.vpc_dev.module.vpc.aws_route_table_association.private",
            "module.vpc_dev.module.vpc.aws_route_table_association.public",
            "module.vpc_dev.module.vpc.aws_route_table_association.redshift",
            "module.vpc_dev.module.vpc.aws_route_table_association.redshift_public",
            "module.vpc_dev.module.vpc.aws_subnet.database",
            "module.vpc_dev.module.vpc.aws_subnet.elasticache",
            "module.vpc_dev.module.vpc.aws_subnet.intra",
            "module.vpc_dev.module.vpc.aws_subnet.outpost",
            "module.vpc_dev.module.vpc.aws_subnet.private",
            "module.vpc_dev.module.vpc.aws_subnet.public",
            "module.vpc_dev.module.vpc.aws_subnet.redshift",
            "module.vpc_dev.module.vpc.aws_vpc.this",
            "module.vpc_dev.module.vpc.aws_vpc_block_public_access_exclusion.this",
            "module.vpc_dev.module.vpc.aws_vpc_block_public_access_options.this",
            "module.vpc_dev.module.vpc.aws_vpc_dhcp_options.this",
            "module.vpc_dev.module.vpc.aws_vpc_dhcp_options_association.this",
            "module.vpc_dev.module.vpc.aws_vpc_ipv4_cidr_block_association.this",
            "module.vpc_dev.module.vpc.aws_vpn_gateway.this",
            "module.vpc_dev.module.vpc.aws_vpn_gateway_attachment.this",
            "module.vpc_dev.module.vpc.aws_vpn_gateway_route_propagation.intra",
            "module.vpc_dev.module.vpc.aws_vpn_gateway_route_propagation.private",
            "module.vpc_dev.module.vpc.aws_vpn_gateway_route_propagation.public",
            "module.vpc_dev.module.vpc.data.aws_caller_identity.current",
            "module.vpc_dev.module.vpc.data.aws_iam_policy_document.flow_log_cloudwatch_assume_role",
            "module.vpc_dev.module.vpc.data.aws_iam_policy_document.vpc_flow_log_cloudwatch",
            "module.vpc_dev.module.vpc.data.aws_partition.current",
            "module.vpc_dev.module.vpc.data.aws_region.current"
          ]
        },
        {
          "index_key": "cluster",
          "schema_version": 0,
          "attributes": {
            "id": "sg-079c49b305eeea1bd,cluster",
            "key": "cluster",
            "region": "ap-south-1",
            "resource_id": "sg-079c49b305eeea1bd",
            "value": "dev-eks-cluster"
          },
          "sensitive_attributes": [],
          "identity_schema_version": 0,
          "private": "bnVsbA==",
          "dependencies": [
            "module.eks.module.eks.aws_cloudwatch_log_group.this",
            "module.eks.module.eks.aws_eks_cluster.this",
            "module.eks.module.eks.aws_iam_policy.cni_ipv6_policy",
            "module.eks.module.eks.aws_iam_role.eks_auto",
            "module.eks.module.eks.aws_iam_role.this",
            "module.eks.module.eks.aws_iam_role_policy_attachment.this",
            "module.eks.module.eks.aws_security_group.cluster",
            "module.eks.module.eks.aws_security_group.node",
            "module.eks.module.eks.aws_security_group_rule.cluster",
            "module.eks.module.eks.aws_security_group_rule.node",
            "module.eks.module.eks.data.aws_caller_identity.current",
            "module.eks.module.eks.data.aws_iam_policy_document.assume_role_policy",
            "module.eks.module.eks.data.aws_iam_policy_document.cni_ipv6_policy",
            "module.eks.module.eks.data.aws_iam_policy_document.node_assume_role_policy",
            "module.eks.module.eks.data.aws_iam_session_context.current",
            "module.eks.module.eks.data.aws_partition.current",
            "module.eks.module.eks.module.kms.aws_kms_external_key.this",
            "module.eks.module.eks.module.kms.aws_kms_key.this",
            "module.eks.module.eks.module.kms.aws_kms_replica_external_key.this",
            "module.eks.module.eks.module.kms.aws_kms_replica_key.this",
            "module.eks.module.eks.module.kms.data.aws_caller_identity.current",
            "module.eks.module.eks.module.kms.data.aws_iam_policy_document.this",
            "module.eks.module.eks.module.kms.data.aws_partition.current",
            "module.vpc_dev.data.aws_availability_zones.available",
            "module.vpc_dev.module.vpc.aws_cloudwatch_log_group.flow_log",
            "module.vpc_dev.module.vpc.aws_customer_gateway.this",
            "module.vpc_dev.module.vpc.aws_db_subnet_group.database",
            "module.vpc_dev.module.vpc.aws_default_network_acl.this",
            "module.vpc_dev.module.vpc.aws_default_route_table.default",
            "module.vpc_dev.module.vpc.aws_default_security_group.this",
            "module.vpc_dev.module.vpc.aws_default_vpc.this",
            "module.vpc_dev.module.vpc.aws_egress_only_internet_gateway.this",
            "module.vpc_dev.module.vpc.aws_eip.nat",
            "module.vpc_dev.module.vpc.aws_elasticache_subnet_group.elasticache",
            "module.vpc_dev.module.vpc.aws_flow_log.this",
            "module.vpc_dev.module.vpc.aws_iam_policy.vpc_flow_log_cloudwatch",
            "module.vpc_dev.module.vpc.aws_iam_role.vpc_flow_log_cloudwatch",
            "module.vpc_dev.module.vpc.aws_iam_role_policy_attachment.vpc_flow_log_cloudwatch",
            "module.vpc_dev.module.vpc.aws_internet_gateway.this",
            "module.vpc_dev.module.vpc.aws_nat_gateway.this",
            "module.vpc_dev.module.vpc.aws_network_acl.database",
            "module.vpc_dev.module.vpc.aws_network_acl.elasticache",
            "module.vpc_dev.module.vpc.aws_network_acl.intra",
            "module.vpc_dev.module.vpc.aws_network_acl.outpost",
            "module.vpc_dev.module.vpc.aws_network_acl.private",
            "module.vpc_dev.module.vpc.aws_network_acl.public",
            "module.vpc_dev.module.vpc.aws_network_acl.redshift",
            "module.vpc_dev.module.vpc.aws_network_acl_rule.database_inbound",
            "module.vpc_dev.module.vpc.aws_network_acl_rule.database_outbound",
            "module.vpc_dev.module.vpc.aws_network_acl_rule.elasticache_inbound",
            "module.vpc_dev.module.vpc.aws_network_acl_rule.elasticache_outbound",
            "module.vpc_dev.module.vpc.aws_network_acl_rule.intra_inbound",
            "module.vpc_dev.module.vpc.aws_network_acl_rule.intra_outbound",
            "module.vpc_dev.module.vpc.aws_network_acl_rule.outpost_inbound",
            "module.vpc_dev.module.vpc.aws_network_acl_rule.outpost_outbound",
            "module.vpc_dev.module.vpc.aws_network_acl_rule.private_inbound",
            "module.vpc_dev.module.vpc.aws_network_acl_rule.private_outbound",
            "module.vpc_dev.module.vpc.aws_network_acl_rule.public_inbound",
            "module.vpc_dev.module.vpc.aws_network_acl_rule.public_outbound",
            "module.vpc_dev.module.vpc.aws_network_acl_rule.redshift_inbound",
            "module.vpc_dev.module.vpc.aws_network_acl_rule.redshift_outbound",
            "module.vpc_dev.module.vpc.aws_redshift_subnet_group.redshift",
            "module.vpc_dev.module.vpc.aws_route.database_dns64_nat_gateway",
            "module.vpc_dev.module.vpc.aws_route.database_internet_gateway",
            "module.vpc_dev.module.vpc.aws_route.database_ipv6_egress",
            "module.vpc_dev.module.vpc.aws_route.database_nat_gateway",
            "module.vpc_dev.module.vpc.aws_route.private_dns64_nat_gateway",
            "module.vpc_dev.module.vpc.aws_route.private_ipv6_egress",
            "module.vpc_dev.module.vpc.aws_route.private_nat_gateway",
            "module.vpc_dev.module.vpc.aws_route.public_internet_gateway",
            "module.vpc_dev.module.vpc.aws_route.public_internet_gateway_ipv6",
            "module.vpc_dev.module.vpc.aws_route_table.database",
            "module.vpc_dev.module.vpc.aws_route_table.elasticache",
            "module.vpc_dev.module.vpc.aws_route_table.intra",
            "module.vpc_dev.module.vpc.aws_route_table.private",
            "module.vpc_dev.module.vpc.aws_route_table.public",
            "module.vpc_dev.module.vpc.aws_route_table.redshift",
            "module.vpc_dev.module.vpc.aws_route_table_association.database",
            "module.vpc_dev.module.vpc.aws_route_table_association.elasticache",
            "module.vpc_dev.module.vpc.aws_route_table_association.intra",
            "module.vpc_dev.module.vpc.aws_route_table_association.outpost",
            "module.vpc_dev.module.vpc.aws_route_table_association.private",
            "module.vpc_dev.module.vpc.aws_route_table_association.public",
            "module.vpc_dev.module.vpc.aws_route_table_association.redshift",
            "module.vpc_dev.module.vpc.aws_route_table_association.redshift_public",
            "module.vpc_dev.module.vpc.aws_subnet.database",
            "module.vpc_dev.module.vpc.aws_subnet.elasticache",
            "module.vpc_dev.module.vpc.aws_subnet.intra",
            "module.vpc_dev.module.vpc.aws_subnet.outpost",
            "module.vpc_dev.module.vpc.aws_subnet.private",
            "module.vpc_dev.module.vpc.aws_subnet.public",
            "module.vpc_dev.module.vpc.aws_subnet.redshift",
            "module.vpc_dev.module.vpc.aws_vpc.this",
            "module.vpc_dev.module.vpc.aws_vpc_block_public_access_exclusion.this",
            "module.vpc_dev.module.vpc.aws_vpc_block_public_access_options.this",
            "module.vpc_dev.module.vpc.aws_vpc_dhcp_options.this",
            "module.vpc_dev.module.vpc.aws_vpc_dhcp_options_association.this",
            "module.vpc_dev.module.vpc.aws_vpc_ipv4_cidr_block_association.this",
            "module.vpc_dev.module.vpc.aws_vpn_gateway.this",
            "module.vpc_dev.module.vpc.aws_vpn_gateway_attachment.this",
            "module.vpc_dev.module.vpc.aws_vpn_gateway_route_propagation.intra",
            "module.vpc_dev.module.vpc.aws_vpn_gateway_route_propagation.private",
            "module.vpc_dev.module.vpc.aws_vpn_gateway_route_propagation.public",
            "module.vpc_dev.module.vpc.data.aws_caller_identity.current",
            "module.vpc_dev.module.vpc.data.aws_iam_policy_document.flow_log_cloudwatch_assume_role",
            "module.vpc_dev.module.vpc.data.aws_iam_policy_document.vpc_flow_log_cloudwatch",
            "module.vpc_dev.module.vpc.data.aws_partition.current",
            "module.vpc_dev.module.vpc.data.aws_region.current"
          ]
        }
      ]
    },
    {
      "module": "module.eks.module.eks",
      "mode": "managed",
      "type": "aws_eks_access_entry",
      "name": "this",
      "provider": "provider[\"registry.terraform.io/hashicorp/aws\"]",
      "instances": [
        {
          "index_key": "cluster_creator",
          "schema_version": 0,
          "attributes": {
            "access_entry_arn": "arn:aws:eks:ap-south-1:084766854861:access-entry/dev-eks-cluster/root/084766854861//70cfc772-3771-e22e-b343-01f3da85b149",
            "cluster_name": "dev-eks-cluster",
            "created_at": "2026-07-23T12:12:43Z",
            "id": "dev-eks-cluster:arn:aws:iam::084766854861:root",
            "kubernetes_groups": [],
            "modified_at": "2026-07-23T12:12:43Z",
            "principal_arn": "arn:aws:iam::084766854861:root",
            "region": "ap-south-1",
            "tags": {
              "Environment": "dev",
              "cluster": "dev-eks-cluster"
            },
            "tags_all": {
              "Environment": "dev",
              "cluster": "dev-eks-cluster"
            },
            "timeouts": null,
            "type": "STANDARD",
            "user_name": "arn:aws:iam::084766854861:root"
          },
          "sensitive_attributes": [],
          "identity_schema_version": 0,
          "identity": {
            "account_id": "084766854861",
            "cluster_name": "dev-eks-cluster",
            "principal_arn": "arn:aws:iam::084766854861:root",
            "region": "ap-south-1"
          },
          "private": "eyJlMmJmYjczMC1lY2FhLTExZTYtOGY4OC0zNDM2M2JjN2M0YzAiOnsiY3JlYXRlIjo2MDAwMDAwMDAwMDAsImRlbGV0ZSI6NjAwMDAwMDAwMDAwfX0=",
          "dependencies": [
            "module.eks.module.eks.aws_cloudwatch_log_group.this",
            "module.eks.module.eks.aws_eks_cluster.this",
            "module.eks.module.eks.aws_iam_policy.cni_ipv6_policy",
            "module.eks.module.eks.aws_iam_role.eks_auto",
            "module.eks.module.eks.aws_iam_role.this",
            "module.eks.module.eks.aws_iam_role_policy_attachment.this",
            "module.eks.module.eks.aws_security_group.cluster",
            "module.eks.module.eks.aws_security_group.node",
            "module.eks.module.eks.aws_security_group_rule.cluster",
            "module.eks.module.eks.aws_security_group_rule.node",
            "module.eks.module.eks.data.aws_caller_identity.current",
            "module.eks.module.eks.data.aws_iam_policy_document.assume_role_policy",
            "module.eks.module.eks.data.aws_iam_policy_document.cni_ipv6_policy",
            "module.eks.module.eks.data.aws_iam_policy_document.node_assume_role_policy",
            "module.eks.module.eks.data.aws_iam_session_context.current",
            "module.eks.module.eks.data.aws_partition.current",
            "module.eks.module.eks.module.kms.aws_kms_external_key.this",
            "module.eks.module.eks.module.kms.aws_kms_key.this",
            "module.eks.module.eks.module.kms.aws_kms_replica_external_key.this",
            "module.eks.module.eks.module.kms.aws_kms_replica_key.this",
            "module.eks.module.eks.module.kms.data.aws_caller_identity.current",
            "module.eks.module.eks.module.kms.data.aws_iam_policy_document.this",
            "module.eks.module.eks.module.kms.data.aws_partition.current",
            "module.vpc_dev.data.aws_availability_zones.available",
            "module.vpc_dev.module.vpc.aws_cloudwatch_log_group.flow_log",
            "module.vpc_dev.module.vpc.aws_customer_gateway.this",
            "module.vpc_dev.module.vpc.aws_db_subnet_group.database",
            "module.vpc_dev.module.vpc.aws_default_network_acl.this",
            "module.vpc_dev.module.vpc.aws_default_route_table.default",
            "module.vpc_dev.module.vpc.aws_default_security_group.this",
            "module.vpc_dev.module.vpc.aws_default_vpc.this",
            "module.vpc_dev.module.vpc.aws_egress_only_internet_gateway.this",
            "module.vpc_dev.module.vpc.aws_eip.nat",
            "module.vpc_dev.module.vpc.aws_elasticache_subnet_group.elasticache",
            "module.vpc_dev.module.vpc.aws_flow_log.this",
            "module.vpc_dev.module.vpc.aws_iam_policy.vpc_flow_log_cloudwatch",
            "module.vpc_dev.module.vpc.aws_iam_role.vpc_flow_log_cloudwatch",
            "module.vpc_dev.module.vpc.aws_iam_role_policy_attachment.vpc_flow_log_cloudwatch",
            "module.vpc_dev.module.vpc.aws_internet_gateway.this",
            "module.vpc_dev.module.vpc.aws_nat_gateway.this",
            "module.vpc_dev.module.vpc.aws_network_acl.database",
            "module.vpc_dev.module.vpc.aws_network_acl.elasticache",
            "module.vpc_dev.module.vpc.aws_network_acl.intra",
            "module.vpc_dev.module.vpc.aws_network_acl.outpost",
            "module.vpc_dev.module.vpc.aws_network_acl.private",
            "module.vpc_dev.module.vpc.aws_network_acl.public",
            "module.vpc_dev.module.vpc.aws_network_acl.redshift",
            "module.vpc_dev.module.vpc.aws_network_acl_rule.database_inbound",
            "module.vpc_dev.module.vpc.aws_network_acl_rule.database_outbound",
            "module.vpc_dev.module.vpc.aws_network_acl_rule.elasticache_inbound",
            "module.vpc_dev.module.vpc.aws_network_acl_rule.elasticache_outbound",
            "module.vpc_dev.module.vpc.aws_network_acl_rule.intra_inbound",
            "module.vpc_dev.module.vpc.aws_network_acl_rule.intra_outbound",
            "module.vpc_dev.module.vpc.aws_network_acl_rule.outpost_inbound",
            "module.vpc_dev.module.vpc.aws_network_acl_rule.outpost_outbound",
            "module.vpc_dev.module.vpc.aws_network_acl_rule.private_inbound",
            "module.vpc_dev.module.vpc.aws_network_acl_rule.private_outbound",
            "module.vpc_dev.module.vpc.aws_network_acl_rule.public_inbound",
            "module.vpc_dev.module.vpc.aws_network_acl_rule.public_outbound",
            "module.vpc_dev.module.vpc.aws_network_acl_rule.redshift_inbound",
            "module.vpc_dev.module.vpc.aws_network_acl_rule.redshift_outbound",
            "module.vpc_dev.module.vpc.aws_redshift_subnet_group.redshift",
            "module.vpc_dev.module.vpc.aws_route.database_dns64_nat_gateway",
            "module.vpc_dev.module.vpc.aws_route.database_internet_gateway",
            "module.vpc_dev.module.vpc.aws_route.database_ipv6_egress",
            "module.vpc_dev.module.vpc.aws_route.database_nat_gateway",
            "module.vpc_dev.module.vpc.aws_route.private_dns64_nat_gateway",
            "module.vpc_dev.module.vpc.aws_route.private_ipv6_egress",
            "module.vpc_dev.module.vpc.aws_route.private_nat_gateway",
            "module.vpc_dev.module.vpc.aws_route.public_internet_gateway",
            "module.vpc_dev.module.vpc.aws_route.public_internet_gateway_ipv6",
            "module.vpc_dev.module.vpc.aws_route_table.database",
            "module.vpc_dev.module.vpc.aws_route_table.elasticache",
            "module.vpc_dev.module.vpc.aws_route_table.intra",
            "module.vpc_dev.module.vpc.aws_route_table.private",
            "module.vpc_dev.module.vpc.aws_route_table.public",
            "module.vpc_dev.module.vpc.aws_route_table.redshift",
            "module.vpc_dev.module.vpc.aws_route_table_association.database",
            "module.vpc_dev.module.vpc.aws_route_table_association.elasticache",
            "module.vpc_dev.module.vpc.aws_route_table_association.intra",
            "module.vpc_dev.module.vpc.aws_route_table_association.outpost",
            "module.vpc_dev.module.vpc.aws_route_table_association.private",
            "module.vpc_dev.module.vpc.aws_route_table_association.public",
            "module.vpc_dev.module.vpc.aws_route_table_association.redshift",
            "module.vpc_dev.module.vpc.aws_route_table_association.redshift_public",
            "module.vpc_dev.module.vpc.aws_subnet.database",
            "module.vpc_dev.module.vpc.aws_subnet.elasticache",
            "module.vpc_dev.module.vpc.aws_subnet.intra",
            "module.vpc_dev.module.vpc.aws_subnet.outpost",
            "module.vpc_dev.module.vpc.aws_subnet.private",
            "module.vpc_dev.module.vpc.aws_subnet.public",
            "module.vpc_dev.module.vpc.aws_subnet.redshift",
            "module.vpc_dev.module.vpc.aws_vpc.this",
            "module.vpc_dev.module.vpc.aws_vpc_block_public_access_exclusion.this",
            "module.vpc_dev.module.vpc.aws_vpc_block_public_access_options.this",
            "module.vpc_dev.module.vpc.aws_vpc_dhcp_options.this",
            "module.vpc_dev.module.vpc.aws_vpc_dhcp_options_association.this",
            "module.vpc_dev.module.vpc.aws_vpc_ipv4_cidr_block_association.this",
            "module.vpc_dev.module.vpc.aws_vpn_gateway.this",
            "module.vpc_dev.module.vpc.aws_vpn_gateway_attachment.this",
            "module.vpc_dev.module.vpc.aws_vpn_gateway_route_propagation.intra",
            "module.vpc_dev.module.vpc.aws_vpn_gateway_route_propagation.private",
            "module.vpc_dev.module.vpc.aws_vpn_gateway_route_propagation.public",
            "module.vpc_dev.module.vpc.data.aws_caller_identity.current",
            "module.vpc_dev.module.vpc.data.aws_iam_policy_document.flow_log_cloudwatch_assume_role",
            "module.vpc_dev.module.vpc.data.aws_iam_policy_document.vpc_flow_log_cloudwatch",
            "module.vpc_dev.module.vpc.data.aws_partition.current",
            "module.vpc_dev.module.vpc.data.aws_region.current"
          ]
        }
      ]
    },
    {
      "module": "module.eks.module.eks",
      "mode": "managed",
      "type": "aws_eks_access_policy_association",
      "name": "this",
      "provider": "provider[\"registry.terraform.io/hashicorp/aws\"]",
      "instances": [
        {
          "index_key": "cluster_creator_admin",
          "schema_version": 0,
          "attributes": {
            "access_scope": [
              {
                "namespaces": null,
                "type": "cluster"
              }
            ],
            "associated_at": "2026-07-23 12:12:43.785 +0000 UTC",
            "cluster_name": "dev-eks-cluster",
            "id": "dev-eks-cluster#arn:aws:iam::084766854861:root#arn:aws:eks::aws:cluster-access-policy/AmazonEKSClusterAdminPolicy",
            "modified_at": "2026-07-23 12:12:43.785 +0000 UTC",
            "policy_arn": "arn:aws:eks::aws:cluster-access-policy/AmazonEKSClusterAdminPolicy",
            "principal_arn": "arn:aws:iam::084766854861:root",
            "region": "ap-south-1",
            "timeouts": null
          },
          "sensitive_attributes": [],
          "identity_schema_version": 0,
          "identity": {
            "account_id": "084766854861",
            "cluster_name": "dev-eks-cluster",
            "policy_arn": "arn:aws:eks::aws:cluster-access-policy/AmazonEKSClusterAdminPolicy",
            "principal_arn": "arn:aws:iam::084766854861:root",
            "region": "ap-south-1"
          },
          "private": "eyJlMmJmYjczMC1lY2FhLTExZTYtOGY4OC0zNDM2M2JjN2M0YzAiOnsiY3JlYXRlIjo2MDAwMDAwMDAwMDAsImRlbGV0ZSI6NjAwMDAwMDAwMDAwfX0=",
          "dependencies": [
            "module.eks.module.eks.aws_cloudwatch_log_group.this",
            "module.eks.module.eks.aws_eks_access_entry.this",
            "module.eks.module.eks.aws_eks_cluster.this",
            "module.eks.module.eks.aws_iam_policy.cni_ipv6_policy",
            "module.eks.module.eks.aws_iam_role.eks_auto",
            "module.eks.module.eks.aws_iam_role.this",
            "module.eks.module.eks.aws_iam_role_policy_attachment.this",
            "module.eks.module.eks.aws_security_group.cluster",
            "module.eks.module.eks.aws_security_group.node",
            "module.eks.module.eks.aws_security_group_rule.cluster",
            "module.eks.module.eks.aws_security_group_rule.node",
            "module.eks.module.eks.data.aws_caller_identity.current",
            "module.eks.module.eks.data.aws_iam_policy_document.assume_role_policy",
            "module.eks.module.eks.data.aws_iam_policy_document.cni_ipv6_policy",
            "module.eks.module.eks.data.aws_iam_policy_document.node_assume_role_policy",
            "module.eks.module.eks.data.aws_iam_session_context.current",
            "module.eks.module.eks.data.aws_partition.current",
            "module.eks.module.eks.module.kms.aws_kms_external_key.this",
            "module.eks.module.eks.module.kms.aws_kms_key.this",
            "module.eks.module.eks.module.kms.aws_kms_replica_external_key.this",
            "module.eks.module.eks.module.kms.aws_kms_replica_key.this",
            "module.eks.module.eks.module.kms.data.aws_caller_identity.current",
            "module.eks.module.eks.module.kms.data.aws_iam_policy_document.this",
            "module.eks.module.eks.module.kms.data.aws_partition.current",
            "module.vpc_dev.data.aws_availability_zones.available",
            "module.vpc_dev.module.vpc.aws_cloudwatch_log_group.flow_log",
            "module.vpc_dev.module.vpc.aws_customer_gateway.this",
            "module.vpc_dev.module.vpc.aws_db_subnet_group.database",
            "module.vpc_dev.module.vpc.aws_default_network_acl.this",
            "module.vpc_dev.module.vpc.aws_default_route_table.default",
            "module.vpc_dev.module.vpc.aws_default_security_group.this",
            "module.vpc_dev.module.vpc.aws_default_vpc.this",
            "module.vpc_dev.module.vpc.aws_egress_only_internet_gateway.this",
            "module.vpc_dev.module.vpc.aws_eip.nat",
            "module.vpc_dev.module.vpc.aws_elasticache_subnet_group.elasticache",
            "module.vpc_dev.module.vpc.aws_flow_log.this",
            "module.vpc_dev.module.vpc.aws_iam_policy.vpc_flow_log_cloudwatch",
            "module.vpc_dev.module.vpc.aws_iam_role.vpc_flow_log_cloudwatch",
            "module.vpc_dev.module.vpc.aws_iam_role_policy_attachment.vpc_flow_log_cloudwatch",
            "module.vpc_dev.module.vpc.aws_internet_gateway.this",
            "module.vpc_dev.module.vpc.aws_nat_gateway.this",
            "module.vpc_dev.module.vpc.aws_network_acl.database",
            "module.vpc_dev.module.vpc.aws_network_acl.elasticache",
            "module.vpc_dev.module.vpc.aws_network_acl.intra",
            "module.vpc_dev.module.vpc.aws_network_acl.outpost",
            "module.vpc_dev.module.vpc.aws_network_acl.private",
            "module.vpc_dev.module.vpc.aws_network_acl.public",
            "module.vpc_dev.module.vpc.aws_network_acl.redshift",
            "module.vpc_dev.module.vpc.aws_network_acl_rule.database_inbound",
            "module.vpc_dev.module.vpc.aws_network_acl_rule.database_outbound",
            "module.vpc_dev.module.vpc.aws_network_acl_rule.elasticache_inbound",
            "module.vpc_dev.module.vpc.aws_network_acl_rule.elasticache_outbound",
            "module.vpc_dev.module.vpc.aws_network_acl_rule.intra_inbound",
            "module.vpc_dev.module.vpc.aws_network_acl_rule.intra_outbound",
            "module.vpc_dev.module.vpc.aws_network_acl_rule.outpost_inbound",
            "module.vpc_dev.module.vpc.aws_network_acl_rule.outpost_outbound",
            "module.vpc_dev.module.vpc.aws_network_acl_rule.private_inbound",
            "module.vpc_dev.module.vpc.aws_network_acl_rule.private_outbound",
            "module.vpc_dev.module.vpc.aws_network_acl_rule.public_inbound",
            "module.vpc_dev.module.vpc.aws_network_acl_rule.public_outbound",
            "module.vpc_dev.module.vpc.aws_network_acl_rule.redshift_inbound",
            "module.vpc_dev.module.vpc.aws_network_acl_rule.redshift_outbound",
            "module.vpc_dev.module.vpc.aws_redshift_subnet_group.redshift",
            "module.vpc_dev.module.vpc.aws_route.database_dns64_nat_gateway",
            "module.vpc_dev.module.vpc.aws_route.database_internet_gateway",
            "module.vpc_dev.module.vpc.aws_route.database_ipv6_egress",
            "module.vpc_dev.module.vpc.aws_route.database_nat_gateway",
            "module.vpc_dev.module.vpc.aws_route.private_dns64_nat_gateway",
            "module.vpc_dev.module.vpc.aws_route.private_ipv6_egress",
            "module.vpc_dev.module.vpc.aws_route.private_nat_gateway",
            "module.vpc_dev.module.vpc.aws_route.public_internet_gateway",
            "module.vpc_dev.module.vpc.aws_route.public_internet_gateway_ipv6",
            "module.vpc_dev.module.vpc.aws_route_table.database",
            "module.vpc_dev.module.vpc.aws_route_table.elasticache",
            "module.vpc_dev.module.vpc.aws_route_table.intra",
            "module.vpc_dev.module.vpc.aws_route_table.private",
            "module.vpc_dev.module.vpc.aws_route_table.public",
            "module.vpc_dev.module.vpc.aws_route_table.redshift",
            "module.vpc_dev.module.vpc.aws_route_table_association.database",
            "module.vpc_dev.module.vpc.aws_route_table_association.elasticache",
            "module.vpc_dev.module.vpc.aws_route_table_association.intra",
            "module.vpc_dev.module.vpc.aws_route_table_association.outpost",
            "module.vpc_dev.module.vpc.aws_route_table_association.private",
            "module.vpc_dev.module.vpc.aws_route_table_association.public",
            "module.vpc_dev.module.vpc.aws_route_table_association.redshift",
            "module.vpc_dev.module.vpc.aws_route_table_association.redshift_public",
            "module.vpc_dev.module.vpc.aws_subnet.database",
            "module.vpc_dev.module.vpc.aws_subnet.elasticache",
            "module.vpc_dev.module.vpc.aws_subnet.intra",
            "module.vpc_dev.module.vpc.aws_subnet.outpost",
            "module.vpc_dev.module.vpc.aws_subnet.private",
            "module.vpc_dev.module.vpc.aws_subnet.public",
            "module.vpc_dev.module.vpc.aws_subnet.redshift",
            "module.vpc_dev.module.vpc.aws_vpc.this",
            "module.vpc_dev.module.vpc.aws_vpc_block_public_access_exclusion.this",
            "module.vpc_dev.module.vpc.aws_vpc_block_public_access_options.this",
            "module.vpc_dev.module.vpc.aws_vpc_dhcp_options.this",
            "module.vpc_dev.module.vpc.aws_vpc_dhcp_options_association.this",
            "module.vpc_dev.module.vpc.aws_vpc_ipv4_cidr_block_association.this",
            "module.vpc_dev.module.vpc.aws_vpn_gateway.this",
            "module.vpc_dev.module.vpc.aws_vpn_gateway_attachment.this",
            "module.vpc_dev.module.vpc.aws_vpn_gateway_route_propagation.intra",
            "module.vpc_dev.module.vpc.aws_vpn_gateway_route_propagation.private",
            "module.vpc_dev.module.vpc.aws_vpn_gateway_route_propagation.public",
            "module.vpc_dev.module.vpc.data.aws_caller_identity.current",
            "module.vpc_dev.module.vpc.data.aws_iam_policy_document.flow_log_cloudwatch_assume_role",
            "module.vpc_dev.module.vpc.data.aws_iam_policy_document.vpc_flow_log_cloudwatch",
            "module.vpc_dev.module.vpc.data.aws_partition.current",
            "module.vpc_dev.module.vpc.data.aws_region.current"
          ]
        }
      ]
    },
    {
      "module": "module.eks.module.eks",
      "mode": "managed",
      "type": "aws_eks_addon",
      "name": "before_compute",
      "provider": "provider[\"registry.terraform.io/hashicorp/aws\"]",
      "instances": [
        {
          "index_key": "eks-pod-identity-agent",
          "schema_version": 0,
          "attributes": {
            "addon_name": "eks-pod-identity-agent",
            "addon_version": "v1.3.10-eksbuild.3",
            "arn": "arn:aws:eks:ap-south-1:084766854861:addon/dev-eks-cluster/eks-pod-identity-agent/48cfc772-37d7-f72e-26a5-e129f0d79fe5",
            "cluster_name": "dev-eks-cluster",
            "configuration_values": "",
            "created_at": "2026-07-23T12:12:43Z",
            "id": "dev-eks-cluster:eks-pod-identity-agent",
            "modified_at": "2026-07-23T12:13:09Z",
            "namespace_config": [
              {
                "namespace": "kube-system"
              }
            ],
            "pod_identity_association": [],
            "preserve": true,
            "region": "ap-south-1",
            "resolve_conflicts_on_create": "NONE",
            "resolve_conflicts_on_update": "OVERWRITE",
            "service_account_role_arn": "",
            "tags": {
              "Environment": "dev",
              "cluster": "dev-eks-cluster"
            },
            "tags_all": {
              "Environment": "dev",
              "cluster": "dev-eks-cluster"
            },
            "timeouts": {
              "create": null,
              "delete": null,
              "update": null
            }
          },
          "sensitive_attributes": [],
          "identity_schema_version": 0,
          "identity": {
            "account_id": "084766854861",
            "addon_name": "eks-pod-identity-agent",
            "cluster_name": "dev-eks-cluster",
            "region": "ap-south-1"
          },
          "private": "eyJlMmJmYjczMC1lY2FhLTExZTYtOGY4OC0zNDM2M2JjN2M0YzAiOnsiY3JlYXRlIjoxMjAwMDAwMDAwMDAwLCJkZWxldGUiOjI0MDAwMDAwMDAwMDAsInVwZGF0ZSI6MTIwMDAwMDAwMDAwMH19",
          "dependencies": [
            "module.eks.module.eks.aws_cloudwatch_log_group.this",
            "module.eks.module.eks.aws_eks_cluster.this",
            "module.eks.module.eks.aws_iam_policy.cni_ipv6_policy",
            "module.eks.module.eks.aws_iam_role.eks_auto",
            "module.eks.module.eks.aws_iam_role.this",
            "module.eks.module.eks.aws_iam_role_policy_attachment.this",
            "module.eks.module.eks.aws_security_group.cluster",
            "module.eks.module.eks.aws_security_group.node",
            "module.eks.module.eks.aws_security_group_rule.cluster",
            "module.eks.module.eks.aws_security_group_rule.node",
            "module.eks.module.eks.data.aws_caller_identity.current",
            "module.eks.module.eks.data.aws_eks_addon_version.this",
            "module.eks.module.eks.data.aws_iam_policy_document.assume_role_policy",
            "module.eks.module.eks.data.aws_iam_policy_document.cni_ipv6_policy",
            "module.eks.module.eks.data.aws_iam_policy_document.node_assume_role_policy",
            "module.eks.module.eks.data.aws_iam_session_context.current",
            "module.eks.module.eks.data.aws_partition.current",
            "module.eks.module.eks.module.kms.aws_kms_external_key.this",
            "module.eks.module.eks.module.kms.aws_kms_key.this",
            "module.eks.module.eks.module.kms.aws_kms_replica_external_key.this",
            "module.eks.module.eks.module.kms.aws_kms_replica_key.this",
            "module.eks.module.eks.module.kms.data.aws_caller_identity.current",
            "module.eks.module.eks.module.kms.data.aws_iam_policy_document.this",
            "module.eks.module.eks.module.kms.data.aws_partition.current",
            "module.vpc_dev.data.aws_availability_zones.available",
            "module.vpc_dev.module.vpc.aws_cloudwatch_log_group.flow_log",
            "module.vpc_dev.module.vpc.aws_customer_gateway.this",
            "module.vpc_dev.module.vpc.aws_db_subnet_group.database",
            "module.vpc_dev.module.vpc.aws_default_network_acl.this",
            "module.vpc_dev.module.vpc.aws_default_route_table.default",
            "module.vpc_dev.module.vpc.aws_default_security_group.this",
            "module.vpc_dev.module.vpc.aws_default_vpc.this",
            "module.vpc_dev.module.vpc.aws_egress_only_internet_gateway.this",
            "module.vpc_dev.module.vpc.aws_eip.nat",
            "module.vpc_dev.module.vpc.aws_elasticache_subnet_group.elasticache",
            "module.vpc_dev.module.vpc.aws_flow_log.this",
            "module.vpc_dev.module.vpc.aws_iam_policy.vpc_flow_log_cloudwatch",
            "module.vpc_dev.module.vpc.aws_iam_role.vpc_flow_log_cloudwatch",
            "module.vpc_dev.module.vpc.aws_iam_role_policy_attachment.vpc_flow_log_cloudwatch",
            "module.vpc_dev.module.vpc.aws_internet_gateway.this",
            "module.vpc_dev.module.vpc.aws_nat_gateway.this",
            "module.vpc_dev.module.vpc.aws_network_acl.database",
            "module.vpc_dev.module.vpc.aws_network_acl.elasticache",
            "module.vpc_dev.module.vpc.aws_network_acl.intra",
            "module.vpc_dev.module.vpc.aws_network_acl.outpost",
            "module.vpc_dev.module.vpc.aws_network_acl.private",
            "module.vpc_dev.module.vpc.aws_network_acl.public",
            "module.vpc_dev.module.vpc.aws_network_acl.redshift",
            "module.vpc_dev.module.vpc.aws_network_acl_rule.database_inbound",
            "module.vpc_dev.module.vpc.aws_network_acl_rule.database_outbound",
            "module.vpc_dev.module.vpc.aws_network_acl_rule.elasticache_inbound",
            "module.vpc_dev.module.vpc.aws_network_acl_rule.elasticache_outbound",
            "module.vpc_dev.module.vpc.aws_network_acl_rule.intra_inbound",
            "module.vpc_dev.module.vpc.aws_network_acl_rule.intra_outbound",
            "module.vpc_dev.module.vpc.aws_network_acl_rule.outpost_inbound",
            "module.vpc_dev.module.vpc.aws_network_acl_rule.outpost_outbound",
            "module.vpc_dev.module.vpc.aws_network_acl_rule.private_inbound",
            "module.vpc_dev.module.vpc.aws_network_acl_rule.private_outbound",
            "module.vpc_dev.module.vpc.aws_network_acl_rule.public_inbound",
            "module.vpc_dev.module.vpc.aws_network_acl_rule.public_outbound",
            "module.vpc_dev.module.vpc.aws_network_acl_rule.redshift_inbound",
            "module.vpc_dev.module.vpc.aws_network_acl_rule.redshift_outbound",
            "module.vpc_dev.module.vpc.aws_redshift_subnet_group.redshift",
            "module.vpc_dev.module.vpc.aws_route.database_dns64_nat_gateway",
            "module.vpc_dev.module.vpc.aws_route.database_internet_gateway",
            "module.vpc_dev.module.vpc.aws_route.database_ipv6_egress",
            "module.vpc_dev.module.vpc.aws_route.database_nat_gateway",
            "module.vpc_dev.module.vpc.aws_route.private_dns64_nat_gateway",
            "module.vpc_dev.module.vpc.aws_route.private_ipv6_egress",
            "module.vpc_dev.module.vpc.aws_route.private_nat_gateway",
            "module.vpc_dev.module.vpc.aws_route.public_internet_gateway",
            "module.vpc_dev.module.vpc.aws_route.public_internet_gateway_ipv6",
            "module.vpc_dev.module.vpc.aws_route_table.database",
            "module.vpc_dev.module.vpc.aws_route_table.elasticache",
            "module.vpc_dev.module.vpc.aws_route_table.intra",
            "module.vpc_dev.module.vpc.aws_route_table.private",
            "module.vpc_dev.module.vpc.aws_route_table.public",
            "module.vpc_dev.module.vpc.aws_route_table.redshift",
            "module.vpc_dev.module.vpc.aws_route_table_association.database",
            "module.vpc_dev.module.vpc.aws_route_table_association.elasticache",
            "module.vpc_dev.module.vpc.aws_route_table_association.intra",
            "module.vpc_dev.module.vpc.aws_route_table_association.outpost",
            "module.vpc_dev.module.vpc.aws_route_table_association.private",
            "module.vpc_dev.module.vpc.aws_route_table_association.public",
            "module.vpc_dev.module.vpc.aws_route_table_association.redshift",
            "module.vpc_dev.module.vpc.aws_route_table_association.redshift_public",
            "module.vpc_dev.module.vpc.aws_subnet.database",
            "module.vpc_dev.module.vpc.aws_subnet.elasticache",
            "module.vpc_dev.module.vpc.aws_subnet.intra",
            "module.vpc_dev.module.vpc.aws_subnet.outpost",
            "module.vpc_dev.module.vpc.aws_subnet.private",
            "module.vpc_dev.module.vpc.aws_subnet.public",
            "module.vpc_dev.module.vpc.aws_subnet.redshift",
            "module.vpc_dev.module.vpc.aws_vpc.this",
            "module.vpc_dev.module.vpc.aws_vpc_block_public_access_exclusion.this",
            "module.vpc_dev.module.vpc.aws_vpc_block_public_access_options.this",
            "module.vpc_dev.module.vpc.aws_vpc_dhcp_options.this",
            "module.vpc_dev.module.vpc.aws_vpc_dhcp_options_association.this",
            "module.vpc_dev.module.vpc.aws_vpc_ipv4_cidr_block_association.this",
            "module.vpc_dev.module.vpc.aws_vpn_gateway.this",
            "module.vpc_dev.module.vpc.aws_vpn_gateway_attachment.this",
            "module.vpc_dev.module.vpc.aws_vpn_gateway_route_propagation.intra",
            "module.vpc_dev.module.vpc.aws_vpn_gateway_route_propagation.private",
            "module.vpc_dev.module.vpc.aws_vpn_gateway_route_propagation.public",
            "module.vpc_dev.module.vpc.data.aws_caller_identity.current",
            "module.vpc_dev.module.vpc.data.aws_iam_policy_document.flow_log_cloudwatch_assume_role",
            "module.vpc_dev.module.vpc.data.aws_iam_policy_document.vpc_flow_log_cloudwatch",
            "module.vpc_dev.module.vpc.data.aws_partition.current",
            "module.vpc_dev.module.vpc.data.aws_region.current"
          ]
        },
        {
          "index_key": "vpc-cni",
          "schema_version": 0,
          "attributes": {
            "addon_name": "vpc-cni",
            "addon_version": "v1.22.4-eksbuild.3",
            "arn": "arn:aws:eks:ap-south-1:084766854861:addon/dev-eks-cluster/vpc-cni/6ecfc772-37d8-3064-4d7f-96fb2d045186",
            "cluster_name": "dev-eks-cluster",
            "configuration_values": "",
            "created_at": "2026-07-23T12:12:43Z",
            "id": "dev-eks-cluster:vpc-cni",
            "modified_at": "2026-07-23T12:13:01Z",
            "namespace_config": [
              {
                "namespace": "kube-system"
              }
            ],
            "pod_identity_association": [],
            "preserve": true,
            "region": "ap-south-1",
            "resolve_conflicts_on_create": "NONE",
            "resolve_conflicts_on_update": "OVERWRITE",
            "service_account_role_arn": "",
            "tags": {
              "Environment": "dev",
              "cluster": "dev-eks-cluster"
            },
            "tags_all": {
              "Environment": "dev",
              "cluster": "dev-eks-cluster"
            },
            "timeouts": {
              "create": null,
              "delete": null,
              "update": null
            }
          },
          "sensitive_attributes": [],
          "identity_schema_version": 0,
          "identity": {
            "account_id": "084766854861",
            "addon_name": "vpc-cni",
            "cluster_name": "dev-eks-cluster",
            "region": "ap-south-1"
          },
          "private": "eyJlMmJmYjczMC1lY2FhLTExZTYtOGY4OC0zNDM2M2JjN2M0YzAiOnsiY3JlYXRlIjoxMjAwMDAwMDAwMDAwLCJkZWxldGUiOjI0MDAwMDAwMDAwMDAsInVwZGF0ZSI6MTIwMDAwMDAwMDAwMH19",
          "dependencies": [
            "module.eks.module.eks.aws_cloudwatch_log_group.this",
            "module.eks.module.eks.aws_eks_cluster.this",
            "module.eks.module.eks.aws_iam_policy.cni_ipv6_policy",
            "module.eks.module.eks.aws_iam_role.eks_auto",
            "module.eks.module.eks.aws_iam_role.this",
            "module.eks.module.eks.aws_iam_role_policy_attachment.this",
            "module.eks.module.eks.aws_security_group.cluster",
            "module.eks.module.eks.aws_security_group.node",
            "module.eks.module.eks.aws_security_group_rule.cluster",
            "module.eks.module.eks.aws_security_group_rule.node",
            "module.eks.module.eks.data.aws_caller_identity.current",
            "module.eks.module.eks.data.aws_eks_addon_version.this",
            "module.eks.module.eks.data.aws_iam_policy_document.assume_role_policy",
            "module.eks.module.eks.data.aws_iam_policy_document.cni_ipv6_policy",
            "module.eks.module.eks.data.aws_iam_policy_document.node_assume_role_policy",
            "module.eks.module.eks.data.aws_iam_session_context.current",
            "module.eks.module.eks.data.aws_partition.current",
            "module.eks.module.eks.module.kms.aws_kms_external_key.this",
            "module.eks.module.eks.module.kms.aws_kms_key.this",
            "module.eks.module.eks.module.kms.aws_kms_replica_external_key.this",
            "module.eks.module.eks.module.kms.aws_kms_replica_key.this",
            "module.eks.module.eks.module.kms.data.aws_caller_identity.current",
            "module.eks.module.eks.module.kms.data.aws_iam_policy_document.this",
            "module.eks.module.eks.module.kms.data.aws_partition.current",
            "module.vpc_dev.data.aws_availability_zones.available",
            "module.vpc_dev.module.vpc.aws_cloudwatch_log_group.flow_log",
            "module.vpc_dev.module.vpc.aws_customer_gateway.this",
            "module.vpc_dev.module.vpc.aws_db_subnet_group.database",
            "module.vpc_dev.module.vpc.aws_default_network_acl.this",
            "module.vpc_dev.module.vpc.aws_default_route_table.default",
            "module.vpc_dev.module.vpc.aws_default_security_group.this",
            "module.vpc_dev.module.vpc.aws_default_vpc.this",
            "module.vpc_dev.module.vpc.aws_egress_only_internet_gateway.this",
            "module.vpc_dev.module.vpc.aws_eip.nat",
            "module.vpc_dev.module.vpc.aws_elasticache_subnet_group.elasticache",
            "module.vpc_dev.module.vpc.aws_flow_log.this",
            "module.vpc_dev.module.vpc.aws_iam_policy.vpc_flow_log_cloudwatch",
            "module.vpc_dev.module.vpc.aws_iam_role.vpc_flow_log_cloudwatch",
            "module.vpc_dev.module.vpc.aws_iam_role_policy_attachment.vpc_flow_log_cloudwatch",
            "module.vpc_dev.module.vpc.aws_internet_gateway.this",
            "module.vpc_dev.module.vpc.aws_nat_gateway.this",
            "module.vpc_dev.module.vpc.aws_network_acl.database",
            "module.vpc_dev.module.vpc.aws_network_acl.elasticache",
            "module.vpc_dev.module.vpc.aws_network_acl.intra",
            "module.vpc_dev.module.vpc.aws_network_acl.outpost",
            "module.vpc_dev.module.vpc.aws_network_acl.private",
            "module.vpc_dev.module.vpc.aws_network_acl.public",
            "module.vpc_dev.module.vpc.aws_network_acl.redshift",
            "module.vpc_dev.module.vpc.aws_network_acl_rule.database_inbound",
            "module.vpc_dev.module.vpc.aws_network_acl_rule.database_outbound",
            "module.vpc_dev.module.vpc.aws_network_acl_rule.elasticache_inbound",
            "module.vpc_dev.module.vpc.aws_network_acl_rule.elasticache_outbound",
            "module.vpc_dev.module.vpc.aws_network_acl_rule.intra_inbound",
            "module.vpc_dev.module.vpc.aws_network_acl_rule.intra_outbound",
            "module.vpc_dev.module.vpc.aws_network_acl_rule.outpost_inbound",
            "module.vpc_dev.module.vpc.aws_network_acl_rule.outpost_outbound",
            "module.vpc_dev.module.vpc.aws_network_acl_rule.private_inbound",
            "module.vpc_dev.module.vpc.aws_network_acl_rule.private_outbound",
            "module.vpc_dev.module.vpc.aws_network_acl_rule.public_inbound",
            "module.vpc_dev.module.vpc.aws_network_acl_rule.public_outbound",
            "module.vpc_dev.module.vpc.aws_network_acl_rule.redshift_inbound",
            "module.vpc_dev.module.vpc.aws_network_acl_rule.redshift_outbound",
            "module.vpc_dev.module.vpc.aws_redshift_subnet_group.redshift",
            "module.vpc_dev.module.vpc.aws_route.database_dns64_nat_gateway",
            "module.vpc_dev.module.vpc.aws_route.database_internet_gateway",
            "module.vpc_dev.module.vpc.aws_route.database_ipv6_egress",
            "module.vpc_dev.module.vpc.aws_route.database_nat_gateway",
            "module.vpc_dev.module.vpc.aws_route.private_dns64_nat_gateway",
            "module.vpc_dev.module.vpc.aws_route.private_ipv6_egress",
            "module.vpc_dev.module.vpc.aws_route.private_nat_gateway",
            "module.vpc_dev.module.vpc.aws_route.public_internet_gateway",
            "module.vpc_dev.module.vpc.aws_route.public_internet_gateway_ipv6",
            "module.vpc_dev.module.vpc.aws_route_table.database",
            "module.vpc_dev.module.vpc.aws_route_table.elasticache",
            "module.vpc_dev.module.vpc.aws_route_table.intra",
            "module.vpc_dev.module.vpc.aws_route_table.private",
            "module.vpc_dev.module.vpc.aws_route_table.public",
            "module.vpc_dev.module.vpc.aws_route_table.redshift",
            "module.vpc_dev.module.vpc.aws_route_table_association.database",
            "module.vpc_dev.module.vpc.aws_route_table_association.elasticache",
            "module.vpc_dev.module.vpc.aws_route_table_association.intra",
            "module.vpc_dev.module.vpc.aws_route_table_association.outpost",
            "module.vpc_dev.module.vpc.aws_route_table_association.private",
            "module.vpc_dev.module.vpc.aws_route_table_association.public",
            "module.vpc_dev.module.vpc.aws_route_table_association.redshift",
            "module.vpc_dev.module.vpc.aws_route_table_association.redshift_public",
            "module.vpc_dev.module.vpc.aws_subnet.database",
            "module.vpc_dev.module.vpc.aws_subnet.elasticache",
            "module.vpc_dev.module.vpc.aws_subnet.intra",
            "module.vpc_dev.module.vpc.aws_subnet.outpost",
            "module.vpc_dev.module.vpc.aws_subnet.private",
            "module.vpc_dev.module.vpc.aws_subnet.public",
            "module.vpc_dev.module.vpc.aws_subnet.redshift",
            "module.vpc_dev.module.vpc.aws_vpc.this",
            "module.vpc_dev.module.vpc.aws_vpc_block_public_access_exclusion.this",
            "module.vpc_dev.module.vpc.aws_vpc_block_public_access_options.this",
            "module.vpc_dev.module.vpc.aws_vpc_dhcp_options.this",
            "module.vpc_dev.module.vpc.aws_vpc_dhcp_options_association.this",
            "module.vpc_dev.module.vpc.aws_vpc_ipv4_cidr_block_association.this",
            "module.vpc_dev.module.vpc.aws_vpn_gateway.this",
            "module.vpc_dev.module.vpc.aws_vpn_gateway_attachment.this",
            "module.vpc_dev.module.vpc.aws_vpn_gateway_route_propagation.intra",
            "module.vpc_dev.module.vpc.aws_vpn_gateway_route_propagation.private",
            "module.vpc_dev.module.vpc.aws_vpn_gateway_route_propagation.public",
            "module.vpc_dev.module.vpc.data.aws_caller_identity.current",
            "module.vpc_dev.module.vpc.data.aws_iam_policy_document.flow_log_cloudwatch_assume_role",
            "module.vpc_dev.module.vpc.data.aws_iam_policy_document.vpc_flow_log_cloudwatch",
            "module.vpc_dev.module.vpc.data.aws_partition.current",
            "module.vpc_dev.module.vpc.data.aws_region.current"
          ]
        }
      ]
    },
    {
      "module": "module.eks.module.eks",
      "mode": "managed",
      "type": "aws_eks_addon",
      "name": "this",
      "provider": "provider[\"registry.terraform.io/hashicorp/aws\"]",
      "instances": [
        {
          "index_key": "coredns",
          "schema_version": 0,
          "attributes": {
            "addon_name": "coredns",
            "addon_version": "v1.14.3-eksbuild.3",
            "arn": "arn:aws:eks:ap-south-1:084766854861:addon/dev-eks-cluster/coredns/98cfc774-838c-375a-601f-63a5b15ae873",
            "cluster_name": "dev-eks-cluster",
            "configuration_values": "",
            "created_at": "2026-07-23T12:17:44Z",
            "id": "dev-eks-cluster:coredns",
            "modified_at": "2026-07-23T12:17:57Z",
            "namespace_config": [
              {
                "namespace": "kube-system"
              }
            ],
            "pod_identity_association": [],
            "preserve": true,
            "region": "ap-south-1",
            "resolve_conflicts_on_create": "NONE",
            "resolve_conflicts_on_update": "OVERWRITE",
            "service_account_role_arn": "",
            "tags": {
              "Environment": "dev",
              "cluster": "dev-eks-cluster"
            },
            "tags_all": {
              "Environment": "dev",
              "cluster": "dev-eks-cluster"
            },
            "timeouts": {
              "create": null,
              "delete": null,
              "update": null
            }
          },
          "sensitive_attributes": [],
          "identity_schema_version": 0,
          "identity": {
            "account_id": "084766854861",
            "addon_name": "coredns",
            "cluster_name": "dev-eks-cluster",
            "region": "ap-south-1"
          },
          "private": "eyJlMmJmYjczMC1lY2FhLTExZTYtOGY4OC0zNDM2M2JjN2M0YzAiOnsiY3JlYXRlIjoxMjAwMDAwMDAwMDAwLCJkZWxldGUiOjI0MDAwMDAwMDAwMDAsInVwZGF0ZSI6MTIwMDAwMDAwMDAwMH19",
          "dependencies": [
            "module.eks.module.eks.aws_cloudwatch_log_group.this",
            "module.eks.module.eks.aws_eks_cluster.this",
            "module.eks.module.eks.aws_iam_policy.cni_ipv6_policy",
            "module.eks.module.eks.aws_iam_role.eks_auto",
            "module.eks.module.eks.aws_iam_role.this",
            "module.eks.module.eks.aws_iam_role_policy_attachment.this",
            "module.eks.module.eks.aws_security_group.cluster",
            "module.eks.module.eks.aws_security_group.node",
            "module.eks.module.eks.aws_security_group_rule.cluster",
            "module.eks.module.eks.aws_security_group_rule.node",
            "module.eks.module.eks.data.aws_caller_identity.current",
            "module.eks.module.eks.data.aws_eks_addon_version.this",
            "module.eks.module.eks.data.aws_iam_policy_document.assume_role_policy",
            "module.eks.module.eks.data.aws_iam_policy_document.cni_ipv6_policy",
            "module.eks.module.eks.data.aws_iam_policy_document.node_assume_role_policy",
            "module.eks.module.eks.data.aws_iam_session_context.current",
            "module.eks.module.eks.data.aws_partition.current",
            "module.eks.module.eks.module.eks_managed_node_group.aws_eks_node_group.this",
            "module.eks.module.eks.module.eks_managed_node_group.aws_iam_role.this",
            "module.eks.module.eks.module.eks_managed_node_group.aws_iam_role_policy.this",
            "module.eks.module.eks.module.eks_managed_node_group.aws_iam_role_policy_attachment.additional",
            "module.eks.module.eks.module.eks_managed_node_group.aws_iam_role_policy_attachment.this",
            "module.eks.module.eks.module.eks_managed_node_group.aws_launch_template.this",
            "module.eks.module.eks.module.eks_managed_node_group.aws_placement_group.this",
            "module.eks.module.eks.module.eks_managed_node_group.aws_security_group.this",
            "module.eks.module.eks.module.eks_managed_node_group.aws_vpc_security_group_egress_rule.this",
            "module.eks.module.eks.module.eks_managed_node_group.aws_vpc_security_group_ingress_rule.this",
            "module.eks.module.eks.module.eks_managed_node_group.data.aws_caller_identity.current",
            "module.eks.module.eks.module.eks_managed_node_group.data.aws_ec2_instance_type.this",
            "module.eks.module.eks.module.eks_managed_node_group.data.aws_eks_cluster_versions.this",
            "module.eks.module.eks.module.eks_managed_node_group.data.aws_iam_policy_document.assume_role_policy",
            "module.eks.module.eks.module.eks_managed_node_group.data.aws_iam_policy_document.role",
            "module.eks.module.eks.module.eks_managed_node_group.data.aws_partition.current",
            "module.eks.module.eks.module.eks_managed_node_group.data.aws_ssm_parameter.ami",
            "module.eks.module.eks.module.eks_managed_node_group.data.aws_subnet.this",
            "module.eks.module.eks.module.eks_managed_node_group.module.user_data.data.cloudinit_config.al2023_eks_managed_node_group",
            "module.eks.module.eks.module.eks_managed_node_group.module.user_data.data.cloudinit_config.al2_eks_managed_node_group",
            "module.eks.module.eks.module.eks_managed_node_group.module.user_data.null_resource.validate_cluster_service_cidr",
            "module.eks.module.eks.module.fargate_profile.aws_eks_fargate_profile.this",
            "module.eks.module.eks.module.fargate_profile.aws_iam_role.this",
            "module.eks.module.eks.module.fargate_profile.aws_iam_role_policy.this",
            "module.eks.module.eks.module.fargate_profile.aws_iam_role_policy_attachment.additional",
            "module.eks.module.eks.module.fargate_profile.aws_iam_role_policy_attachment.this",
            "module.eks.module.eks.module.fargate_profile.data.aws_caller_identity.current",
            "module.eks.module.eks.module.fargate_profile.data.aws_iam_policy_document.assume_role_policy",
            "module.eks.module.eks.module.fargate_profile.data.aws_iam_policy_document.role",
            "module.eks.module.eks.module.fargate_profile.data.aws_partition.current",
            "module.eks.module.eks.module.fargate_profile.data.aws_region.current",
            "module.eks.module.eks.module.kms.aws_kms_external_key.this",
            "module.eks.module.eks.module.kms.aws_kms_key.this",
            "module.eks.module.eks.module.kms.aws_kms_replica_external_key.this",
            "module.eks.module.eks.module.kms.aws_kms_replica_key.this",
            "module.eks.module.eks.module.kms.data.aws_caller_identity.current",
            "module.eks.module.eks.module.kms.data.aws_iam_policy_document.this",
            "module.eks.module.eks.module.kms.data.aws_partition.current",
            "module.eks.module.eks.module.self_managed_node_group.aws_autoscaling_group.this",
            "module.eks.module.eks.module.self_managed_node_group.aws_eks_access_entry.this",
            "module.eks.module.eks.module.self_managed_node_group.aws_iam_instance_profile.this",
            "module.eks.module.eks.module.self_managed_node_group.aws_iam_role.this",
            "module.eks.module.eks.module.self_managed_node_group.aws_iam_role_policy.this",
            "module.eks.module.eks.module.self_managed_node_group.aws_iam_role_policy_attachment.additional",
            "module.eks.module.eks.module.self_managed_node_group.aws_iam_role_policy_attachment.this",
            "module.eks.module.eks.module.self_managed_node_group.aws_launch_template.this",
            "module.eks.module.eks.module.self_managed_node_group.aws_placement_group.this",
            "module.eks.module.eks.module.self_managed_node_group.aws_security_group.this",
            "module.eks.module.eks.module.self_managed_node_group.aws_vpc_security_group_egress_rule.this",
            "module.eks.module.eks.module.self_managed_node_group.aws_vpc_security_group_ingress_rule.this",
            "module.eks.module.eks.module.self_managed_node_group.data.aws_caller_identity.current",
            "module.eks.module.eks.module.self_managed_node_group.data.aws_ec2_instance_type.this",
            "module.eks.module.eks.module.self_managed_node_group.data.aws_iam_policy_document.assume_role_policy",
            "module.eks.module.eks.module.self_managed_node_group.data.aws_iam_policy_document.role",
            "module.eks.module.eks.module.self_managed_node_group.data.aws_partition.current",
            "module.eks.module.eks.module.self_managed_node_group.data.aws_ssm_parameter.ami",
            "module.eks.module.eks.module.self_managed_node_group.data.aws_subnet.this",
            "module.eks.module.eks.module.self_managed_node_group.module.user_data.data.cloudinit_config.al2023_eks_managed_node_group",
            "module.eks.module.eks.module.self_managed_node_group.module.user_data.data.cloudinit_config.al2_eks_managed_node_group",
            "module.eks.module.eks.module.self_managed_node_group.module.user_data.null_resource.validate_cluster_service_cidr",
            "module.eks.module.eks.time_sleep.this",
            "module.vpc_dev.data.aws_availability_zones.available",
            "module.vpc_dev.module.vpc.aws_cloudwatch_log_group.flow_log",
            "module.vpc_dev.module.vpc.aws_customer_gateway.this",
            "module.vpc_dev.module.vpc.aws_db_subnet_group.database",
            "module.vpc_dev.module.vpc.aws_default_network_acl.this",
            "module.vpc_dev.module.vpc.aws_default_route_table.default",
            "module.vpc_dev.module.vpc.aws_default_security_group.this",
            "module.vpc_dev.module.vpc.aws_default_vpc.this",
            "module.vpc_dev.module.vpc.aws_egress_only_internet_gateway.this",
            "module.vpc_dev.module.vpc.aws_eip.nat",
            "module.vpc_dev.module.vpc.aws_elasticache_subnet_group.elasticache",
            "module.vpc_dev.module.vpc.aws_flow_log.this",
            "module.vpc_dev.module.vpc.aws_iam_policy.vpc_flow_log_cloudwatch",
            "module.vpc_dev.module.vpc.aws_iam_role.vpc_flow_log_cloudwatch",
            "module.vpc_dev.module.vpc.aws_iam_role_policy_attachment.vpc_flow_log_cloudwatch",
            "module.vpc_dev.module.vpc.aws_internet_gateway.this",
            "module.vpc_dev.module.vpc.aws_nat_gateway.this",
            "module.vpc_dev.module.vpc.aws_network_acl.database",
            "module.vpc_dev.module.vpc.aws_network_acl.elasticache",
            "module.vpc_dev.module.vpc.aws_network_acl.intra",
            "module.vpc_dev.module.vpc.aws_network_acl.outpost",
            "module.vpc_dev.module.vpc.aws_network_acl.private",
            "module.vpc_dev.module.vpc.aws_network_acl.public",
            "module.vpc_dev.module.vpc.aws_network_acl.redshift",
            "module.vpc_dev.module.vpc.aws_network_acl_rule.database_inbound",
            "module.vpc_dev.module.vpc.aws_network_acl_rule.database_outbound",
            "module.vpc_dev.module.vpc.aws_network_acl_rule.elasticache_inbound",
            "module.vpc_dev.module.vpc.aws_network_acl_rule.elasticache_outbound",
            "module.vpc_dev.module.vpc.aws_network_acl_rule.intra_inbound",
            "module.vpc_dev.module.vpc.aws_network_acl_rule.intra_outbound",
            "module.vpc_dev.module.vpc.aws_network_acl_rule.outpost_inbound",
            "module.vpc_dev.module.vpc.aws_network_acl_rule.outpost_outbound",
            "module.vpc_dev.module.vpc.aws_network_acl_rule.private_inbound",
            "module.vpc_dev.module.vpc.aws_network_acl_rule.private_outbound",
            "module.vpc_dev.module.vpc.aws_network_acl_rule.public_inbound",
            "module.vpc_dev.module.vpc.aws_network_acl_rule.public_outbound",
            "module.vpc_dev.module.vpc.aws_network_acl_rule.redshift_inbound",
            "module.vpc_dev.module.vpc.aws_network_acl_rule.redshift_outbound",
            "module.vpc_dev.module.vpc.aws_redshift_subnet_group.redshift",
            "module.vpc_dev.module.vpc.aws_route.database_dns64_nat_gateway",
            "module.vpc_dev.module.vpc.aws_route.database_internet_gateway",
            "module.vpc_dev.module.vpc.aws_route.database_ipv6_egress",
            "module.vpc_dev.module.vpc.aws_route.database_nat_gateway",
            "module.vpc_dev.module.vpc.aws_route.private_dns64_nat_gateway",
            "module.vpc_dev.module.vpc.aws_route.private_ipv6_egress",
            "module.vpc_dev.module.vpc.aws_route.private_nat_gateway",
            "module.vpc_dev.module.vpc.aws_route.public_internet_gateway",
            "module.vpc_dev.module.vpc.aws_route.public_internet_gateway_ipv6",
            "module.vpc_dev.module.vpc.aws_route_table.database",
            "module.vpc_dev.module.vpc.aws_route_table.elasticache",
            "module.vpc_dev.module.vpc.aws_route_table.intra",
            "module.vpc_dev.module.vpc.aws_route_table.private",
            "module.vpc_dev.module.vpc.aws_route_table.public",
            "module.vpc_dev.module.vpc.aws_route_table.redshift",
            "module.vpc_dev.module.vpc.aws_route_table_association.database",
            "module.vpc_dev.module.vpc.aws_route_table_association.elasticache",
            "module.vpc_dev.module.vpc.aws_route_table_association.intra",
            "module.vpc_dev.module.vpc.aws_route_table_association.outpost",
            "module.vpc_dev.module.vpc.aws_route_table_association.private",
            "module.vpc_dev.module.vpc.aws_route_table_association.public",
            "module.vpc_dev.module.vpc.aws_route_table_association.redshift",
            "module.vpc_dev.module.vpc.aws_route_table_association.redshift_public",
            "module.vpc_dev.module.vpc.aws_subnet.database",
            "module.vpc_dev.module.vpc.aws_subnet.elasticache",
            "module.vpc_dev.module.vpc.aws_subnet.intra",
            "module.vpc_dev.module.vpc.aws_subnet.outpost",
            "module.vpc_dev.module.vpc.aws_subnet.private",
            "module.vpc_dev.module.vpc.aws_subnet.public",
            "module.vpc_dev.module.vpc.aws_subnet.redshift",
            "module.vpc_dev.module.vpc.aws_vpc.this",
            "module.vpc_dev.module.vpc.aws_vpc_block_public_access_exclusion.this",
            "module.vpc_dev.module.vpc.aws_vpc_block_public_access_options.this",
            "module.vpc_dev.module.vpc.aws_vpc_dhcp_options.this",
            "module.vpc_dev.module.vpc.aws_vpc_dhcp_options_association.this",
            "module.vpc_dev.module.vpc.aws_vpc_ipv4_cidr_block_association.this",
            "module.vpc_dev.module.vpc.aws_vpn_gateway.this",
            "module.vpc_dev.module.vpc.aws_vpn_gateway_attachment.this",
            "module.vpc_dev.module.vpc.aws_vpn_gateway_route_propagation.intra",
            "module.vpc_dev.module.vpc.aws_vpn_gateway_route_propagation.private",
            "module.vpc_dev.module.vpc.aws_vpn_gateway_route_propagation.public",
            "module.vpc_dev.module.vpc.data.aws_caller_identity.current",
            "module.vpc_dev.module.vpc.data.aws_iam_policy_document.flow_log_cloudwatch_assume_role",
            "module.vpc_dev.module.vpc.data.aws_iam_policy_document.vpc_flow_log_cloudwatch",
            "module.vpc_dev.module.vpc.data.aws_partition.current",
            "module.vpc_dev.module.vpc.data.aws_region.current"
          ]
        },
        {
          "index_key": "kube-proxy",
          "schema_version": 0,
          "attributes": {
            "addon_name": "kube-proxy",
            "addon_version": "v1.35.3-eksbuild.17",
            "arn": "arn:aws:eks:ap-south-1:084766854861:addon/dev-eks-cluster/kube-proxy/c6cfc774-8389-51cb-2372-49a88cff3b78",
            "cluster_name": "dev-eks-cluster",
            "configuration_values": "",
            "created_at": "2026-07-23T12:17:44Z",
            "id": "dev-eks-cluster:kube-proxy",
            "modified_at": "2026-07-23T12:18:01Z",
            "namespace_config": [
              {
                "namespace": "kube-system"
              }
            ],
            "pod_identity_association": [],
            "preserve": true,
            "region": "ap-south-1",
            "resolve_conflicts_on_create": "NONE",
            "resolve_conflicts_on_update": "OVERWRITE",
            "service_account_role_arn": "",
            "tags": {
              "Environment": "dev",
              "cluster": "dev-eks-cluster"
            },
            "tags_all": {
              "Environment": "dev",
              "cluster": "dev-eks-cluster"
            },
            "timeouts": {
              "create": null,
              "delete": null,
              "update": null
            }
          },
          "sensitive_attributes": [],
          "identity_schema_version": 0,
          "identity": {
            "account_id": "084766854861",
            "addon_name": "kube-proxy",
            "cluster_name": "dev-eks-cluster",
            "region": "ap-south-1"
          },
          "private": "eyJlMmJmYjczMC1lY2FhLTExZTYtOGY4OC0zNDM2M2JjN2M0YzAiOnsiY3JlYXRlIjoxMjAwMDAwMDAwMDAwLCJkZWxldGUiOjI0MDAwMDAwMDAwMDAsInVwZGF0ZSI6MTIwMDAwMDAwMDAwMH19",
          "dependencies": [
            "module.eks.module.eks.aws_cloudwatch_log_group.this",
            "module.eks.module.eks.aws_eks_cluster.this",
            "module.eks.module.eks.aws_iam_policy.cni_ipv6_policy",
            "module.eks.module.eks.aws_iam_role.eks_auto",
            "module.eks.module.eks.aws_iam_role.this",
            "module.eks.module.eks.aws_iam_role_policy_attachment.this",
            "module.eks.module.eks.aws_security_group.cluster",
            "module.eks.module.eks.aws_security_group.node",
            "module.eks.module.eks.aws_security_group_rule.cluster",
            "module.eks.module.eks.aws_security_group_rule.node",
            "module.eks.module.eks.data.aws_caller_identity.current",
            "module.eks.module.eks.data.aws_eks_addon_version.this",
            "module.eks.module.eks.data.aws_iam_policy_document.assume_role_policy",
            "module.eks.module.eks.data.aws_iam_policy_document.cni_ipv6_policy",
            "module.eks.module.eks.data.aws_iam_policy_document.node_assume_role_policy",
            "module.eks.module.eks.data.aws_iam_session_context.current",
            "module.eks.module.eks.data.aws_partition.current",
            "module.eks.module.eks.module.eks_managed_node_group.aws_eks_node_group.this",
            "module.eks.module.eks.module.eks_managed_node_group.aws_iam_role.this",
            "module.eks.module.eks.module.eks_managed_node_group.aws_iam_role_policy.this",
            "module.eks.module.eks.module.eks_managed_node_group.aws_iam_role_policy_attachment.additional",
            "module.eks.module.eks.module.eks_managed_node_group.aws_iam_role_policy_attachment.this",
            "module.eks.module.eks.module.eks_managed_node_group.aws_launch_template.this",
            "module.eks.module.eks.module.eks_managed_node_group.aws_placement_group.this",
            "module.eks.module.eks.module.eks_managed_node_group.aws_security_group.this",
            "module.eks.module.eks.module.eks_managed_node_group.aws_vpc_security_group_egress_rule.this",
            "module.eks.module.eks.module.eks_managed_node_group.aws_vpc_security_group_ingress_rule.this",
            "module.eks.module.eks.module.eks_managed_node_group.data.aws_caller_identity.current",
            "module.eks.module.eks.module.eks_managed_node_group.data.aws_ec2_instance_type.this",
            "module.eks.module.eks.module.eks_managed_node_group.data.aws_eks_cluster_versions.this",
            "module.eks.module.eks.module.eks_managed_node_group.data.aws_iam_policy_document.assume_role_policy",
            "module.eks.module.eks.module.eks_managed_node_group.data.aws_iam_policy_document.role",
            "module.eks.module.eks.module.eks_managed_node_group.data.aws_partition.current",
            "module.eks.module.eks.module.eks_managed_node_group.data.aws_ssm_parameter.ami",
            "module.eks.module.eks.module.eks_managed_node_group.data.aws_subnet.this",
            "module.eks.module.eks.module.eks_managed_node_group.module.user_data.data.cloudinit_config.al2023_eks_managed_node_group",
            "module.eks.module.eks.module.eks_managed_node_group.module.user_data.data.cloudinit_config.al2_eks_managed_node_group",
            "module.eks.module.eks.module.eks_managed_node_group.module.user_data.null_resource.validate_cluster_service_cidr",
            "module.eks.module.eks.module.fargate_profile.aws_eks_fargate_profile.this",
            "module.eks.module.eks.module.fargate_profile.aws_iam_role.this",
            "module.eks.module.eks.module.fargate_profile.aws_iam_role_policy.this",
            "module.eks.module.eks.module.fargate_profile.aws_iam_role_policy_attachment.additional",
            "module.eks.module.eks.module.fargate_profile.aws_iam_role_policy_attachment.this",
            "module.eks.module.eks.module.fargate_profile.data.aws_caller_identity.current",
            "module.eks.module.eks.module.fargate_profile.data.aws_iam_policy_document.assume_role_policy",
            "module.eks.module.eks.module.fargate_profile.data.aws_iam_policy_document.role",
            "module.eks.module.eks.module.fargate_profile.data.aws_partition.current",
            "module.eks.module.eks.module.fargate_profile.data.aws_region.current",
            "module.eks.module.eks.module.kms.aws_kms_external_key.this",
            "module.eks.module.eks.module.kms.aws_kms_key.this",
            "module.eks.module.eks.module.kms.aws_kms_replica_external_key.this",
            "module.eks.module.eks.module.kms.aws_kms_replica_key.this",
            "module.eks.module.eks.module.kms.data.aws_caller_identity.current",
            "module.eks.module.eks.module.kms.data.aws_iam_policy_document.this",
            "module.eks.module.eks.module.kms.data.aws_partition.current",
            "module.eks.module.eks.module.self_managed_node_group.aws_autoscaling_group.this",
            "module.eks.module.eks.module.self_managed_node_group.aws_eks_access_entry.this",
            "module.eks.module.eks.module.self_managed_node_group.aws_iam_instance_profile.this",
            "module.eks.module.eks.module.self_managed_node_group.aws_iam_role.this",
            "module.eks.module.eks.module.self_managed_node_group.aws_iam_role_policy.this",
            "module.eks.module.eks.module.self_managed_node_group.aws_iam_role_policy_attachment.additional",
            "module.eks.module.eks.module.self_managed_node_group.aws_iam_role_policy_attachment.this",
            "module.eks.module.eks.module.self_managed_node_group.aws_launch_template.this",
            "module.eks.module.eks.module.self_managed_node_group.aws_placement_group.this",
            "module.eks.module.eks.module.self_managed_node_group.aws_security_group.this",
            "module.eks.module.eks.module.self_managed_node_group.aws_vpc_security_group_egress_rule.this",
            "module.eks.module.eks.module.self_managed_node_group.aws_vpc_security_group_ingress_rule.this",
            "module.eks.module.eks.module.self_managed_node_group.data.aws_caller_identity.current",
            "module.eks.module.eks.module.self_managed_node_group.data.aws_ec2_instance_type.this",
            "module.eks.module.eks.module.self_managed_node_group.data.aws_iam_policy_document.assume_role_policy",
            "module.eks.module.eks.module.self_managed_node_group.data.aws_iam_policy_document.role",
            "module.eks.module.eks.module.self_managed_node_group.data.aws_partition.current",
            "module.eks.module.eks.module.self_managed_node_group.data.aws_ssm_parameter.ami",
            "module.eks.module.eks.module.self_managed_node_group.data.aws_subnet.this",
            "module.eks.module.eks.module.self_managed_node_group.module.user_data.data.cloudinit_config.al2023_eks_managed_node_group",
            "module.eks.module.eks.module.self_managed_node_group.module.user_data.data.cloudinit_config.al2_eks_managed_node_group",
            "module.eks.module.eks.module.self_managed_node_group.module.user_data.null_resource.validate_cluster_service_cidr",
            "module.eks.module.eks.time_sleep.this",
            "module.vpc_dev.data.aws_availability_zones.available",
            "module.vpc_dev.module.vpc.aws_cloudwatch_log_group.flow_log",
            "module.vpc_dev.module.vpc.aws_customer_gateway.this",
            "module.vpc_dev.module.vpc.aws_db_subnet_group.database",
            "module.vpc_dev.module.vpc.aws_default_network_acl.this",
            "module.vpc_dev.module.vpc.aws_default_route_table.default",
            "module.vpc_dev.module.vpc.aws_default_security_group.this",
            "module.vpc_dev.module.vpc.aws_default_vpc.this",
            "module.vpc_dev.module.vpc.aws_egress_only_internet_gateway.this",
            "module.vpc_dev.module.vpc.aws_eip.nat",
            "module.vpc_dev.module.vpc.aws_elasticache_subnet_group.elasticache",
            "module.vpc_dev.module.vpc.aws_flow_log.this",
            "module.vpc_dev.module.vpc.aws_iam_policy.vpc_flow_log_cloudwatch",
            "module.vpc_dev.module.vpc.aws_iam_role.vpc_flow_log_cloudwatch",
            "module.vpc_dev.module.vpc.aws_iam_role_policy_attachment.vpc_flow_log_cloudwatch",
            "module.vpc_dev.module.vpc.aws_internet_gateway.this",
            "module.vpc_dev.module.vpc.aws_nat_gateway.this",
            "module.vpc_dev.module.vpc.aws_network_acl.database",
            "module.vpc_dev.module.vpc.aws_network_acl.elasticache",
            "module.vpc_dev.module.vpc.aws_network_acl.intra",
            "module.vpc_dev.module.vpc.aws_network_acl.outpost",
            "module.vpc_dev.module.vpc.aws_network_acl.private",
            "module.vpc_dev.module.vpc.aws_network_acl.public",
            "module.vpc_dev.module.vpc.aws_network_acl.redshift",
            "module.vpc_dev.module.vpc.aws_network_acl_rule.database_inbound",
            "module.vpc_dev.module.vpc.aws_network_acl_rule.database_outbound",
            "module.vpc_dev.module.vpc.aws_network_acl_rule.elasticache_inbound",
            "module.vpc_dev.module.vpc.aws_network_acl_rule.elasticache_outbound",
            "module.vpc_dev.module.vpc.aws_network_acl_rule.intra_inbound",
            "module.vpc_dev.module.vpc.aws_network_acl_rule.intra_outbound",
            "module.vpc_dev.module.vpc.aws_network_acl_rule.outpost_inbound",
            "module.vpc_dev.module.vpc.aws_network_acl_rule.outpost_outbound",
            "module.vpc_dev.module.vpc.aws_network_acl_rule.private_inbound",
            "module.vpc_dev.module.vpc.aws_network_acl_rule.private_outbound",
            "module.vpc_dev.module.vpc.aws_network_acl_rule.public_inbound",
            "module.vpc_dev.module.vpc.aws_network_acl_rule.public_outbound",
            "module.vpc_dev.module.vpc.aws_network_acl_rule.redshift_inbound",
            "module.vpc_dev.module.vpc.aws_network_acl_rule.redshift_outbound",
            "module.vpc_dev.module.vpc.aws_redshift_subnet_group.redshift",
            "module.vpc_dev.module.vpc.aws_route.database_dns64_nat_gateway",
            "module.vpc_dev.module.vpc.aws_route.database_internet_gateway",
            "module.vpc_dev.module.vpc.aws_route.database_ipv6_egress",
            "module.vpc_dev.module.vpc.aws_route.database_nat_gateway",
            "module.vpc_dev.module.vpc.aws_route.private_dns64_nat_gateway",
            "module.vpc_dev.module.vpc.aws_route.private_ipv6_egress",
            "module.vpc_dev.module.vpc.aws_route.private_nat_gateway",
            "module.vpc_dev.module.vpc.aws_route.public_internet_gateway",
            "module.vpc_dev.module.vpc.aws_route.public_internet_gateway_ipv6",
            "module.vpc_dev.module.vpc.aws_route_table.database",
            "module.vpc_dev.module.vpc.aws_route_table.elasticache",
            "module.vpc_dev.module.vpc.aws_route_table.intra",
            "module.vpc_dev.module.vpc.aws_route_table.private",
            "module.vpc_dev.module.vpc.aws_route_table.public",
            "module.vpc_dev.module.vpc.aws_route_table.redshift",
            "module.vpc_dev.module.vpc.aws_route_table_association.database",
            "module.vpc_dev.module.vpc.aws_route_table_association.elasticache",
            "module.vpc_dev.module.vpc.aws_route_table_association.intra",
            "module.vpc_dev.module.vpc.aws_route_table_association.outpost",
            "module.vpc_dev.module.vpc.aws_route_table_association.private",
            "module.vpc_dev.module.vpc.aws_route_table_association.public",
            "module.vpc_dev.module.vpc.aws_route_table_association.redshift",
            "module.vpc_dev.module.vpc.aws_route_table_association.redshift_public",
            "module.vpc_dev.module.vpc.aws_subnet.database",
            "module.vpc_dev.module.vpc.aws_subnet.elasticache",
            "module.vpc_dev.module.vpc.aws_subnet.intra",
            "module.vpc_dev.module.vpc.aws_subnet.outpost",
            "module.vpc_dev.module.vpc.aws_subnet.private",
            "module.vpc_dev.module.vpc.aws_subnet.public",
            "module.vpc_dev.module.vpc.aws_subnet.redshift",
            "module.vpc_dev.module.vpc.aws_vpc.this",
            "module.vpc_dev.module.vpc.aws_vpc_block_public_access_exclusion.this",
            "module.vpc_dev.module.vpc.aws_vpc_block_public_access_options.this",
            "module.vpc_dev.module.vpc.aws_vpc_dhcp_options.this",
            "module.vpc_dev.module.vpc.aws_vpc_dhcp_options_association.this",
            "module.vpc_dev.module.vpc.aws_vpc_ipv4_cidr_block_association.this",
            "module.vpc_dev.module.vpc.aws_vpn_gateway.this",
            "module.vpc_dev.module.vpc.aws_vpn_gateway_attachment.this",
            "module.vpc_dev.module.vpc.aws_vpn_gateway_route_propagation.intra",
            "module.vpc_dev.module.vpc.aws_vpn_gateway_route_propagation.private",
            "module.vpc_dev.module.vpc.aws_vpn_gateway_route_propagation.public",
            "module.vpc_dev.module.vpc.data.aws_caller_identity.current",
            "module.vpc_dev.module.vpc.data.aws_iam_policy_document.flow_log_cloudwatch_assume_role",
            "module.vpc_dev.module.vpc.data.aws_iam_policy_document.vpc_flow_log_cloudwatch",
            "module.vpc_dev.module.vpc.data.aws_partition.current",
            "module.vpc_dev.module.vpc.data.aws_region.current"
          ]
        }
      ]
    },
    {
      "module": "module.eks.module.eks",
      "mode": "managed",
      "type": "aws_eks_cluster",
      "name": "this",
      "provider": "provider[\"registry.terraform.io/hashicorp/aws\"]",
      "instances": [
        {
          "index_key": 0,
          "schema_version": 1,
          "attributes": {
            "access_config": [
              {
                "authentication_mode": "API_AND_CONFIG_MAP",
                "bootstrap_cluster_creator_admin_permissions": false
              }
            ],
            "arn": "arn:aws:eks:ap-south-1:084766854861:cluster/dev-eks-cluster",
            "bootstrap_self_managed_addons": false,
            "certificate_authority": [
              {
                "data": "LS0tLS1CRUdJTiBDRVJUSUZJQ0FURS0tLS0tCk1JSURCVENDQWUyZ0F3SUJBZ0lJWmkxbkpzMGZMckF3RFFZSktvWklodmNOQVFFTEJRQXdGVEVUTUJFR0ExVUUKQXhNS2EzVmlaWEp1WlhSbGN6QWVGdzB5TmpBM01qTXhNakF6TWpKYUZ3MHpOakEzTWpBeE1qQTRNakphTUJVeApFekFSQmdOVkJBTVRDbXQxWW1WeWJtVjBaWE13Z2dFaU1BMEdDU3FHU0liM0RRRUJBUVVBQTRJQkR3QXdnZ0VLCkFvSUJBUURYaWY4NGN1Wk9sZy9rOUI1TnFOekwzc3F1VEI3ZUZPblROU2JWck9JenpURDkvM3hKNXR0d1IvdVUKY1cwYmxwVkQzUDg1LzBEWHorV1QwK2loRDQvRFZ5YnduUUVKMmJjdGNqV2ExSHpVelIxaTVCeVk3b1Noc0hndQpMUTZLOFhmTTRJYmhMZWhMcHhRellxakFsMUpvRlpxTDV0S2RUWVVad0RKS3hwYzRPWXJhZi84ckVhREFycVJFCnNDc2ZldHV5amx0QStia2FJOERrS0xTNEprNzNIQ1Zkb3JsS0xEd0NSTzV5RDlHeDlZRjFOS215UDdtRzNUaVQKWHRwRlg4U1VqWWpkSFdodjNnS2puMHhPR3NCQ0xpL3AvYmYzSnlJV1k2dDRoSXliUUdGb3FxWkFuS0xlVHU0dgpkWng5NGhUU25EU0lTdWZIdEoxRXJjZ3VlOFRWQWdNQkFBR2pXVEJYTUE0R0ExVWREd0VCL3dRRUF3SUNwREFQCkJnTlZIUk1CQWY4RUJUQURBUUgvTUIwR0ExVWREZ1FXQkJROEloZ2NzS0daNklLNmJPNlRzUVovb0QvMWVUQVYKQmdOVkhSRUVEakFNZ2dwcmRXSmxjbTVsZEdWek1BMEdDU3FHU0liM0RRRUJDd1VBQTRJQkFRQXFDYjV3TUtKSwpsQjkycWRJTEljMWFRd0xXOHpOVXNBYVMwTVpXQkJzMTNsSzBLczUzZ3BTMEVHbDcyZk1IbjU2Nm5SbVpka0ZvClJ3UlZpL0tGNys0MDF6YVdQQ0ZXZE4wTmo4ZkRVSDZVbTZYNk5BMUo0VjRFZmVGMC9venNQOUY5TEw3WWliVEkKeHF3R1VkZ2VhYXFjZEFzd3pJNmlsVE9GTkpha21pM2xsQkdCbk1CVFdqMVJkM2NJNzhsOHpoSmpRUVhQK0xobQpjbTI0RHhxaE1LcE9xVkROd0tEUUl2bTl3d2NQakFUcFBDMHRTVXdETUFLUGUvYVMzeksxQUJNa0Z0YlBrN3EvCnMxSnRERUwyN2JmZUdUWSs5QmZaQzNNREozbG0vZmkwUXhPeGIzQ0VXUGc3enRDMExOc0pQdDVtaDlmNzA1eWIKNDJaUFBOb1d0STlBCi0tLS0tRU5EIENFUlRJRklDQVRFLS0tLS0K"
              }
            ],
            "cluster_id": null,
            "compute_config": [
              {
                "enabled": false,
                "node_pools": [],
                "node_role_arn": ""
              }
            ],
            "control_plane_scaling_config": [
              {
                "tier": "standard"
              }
            ],
            "created_at": "2026-07-23T12:04:13Z",
            "deletion_protection": false,
            "enabled_cluster_log_types": [
              "api",
              "audit",
              "authenticator"
            ],
            "encryption_config": [
              {
                "provider": [
                  {
                    "key_arn": "arn:aws:kms:ap-south-1:084766854861:key/85a69293-62c9-40fa-bc66-79e7bbc4ae2b"
                  }
                ],
                "resources": [
                  "secrets"
                ]
              }
            ],
            "endpoint": "https://ABA976ECD1EA5527F0EA2393390646D0.gr7.ap-south-1.eks.amazonaws.com",
            "force_update_version": null,
            "id": "dev-eks-cluster",
            "identity": [
              {
                "oidc": [
                  {
                    "issuer": "https://oidc.eks.ap-south-1.amazonaws.com/id/ABA976ECD1EA5527F0EA2393390646D0"
                  }
                ]
              }
            ],
            "kubernetes_network_config": [
              {
                "elastic_load_balancing": [
                  {
                    "enabled": false
                  }
                ],
                "ip_family": "ipv4",
                "service_ipv4_cidr": "172.20.0.0/16",
                "service_ipv6_cidr": ""
              }
            ],
            "name": "dev-eks-cluster",
            "outpost_config": [],
            "platform_version": "eks.19",
            "region": "ap-south-1",
            "remote_network_config": [],
            "role_arn": "arn:aws:iam::084766854861:role/dev-eks-cluster-cluster-cd10eac89c94d28db05788b42b",
            "status": "ACTIVE",
            "storage_config": [
              {
                "block_storage": [
                  {
                    "enabled": false
                  }
                ]
              }
            ],
            "tags": {
              "Environment": "dev",
              "cluster": "dev-eks-cluster"
            },
            "tags_all": {
              "Environment": "dev",
              "cluster": "dev-eks-cluster"
            },
            "timeouts": null,
            "upgrade_policy": [
              {
                "support_type": "STANDARD"
              }
            ],
            "version": "1.35",
            "vpc_config": [
              {
                "cluster_security_group_id": "sg-079c49b305eeea1bd",
                "control_plane_egress_mode": "AWS_MANAGED",
                "endpoint_private_access": true,
                "endpoint_public_access": true,
                "public_access_cidrs": [
                  "0.0.0.0/0"
                ],
                "security_group_ids": [
                  "sg-099b238e88b91e038"
                ],
                "subnet_ids": [
                  "subnet-028530416b5b03dd8",
                  "subnet-0668a5fc1d0ddf341",
                  "subnet-06a06d1e3a71c49ae",
                  "subnet-09f6ac08f64cea2df",
                  "subnet-0a9fc29c31ec2ae10"
                ],
                "vpc_id": "vpc-0d42b6150d98256a5"
              }
            ],
            "zonal_shift_config": []
          },
          "sensitive_attributes": [],
          "identity_schema_version": 0,
          "identity": {
            "account_id": "084766854861",
            "name": "dev-eks-cluster",
            "region": "ap-south-1"
          },
          "private": "eyJlMmJmYjczMC1lY2FhLTExZTYtOGY4OC0zNDM2M2JjN2M0YzAiOnsiY3JlYXRlIjoxODAwMDAwMDAwMDAwLCJkZWxldGUiOjkwMDAwMDAwMDAwMCwidXBkYXRlIjozNjAwMDAwMDAwMDAwfSwic2NoZW1hX3ZlcnNpb24iOiIxIn0=",
          "dependencies": [
            "module.eks.module.eks.aws_cloudwatch_log_group.this",
            "module.eks.module.eks.aws_iam_policy.cni_ipv6_policy",
            "module.eks.module.eks.aws_iam_role.eks_auto",
            "module.eks.module.eks.aws_iam_role.this",
            "module.eks.module.eks.aws_iam_role_policy_attachment.this",
            "module.eks.module.eks.aws_security_group.cluster",
            "module.eks.module.eks.aws_security_group.node",
            "module.eks.module.eks.aws_security_group_rule.cluster",
            "module.eks.module.eks.aws_security_group_rule.node",
            "module.eks.module.eks.data.aws_caller_identity.current",
            "module.eks.module.eks.data.aws_iam_policy_document.assume_role_policy",
            "module.eks.module.eks.data.aws_iam_policy_document.cni_ipv6_policy",
            "module.eks.module.eks.data.aws_iam_policy_document.node_assume_role_policy",
            "module.eks.module.eks.data.aws_iam_session_context.current",
            "module.eks.module.eks.data.aws_partition.current",
            "module.eks.module.eks.module.kms.aws_kms_external_key.this",
            "module.eks.module.eks.module.kms.aws_kms_key.this",
            "module.eks.module.eks.module.kms.aws_kms_replica_external_key.this",
            "module.eks.module.eks.module.kms.aws_kms_replica_key.this",
            "module.eks.module.eks.module.kms.data.aws_caller_identity.current",
            "module.eks.module.eks.module.kms.data.aws_iam_policy_document.this",
            "module.eks.module.eks.module.kms.data.aws_partition.current",
            "module.vpc_dev.data.aws_availability_zones.available",
            "module.vpc_dev.module.vpc.aws_cloudwatch_log_group.flow_log",
            "module.vpc_dev.module.vpc.aws_customer_gateway.this",
            "module.vpc_dev.module.vpc.aws_db_subnet_group.database",
            "module.vpc_dev.module.vpc.aws_default_network_acl.this",
            "module.vpc_dev.module.vpc.aws_default_route_table.default",
            "module.vpc_dev.module.vpc.aws_default_security_group.this",
            "module.vpc_dev.module.vpc.aws_default_vpc.this",
            "module.vpc_dev.module.vpc.aws_egress_only_internet_gateway.this",
            "module.vpc_dev.module.vpc.aws_eip.nat",
            "module.vpc_dev.module.vpc.aws_elasticache_subnet_group.elasticache",
            "module.vpc_dev.module.vpc.aws_flow_log.this",
            "module.vpc_dev.module.vpc.aws_iam_policy.vpc_flow_log_cloudwatch",
            "module.vpc_dev.module.vpc.aws_iam_role.vpc_flow_log_cloudwatch",
            "module.vpc_dev.module.vpc.aws_iam_role_policy_attachment.vpc_flow_log_cloudwatch",
            "module.vpc_dev.module.vpc.aws_internet_gateway.this",
            "module.vpc_dev.module.vpc.aws_nat_gateway.this",
            "module.vpc_dev.module.vpc.aws_network_acl.database",
            "module.vpc_dev.module.vpc.aws_network_acl.elasticache",
            "module.vpc_dev.module.vpc.aws_network_acl.intra",
            "module.vpc_dev.module.vpc.aws_network_acl.outpost",
            "module.vpc_dev.module.vpc.aws_network_acl.private",
            "module.vpc_dev.module.vpc.aws_network_acl.public",
            "module.vpc_dev.module.vpc.aws_network_acl.redshift",
            "module.vpc_dev.module.vpc.aws_network_acl_rule.database_inbound",
            "module.vpc_dev.module.vpc.aws_network_acl_rule.database_outbound",
            "module.vpc_dev.module.vpc.aws_network_acl_rule.elasticache_inbound",
            "module.vpc_dev.module.vpc.aws_network_acl_rule.elasticache_outbound",
            "module.vpc_dev.module.vpc.aws_network_acl_rule.intra_inbound",
            "module.vpc_dev.module.vpc.aws_network_acl_rule.intra_outbound",
            "module.vpc_dev.module.vpc.aws_network_acl_rule.outpost_inbound",
            "module.vpc_dev.module.vpc.aws_network_acl_rule.outpost_outbound",
            "module.vpc_dev.module.vpc.aws_network_acl_rule.private_inbound",
            "module.vpc_dev.module.vpc.aws_network_acl_rule.private_outbound",
            "module.vpc_dev.module.vpc.aws_network_acl_rule.public_inbound",
            "module.vpc_dev.module.vpc.aws_network_acl_rule.public_outbound",
            "module.vpc_dev.module.vpc.aws_network_acl_rule.redshift_inbound",
            "module.vpc_dev.module.vpc.aws_network_acl_rule.redshift_outbound",
            "module.vpc_dev.module.vpc.aws_redshift_subnet_group.redshift",
            "module.vpc_dev.module.vpc.aws_route.database_dns64_nat_gateway",
            "module.vpc_dev.module.vpc.aws_route.database_internet_gateway",
            "module.vpc_dev.module.vpc.aws_route.database_ipv6_egress",
            "module.vpc_dev.module.vpc.aws_route.database_nat_gateway",
            "module.vpc_dev.module.vpc.aws_route.private_dns64_nat_gateway",
            "module.vpc_dev.module.vpc.aws_route.private_ipv6_egress",
            "module.vpc_dev.module.vpc.aws_route.private_nat_gateway",
            "module.vpc_dev.module.vpc.aws_route.public_internet_gateway",
            "module.vpc_dev.module.vpc.aws_route.public_internet_gateway_ipv6",
            "module.vpc_dev.module.vpc.aws_route_table.database",
            "module.vpc_dev.module.vpc.aws_route_table.elasticache",
            "module.vpc_dev.module.vpc.aws_route_table.intra",
            "module.vpc_dev.module.vpc.aws_route_table.private",
            "module.vpc_dev.module.vpc.aws_route_table.public",
            "module.vpc_dev.module.vpc.aws_route_table.redshift",
            "module.vpc_dev.module.vpc.aws_route_table_association.database",
            "module.vpc_dev.module.vpc.aws_route_table_association.elasticache",
            "module.vpc_dev.module.vpc.aws_route_table_association.intra",
            "module.vpc_dev.module.vpc.aws_route_table_association.outpost",
            "module.vpc_dev.module.vpc.aws_route_table_association.private",
            "module.vpc_dev.module.vpc.aws_route_table_association.public",
            "module.vpc_dev.module.vpc.aws_route_table_association.redshift",
            "module.vpc_dev.module.vpc.aws_route_table_association.redshift_public",
            "module.vpc_dev.module.vpc.aws_subnet.database",
            "module.vpc_dev.module.vpc.aws_subnet.elasticache",
            "module.vpc_dev.module.vpc.aws_subnet.intra",
            "module.vpc_dev.module.vpc.aws_subnet.outpost",
            "module.vpc_dev.module.vpc.aws_subnet.private",
            "module.vpc_dev.module.vpc.aws_subnet.public",
            "module.vpc_dev.module.vpc.aws_subnet.redshift",
            "module.vpc_dev.module.vpc.aws_vpc.this",
            "module.vpc_dev.module.vpc.aws_vpc_block_public_access_exclusion.this",
            "module.vpc_dev.module.vpc.aws_vpc_block_public_access_options.this",
            "module.vpc_dev.module.vpc.aws_vpc_dhcp_options.this",
            "module.vpc_dev.module.vpc.aws_vpc_dhcp_options_association.this",
            "module.vpc_dev.module.vpc.aws_vpc_ipv4_cidr_block_association.this",
            "module.vpc_dev.module.vpc.aws_vpn_gateway.this",
            "module.vpc_dev.module.vpc.aws_vpn_gateway_attachment.this",
            "module.vpc_dev.module.vpc.aws_vpn_gateway_route_propagation.intra",
            "module.vpc_dev.module.vpc.aws_vpn_gateway_route_propagation.private",
            "module.vpc_dev.module.vpc.aws_vpn_gateway_route_propagation.public",
            "module.vpc_dev.module.vpc.data.aws_caller_identity.current",
            "module.vpc_dev.module.vpc.data.aws_iam_policy_document.flow_log_cloudwatch_assume_role",
            "module.vpc_dev.module.vpc.data.aws_iam_policy_document.vpc_flow_log_cloudwatch",
            "module.vpc_dev.module.vpc.data.aws_partition.current",
            "module.vpc_dev.module.vpc.data.aws_region.current"
          ],
          "create_before_destroy": true
        }
      ]
    },
    {
      "module": "module.eks.module.eks",
      "mode": "managed",
      "type": "aws_iam_openid_connect_provider",
      "name": "oidc_provider",
      "provider": "provider[\"registry.terraform.io/hashicorp/aws\"]",
      "instances": [
        {
          "index_key": 0,
          "schema_version": 0,
          "attributes": {
            "arn": "arn:aws:iam::084766854861:oidc-provider/oidc.eks.ap-south-1.amazonaws.com/id/ABA976ECD1EA5527F0EA2393390646D0",
            "client_id_list": [
              "sts.amazonaws.com"
            ],
            "id": "arn:aws:iam::084766854861:oidc-provider/oidc.eks.ap-south-1.amazonaws.com/id/ABA976ECD1EA5527F0EA2393390646D0",
            "tags": {
              "Environment": "dev",
              "Name": "dev-eks-cluster-eks-irsa",
              "cluster": "dev-eks-cluster"
            },
            "tags_all": {
              "Environment": "dev",
              "Name": "dev-eks-cluster-eks-irsa",
              "cluster": "dev-eks-cluster"
            },
            "thumbprint_list": [
              "06b25927c42a721631c1efd9431e648fa62e1e39"
            ],
            "url": "oidc.eks.ap-south-1.amazonaws.com/id/ABA976ECD1EA5527F0EA2393390646D0"
          },
          "sensitive_attributes": [],
          "identity_schema_version": 0,
          "identity": {
            "arn": "arn:aws:iam::084766854861:oidc-provider/oidc.eks.ap-south-1.amazonaws.com/id/ABA976ECD1EA5527F0EA2393390646D0"
          },
          "private": "bnVsbA==",
          "dependencies": [
            "module.eks.module.eks.aws_cloudwatch_log_group.this",
            "module.eks.module.eks.aws_eks_cluster.this",
            "module.eks.module.eks.aws_iam_policy.cni_ipv6_policy",
            "module.eks.module.eks.aws_iam_role.eks_auto",
            "module.eks.module.eks.aws_iam_role.this",
            "module.eks.module.eks.aws_iam_role_policy_attachment.this",
            "module.eks.module.eks.aws_security_group.cluster",
            "module.eks.module.eks.aws_security_group.node",
            "module.eks.module.eks.aws_security_group_rule.cluster",
            "module.eks.module.eks.aws_security_group_rule.node",
            "module.eks.module.eks.data.aws_caller_identity.current",
            "module.eks.module.eks.data.aws_iam_policy_document.assume_role_policy",
            "module.eks.module.eks.data.aws_iam_policy_document.cni_ipv6_policy",
            "module.eks.module.eks.data.aws_iam_policy_document.node_assume_role_policy",
            "module.eks.module.eks.data.aws_iam_session_context.current",
            "module.eks.module.eks.data.aws_partition.current",
            "module.eks.module.eks.data.tls_certificate.this",
            "module.eks.module.eks.module.kms.aws_kms_external_key.this",
            "module.eks.module.eks.module.kms.aws_kms_key.this",
            "module.eks.module.eks.module.kms.aws_kms_replica_external_key.this",
            "module.eks.module.eks.module.kms.aws_kms_replica_key.this",
            "module.eks.module.eks.module.kms.data.aws_caller_identity.current",
            "module.eks.module.eks.module.kms.data.aws_iam_policy_document.this",
            "module.eks.module.eks.module.kms.data.aws_partition.current",
            "module.vpc_dev.data.aws_availability_zones.available",
            "module.vpc_dev.module.vpc.aws_cloudwatch_log_group.flow_log",
            "module.vpc_dev.module.vpc.aws_customer_gateway.this",
            "module.vpc_dev.module.vpc.aws_db_subnet_group.database",
            "module.vpc_dev.module.vpc.aws_default_network_acl.this",
            "module.vpc_dev.module.vpc.aws_default_route_table.default",
            "module.vpc_dev.module.vpc.aws_default_security_group.this",
            "module.vpc_dev.module.vpc.aws_default_vpc.this",
            "module.vpc_dev.module.vpc.aws_egress_only_internet_gateway.this",
            "module.vpc_dev.module.vpc.aws_eip.nat",
            "module.vpc_dev.module.vpc.aws_elasticache_subnet_group.elasticache",
            "module.vpc_dev.module.vpc.aws_flow_log.this",
            "module.vpc_dev.module.vpc.aws_iam_policy.vpc_flow_log_cloudwatch",
            "module.vpc_dev.module.vpc.aws_iam_role.vpc_flow_log_cloudwatch",
            "module.vpc_dev.module.vpc.aws_iam_role_policy_attachment.vpc_flow_log_cloudwatch",
            "module.vpc_dev.module.vpc.aws_internet_gateway.this",
            "module.vpc_dev.module.vpc.aws_nat_gateway.this",
            "module.vpc_dev.module.vpc.aws_network_acl.database",
            "module.vpc_dev.module.vpc.aws_network_acl.elasticache",
            "module.vpc_dev.module.vpc.aws_network_acl.intra",
            "module.vpc_dev.module.vpc.aws_network_acl.outpost",
            "module.vpc_dev.module.vpc.aws_network_acl.private",
            "module.vpc_dev.module.vpc.aws_network_acl.public",
            "module.vpc_dev.module.vpc.aws_network_acl.redshift",
            "module.vpc_dev.module.vpc.aws_network_acl_rule.database_inbound",
            "module.vpc_dev.module.vpc.aws_network_acl_rule.database_outbound",
            "module.vpc_dev.module.vpc.aws_network_acl_rule.elasticache_inbound",
            "module.vpc_dev.module.vpc.aws_network_acl_rule.elasticache_outbound",
            "module.vpc_dev.module.vpc.aws_network_acl_rule.intra_inbound",
            "module.vpc_dev.module.vpc.aws_network_acl_rule.intra_outbound",
            "module.vpc_dev.module.vpc.aws_network_acl_rule.outpost_inbound",
            "module.vpc_dev.module.vpc.aws_network_acl_rule.outpost_outbound",
            "module.vpc_dev.module.vpc.aws_network_acl_rule.private_inbound",
            "module.vpc_dev.module.vpc.aws_network_acl_rule.private_outbound",
            "module.vpc_dev.module.vpc.aws_network_acl_rule.public_inbound",
            "module.vpc_dev.module.vpc.aws_network_acl_rule.public_outbound",
            "module.vpc_dev.module.vpc.aws_network_acl_rule.redshift_inbound",
            "module.vpc_dev.module.vpc.aws_network_acl_rule.redshift_outbound",
            "module.vpc_dev.module.vpc.aws_redshift_subnet_group.redshift",
            "module.vpc_dev.module.vpc.aws_route.database_dns64_nat_gateway",
            "module.vpc_dev.module.vpc.aws_route.database_internet_gateway",
            "module.vpc_dev.module.vpc.aws_route.database_ipv6_egress",
            "module.vpc_dev.module.vpc.aws_route.database_nat_gateway",
            "module.vpc_dev.module.vpc.aws_route.private_dns64_nat_gateway",
            "module.vpc_dev.module.vpc.aws_route.private_ipv6_egress",
            "module.vpc_dev.module.vpc.aws_route.private_nat_gateway",
            "module.vpc_dev.module.vpc.aws_route.public_internet_gateway",
            "module.vpc_dev.module.vpc.aws_route.public_internet_gateway_ipv6",
            "module.vpc_dev.module.vpc.aws_route_table.database",
            "module.vpc_dev.module.vpc.aws_route_table.elasticache",
            "module.vpc_dev.module.vpc.aws_route_table.intra",
            "module.vpc_dev.module.vpc.aws_route_table.private",
            "module.vpc_dev.module.vpc.aws_route_table.public",
            "module.vpc_dev.module.vpc.aws_route_table.redshift",
            "module.vpc_dev.module.vpc.aws_route_table_association.database",
            "module.vpc_dev.module.vpc.aws_route_table_association.elasticache",
            "module.vpc_dev.module.vpc.aws_route_table_association.intra",
            "module.vpc_dev.module.vpc.aws_route_table_association.outpost",
            "module.vpc_dev.module.vpc.aws_route_table_association.private",
            "module.vpc_dev.module.vpc.aws_route_table_association.public",
            "module.vpc_dev.module.vpc.aws_route_table_association.redshift",
            "module.vpc_dev.module.vpc.aws_route_table_association.redshift_public",
            "module.vpc_dev.module.vpc.aws_subnet.database",
            "module.vpc_dev.module.vpc.aws_subnet.elasticache",
            "module.vpc_dev.module.vpc.aws_subnet.intra",
            "module.vpc_dev.module.vpc.aws_subnet.outpost",
            "module.vpc_dev.module.vpc.aws_subnet.private",
            "module.vpc_dev.module.vpc.aws_subnet.public",
            "module.vpc_dev.module.vpc.aws_subnet.redshift",
            "module.vpc_dev.module.vpc.aws_vpc.this",
            "module.vpc_dev.module.vpc.aws_vpc_block_public_access_exclusion.this",
            "module.vpc_dev.module.vpc.aws_vpc_block_public_access_options.this",
            "module.vpc_dev.module.vpc.aws_vpc_dhcp_options.this",
            "module.vpc_dev.module.vpc.aws_vpc_dhcp_options_association.this",
            "module.vpc_dev.module.vpc.aws_vpc_ipv4_cidr_block_association.this",
            "module.vpc_dev.module.vpc.aws_vpn_gateway.this",
            "module.vpc_dev.module.vpc.aws_vpn_gateway_attachment.this",
            "module.vpc_dev.module.vpc.aws_vpn_gateway_route_propagation.intra",
            "module.vpc_dev.module.vpc.aws_vpn_gateway_route_propagation.private",
            "module.vpc_dev.module.vpc.aws_vpn_gateway_route_propagation.public",
            "module.vpc_dev.module.vpc.data.aws_caller_identity.current",
            "module.vpc_dev.module.vpc.data.aws_iam_policy_document.flow_log_cloudwatch_assume_role",
            "module.vpc_dev.module.vpc.data.aws_iam_policy_document.vpc_flow_log_cloudwatch",
            "module.vpc_dev.module.vpc.data.aws_partition.current",
            "module.vpc_dev.module.vpc.data.aws_region.current"
          ]
        }
      ]
    },
    {
      "module": "module.eks.module.eks",
      "mode": "managed",
      "type": "aws_iam_policy",
      "name": "cluster_encryption",
      "provider": "provider[\"registry.terraform.io/hashicorp/aws\"]",
      "instances": [
        {
          "index_key": 0,
          "schema_version": 0,
          "attributes": {
            "arn": "arn:aws:iam::084766854861:policy/dev-eks-cluster-cluster-ClusterEncryption1485d4d26a37c181b372e4eb30",
            "attachment_count": 1,
            "delay_after_policy_creation_in_ms": null,
            "description": "Cluster encryption policy to allow cluster role to utilize CMK provided",
            "id": "arn:aws:iam::084766854861:policy/dev-eks-cluster-cluster-ClusterEncryption1485d4d26a37c181b372e4eb30",
            "name": "dev-eks-cluster-cluster-ClusterEncryption1485d4d26a37c181b372e4eb30",
            "name_prefix": "dev-eks-cluster-cluster-ClusterEncryption",
            "path": "/",
            "policy": "{\"Statement\":[{\"Action\":[\"kms:Encrypt\",\"kms:Decrypt\",\"kms:ListGrants\",\"kms:DescribeKey\"],\"Effect\":\"Allow\",\"Resource\":\"arn:aws:kms:ap-south-1:084766854861:key/85a69293-62c9-40fa-bc66-79e7bbc4ae2b\"}],\"Version\":\"2012-10-17\"}",
            "policy_id": "ANPARHPD7R3GQ2PSSZBBP",
            "tags": {
              "Environment": "dev",
              "cluster": "dev-eks-cluster"
            },
            "tags_all": {
              "Environment": "dev",
              "cluster": "dev-eks-cluster"
            }
          },
          "sensitive_attributes": [],
          "identity_schema_version": 0,
          "identity": {
            "arn": "arn:aws:iam::084766854861:policy/dev-eks-cluster-cluster-ClusterEncryption1485d4d26a37c181b372e4eb30"
          },
          "private": "bnVsbA==",
          "dependencies": [
            "module.eks.module.eks.aws_iam_role.this",
            "module.eks.module.eks.data.aws_caller_identity.current",
            "module.eks.module.eks.data.aws_iam_policy_document.assume_role_policy",
            "module.eks.module.eks.data.aws_iam_session_context.current",
            "module.eks.module.eks.module.kms.aws_kms_external_key.this",
            "module.eks.module.eks.module.kms.aws_kms_key.this",
            "module.eks.module.eks.module.kms.aws_kms_replica_external_key.this",
            "module.eks.module.eks.module.kms.aws_kms_replica_key.this",
            "module.eks.module.eks.module.kms.data.aws_caller_identity.current",
            "module.eks.module.eks.module.kms.data.aws_iam_policy_document.this",
            "module.eks.module.eks.module.kms.data.aws_partition.current",
            "module.vpc_dev.data.aws_availability_zones.available",
            "module.vpc_dev.module.vpc.aws_cloudwatch_log_group.flow_log",
            "module.vpc_dev.module.vpc.aws_customer_gateway.this",
            "module.vpc_dev.module.vpc.aws_db_subnet_group.database",
            "module.vpc_dev.module.vpc.aws_default_network_acl.this",
            "module.vpc_dev.module.vpc.aws_default_route_table.default",
            "module.vpc_dev.module.vpc.aws_default_security_group.this",
            "module.vpc_dev.module.vpc.aws_default_vpc.this",
            "module.vpc_dev.module.vpc.aws_egress_only_internet_gateway.this",
            "module.vpc_dev.module.vpc.aws_eip.nat",
            "module.vpc_dev.module.vpc.aws_elasticache_subnet_group.elasticache",
            "module.vpc_dev.module.vpc.aws_flow_log.this",
            "module.vpc_dev.module.vpc.aws_iam_policy.vpc_flow_log_cloudwatch",
            "module.vpc_dev.module.vpc.aws_iam_role.vpc_flow_log_cloudwatch",
            "module.vpc_dev.module.vpc.aws_iam_role_policy_attachment.vpc_flow_log_cloudwatch",
            "module.vpc_dev.module.vpc.aws_internet_gateway.this",
            "module.vpc_dev.module.vpc.aws_nat_gateway.this",
            "module.vpc_dev.module.vpc.aws_network_acl.database",
            "module.vpc_dev.module.vpc.aws_network_acl.elasticache",
            "module.vpc_dev.module.vpc.aws_network_acl.intra",
            "module.vpc_dev.module.vpc.aws_network_acl.outpost",
            "module.vpc_dev.module.vpc.aws_network_acl.private",
            "module.vpc_dev.module.vpc.aws_network_acl.public",
            "module.vpc_dev.module.vpc.aws_network_acl.redshift",
            "module.vpc_dev.module.vpc.aws_network_acl_rule.database_inbound",
            "module.vpc_dev.module.vpc.aws_network_acl_rule.database_outbound",
            "module.vpc_dev.module.vpc.aws_network_acl_rule.elasticache_inbound",
            "module.vpc_dev.module.vpc.aws_network_acl_rule.elasticache_outbound",
            "module.vpc_dev.module.vpc.aws_network_acl_rule.intra_inbound",
            "module.vpc_dev.module.vpc.aws_network_acl_rule.intra_outbound",
            "module.vpc_dev.module.vpc.aws_network_acl_rule.outpost_inbound",
            "module.vpc_dev.module.vpc.aws_network_acl_rule.outpost_outbound",
            "module.vpc_dev.module.vpc.aws_network_acl_rule.private_inbound",
            "module.vpc_dev.module.vpc.aws_network_acl_rule.private_outbound",
            "module.vpc_dev.module.vpc.aws_network_acl_rule.public_inbound",
            "module.vpc_dev.module.vpc.aws_network_acl_rule.public_outbound",
            "module.vpc_dev.module.vpc.aws_network_acl_rule.redshift_inbound",
            "module.vpc_dev.module.vpc.aws_network_acl_rule.redshift_outbound",
            "module.vpc_dev.module.vpc.aws_redshift_subnet_group.redshift",
            "module.vpc_dev.module.vpc.aws_route.database_dns64_nat_gateway",
            "module.vpc_dev.module.vpc.aws_route.database_internet_gateway",
            "module.vpc_dev.module.vpc.aws_route.database_ipv6_egress",
            "module.vpc_dev.module.vpc.aws_route.database_nat_gateway",
            "module.vpc_dev.module.vpc.aws_route.private_dns64_nat_gateway",
            "module.vpc_dev.module.vpc.aws_route.private_ipv6_egress",
            "module.vpc_dev.module.vpc.aws_route.private_nat_gateway",
            "module.vpc_dev.module.vpc.aws_route.public_internet_gateway",
            "module.vpc_dev.module.vpc.aws_route.public_internet_gateway_ipv6",
            "module.vpc_dev.module.vpc.aws_route_table.database",
            "module.vpc_dev.module.vpc.aws_route_table.elasticache",
            "module.vpc_dev.module.vpc.aws_route_table.intra",
            "module.vpc_dev.module.vpc.aws_route_table.private",
            "module.vpc_dev.module.vpc.aws_route_table.public",
            "module.vpc_dev.module.vpc.aws_route_table.redshift",
            "module.vpc_dev.module.vpc.aws_route_table_association.database",
            "module.vpc_dev.module.vpc.aws_route_table_association.elasticache",
            "module.vpc_dev.module.vpc.aws_route_table_association.intra",
            "module.vpc_dev.module.vpc.aws_route_table_association.outpost",
            "module.vpc_dev.module.vpc.aws_route_table_association.private",
            "module.vpc_dev.module.vpc.aws_route_table_association.public",
            "module.vpc_dev.module.vpc.aws_route_table_association.redshift",
            "module.vpc_dev.module.vpc.aws_route_table_association.redshift_public",
            "module.vpc_dev.module.vpc.aws_subnet.database",
            "module.vpc_dev.module.vpc.aws_subnet.elasticache",
            "module.vpc_dev.module.vpc.aws_subnet.intra",
            "module.vpc_dev.module.vpc.aws_subnet.outpost",
            "module.vpc_dev.module.vpc.aws_subnet.private",
            "module.vpc_dev.module.vpc.aws_subnet.public",
            "module.vpc_dev.module.vpc.aws_subnet.redshift",
            "module.vpc_dev.module.vpc.aws_vpc.this",
            "module.vpc_dev.module.vpc.aws_vpc_block_public_access_exclusion.this",
            "module.vpc_dev.module.vpc.aws_vpc_block_public_access_options.this",
            "module.vpc_dev.module.vpc.aws_vpc_dhcp_options.this",
            "module.vpc_dev.module.vpc.aws_vpc_dhcp_options_association.this",
            "module.vpc_dev.module.vpc.aws_vpc_ipv4_cidr_block_association.this",
            "module.vpc_dev.module.vpc.aws_vpn_gateway.this",
            "module.vpc_dev.module.vpc.aws_vpn_gateway_attachment.this",
            "module.vpc_dev.module.vpc.aws_vpn_gateway_route_propagation.intra",
            "module.vpc_dev.module.vpc.aws_vpn_gateway_route_propagation.private",
            "module.vpc_dev.module.vpc.aws_vpn_gateway_route_propagation.public",
            "module.vpc_dev.module.vpc.data.aws_caller_identity.current",
            "module.vpc_dev.module.vpc.data.aws_iam_policy_document.flow_log_cloudwatch_assume_role",
            "module.vpc_dev.module.vpc.data.aws_iam_policy_document.vpc_flow_log_cloudwatch",
            "module.vpc_dev.module.vpc.data.aws_partition.current",
            "module.vpc_dev.module.vpc.data.aws_region.current"
          ]
        }
      ]
    },
    {
      "module": "module.eks.module.eks",
      "mode": "managed",
      "type": "aws_iam_role",
      "name": "this",
      "provider": "provider[\"registry.terraform.io/hashicorp/aws\"]",
      "instances": [
        {
          "index_key": 0,
          "schema_version": 0,
          "attributes": {
            "arn": "arn:aws:iam::084766854861:role/dev-eks-cluster-cluster-cd10eac89c94d28db05788b42b",
            "assume_role_policy": "{\"Statement\":[{\"Action\":[\"sts:TagSession\",\"sts:AssumeRole\"],\"Effect\":\"Allow\",\"Principal\":{\"Service\":\"eks.amazonaws.com\"},\"Sid\":\"EKSClusterAssumeRole\"}],\"Version\":\"2012-10-17\"}",
            "create_date": "2026-07-23T12:01:03Z",
            "description": "",
            "force_detach_policies": true,
            "id": "dev-eks-cluster-cluster-cd10eac89c94d28db05788b42b",
            "inline_policy": [],
            "managed_policy_arns": [
              "arn:aws:iam::084766854861:policy/dev-eks-cluster-cluster-ClusterEncryption1485d4d26a37c181b372e4eb30",
              "arn:aws:iam::aws:policy/AmazonEKSClusterPolicy"
            ],
            "max_session_duration": 3600,
            "name": "dev-eks-cluster-cluster-cd10eac89c94d28db05788b42b",
            "name_prefix": "dev-eks-cluster-cluster-",
            "path": "/",
            "permissions_boundary": "",
            "tags": {
              "Environment": "dev",
              "cluster": "dev-eks-cluster"
            },
            "tags_all": {
              "Environment": "dev",
              "cluster": "dev-eks-cluster"
            },
            "unique_id": "AROARHPD7R3G7PXR6BLGF"
          },
          "sensitive_attributes": [],
          "identity_schema_version": 0,
          "identity": {
            "account_id": "084766854861",
            "name": "dev-eks-cluster-cluster-cd10eac89c94d28db05788b42b"
          },
          "private": "bnVsbA==",
          "dependencies": [
            "module.eks.module.eks.data.aws_iam_policy_document.assume_role_policy",
            "module.vpc_dev.data.aws_availability_zones.available",
            "module.vpc_dev.module.vpc.aws_cloudwatch_log_group.flow_log",
            "module.vpc_dev.module.vpc.aws_customer_gateway.this",
            "module.vpc_dev.module.vpc.aws_db_subnet_group.database",
            "module.vpc_dev.module.vpc.aws_default_network_acl.this",
            "module.vpc_dev.module.vpc.aws_default_route_table.default",
            "module.vpc_dev.module.vpc.aws_default_security_group.this",
            "module.vpc_dev.module.vpc.aws_default_vpc.this",
            "module.vpc_dev.module.vpc.aws_egress_only_internet_gateway.this",
            "module.vpc_dev.module.vpc.aws_eip.nat",
            "module.vpc_dev.module.vpc.aws_elasticache_subnet_group.elasticache",
            "module.vpc_dev.module.vpc.aws_flow_log.this",
            "module.vpc_dev.module.vpc.aws_iam_policy.vpc_flow_log_cloudwatch",
            "module.vpc_dev.module.vpc.aws_iam_role.vpc_flow_log_cloudwatch",
            "module.vpc_dev.module.vpc.aws_iam_role_policy_attachment.vpc_flow_log_cloudwatch",
            "module.vpc_dev.module.vpc.aws_internet_gateway.this",
            "module.vpc_dev.module.vpc.aws_nat_gateway.this",
            "module.vpc_dev.module.vpc.aws_network_acl.database",
            "module.vpc_dev.module.vpc.aws_network_acl.elasticache",
            "module.vpc_dev.module.vpc.aws_network_acl.intra",
            "module.vpc_dev.module.vpc.aws_network_acl.outpost",
            "module.vpc_dev.module.vpc.aws_network_acl.private",
            "module.vpc_dev.module.vpc.aws_network_acl.public",
            "module.vpc_dev.module.vpc.aws_network_acl.redshift",
            "module.vpc_dev.module.vpc.aws_network_acl_rule.database_inbound",
            "module.vpc_dev.module.vpc.aws_network_acl_rule.database_outbound",
            "module.vpc_dev.module.vpc.aws_network_acl_rule.elasticache_inbound",
            "module.vpc_dev.module.vpc.aws_network_acl_rule.elasticache_outbound",
            "module.vpc_dev.module.vpc.aws_network_acl_rule.intra_inbound",
            "module.vpc_dev.module.vpc.aws_network_acl_rule.intra_outbound",
            "module.vpc_dev.module.vpc.aws_network_acl_rule.outpost_inbound",
            "module.vpc_dev.module.vpc.aws_network_acl_rule.outpost_outbound",
            "module.vpc_dev.module.vpc.aws_network_acl_rule.private_inbound",
            "module.vpc_dev.module.vpc.aws_network_acl_rule.private_outbound",
            "module.vpc_dev.module.vpc.aws_network_acl_rule.public_inbound",
            "module.vpc_dev.module.vpc.aws_network_acl_rule.public_outbound",
            "module.vpc_dev.module.vpc.aws_network_acl_rule.redshift_inbound",
            "module.vpc_dev.module.vpc.aws_network_acl_rule.redshift_outbound",
            "module.vpc_dev.module.vpc.aws_redshift_subnet_group.redshift",
            "module.vpc_dev.module.vpc.aws_route.database_dns64_nat_gateway",
            "module.vpc_dev.module.vpc.aws_route.database_internet_gateway",
            "module.vpc_dev.module.vpc.aws_route.database_ipv6_egress",
            "module.vpc_dev.module.vpc.aws_route.database_nat_gateway",
            "module.vpc_dev.module.vpc.aws_route.private_dns64_nat_gateway",
            "module.vpc_dev.module.vpc.aws_route.private_ipv6_egress",
            "module.vpc_dev.module.vpc.aws_route.private_nat_gateway",
            "module.vpc_dev.module.vpc.aws_route.public_internet_gateway",
            "module.vpc_dev.module.vpc.aws_route.public_internet_gateway_ipv6",
            "module.vpc_dev.module.vpc.aws_route_table.database",
            "module.vpc_dev.module.vpc.aws_route_table.elasticache",
            "module.vpc_dev.module.vpc.aws_route_table.intra",
            "module.vpc_dev.module.vpc.aws_route_table.private",
            "module.vpc_dev.module.vpc.aws_route_table.public",
            "module.vpc_dev.module.vpc.aws_route_table.redshift",
            "module.vpc_dev.module.vpc.aws_route_table_association.database",
            "module.vpc_dev.module.vpc.aws_route_table_association.elasticache",
            "module.vpc_dev.module.vpc.aws_route_table_association.intra",
            "module.vpc_dev.module.vpc.aws_route_table_association.outpost",
            "module.vpc_dev.module.vpc.aws_route_table_association.private",
            "module.vpc_dev.module.vpc.aws_route_table_association.public",
            "module.vpc_dev.module.vpc.aws_route_table_association.redshift",
            "module.vpc_dev.module.vpc.aws_route_table_association.redshift_public",
            "module.vpc_dev.module.vpc.aws_subnet.database",
            "module.vpc_dev.module.vpc.aws_subnet.elasticache",
            "module.vpc_dev.module.vpc.aws_subnet.intra",
            "module.vpc_dev.module.vpc.aws_subnet.outpost",
            "module.vpc_dev.module.vpc.aws_subnet.private",
            "module.vpc_dev.module.vpc.aws_subnet.public",
            "module.vpc_dev.module.vpc.aws_subnet.redshift",
            "module.vpc_dev.module.vpc.aws_vpc.this",
            "module.vpc_dev.module.vpc.aws_vpc_block_public_access_exclusion.this",
            "module.vpc_dev.module.vpc.aws_vpc_block_public_access_options.this",
            "module.vpc_dev.module.vpc.aws_vpc_dhcp_options.this",
            "module.vpc_dev.module.vpc.aws_vpc_dhcp_options_association.this",
            "module.vpc_dev.module.vpc.aws_vpc_ipv4_cidr_block_association.this",
            "module.vpc_dev.module.vpc.aws_vpn_gateway.this",
            "module.vpc_dev.module.vpc.aws_vpn_gateway_attachment.this",
            "module.vpc_dev.module.vpc.aws_vpn_gateway_route_propagation.intra",
            "module.vpc_dev.module.vpc.aws_vpn_gateway_route_propagation.private",
            "module.vpc_dev.module.vpc.aws_vpn_gateway_route_propagation.public",
            "module.vpc_dev.module.vpc.data.aws_caller_identity.current",
            "module.vpc_dev.module.vpc.data.aws_iam_policy_document.flow_log_cloudwatch_assume_role",
            "module.vpc_dev.module.vpc.data.aws_iam_policy_document.vpc_flow_log_cloudwatch",
            "module.vpc_dev.module.vpc.data.aws_partition.current",
            "module.vpc_dev.module.vpc.data.aws_region.current"
          ],
          "create_before_destroy": true
        }
      ]
    },
    {
      "module": "module.eks.module.eks",
      "mode": "managed",
      "type": "aws_iam_role_policy_attachment",
      "name": "cluster_encryption",
      "provider": "provider[\"registry.terraform.io/hashicorp/aws\"]",
      "instances": [
        {
          "index_key": 0,
          "schema_version": 0,
          "attributes": {
            "id": "dev-eks-cluster-cluster-cd10eac89c94d28db05788b42b/arn:aws:iam::084766854861:policy/dev-eks-cluster-cluster-ClusterEncryption1485d4d26a37c181b372e4eb30",
            "policy_arn": "arn:aws:iam::084766854861:policy/dev-eks-cluster-cluster-ClusterEncryption1485d4d26a37c181b372e4eb30",
            "role": "dev-eks-cluster-cluster-cd10eac89c94d28db05788b42b"
          },
          "sensitive_attributes": [],
          "identity_schema_version": 0,
          "identity": {
            "account_id": "084766854861",
            "policy_arn": "arn:aws:iam::084766854861:policy/dev-eks-cluster-cluster-ClusterEncryption1485d4d26a37c181b372e4eb30",
            "role": "dev-eks-cluster-cluster-cd10eac89c94d28db05788b42b"
          },
          "private": "bnVsbA==",
          "dependencies": [
            "module.eks.module.eks.aws_iam_policy.cluster_encryption",
            "module.eks.module.eks.aws_iam_role.this",
            "module.eks.module.eks.data.aws_caller_identity.current",
            "module.eks.module.eks.data.aws_iam_policy_document.assume_role_policy",
            "module.eks.module.eks.data.aws_iam_session_context.current",
            "module.eks.module.eks.module.kms.aws_kms_external_key.this",
            "module.eks.module.eks.module.kms.aws_kms_key.this",
            "module.eks.module.eks.module.kms.aws_kms_replica_external_key.this",
            "module.eks.module.eks.module.kms.aws_kms_replica_key.this",
            "module.eks.module.eks.module.kms.data.aws_caller_identity.current",
            "module.eks.module.eks.module.kms.data.aws_iam_policy_document.this",
            "module.eks.module.eks.module.kms.data.aws_partition.current",
            "module.vpc_dev.data.aws_availability_zones.available",
            "module.vpc_dev.module.vpc.aws_cloudwatch_log_group.flow_log",
            "module.vpc_dev.module.vpc.aws_customer_gateway.this",
            "module.vpc_dev.module.vpc.aws_db_subnet_group.database",
            "module.vpc_dev.module.vpc.aws_default_network_acl.this",
            "module.vpc_dev.module.vpc.aws_default_route_table.default",
            "module.vpc_dev.module.vpc.aws_default_security_group.this",
            "module.vpc_dev.module.vpc.aws_default_vpc.this",
            "module.vpc_dev.module.vpc.aws_egress_only_internet_gateway.this",
            "module.vpc_dev.module.vpc.aws_eip.nat",
            "module.vpc_dev.module.vpc.aws_elasticache_subnet_group.elasticache",
            "module.vpc_dev.module.vpc.aws_flow_log.this",
            "module.vpc_dev.module.vpc.aws_iam_policy.vpc_flow_log_cloudwatch",
            "module.vpc_dev.module.vpc.aws_iam_role.vpc_flow_log_cloudwatch",
            "module.vpc_dev.module.vpc.aws_iam_role_policy_attachment.vpc_flow_log_cloudwatch",
            "module.vpc_dev.module.vpc.aws_internet_gateway.this",
            "module.vpc_dev.module.vpc.aws_nat_gateway.this",
            "module.vpc_dev.module.vpc.aws_network_acl.database",
            "module.vpc_dev.module.vpc.aws_network_acl.elasticache",
            "module.vpc_dev.module.vpc.aws_network_acl.intra",
            "module.vpc_dev.module.vpc.aws_network_acl.outpost",
            "module.vpc_dev.module.vpc.aws_network_acl.private",
            "module.vpc_dev.module.vpc.aws_network_acl.public",
            "module.vpc_dev.module.vpc.aws_network_acl.redshift",
            "module.vpc_dev.module.vpc.aws_network_acl_rule.database_inbound",
            "module.vpc_dev.module.vpc.aws_network_acl_rule.database_outbound",
            "module.vpc_dev.module.vpc.aws_network_acl_rule.elasticache_inbound",
            "module.vpc_dev.module.vpc.aws_network_acl_rule.elasticache_outbound",
            "module.vpc_dev.module.vpc.aws_network_acl_rule.intra_inbound",
            "module.vpc_dev.module.vpc.aws_network_acl_rule.intra_outbound",
            "module.vpc_dev.module.vpc.aws_network_acl_rule.outpost_inbound",
            "module.vpc_dev.module.vpc.aws_network_acl_rule.outpost_outbound",
            "module.vpc_dev.module.vpc.aws_network_acl_rule.private_inbound",
            "module.vpc_dev.module.vpc.aws_network_acl_rule.private_outbound",
            "module.vpc_dev.module.vpc.aws_network_acl_rule.public_inbound",
            "module.vpc_dev.module.vpc.aws_network_acl_rule.public_outbound",
            "module.vpc_dev.module.vpc.aws_network_acl_rule.redshift_inbound",
            "module.vpc_dev.module.vpc.aws_network_acl_rule.redshift_outbound",
            "module.vpc_dev.module.vpc.aws_redshift_subnet_group.redshift",
            "module.vpc_dev.module.vpc.aws_route.database_dns64_nat_gateway",
            "module.vpc_dev.module.vpc.aws_route.database_internet_gateway",
            "module.vpc_dev.module.vpc.aws_route.database_ipv6_egress",
            "module.vpc_dev.module.vpc.aws_route.database_nat_gateway",
            "module.vpc_dev.module.vpc.aws_route.private_dns64_nat_gateway",
            "module.vpc_dev.module.vpc.aws_route.private_ipv6_egress",
            "module.vpc_dev.module.vpc.aws_route.private_nat_gateway",
            "module.vpc_dev.module.vpc.aws_route.public_internet_gateway",
            "module.vpc_dev.module.vpc.aws_route.public_internet_gateway_ipv6",
            "module.vpc_dev.module.vpc.aws_route_table.database",
            "module.vpc_dev.module.vpc.aws_route_table.elasticache",
            "module.vpc_dev.module.vpc.aws_route_table.intra",
            "module.vpc_dev.module.vpc.aws_route_table.private",
            "module.vpc_dev.module.vpc.aws_route_table.public",
            "module.vpc_dev.module.vpc.aws_route_table.redshift",
            "module.vpc_dev.module.vpc.aws_route_table_association.database",
            "module.vpc_dev.module.vpc.aws_route_table_association.elasticache",
            "module.vpc_dev.module.vpc.aws_route_table_association.intra",
            "module.vpc_dev.module.vpc.aws_route_table_association.outpost",
            "module.vpc_dev.module.vpc.aws_route_table_association.private",
            "module.vpc_dev.module.vpc.aws_route_table_association.public",
            "module.vpc_dev.module.vpc.aws_route_table_association.redshift",
            "module.vpc_dev.module.vpc.aws_route_table_association.redshift_public",
            "module.vpc_dev.module.vpc.aws_subnet.database",
            "module.vpc_dev.module.vpc.aws_subnet.elasticache",
            "module.vpc_dev.module.vpc.aws_subnet.intra",
            "module.vpc_dev.module.vpc.aws_subnet.outpost",
            "module.vpc_dev.module.vpc.aws_subnet.private",
            "module.vpc_dev.module.vpc.aws_subnet.public",
            "module.vpc_dev.module.vpc.aws_subnet.redshift",
            "module.vpc_dev.module.vpc.aws_vpc.this",
            "module.vpc_dev.module.vpc.aws_vpc_block_public_access_exclusion.this",
            "module.vpc_dev.module.vpc.aws_vpc_block_public_access_options.this",
            "module.vpc_dev.module.vpc.aws_vpc_dhcp_options.this",
            "module.vpc_dev.module.vpc.aws_vpc_dhcp_options_association.this",
            "module.vpc_dev.module.vpc.aws_vpc_ipv4_cidr_block_association.this",
            "module.vpc_dev.module.vpc.aws_vpn_gateway.this",
            "module.vpc_dev.module.vpc.aws_vpn_gateway_attachment.this",
            "module.vpc_dev.module.vpc.aws_vpn_gateway_route_propagation.intra",
            "module.vpc_dev.module.vpc.aws_vpn_gateway_route_propagation.private",
            "module.vpc_dev.module.vpc.aws_vpn_gateway_route_propagation.public",
            "module.vpc_dev.module.vpc.data.aws_caller_identity.current",
            "module.vpc_dev.module.vpc.data.aws_iam_policy_document.flow_log_cloudwatch_assume_role",
            "module.vpc_dev.module.vpc.data.aws_iam_policy_document.vpc_flow_log_cloudwatch",
            "module.vpc_dev.module.vpc.data.aws_partition.current",
            "module.vpc_dev.module.vpc.data.aws_region.current"
          ]
        }
      ]
    },
    {
      "module": "module.eks.module.eks",
      "mode": "managed",
      "type": "aws_iam_role_policy_attachment",
      "name": "this",
      "provider": "provider[\"registry.terraform.io/hashicorp/aws\"]",
      "instances": [
        {
          "index_key": "AmazonEKSClusterPolicy",
          "schema_version": 0,
          "attributes": {
            "id": "dev-eks-cluster-cluster-cd10eac89c94d28db05788b42b/arn:aws:iam::aws:policy/AmazonEKSClusterPolicy",
            "policy_arn": "arn:aws:iam::aws:policy/AmazonEKSClusterPolicy",
            "role": "dev-eks-cluster-cluster-cd10eac89c94d28db05788b42b"
          },
          "sensitive_attributes": [],
          "identity_schema_version": 0,
          "identity": {
            "account_id": "084766854861",
            "policy_arn": "arn:aws:iam::aws:policy/AmazonEKSClusterPolicy",
            "role": "dev-eks-cluster-cluster-cd10eac89c94d28db05788b42b"
          },
          "private": "bnVsbA==",
          "dependencies": [
            "module.eks.module.eks.aws_iam_role.this",
            "module.eks.module.eks.data.aws_iam_policy_document.assume_role_policy",
            "module.eks.module.eks.data.aws_partition.current",
            "module.vpc_dev.data.aws_availability_zones.available",
            "module.vpc_dev.module.vpc.aws_cloudwatch_log_group.flow_log",
            "module.vpc_dev.module.vpc.aws_customer_gateway.this",
            "module.vpc_dev.module.vpc.aws_db_subnet_group.database",
            "module.vpc_dev.module.vpc.aws_default_network_acl.this",
            "module.vpc_dev.module.vpc.aws_default_route_table.default",
            "module.vpc_dev.module.vpc.aws_default_security_group.this",
            "module.vpc_dev.module.vpc.aws_default_vpc.this",
            "module.vpc_dev.module.vpc.aws_egress_only_internet_gateway.this",
            "module.vpc_dev.module.vpc.aws_eip.nat",
            "module.vpc_dev.module.vpc.aws_elasticache_subnet_group.elasticache",
            "module.vpc_dev.module.vpc.aws_flow_log.this",
            "module.vpc_dev.module.vpc.aws_iam_policy.vpc_flow_log_cloudwatch",
            "module.vpc_dev.module.vpc.aws_iam_role.vpc_flow_log_cloudwatch",
            "module.vpc_dev.module.vpc.aws_iam_role_policy_attachment.vpc_flow_log_cloudwatch",
            "module.vpc_dev.module.vpc.aws_internet_gateway.this",
            "module.vpc_dev.module.vpc.aws_nat_gateway.this",
            "module.vpc_dev.module.vpc.aws_network_acl.database",
            "module.vpc_dev.module.vpc.aws_network_acl.elasticache",
            "module.vpc_dev.module.vpc.aws_network_acl.intra",
            "module.vpc_dev.module.vpc.aws_network_acl.outpost",
            "module.vpc_dev.module.vpc.aws_network_acl.private",
            "module.vpc_dev.module.vpc.aws_network_acl.public",
            "module.vpc_dev.module.vpc.aws_network_acl.redshift",
            "module.vpc_dev.module.vpc.aws_network_acl_rule.database_inbound",
            "module.vpc_dev.module.vpc.aws_network_acl_rule.database_outbound",
            "module.vpc_dev.module.vpc.aws_network_acl_rule.elasticache_inbound",
            "module.vpc_dev.module.vpc.aws_network_acl_rule.elasticache_outbound",
            "module.vpc_dev.module.vpc.aws_network_acl_rule.intra_inbound",
            "module.vpc_dev.module.vpc.aws_network_acl_rule.intra_outbound",
            "module.vpc_dev.module.vpc.aws_network_acl_rule.outpost_inbound",
            "module.vpc_dev.module.vpc.aws_network_acl_rule.outpost_outbound",
            "module.vpc_dev.module.vpc.aws_network_acl_rule.private_inbound",
            "module.vpc_dev.module.vpc.aws_network_acl_rule.private_outbound",
            "module.vpc_dev.module.vpc.aws_network_acl_rule.public_inbound",
            "module.vpc_dev.module.vpc.aws_network_acl_rule.public_outbound",
            "module.vpc_dev.module.vpc.aws_network_acl_rule.redshift_inbound",
            "module.vpc_dev.module.vpc.aws_network_acl_rule.redshift_outbound",
            "module.vpc_dev.module.vpc.aws_redshift_subnet_group.redshift",
            "module.vpc_dev.module.vpc.aws_route.database_dns64_nat_gateway",
            "module.vpc_dev.module.vpc.aws_route.database_internet_gateway",
            "module.vpc_dev.module.vpc.aws_route.database_ipv6_egress",
            "module.vpc_dev.module.vpc.aws_route.database_nat_gateway",
            "module.vpc_dev.module.vpc.aws_route.private_dns64_nat_gateway",
            "module.vpc_dev.module.vpc.aws_route.private_ipv6_egress",
            "module.vpc_dev.module.vpc.aws_route.private_nat_gateway",
            "module.vpc_dev.module.vpc.aws_route.public_internet_gateway",
            "module.vpc_dev.module.vpc.aws_route.public_internet_gateway_ipv6",
            "module.vpc_dev.module.vpc.aws_route_table.database",
            "module.vpc_dev.module.vpc.aws_route_table.elasticache",
            "module.vpc_dev.module.vpc.aws_route_table.intra",
            "module.vpc_dev.module.vpc.aws_route_table.private",
            "module.vpc_dev.module.vpc.aws_route_table.public",
            "module.vpc_dev.module.vpc.aws_route_table.redshift",
            "module.vpc_dev.module.vpc.aws_route_table_association.database",
            "module.vpc_dev.module.vpc.aws_route_table_association.elasticache",
            "module.vpc_dev.module.vpc.aws_route_table_association.intra",
            "module.vpc_dev.module.vpc.aws_route_table_association.outpost",
            "module.vpc_dev.module.vpc.aws_route_table_association.private",
            "module.vpc_dev.module.vpc.aws_route_table_association.public",
            "module.vpc_dev.module.vpc.aws_route_table_association.redshift",
            "module.vpc_dev.module.vpc.aws_route_table_association.redshift_public",
            "module.vpc_dev.module.vpc.aws_subnet.database",
            "module.vpc_dev.module.vpc.aws_subnet.elasticache",
            "module.vpc_dev.module.vpc.aws_subnet.intra",
            "module.vpc_dev.module.vpc.aws_subnet.outpost",
            "module.vpc_dev.module.vpc.aws_subnet.private",
            "module.vpc_dev.module.vpc.aws_subnet.public",
            "module.vpc_dev.module.vpc.aws_subnet.redshift",
            "module.vpc_dev.module.vpc.aws_vpc.this",
            "module.vpc_dev.module.vpc.aws_vpc_block_public_access_exclusion.this",
            "module.vpc_dev.module.vpc.aws_vpc_block_public_access_options.this",
            "module.vpc_dev.module.vpc.aws_vpc_dhcp_options.this",
            "module.vpc_dev.module.vpc.aws_vpc_dhcp_options_association.this",
            "module.vpc_dev.module.vpc.aws_vpc_ipv4_cidr_block_association.this",
            "module.vpc_dev.module.vpc.aws_vpn_gateway.this",
            "module.vpc_dev.module.vpc.aws_vpn_gateway_attachment.this",
            "module.vpc_dev.module.vpc.aws_vpn_gateway_route_propagation.intra",
            "module.vpc_dev.module.vpc.aws_vpn_gateway_route_propagation.private",
            "module.vpc_dev.module.vpc.aws_vpn_gateway_route_propagation.public",
            "module.vpc_dev.module.vpc.data.aws_caller_identity.current",
            "module.vpc_dev.module.vpc.data.aws_iam_policy_document.flow_log_cloudwatch_assume_role",
            "module.vpc_dev.module.vpc.data.aws_iam_policy_document.vpc_flow_log_cloudwatch",
            "module.vpc_dev.module.vpc.data.aws_partition.current",
            "module.vpc_dev.module.vpc.data.aws_region.current"
          ],
          "create_before_destroy": true
        }
      ]
    },
    {
      "module": "module.eks.module.eks",
      "mode": "managed",
      "type": "aws_security_group",
      "name": "cluster",
      "provider": "provider[\"registry.terraform.io/hashicorp/aws\"]",
      "instances": [
        {
          "index_key": 0,
          "schema_version": 1,
          "attributes": {
            "arn": "arn:aws:ec2:ap-south-1:084766854861:security-group/sg-099b238e88b91e038",
            "description": "EKS cluster security group",
            "egress": [],
            "id": "sg-099b238e88b91e038",
            "ingress": [
              {
                "cidr_blocks": [],
                "description": "Node groups to cluster API",
                "from_port": 443,
                "ipv6_cidr_blocks": [],
                "prefix_list_ids": [],
                "protocol": "tcp",
                "security_groups": [
                  "sg-0c69eff9b40794032"
                ],
                "self": false,
                "to_port": 443
              }
            ],
            "name": "dev-eks-cluster-cluster-6f05ddda465ff0953a55878426",
            "name_prefix": "dev-eks-cluster-cluster-",
            "owner_id": "084766854861",
            "region": "ap-south-1",
            "revoke_rules_on_delete": false,
            "tags": {
              "Environment": "dev",
              "Name": "dev-eks-cluster-cluster",
              "cluster": "dev-eks-cluster"
            },
            "tags_all": {
              "Environment": "dev",
              "Name": "dev-eks-cluster-cluster",
              "cluster": "dev-eks-cluster"
            },
            "timeouts": null,
            "vpc_id": "vpc-0d42b6150d98256a5"
          },
          "sensitive_attributes": [],
          "identity_schema_version": 0,
          "identity": {
            "account_id": "084766854861",
            "id": "sg-099b238e88b91e038",
            "region": "ap-south-1"
          },
          "private": "eyJlMmJmYjczMC1lY2FhLTExZTYtOGY4OC0zNDM2M2JjN2M0YzAiOnsiY3JlYXRlIjo2MDAwMDAwMDAwMDAsImRlbGV0ZSI6OTAwMDAwMDAwMDAwfSwic2NoZW1hX3ZlcnNpb24iOiIxIn0=",
          "dependencies": [
            "module.vpc_dev.data.aws_availability_zones.available",
            "module.vpc_dev.module.vpc.aws_cloudwatch_log_group.flow_log",
            "module.vpc_dev.module.vpc.aws_customer_gateway.this",
            "module.vpc_dev.module.vpc.aws_db_subnet_group.database",
            "module.vpc_dev.module.vpc.aws_default_network_acl.this",
            "module.vpc_dev.module.vpc.aws_default_route_table.default",
            "module.vpc_dev.module.vpc.aws_default_security_group.this",
            "module.vpc_dev.module.vpc.aws_default_vpc.this",
            "module.vpc_dev.module.vpc.aws_egress_only_internet_gateway.this",
            "module.vpc_dev.module.vpc.aws_eip.nat",
            "module.vpc_dev.module.vpc.aws_elasticache_subnet_group.elasticache",
            "module.vpc_dev.module.vpc.aws_flow_log.this",
            "module.vpc_dev.module.vpc.aws_iam_policy.vpc_flow_log_cloudwatch",
            "module.vpc_dev.module.vpc.aws_iam_role.vpc_flow_log_cloudwatch",
            "module.vpc_dev.module.vpc.aws_iam_role_policy_attachment.vpc_flow_log_cloudwatch",
            "module.vpc_dev.module.vpc.aws_internet_gateway.this",
            "module.vpc_dev.module.vpc.aws_nat_gateway.this",
            "module.vpc_dev.module.vpc.aws_network_acl.database",
            "module.vpc_dev.module.vpc.aws_network_acl.elasticache",
            "module.vpc_dev.module.vpc.aws_network_acl.intra",
            "module.vpc_dev.module.vpc.aws_network_acl.outpost",
            "module.vpc_dev.module.vpc.aws_network_acl.private",
            "module.vpc_dev.module.vpc.aws_network_acl.public",
            "module.vpc_dev.module.vpc.aws_network_acl.redshift",
            "module.vpc_dev.module.vpc.aws_network_acl_rule.database_inbound",
            "module.vpc_dev.module.vpc.aws_network_acl_rule.database_outbound",
            "module.vpc_dev.module.vpc.aws_network_acl_rule.elasticache_inbound",
            "module.vpc_dev.module.vpc.aws_network_acl_rule.elasticache_outbound",
            "module.vpc_dev.module.vpc.aws_network_acl_rule.intra_inbound",
            "module.vpc_dev.module.vpc.aws_network_acl_rule.intra_outbound",
            "module.vpc_dev.module.vpc.aws_network_acl_rule.outpost_inbound",
            "module.vpc_dev.module.vpc.aws_network_acl_rule.outpost_outbound",
            "module.vpc_dev.module.vpc.aws_network_acl_rule.private_inbound",
            "module.vpc_dev.module.vpc.aws_network_acl_rule.private_outbound",
            "module.vpc_dev.module.vpc.aws_network_acl_rule.public_inbound",
            "module.vpc_dev.module.vpc.aws_network_acl_rule.public_outbound",
            "module.vpc_dev.module.vpc.aws_network_acl_rule.redshift_inbound",
            "module.vpc_dev.module.vpc.aws_network_acl_rule.redshift_outbound",
            "module.vpc_dev.module.vpc.aws_redshift_subnet_group.redshift",
            "module.vpc_dev.module.vpc.aws_route.database_dns64_nat_gateway",
            "module.vpc_dev.module.vpc.aws_route.database_internet_gateway",
            "module.vpc_dev.module.vpc.aws_route.database_ipv6_egress",
            "module.vpc_dev.module.vpc.aws_route.database_nat_gateway",
            "module.vpc_dev.module.vpc.aws_route.private_dns64_nat_gateway",
            "module.vpc_dev.module.vpc.aws_route.private_ipv6_egress",
            "module.vpc_dev.module.vpc.aws_route.private_nat_gateway",
            "module.vpc_dev.module.vpc.aws_route.public_internet_gateway",
            "module.vpc_dev.module.vpc.aws_route.public_internet_gateway_ipv6",
            "module.vpc_dev.module.vpc.aws_route_table.database",
            "module.vpc_dev.module.vpc.aws_route_table.elasticache",
            "module.vpc_dev.module.vpc.aws_route_table.intra",
            "module.vpc_dev.module.vpc.aws_route_table.private",
            "module.vpc_dev.module.vpc.aws_route_table.public",
            "module.vpc_dev.module.vpc.aws_route_table.redshift",
            "module.vpc_dev.module.vpc.aws_route_table_association.database",
            "module.vpc_dev.module.vpc.aws_route_table_association.elasticache",
            "module.vpc_dev.module.vpc.aws_route_table_association.intra",
            "module.vpc_dev.module.vpc.aws_route_table_association.outpost",
            "module.vpc_dev.module.vpc.aws_route_table_association.private",
            "module.vpc_dev.module.vpc.aws_route_table_association.public",
            "module.vpc_dev.module.vpc.aws_route_table_association.redshift",
            "module.vpc_dev.module.vpc.aws_route_table_association.redshift_public",
            "module.vpc_dev.module.vpc.aws_subnet.database",
            "module.vpc_dev.module.vpc.aws_subnet.elasticache",
            "module.vpc_dev.module.vpc.aws_subnet.intra",
            "module.vpc_dev.module.vpc.aws_subnet.outpost",
            "module.vpc_dev.module.vpc.aws_subnet.private",
            "module.vpc_dev.module.vpc.aws_subnet.public",
            "module.vpc_dev.module.vpc.aws_subnet.redshift",
            "module.vpc_dev.module.vpc.aws_vpc.this",
            "module.vpc_dev.module.vpc.aws_vpc_block_public_access_exclusion.this",
            "module.vpc_dev.module.vpc.aws_vpc_block_public_access_options.this",
            "module.vpc_dev.module.vpc.aws_vpc_dhcp_options.this",
            "module.vpc_dev.module.vpc.aws_vpc_dhcp_options_association.this",
            "module.vpc_dev.module.vpc.aws_vpc_ipv4_cidr_block_association.this",
            "module.vpc_dev.module.vpc.aws_vpn_gateway.this",
            "module.vpc_dev.module.vpc.aws_vpn_gateway_attachment.this",
            "module.vpc_dev.module.vpc.aws_vpn_gateway_route_propagation.intra",
            "module.vpc_dev.module.vpc.aws_vpn_gateway_route_propagation.private",
            "module.vpc_dev.module.vpc.aws_vpn_gateway_route_propagation.public",
            "module.vpc_dev.module.vpc.data.aws_caller_identity.current",
            "module.vpc_dev.module.vpc.data.aws_iam_policy_document.flow_log_cloudwatch_assume_role",
            "module.vpc_dev.module.vpc.data.aws_iam_policy_document.vpc_flow_log_cloudwatch",
            "module.vpc_dev.module.vpc.data.aws_partition.current",
            "module.vpc_dev.module.vpc.data.aws_region.current"
          ],
          "create_before_destroy": true
        }
      ]
    },
    {
      "module": "module.eks.module.eks",
      "mode": "managed",
      "type": "aws_security_group",
      "name": "node",
      "provider": "provider[\"registry.terraform.io/hashicorp/aws\"]",
      "instances": [
        {
          "index_key": 0,
          "schema_version": 1,
          "attributes": {
            "arn": "arn:aws:ec2:ap-south-1:084766854861:security-group/sg-0c69eff9b40794032",
            "description": "EKS node shared security group",
            "egress": [
              {
                "cidr_blocks": [
                  "0.0.0.0/0"
                ],
                "description": "Allow all egress",
                "from_port": 0,
                "ipv6_cidr_blocks": [],
                "prefix_list_ids": [],
                "protocol": "-1",
                "security_groups": [],
                "self": false,
                "to_port": 0
              }
            ],
            "id": "sg-0c69eff9b40794032",
            "ingress": [
              {
                "cidr_blocks": [],
                "description": "Cluster API to node 10251/tcp webhook",
                "from_port": 10251,
                "ipv6_cidr_blocks": [],
                "prefix_list_ids": [],
                "protocol": "tcp",
                "security_groups": [
                  "sg-099b238e88b91e038"
                ],
                "self": false,
                "to_port": 10251
              },
              {
                "cidr_blocks": [],
                "description": "Cluster API to node 4443/tcp webhook",
                "from_port": 4443,
                "ipv6_cidr_blocks": [],
                "prefix_list_ids": [],
                "protocol": "tcp",
                "security_groups": [
                  "sg-099b238e88b91e038"
                ],
                "self": false,
                "to_port": 4443
              },
              {
                "cidr_blocks": [],
                "description": "Cluster API to node 6443/tcp webhook",
                "from_port": 6443,
                "ipv6_cidr_blocks": [],
                "prefix_list_ids": [],
                "protocol": "tcp",
                "security_groups": [
                  "sg-099b238e88b91e038"
                ],
                "self": false,
                "to_port": 6443
              },
              {
                "cidr_blocks": [],
                "description": "Cluster API to node 8443/tcp webhook",
                "from_port": 8443,
                "ipv6_cidr_blocks": [],
                "prefix_list_ids": [],
                "protocol": "tcp",
                "security_groups": [
                  "sg-099b238e88b91e038"
                ],
                "self": false,
                "to_port": 8443
              },
              {
                "cidr_blocks": [],
                "description": "Cluster API to node 9443/tcp webhook",
                "from_port": 9443,
                "ipv6_cidr_blocks": [],
                "prefix_list_ids": [],
                "protocol": "tcp",
                "security_groups": [
                  "sg-099b238e88b91e038"
                ],
                "self": false,
                "to_port": 9443
              },
              {
                "cidr_blocks": [],
                "description": "Cluster API to node groups",
                "from_port": 443,
                "ipv6_cidr_blocks": [],
                "prefix_list_ids": [],
                "protocol": "tcp",
                "security_groups": [
                  "sg-099b238e88b91e038"
                ],
                "self": false,
                "to_port": 443
              },
              {
                "cidr_blocks": [],
                "description": "Cluster API to node kubelets",
                "from_port": 10250,
                "ipv6_cidr_blocks": [],
                "prefix_list_ids": [],
                "protocol": "tcp",
                "security_groups": [
                  "sg-099b238e88b91e038"
                ],
                "self": false,
                "to_port": 10250
              },
              {
                "cidr_blocks": [],
                "description": "Node to node CoreDNS UDP",
                "from_port": 53,
                "ipv6_cidr_blocks": [],
                "prefix_list_ids": [],
                "protocol": "udp",
                "security_groups": [],
                "self": true,
                "to_port": 53
              },
              {
                "cidr_blocks": [],
                "description": "Node to node CoreDNS",
                "from_port": 53,
                "ipv6_cidr_blocks": [],
                "prefix_list_ids": [],
                "protocol": "tcp",
                "security_groups": [],
                "self": true,
                "to_port": 53
              },
              {
                "cidr_blocks": [],
                "description": "Node to node ingress on ephemeral ports",
                "from_port": 1025,
                "ipv6_cidr_blocks": [],
                "prefix_list_ids": [],
                "protocol": "tcp",
                "security_groups": [],
                "self": true,
                "to_port": 65535
              }
            ],
            "name": "dev-eks-cluster-node-3fce65bda4e5f5dace2d3a0682",
            "name_prefix": "dev-eks-cluster-node-",
            "owner_id": "084766854861",
            "region": "ap-south-1",
            "revoke_rules_on_delete": false,
            "tags": {
              "Environment": "dev",
              "Name": "dev-eks-cluster-node",
              "cluster": "dev-eks-cluster",
              "kubernetes.io/cluster/dev-eks-cluster": "owned"
            },
            "tags_all": {
              "Environment": "dev",
              "Name": "dev-eks-cluster-node",
              "cluster": "dev-eks-cluster",
              "kubernetes.io/cluster/dev-eks-cluster": "owned"
            },
            "timeouts": null,
            "vpc_id": "vpc-0d42b6150d98256a5"
          },
          "sensitive_attributes": [],
          "identity_schema_version": 0,
          "identity": {
            "account_id": "084766854861",
            "id": "sg-0c69eff9b40794032",
            "region": "ap-south-1"
          },
          "private": "eyJlMmJmYjczMC1lY2FhLTExZTYtOGY4OC0zNDM2M2JjN2M0YzAiOnsiY3JlYXRlIjo2MDAwMDAwMDAwMDAsImRlbGV0ZSI6OTAwMDAwMDAwMDAwfSwic2NoZW1hX3ZlcnNpb24iOiIxIn0=",
          "dependencies": [
            "module.vpc_dev.data.aws_availability_zones.available",
            "module.vpc_dev.module.vpc.aws_cloudwatch_log_group.flow_log",
            "module.vpc_dev.module.vpc.aws_customer_gateway.this",
            "module.vpc_dev.module.vpc.aws_db_subnet_group.database",
            "module.vpc_dev.module.vpc.aws_default_network_acl.this",
            "module.vpc_dev.module.vpc.aws_default_route_table.default",
            "module.vpc_dev.module.vpc.aws_default_security_group.this",
            "module.vpc_dev.module.vpc.aws_default_vpc.this",
            "module.vpc_dev.module.vpc.aws_egress_only_internet_gateway.this",
            "module.vpc_dev.module.vpc.aws_eip.nat",
            "module.vpc_dev.module.vpc.aws_elasticache_subnet_group.elasticache",
            "module.vpc_dev.module.vpc.aws_flow_log.this",
            "module.vpc_dev.module.vpc.aws_iam_policy.vpc_flow_log_cloudwatch",
            "module.vpc_dev.module.vpc.aws_iam_role.vpc_flow_log_cloudwatch",
            "module.vpc_dev.module.vpc.aws_iam_role_policy_attachment.vpc_flow_log_cloudwatch",
            "module.vpc_dev.module.vpc.aws_internet_gateway.this",
            "module.vpc_dev.module.vpc.aws_nat_gateway.this",
            "module.vpc_dev.module.vpc.aws_network_acl.database",
            "module.vpc_dev.module.vpc.aws_network_acl.elasticache",
            "module.vpc_dev.module.vpc.aws_network_acl.intra",
            "module.vpc_dev.module.vpc.aws_network_acl.outpost",
            "module.vpc_dev.module.vpc.aws_network_acl.private",
            "module.vpc_dev.module.vpc.aws_network_acl.public",
            "module.vpc_dev.module.vpc.aws_network_acl.redshift",
            "module.vpc_dev.module.vpc.aws_network_acl_rule.database_inbound",
            "module.vpc_dev.module.vpc.aws_network_acl_rule.database_outbound",
            "module.vpc_dev.module.vpc.aws_network_acl_rule.elasticache_inbound",
            "module.vpc_dev.module.vpc.aws_network_acl_rule.elasticache_outbound",
            "module.vpc_dev.module.vpc.aws_network_acl_rule.intra_inbound",
            "module.vpc_dev.module.vpc.aws_network_acl_rule.intra_outbound",
            "module.vpc_dev.module.vpc.aws_network_acl_rule.outpost_inbound",
            "module.vpc_dev.module.vpc.aws_network_acl_rule.outpost_outbound",
            "module.vpc_dev.module.vpc.aws_network_acl_rule.private_inbound",
            "module.vpc_dev.module.vpc.aws_network_acl_rule.private_outbound",
            "module.vpc_dev.module.vpc.aws_network_acl_rule.public_inbound",
            "module.vpc_dev.module.vpc.aws_network_acl_rule.public_outbound",
            "module.vpc_dev.module.vpc.aws_network_acl_rule.redshift_inbound",
            "module.vpc_dev.module.vpc.aws_network_acl_rule.redshift_outbound",
            "module.vpc_dev.module.vpc.aws_redshift_subnet_group.redshift",
            "module.vpc_dev.module.vpc.aws_route.database_dns64_nat_gateway",
            "module.vpc_dev.module.vpc.aws_route.database_internet_gateway",
            "module.vpc_dev.module.vpc.aws_route.database_ipv6_egress",
            "module.vpc_dev.module.vpc.aws_route.database_nat_gateway",
            "module.vpc_dev.module.vpc.aws_route.private_dns64_nat_gateway",
            "module.vpc_dev.module.vpc.aws_route.private_ipv6_egress",
            "module.vpc_dev.module.vpc.aws_route.private_nat_gateway",
            "module.vpc_dev.module.vpc.aws_route.public_internet_gateway",
            "module.vpc_dev.module.vpc.aws_route.public_internet_gateway_ipv6",
            "module.vpc_dev.module.vpc.aws_route_table.database",
            "module.vpc_dev.module.vpc.aws_route_table.elasticache",
            "module.vpc_dev.module.vpc.aws_route_table.intra",
            "module.vpc_dev.module.vpc.aws_route_table.private",
            "module.vpc_dev.module.vpc.aws_route_table.public",
            "module.vpc_dev.module.vpc.aws_route_table.redshift",
            "module.vpc_dev.module.vpc.aws_route_table_association.database",
            "module.vpc_dev.module.vpc.aws_route_table_association.elasticache",
            "module.vpc_dev.module.vpc.aws_route_table_association.intra",
            "module.vpc_dev.module.vpc.aws_route_table_association.outpost",
            "module.vpc_dev.module.vpc.aws_route_table_association.private",
            "module.vpc_dev.module.vpc.aws_route_table_association.public",
            "module.vpc_dev.module.vpc.aws_route_table_association.redshift",
            "module.vpc_dev.module.vpc.aws_route_table_association.redshift_public",
            "module.vpc_dev.module.vpc.aws_subnet.database",
            "module.vpc_dev.module.vpc.aws_subnet.elasticache",
            "module.vpc_dev.module.vpc.aws_subnet.intra",
            "module.vpc_dev.module.vpc.aws_subnet.outpost",
            "module.vpc_dev.module.vpc.aws_subnet.private",
            "module.vpc_dev.module.vpc.aws_subnet.public",
            "module.vpc_dev.module.vpc.aws_subnet.redshift",
            "module.vpc_dev.module.vpc.aws_vpc.this",
            "module.vpc_dev.module.vpc.aws_vpc_block_public_access_exclusion.this",
            "module.vpc_dev.module.vpc.aws_vpc_block_public_access_options.this",
            "module.vpc_dev.module.vpc.aws_vpc_dhcp_options.this",
            "module.vpc_dev.module.vpc.aws_vpc_dhcp_options_association.this",
            "module.vpc_dev.module.vpc.aws_vpc_ipv4_cidr_block_association.this",
            "module.vpc_dev.module.vpc.aws_vpn_gateway.this",
            "module.vpc_dev.module.vpc.aws_vpn_gateway_attachment.this",
            "module.vpc_dev.module.vpc.aws_vpn_gateway_route_propagation.intra",
            "module.vpc_dev.module.vpc.aws_vpn_gateway_route_propagation.private",
            "module.vpc_dev.module.vpc.aws_vpn_gateway_route_propagation.public",
            "module.vpc_dev.module.vpc.data.aws_caller_identity.current",
            "module.vpc_dev.module.vpc.data.aws_iam_policy_document.flow_log_cloudwatch_assume_role",
            "module.vpc_dev.module.vpc.data.aws_iam_policy_document.vpc_flow_log_cloudwatch",
            "module.vpc_dev.module.vpc.data.aws_partition.current",
            "module.vpc_dev.module.vpc.data.aws_region.current"
          ],
          "create_before_destroy": true
        }
      ]
    },
    {
      "module": "module.eks.module.eks",
      "mode": "managed",
      "type": "aws_security_group_rule",
      "name": "cluster",
      "provider": "provider[\"registry.terraform.io/hashicorp/aws\"]",
      "instances": [
        {
          "index_key": "ingress_nodes_443",
          "schema_version": 2,
          "attributes": {
            "cidr_blocks": null,
            "description": "Node groups to cluster API",
            "from_port": 443,
            "id": "sgrule-1584050971",
            "ipv6_cidr_blocks": null,
            "prefix_list_ids": null,
            "protocol": "tcp",
            "region": "ap-south-1",
            "security_group_id": "sg-099b238e88b91e038",
            "security_group_rule_id": "sgr-0fc3168cbde523392",
            "self": false,
            "source_security_group_id": "sg-0c69eff9b40794032",
            "timeouts": null,
            "to_port": 443,
            "type": "ingress"
          },
          "sensitive_attributes": [],
          "identity_schema_version": 0,
          "private": "eyJlMmJmYjczMC1lY2FhLTExZTYtOGY4OC0zNDM2M2JjN2M0YzAiOnsiY3JlYXRlIjozMDAwMDAwMDAwMDB9LCJzY2hlbWFfdmVyc2lvbiI6IjIifQ==",
          "dependencies": [
            "module.eks.module.eks.aws_security_group.cluster",
            "module.eks.module.eks.aws_security_group.node",
            "module.vpc_dev.data.aws_availability_zones.available",
            "module.vpc_dev.module.vpc.aws_cloudwatch_log_group.flow_log",
            "module.vpc_dev.module.vpc.aws_customer_gateway.this",
            "module.vpc_dev.module.vpc.aws_db_subnet_group.database",
            "module.vpc_dev.module.vpc.aws_default_network_acl.this",
            "module.vpc_dev.module.vpc.aws_default_route_table.default",
            "module.vpc_dev.module.vpc.aws_default_security_group.this",
            "module.vpc_dev.module.vpc.aws_default_vpc.this",
            "module.vpc_dev.module.vpc.aws_egress_only_internet_gateway.this",
            "module.vpc_dev.module.vpc.aws_eip.nat",
            "module.vpc_dev.module.vpc.aws_elasticache_subnet_group.elasticache",
            "module.vpc_dev.module.vpc.aws_flow_log.this",
            "module.vpc_dev.module.vpc.aws_iam_policy.vpc_flow_log_cloudwatch",
            "module.vpc_dev.module.vpc.aws_iam_role.vpc_flow_log_cloudwatch",
            "module.vpc_dev.module.vpc.aws_iam_role_policy_attachment.vpc_flow_log_cloudwatch",
            "module.vpc_dev.module.vpc.aws_internet_gateway.this",
            "module.vpc_dev.module.vpc.aws_nat_gateway.this",
            "module.vpc_dev.module.vpc.aws_network_acl.database",
            "module.vpc_dev.module.vpc.aws_network_acl.elasticache",
            "module.vpc_dev.module.vpc.aws_network_acl.intra",
            "module.vpc_dev.module.vpc.aws_network_acl.outpost",
            "module.vpc_dev.module.vpc.aws_network_acl.private",
            "module.vpc_dev.module.vpc.aws_network_acl.public",
            "module.vpc_dev.module.vpc.aws_network_acl.redshift",
            "module.vpc_dev.module.vpc.aws_network_acl_rule.database_inbound",
            "module.vpc_dev.module.vpc.aws_network_acl_rule.database_outbound",
            "module.vpc_dev.module.vpc.aws_network_acl_rule.elasticache_inbound",
            "module.vpc_dev.module.vpc.aws_network_acl_rule.elasticache_outbound",
            "module.vpc_dev.module.vpc.aws_network_acl_rule.intra_inbound",
            "module.vpc_dev.module.vpc.aws_network_acl_rule.intra_outbound",
            "module.vpc_dev.module.vpc.aws_network_acl_rule.outpost_inbound",
            "module.vpc_dev.module.vpc.aws_network_acl_rule.outpost_outbound",
            "module.vpc_dev.module.vpc.aws_network_acl_rule.private_inbound",
            "module.vpc_dev.module.vpc.aws_network_acl_rule.private_outbound",
            "module.vpc_dev.module.vpc.aws_network_acl_rule.public_inbound",
            "module.vpc_dev.module.vpc.aws_network_acl_rule.public_outbound",
            "module.vpc_dev.module.vpc.aws_network_acl_rule.redshift_inbound",
            "module.vpc_dev.module.vpc.aws_network_acl_rule.redshift_outbound",
            "module.vpc_dev.module.vpc.aws_redshift_subnet_group.redshift",
            "module.vpc_dev.module.vpc.aws_route.database_dns64_nat_gateway",
            "module.vpc_dev.module.vpc.aws_route.database_internet_gateway",
            "module.vpc_dev.module.vpc.aws_route.database_ipv6_egress",
            "module.vpc_dev.module.vpc.aws_route.database_nat_gateway",
            "module.vpc_dev.module.vpc.aws_route.private_dns64_nat_gateway",
            "module.vpc_dev.module.vpc.aws_route.private_ipv6_egress",
            "module.vpc_dev.module.vpc.aws_route.private_nat_gateway",
            "module.vpc_dev.module.vpc.aws_route.public_internet_gateway",
            "module.vpc_dev.module.vpc.aws_route.public_internet_gateway_ipv6",
            "module.vpc_dev.module.vpc.aws_route_table.database",
            "module.vpc_dev.module.vpc.aws_route_table.elasticache",
            "module.vpc_dev.module.vpc.aws_route_table.intra",
            "module.vpc_dev.module.vpc.aws_route_table.private",
            "module.vpc_dev.module.vpc.aws_route_table.public",
            "module.vpc_dev.module.vpc.aws_route_table.redshift",
            "module.vpc_dev.module.vpc.aws_route_table_association.database",
            "module.vpc_dev.module.vpc.aws_route_table_association.elasticache",
            "module.vpc_dev.module.vpc.aws_route_table_association.intra",
            "module.vpc_dev.module.vpc.aws_route_table_association.outpost",
            "module.vpc_dev.module.vpc.aws_route_table_association.private",
            "module.vpc_dev.module.vpc.aws_route_table_association.public",
            "module.vpc_dev.module.vpc.aws_route_table_association.redshift",
            "module.vpc_dev.module.vpc.aws_route_table_association.redshift_public",
            "module.vpc_dev.module.vpc.aws_subnet.database",
            "module.vpc_dev.module.vpc.aws_subnet.elasticache",
            "module.vpc_dev.module.vpc.aws_subnet.intra",
            "module.vpc_dev.module.vpc.aws_subnet.outpost",
            "module.vpc_dev.module.vpc.aws_subnet.private",
            "module.vpc_dev.module.vpc.aws_subnet.public",
            "module.vpc_dev.module.vpc.aws_subnet.redshift",
            "module.vpc_dev.module.vpc.aws_vpc.this",
            "module.vpc_dev.module.vpc.aws_vpc_block_public_access_exclusion.this",
            "module.vpc_dev.module.vpc.aws_vpc_block_public_access_options.this",
            "module.vpc_dev.module.vpc.aws_vpc_dhcp_options.this",
            "module.vpc_dev.module.vpc.aws_vpc_dhcp_options_association.this",
            "module.vpc_dev.module.vpc.aws_vpc_ipv4_cidr_block_association.this",
            "module.vpc_dev.module.vpc.aws_vpn_gateway.this",
            "module.vpc_dev.module.vpc.aws_vpn_gateway_attachment.this",
            "module.vpc_dev.module.vpc.aws_vpn_gateway_route_propagation.intra",
            "module.vpc_dev.module.vpc.aws_vpn_gateway_route_propagation.private",
            "module.vpc_dev.module.vpc.aws_vpn_gateway_route_propagation.public",
            "module.vpc_dev.module.vpc.data.aws_caller_identity.current",
            "module.vpc_dev.module.vpc.data.aws_iam_policy_document.flow_log_cloudwatch_assume_role",
            "module.vpc_dev.module.vpc.data.aws_iam_policy_document.vpc_flow_log_cloudwatch",
            "module.vpc_dev.module.vpc.data.aws_partition.current",
            "module.vpc_dev.module.vpc.data.aws_region.current"
          ],
          "create_before_destroy": true
        }
      ]
    },
    {
      "module": "module.eks.module.eks",
      "mode": "managed",
      "type": "aws_security_group_rule",
      "name": "node",
      "provider": "provider[\"registry.terraform.io/hashicorp/aws\"]",
      "instances": [
        {
          "index_key": "egress_all",
          "schema_version": 2,
          "attributes": {
            "cidr_blocks": [
              "0.0.0.0/0"
            ],
            "description": "Allow all egress",
            "from_port": 0,
            "id": "sgrule-2893987334",
            "ipv6_cidr_blocks": null,
            "prefix_list_ids": null,
            "protocol": "-1",
            "region": "ap-south-1",
            "security_group_id": "sg-0c69eff9b40794032",
            "security_group_rule_id": "sgr-0eb7749b889b97c25",
            "self": false,
            "source_security_group_id": null,
            "timeouts": null,
            "to_port": 0,
            "type": "egress"
          },
          "sensitive_attributes": [],
          "identity_schema_version": 0,
          "private": "eyJlMmJmYjczMC1lY2FhLTExZTYtOGY4OC0zNDM2M2JjN2M0YzAiOnsiY3JlYXRlIjozMDAwMDAwMDAwMDB9LCJzY2hlbWFfdmVyc2lvbiI6IjIifQ==",
          "dependencies": [
            "module.eks.module.eks.aws_security_group.cluster",
            "module.eks.module.eks.aws_security_group.node",
            "module.vpc_dev.data.aws_availability_zones.available",
            "module.vpc_dev.module.vpc.aws_cloudwatch_log_group.flow_log",
            "module.vpc_dev.module.vpc.aws_customer_gateway.this",
            "module.vpc_dev.module.vpc.aws_db_subnet_group.database",
            "module.vpc_dev.module.vpc.aws_default_network_acl.this",
            "module.vpc_dev.module.vpc.aws_default_route_table.default",
            "module.vpc_dev.module.vpc.aws_default_security_group.this",
            "module.vpc_dev.module.vpc.aws_default_vpc.this",
            "module.vpc_dev.module.vpc.aws_egress_only_internet_gateway.this",
            "module.vpc_dev.module.vpc.aws_eip.nat",
            "module.vpc_dev.module.vpc.aws_elasticache_subnet_group.elasticache",
            "module.vpc_dev.module.vpc.aws_flow_log.this",
            "module.vpc_dev.module.vpc.aws_iam_policy.vpc_flow_log_cloudwatch",
            "module.vpc_dev.module.vpc.aws_iam_role.vpc_flow_log_cloudwatch",
            "module.vpc_dev.module.vpc.aws_iam_role_policy_attachment.vpc_flow_log_cloudwatch",
            "module.vpc_dev.module.vpc.aws_internet_gateway.this",
            "module.vpc_dev.module.vpc.aws_nat_gateway.this",
            "module.vpc_dev.module.vpc.aws_network_acl.database",
            "module.vpc_dev.module.vpc.aws_network_acl.elasticache",
            "module.vpc_dev.module.vpc.aws_network_acl.intra",
            "module.vpc_dev.module.vpc.aws_network_acl.outpost",
            "module.vpc_dev.module.vpc.aws_network_acl.private",
            "module.vpc_dev.module.vpc.aws_network_acl.public",
            "module.vpc_dev.module.vpc.aws_network_acl.redshift",
            "module.vpc_dev.module.vpc.aws_network_acl_rule.database_inbound",
            "module.vpc_dev.module.vpc.aws_network_acl_rule.database_outbound",
            "module.vpc_dev.module.vpc.aws_network_acl_rule.elasticache_inbound",
            "module.vpc_dev.module.vpc.aws_network_acl_rule.elasticache_outbound",
            "module.vpc_dev.module.vpc.aws_network_acl_rule.intra_inbound",
            "module.vpc_dev.module.vpc.aws_network_acl_rule.intra_outbound",
            "module.vpc_dev.module.vpc.aws_network_acl_rule.outpost_inbound",
            "module.vpc_dev.module.vpc.aws_network_acl_rule.outpost_outbound",
            "module.vpc_dev.module.vpc.aws_network_acl_rule.private_inbound",
            "module.vpc_dev.module.vpc.aws_network_acl_rule.private_outbound",
            "module.vpc_dev.module.vpc.aws_network_acl_rule.public_inbound",
            "module.vpc_dev.module.vpc.aws_network_acl_rule.public_outbound",
            "module.vpc_dev.module.vpc.aws_network_acl_rule.redshift_inbound",
            "module.vpc_dev.module.vpc.aws_network_acl_rule.redshift_outbound",
            "module.vpc_dev.module.vpc.aws_redshift_subnet_group.redshift",
            "module.vpc_dev.module.vpc.aws_route.database_dns64_nat_gateway",
            "module.vpc_dev.module.vpc.aws_route.database_internet_gateway",
            "module.vpc_dev.module.vpc.aws_route.database_ipv6_egress",
            "module.vpc_dev.module.vpc.aws_route.database_nat_gateway",
            "module.vpc_dev.module.vpc.aws_route.private_dns64_nat_gateway",
            "module.vpc_dev.module.vpc.aws_route.private_ipv6_egress",
            "module.vpc_dev.module.vpc.aws_route.private_nat_gateway",
            "module.vpc_dev.module.vpc.aws_route.public_internet_gateway",
            "module.vpc_dev.module.vpc.aws_route.public_internet_gateway_ipv6",
            "module.vpc_dev.module.vpc.aws_route_table.database",
            "module.vpc_dev.module.vpc.aws_route_table.elasticache",
            "module.vpc_dev.module.vpc.aws_route_table.intra",
            "module.vpc_dev.module.vpc.aws_route_table.private",
            "module.vpc_dev.module.vpc.aws_route_table.public",
            "module.vpc_dev.module.vpc.aws_route_table.redshift",
            "module.vpc_dev.module.vpc.aws_route_table_association.database",
            "module.vpc_dev.module.vpc.aws_route_table_association.elasticache",
            "module.vpc_dev.module.vpc.aws_route_table_association.intra",
            "module.vpc_dev.module.vpc.aws_route_table_association.outpost",
            "module.vpc_dev.module.vpc.aws_route_table_association.private",
            "module.vpc_dev.module.vpc.aws_route_table_association.public",
            "module.vpc_dev.module.vpc.aws_route_table_association.redshift",
            "module.vpc_dev.module.vpc.aws_route_table_association.redshift_public",
            "module.vpc_dev.module.vpc.aws_subnet.database",
            "module.vpc_dev.module.vpc.aws_subnet.elasticache",
            "module.vpc_dev.module.vpc.aws_subnet.intra",
            "module.vpc_dev.module.vpc.aws_subnet.outpost",
            "module.vpc_dev.module.vpc.aws_subnet.private",
            "module.vpc_dev.module.vpc.aws_subnet.public",
            "module.vpc_dev.module.vpc.aws_subnet.redshift",
            "module.vpc_dev.module.vpc.aws_vpc.this",
            "module.vpc_dev.module.vpc.aws_vpc_block_public_access_exclusion.this",
            "module.vpc_dev.module.vpc.aws_vpc_block_public_access_options.this",
            "module.vpc_dev.module.vpc.aws_vpc_dhcp_options.this",
            "module.vpc_dev.module.vpc.aws_vpc_dhcp_options_association.this",
            "module.vpc_dev.module.vpc.aws_vpc_ipv4_cidr_block_association.this",
            "module.vpc_dev.module.vpc.aws_vpn_gateway.this",
            "module.vpc_dev.module.vpc.aws_vpn_gateway_attachment.this",
            "module.vpc_dev.module.vpc.aws_vpn_gateway_route_propagation.intra",
            "module.vpc_dev.module.vpc.aws_vpn_gateway_route_propagation.private",
            "module.vpc_dev.module.vpc.aws_vpn_gateway_route_propagation.public",
            "module.vpc_dev.module.vpc.data.aws_caller_identity.current",
            "module.vpc_dev.module.vpc.data.aws_iam_policy_document.flow_log_cloudwatch_assume_role",
            "module.vpc_dev.module.vpc.data.aws_iam_policy_document.vpc_flow_log_cloudwatch",
            "module.vpc_dev.module.vpc.data.aws_partition.current",
            "module.vpc_dev.module.vpc.data.aws_region.current"
          ],
          "create_before_destroy": true
        },
        {
          "index_key": "ingress_cluster_10251_webhook",
          "schema_version": 2,
          "attributes": {
            "cidr_blocks": null,
            "description": "Cluster API to node 10251/tcp webhook",
            "from_port": 10251,
            "id": "sgrule-1359490617",
            "ipv6_cidr_blocks": null,
            "prefix_list_ids": null,
            "protocol": "tcp",
            "region": "ap-south-1",
            "security_group_id": "sg-0c69eff9b40794032",
            "security_group_rule_id": "sgr-06dcab88437d6283d",
            "self": false,
            "source_security_group_id": "sg-099b238e88b91e038",
            "timeouts": null,
            "to_port": 10251,
            "type": "ingress"
          },
          "sensitive_attributes": [],
          "identity_schema_version": 0,
          "private": "eyJlMmJmYjczMC1lY2FhLTExZTYtOGY4OC0zNDM2M2JjN2M0YzAiOnsiY3JlYXRlIjozMDAwMDAwMDAwMDB9LCJzY2hlbWFfdmVyc2lvbiI6IjIifQ==",
          "dependencies": [
            "module.eks.module.eks.aws_security_group.cluster",
            "module.eks.module.eks.aws_security_group.node",
            "module.vpc_dev.data.aws_availability_zones.available",
            "module.vpc_dev.module.vpc.aws_cloudwatch_log_group.flow_log",
            "module.vpc_dev.module.vpc.aws_customer_gateway.this",
            "module.vpc_dev.module.vpc.aws_db_subnet_group.database",
            "module.vpc_dev.module.vpc.aws_default_network_acl.this",
            "module.vpc_dev.module.vpc.aws_default_route_table.default",
            "module.vpc_dev.module.vpc.aws_default_security_group.this",
            "module.vpc_dev.module.vpc.aws_default_vpc.this",
            "module.vpc_dev.module.vpc.aws_egress_only_internet_gateway.this",
            "module.vpc_dev.module.vpc.aws_eip.nat",
            "module.vpc_dev.module.vpc.aws_elasticache_subnet_group.elasticache",
            "module.vpc_dev.module.vpc.aws_flow_log.this",
            "module.vpc_dev.module.vpc.aws_iam_policy.vpc_flow_log_cloudwatch",
            "module.vpc_dev.module.vpc.aws_iam_role.vpc_flow_log_cloudwatch",
            "module.vpc_dev.module.vpc.aws_iam_role_policy_attachment.vpc_flow_log_cloudwatch",
            "module.vpc_dev.module.vpc.aws_internet_gateway.this",
            "module.vpc_dev.module.vpc.aws_nat_gateway.this",
            "module.vpc_dev.module.vpc.aws_network_acl.database",
            "module.vpc_dev.module.vpc.aws_network_acl.elasticache",
            "module.vpc_dev.module.vpc.aws_network_acl.intra",
            "module.vpc_dev.module.vpc.aws_network_acl.outpost",
            "module.vpc_dev.module.vpc.aws_network_acl.private",
            "module.vpc_dev.module.vpc.aws_network_acl.public",
            "module.vpc_dev.module.vpc.aws_network_acl.redshift",
            "module.vpc_dev.module.vpc.aws_network_acl_rule.database_inbound",
            "module.vpc_dev.module.vpc.aws_network_acl_rule.database_outbound",
            "module.vpc_dev.module.vpc.aws_network_acl_rule.elasticache_inbound",
            "module.vpc_dev.module.vpc.aws_network_acl_rule.elasticache_outbound",
            "module.vpc_dev.module.vpc.aws_network_acl_rule.intra_inbound",
            "module.vpc_dev.module.vpc.aws_network_acl_rule.intra_outbound",
            "module.vpc_dev.module.vpc.aws_network_acl_rule.outpost_inbound",
            "module.vpc_dev.module.vpc.aws_network_acl_rule.outpost_outbound",
            "module.vpc_dev.module.vpc.aws_network_acl_rule.private_inbound",
            "module.vpc_dev.module.vpc.aws_network_acl_rule.private_outbound",
            "module.vpc_dev.module.vpc.aws_network_acl_rule.public_inbound",
            "module.vpc_dev.module.vpc.aws_network_acl_rule.public_outbound",
            "module.vpc_dev.module.vpc.aws_network_acl_rule.redshift_inbound",
            "module.vpc_dev.module.vpc.aws_network_acl_rule.redshift_outbound",
            "module.vpc_dev.module.vpc.aws_redshift_subnet_group.redshift",
            "module.vpc_dev.module.vpc.aws_route.database_dns64_nat_gateway",
            "module.vpc_dev.module.vpc.aws_route.database_internet_gateway",
            "module.vpc_dev.module.vpc.aws_route.database_ipv6_egress",
            "module.vpc_dev.module.vpc.aws_route.database_nat_gateway",
            "module.vpc_dev.module.vpc.aws_route.private_dns64_nat_gateway",
            "module.vpc_dev.module.vpc.aws_route.private_ipv6_egress",
            "module.vpc_dev.module.vpc.aws_route.private_nat_gateway",
            "module.vpc_dev.module.vpc.aws_route.public_internet_gateway",
            "module.vpc_dev.module.vpc.aws_route.public_internet_gateway_ipv6",
            "module.vpc_dev.module.vpc.aws_route_table.database",
            "module.vpc_dev.module.vpc.aws_route_table.elasticache",
            "module.vpc_dev.module.vpc.aws_route_table.intra",
            "module.vpc_dev.module.vpc.aws_route_table.private",
            "module.vpc_dev.module.vpc.aws_route_table.public",
            "module.vpc_dev.module.vpc.aws_route_table.redshift",
            "module.vpc_dev.module.vpc.aws_route_table_association.database",
            "module.vpc_dev.module.vpc.aws_route_table_association.elasticache",
            "module.vpc_dev.module.vpc.aws_route_table_association.intra",
            "module.vpc_dev.module.vpc.aws_route_table_association.outpost",
            "module.vpc_dev.module.vpc.aws_route_table_association.private",
            "module.vpc_dev.module.vpc.aws_route_table_association.public",
            "module.vpc_dev.module.vpc.aws_route_table_association.redshift",
            "module.vpc_dev.module.vpc.aws_route_table_association.redshift_public",
            "module.vpc_dev.module.vpc.aws_subnet.database",
            "module.vpc_dev.module.vpc.aws_subnet.elasticache",
            "module.vpc_dev.module.vpc.aws_subnet.intra",
            "module.vpc_dev.module.vpc.aws_subnet.outpost",
            "module.vpc_dev.module.vpc.aws_subnet.private",
            "module.vpc_dev.module.vpc.aws_subnet.public",
            "module.vpc_dev.module.vpc.aws_subnet.redshift",
            "module.vpc_dev.module.vpc.aws_vpc.this",
            "module.vpc_dev.module.vpc.aws_vpc_block_public_access_exclusion.this",
            "module.vpc_dev.module.vpc.aws_vpc_block_public_access_options.this",
            "module.vpc_dev.module.vpc.aws_vpc_dhcp_options.this",
            "module.vpc_dev.module.vpc.aws_vpc_dhcp_options_association.this",
            "module.vpc_dev.module.vpc.aws_vpc_ipv4_cidr_block_association.this",
            "module.vpc_dev.module.vpc.aws_vpn_gateway.this",
            "module.vpc_dev.module.vpc.aws_vpn_gateway_attachment.this",
            "module.vpc_dev.module.vpc.aws_vpn_gateway_route_propagation.intra",
            "module.vpc_dev.module.vpc.aws_vpn_gateway_route_propagation.private",
            "module.vpc_dev.module.vpc.aws_vpn_gateway_route_propagation.public",
            "module.vpc_dev.module.vpc.data.aws_caller_identity.current",
            "module.vpc_dev.module.vpc.data.aws_iam_policy_document.flow_log_cloudwatch_assume_role",
            "module.vpc_dev.module.vpc.data.aws_iam_policy_document.vpc_flow_log_cloudwatch",
            "module.vpc_dev.module.vpc.data.aws_partition.current",
            "module.vpc_dev.module.vpc.data.aws_region.current"
          ],
          "create_before_destroy": true
        },
        {
          "index_key": "ingress_cluster_443",
          "schema_version": 2,
          "attributes": {
            "cidr_blocks": null,
            "description": "Cluster API to node groups",
            "from_port": 443,
            "id": "sgrule-1408572757",
            "ipv6_cidr_blocks": null,
            "prefix_list_ids": null,
            "protocol": "tcp",
            "region": "ap-south-1",
            "security_group_id": "sg-0c69eff9b40794032",
            "security_group_rule_id": "sgr-0f3c33307f15e79c6",
            "self": false,
            "source_security_group_id": "sg-099b238e88b91e038",
            "timeouts": null,
            "to_port": 443,
            "type": "ingress"
          },
          "sensitive_attributes": [],
          "identity_schema_version": 0,
          "private": "eyJlMmJmYjczMC1lY2FhLTExZTYtOGY4OC0zNDM2M2JjN2M0YzAiOnsiY3JlYXRlIjozMDAwMDAwMDAwMDB9LCJzY2hlbWFfdmVyc2lvbiI6IjIifQ==",
          "dependencies": [
            "module.eks.module.eks.aws_security_group.cluster",
            "module.eks.module.eks.aws_security_group.node",
            "module.vpc_dev.data.aws_availability_zones.available",
            "module.vpc_dev.module.vpc.aws_cloudwatch_log_group.flow_log",
            "module.vpc_dev.module.vpc.aws_customer_gateway.this",
            "module.vpc_dev.module.vpc.aws_db_subnet_group.database",
            "module.vpc_dev.module.vpc.aws_default_network_acl.this",
            "module.vpc_dev.module.vpc.aws_default_route_table.default",
            "module.vpc_dev.module.vpc.aws_default_security_group.this",
            "module.vpc_dev.module.vpc.aws_default_vpc.this",
            "module.vpc_dev.module.vpc.aws_egress_only_internet_gateway.this",
            "module.vpc_dev.module.vpc.aws_eip.nat",
            "module.vpc_dev.module.vpc.aws_elasticache_subnet_group.elasticache",
            "module.vpc_dev.module.vpc.aws_flow_log.this",
            "module.vpc_dev.module.vpc.aws_iam_policy.vpc_flow_log_cloudwatch",
            "module.vpc_dev.module.vpc.aws_iam_role.vpc_flow_log_cloudwatch",
            "module.vpc_dev.module.vpc.aws_iam_role_policy_attachment.vpc_flow_log_cloudwatch",
            "module.vpc_dev.module.vpc.aws_internet_gateway.this",
            "module.vpc_dev.module.vpc.aws_nat_gateway.this",
            "module.vpc_dev.module.vpc.aws_network_acl.database",
            "module.vpc_dev.module.vpc.aws_network_acl.elasticache",
            "module.vpc_dev.module.vpc.aws_network_acl.intra",
            "module.vpc_dev.module.vpc.aws_network_acl.outpost",
            "module.vpc_dev.module.vpc.aws_network_acl.private",
            "module.vpc_dev.module.vpc.aws_network_acl.public",
            "module.vpc_dev.module.vpc.aws_network_acl.redshift",
            "module.vpc_dev.module.vpc.aws_network_acl_rule.database_inbound",
            "module.vpc_dev.module.vpc.aws_network_acl_rule.database_outbound",
            "module.vpc_dev.module.vpc.aws_network_acl_rule.elasticache_inbound",
            "module.vpc_dev.module.vpc.aws_network_acl_rule.elasticache_outbound",
            "module.vpc_dev.module.vpc.aws_network_acl_rule.intra_inbound",
            "module.vpc_dev.module.vpc.aws_network_acl_rule.intra_outbound",
            "module.vpc_dev.module.vpc.aws_network_acl_rule.outpost_inbound",
            "module.vpc_dev.module.vpc.aws_network_acl_rule.outpost_outbound",
            "module.vpc_dev.module.vpc.aws_network_acl_rule.private_inbound",
            "module.vpc_dev.module.vpc.aws_network_acl_rule.private_outbound",
            "module.vpc_dev.module.vpc.aws_network_acl_rule.public_inbound",
            "module.vpc_dev.module.vpc.aws_network_acl_rule.public_outbound",
            "module.vpc_dev.module.vpc.aws_network_acl_rule.redshift_inbound",
            "module.vpc_dev.module.vpc.aws_network_acl_rule.redshift_outbound",
            "module.vpc_dev.module.vpc.aws_redshift_subnet_group.redshift",
            "module.vpc_dev.module.vpc.aws_route.database_dns64_nat_gateway",
            "module.vpc_dev.module.vpc.aws_route.database_internet_gateway",
            "module.vpc_dev.module.vpc.aws_route.database_ipv6_egress",
            "module.vpc_dev.module.vpc.aws_route.database_nat_gateway",
            "module.vpc_dev.module.vpc.aws_route.private_dns64_nat_gateway",
            "module.vpc_dev.module.vpc.aws_route.private_ipv6_egress",
            "module.vpc_dev.module.vpc.aws_route.private_nat_gateway",
            "module.vpc_dev.module.vpc.aws_route.public_internet_gateway",
            "module.vpc_dev.module.vpc.aws_route.public_internet_gateway_ipv6",
            "module.vpc_dev.module.vpc.aws_route_table.database",
            "module.vpc_dev.module.vpc.aws_route_table.elasticache",
            "module.vpc_dev.module.vpc.aws_route_table.intra",
            "module.vpc_dev.module.vpc.aws_route_table.private",
            "module.vpc_dev.module.vpc.aws_route_table.public",
            "module.vpc_dev.module.vpc.aws_route_table.redshift",
            "module.vpc_dev.module.vpc.aws_route_table_association.database",
            "module.vpc_dev.module.vpc.aws_route_table_association.elasticache",
            "module.vpc_dev.module.vpc.aws_route_table_association.intra",
            "module.vpc_dev.module.vpc.aws_route_table_association.outpost",
            "module.vpc_dev.module.vpc.aws_route_table_association.private",
            "module.vpc_dev.module.vpc.aws_route_table_association.public",
            "module.vpc_dev.module.vpc.aws_route_table_association.redshift",
            "module.vpc_dev.module.vpc.aws_route_table_association.redshift_public",
            "module.vpc_dev.module.vpc.aws_subnet.database",
            "module.vpc_dev.module.vpc.aws_subnet.elasticache",
            "module.vpc_dev.module.vpc.aws_subnet.intra",
            "module.vpc_dev.module.vpc.aws_subnet.outpost",
            "module.vpc_dev.module.vpc.aws_subnet.private",
            "module.vpc_dev.module.vpc.aws_subnet.public",
            "module.vpc_dev.module.vpc.aws_subnet.redshift",
            "module.vpc_dev.module.vpc.aws_vpc.this",
            "module.vpc_dev.module.vpc.aws_vpc_block_public_access_exclusion.this",
            "module.vpc_dev.module.vpc.aws_vpc_block_public_access_options.this",
            "module.vpc_dev.module.vpc.aws_vpc_dhcp_options.this",
            "module.vpc_dev.module.vpc.aws_vpc_dhcp_options_association.this",
            "module.vpc_dev.module.vpc.aws_vpc_ipv4_cidr_block_association.this",
            "module.vpc_dev.module.vpc.aws_vpn_gateway.this",
            "module.vpc_dev.module.vpc.aws_vpn_gateway_attachment.this",
            "module.vpc_dev.module.vpc.aws_vpn_gateway_route_propagation.intra",
            "module.vpc_dev.module.vpc.aws_vpn_gateway_route_propagation.private",
            "module.vpc_dev.module.vpc.aws_vpn_gateway_route_propagation.public",
            "module.vpc_dev.module.vpc.data.aws_caller_identity.current",
            "module.vpc_dev.module.vpc.data.aws_iam_policy_document.flow_log_cloudwatch_assume_role",
            "module.vpc_dev.module.vpc.data.aws_iam_policy_document.vpc_flow_log_cloudwatch",
            "module.vpc_dev.module.vpc.data.aws_partition.current",
            "module.vpc_dev.module.vpc.data.aws_region.current"
          ],
          "create_before_destroy": true
        },
        {
          "index_key": "ingress_cluster_4443_webhook",
          "schema_version": 2,
          "attributes": {
            "cidr_blocks": null,
            "description": "Cluster API to node 4443/tcp webhook",
            "from_port": 4443,
            "id": "sgrule-995340020",
            "ipv6_cidr_blocks": null,
            "prefix_list_ids": null,
            "protocol": "tcp",
            "region": "ap-south-1",
            "security_group_id": "sg-0c69eff9b40794032",
            "security_group_rule_id": "sgr-0772bfe6d43f70f72",
            "self": false,
            "source_security_group_id": "sg-099b238e88b91e038",
            "timeouts": null,
            "to_port": 4443,
            "type": "ingress"
          },
          "sensitive_attributes": [],
          "identity_schema_version": 0,
          "private": "eyJlMmJmYjczMC1lY2FhLTExZTYtOGY4OC0zNDM2M2JjN2M0YzAiOnsiY3JlYXRlIjozMDAwMDAwMDAwMDB9LCJzY2hlbWFfdmVyc2lvbiI6IjIifQ==",
          "dependencies": [
            "module.eks.module.eks.aws_security_group.cluster",
            "module.eks.module.eks.aws_security_group.node",
            "module.vpc_dev.data.aws_availability_zones.available",
            "module.vpc_dev.module.vpc.aws_cloudwatch_log_group.flow_log",
            "module.vpc_dev.module.vpc.aws_customer_gateway.this",
            "module.vpc_dev.module.vpc.aws_db_subnet_group.database",
            "module.vpc_dev.module.vpc.aws_default_network_acl.this",
            "module.vpc_dev.module.vpc.aws_default_route_table.default",
            "module.vpc_dev.module.vpc.aws_default_security_group.this",
            "module.vpc_dev.module.vpc.aws_default_vpc.this",
            "module.vpc_dev.module.vpc.aws_egress_only_internet_gateway.this",
            "module.vpc_dev.module.vpc.aws_eip.nat",
            "module.vpc_dev.module.vpc.aws_elasticache_subnet_group.elasticache",
            "module.vpc_dev.module.vpc.aws_flow_log.this",
            "module.vpc_dev.module.vpc.aws_iam_policy.vpc_flow_log_cloudwatch",
            "module.vpc_dev.module.vpc.aws_iam_role.vpc_flow_log_cloudwatch",
            "module.vpc_dev.module.vpc.aws_iam_role_policy_attachment.vpc_flow_log_cloudwatch",
            "module.vpc_dev.module.vpc.aws_internet_gateway.this",
            "module.vpc_dev.module.vpc.aws_nat_gateway.this",
            "module.vpc_dev.module.vpc.aws_network_acl.database",
            "module.vpc_dev.module.vpc.aws_network_acl.elasticache",
            "module.vpc_dev.module.vpc.aws_network_acl.intra",
            "module.vpc_dev.module.vpc.aws_network_acl.outpost",
            "module.vpc_dev.module.vpc.aws_network_acl.private",
            "module.vpc_dev.module.vpc.aws_network_acl.public",
            "module.vpc_dev.module.vpc.aws_network_acl.redshift",
            "module.vpc_dev.module.vpc.aws_network_acl_rule.database_inbound",
            "module.vpc_dev.module.vpc.aws_network_acl_rule.database_outbound",
            "module.vpc_dev.module.vpc.aws_network_acl_rule.elasticache_inbound",
            "module.vpc_dev.module.vpc.aws_network_acl_rule.elasticache_outbound",
            "module.vpc_dev.module.vpc.aws_network_acl_rule.intra_inbound",
            "module.vpc_dev.module.vpc.aws_network_acl_rule.intra_outbound",
            "module.vpc_dev.module.vpc.aws_network_acl_rule.outpost_inbound",
            "module.vpc_dev.module.vpc.aws_network_acl_rule.outpost_outbound",
            "module.vpc_dev.module.vpc.aws_network_acl_rule.private_inbound",
            "module.vpc_dev.module.vpc.aws_network_acl_rule.private_outbound",
            "module.vpc_dev.module.vpc.aws_network_acl_rule.public_inbound",
            "module.vpc_dev.module.vpc.aws_network_acl_rule.public_outbound",
            "module.vpc_dev.module.vpc.aws_network_acl_rule.redshift_inbound",
            "module.vpc_dev.module.vpc.aws_network_acl_rule.redshift_outbound",
            "module.vpc_dev.module.vpc.aws_redshift_subnet_group.redshift",
            "module.vpc_dev.module.vpc.aws_route.database_dns64_nat_gateway",
            "module.vpc_dev.module.vpc.aws_route.database_internet_gateway",
            "module.vpc_dev.module.vpc.aws_route.database_ipv6_egress",
            "module.vpc_dev.module.vpc.aws_route.database_nat_gateway",
            "module.vpc_dev.module.vpc.aws_route.private_dns64_nat_gateway",
            "module.vpc_dev.module.vpc.aws_route.private_ipv6_egress",
            "module.vpc_dev.module.vpc.aws_route.private_nat_gateway",
            "module.vpc_dev.module.vpc.aws_route.public_internet_gateway",
            "module.vpc_dev.module.vpc.aws_route.public_internet_gateway_ipv6",
            "module.vpc_dev.module.vpc.aws_route_table.database",
            "module.vpc_dev.module.vpc.aws_route_table.elasticache",
            "module.vpc_dev.module.vpc.aws_route_table.intra",
            "module.vpc_dev.module.vpc.aws_route_table.private",
            "module.vpc_dev.module.vpc.aws_route_table.public",
            "module.vpc_dev.module.vpc.aws_route_table.redshift",
            "module.vpc_dev.module.vpc.aws_route_table_association.database",
            "module.vpc_dev.module.vpc.aws_route_table_association.elasticache",
            "module.vpc_dev.module.vpc.aws_route_table_association.intra",
            "module.vpc_dev.module.vpc.aws_route_table_association.outpost",
            "module.vpc_dev.module.vpc.aws_route_table_association.private",
            "module.vpc_dev.module.vpc.aws_route_table_association.public",
            "module.vpc_dev.module.vpc.aws_route_table_association.redshift",
            "module.vpc_dev.module.vpc.aws_route_table_association.redshift_public",
            "module.vpc_dev.module.vpc.aws_subnet.database",
            "module.vpc_dev.module.vpc.aws_subnet.elasticache",
            "module.vpc_dev.module.vpc.aws_subnet.intra",
            "module.vpc_dev.module.vpc.aws_subnet.outpost",
            "module.vpc_dev.module.vpc.aws_subnet.private",
            "module.vpc_dev.module.vpc.aws_subnet.public",
            "module.vpc_dev.module.vpc.aws_subnet.redshift",
            "module.vpc_dev.module.vpc.aws_vpc.this",
            "module.vpc_dev.module.vpc.aws_vpc_block_public_access_exclusion.this",
            "module.vpc_dev.module.vpc.aws_vpc_block_public_access_options.this",
            "module.vpc_dev.module.vpc.aws_vpc_dhcp_options.this",
            "module.vpc_dev.module.vpc.aws_vpc_dhcp_options_association.this",
            "module.vpc_dev.module.vpc.aws_vpc_ipv4_cidr_block_association.this",
            "module.vpc_dev.module.vpc.aws_vpn_gateway.this",
            "module.vpc_dev.module.vpc.aws_vpn_gateway_attachment.this",
            "module.vpc_dev.module.vpc.aws_vpn_gateway_route_propagation.intra",
            "module.vpc_dev.module.vpc.aws_vpn_gateway_route_propagation.private",
            "module.vpc_dev.module.vpc.aws_vpn_gateway_route_propagation.public",
            "module.vpc_dev.module.vpc.data.aws_caller_identity.current",
            "module.vpc_dev.module.vpc.data.aws_iam_policy_document.flow_log_cloudwatch_assume_role",
            "module.vpc_dev.module.vpc.data.aws_iam_policy_document.vpc_flow_log_cloudwatch",
            "module.vpc_dev.module.vpc.data.aws_partition.current",
            "module.vpc_dev.module.vpc.data.aws_region.current"
          ],
          "create_before_destroy": true
        },
        {
          "index_key": "ingress_cluster_6443_webhook",
          "schema_version": 2,
          "attributes": {
            "cidr_blocks": null,
            "description": "Cluster API to node 6443/tcp webhook",
            "from_port": 6443,
            "id": "sgrule-4061251938",
            "ipv6_cidr_blocks": null,
            "prefix_list_ids": null,
            "protocol": "tcp",
            "region": "ap-south-1",
            "security_group_id": "sg-0c69eff9b40794032",
            "security_group_rule_id": "sgr-006fa0a1812128a48",
            "self": false,
            "source_security_group_id": "sg-099b238e88b91e038",
            "timeouts": null,
            "to_port": 6443,
            "type": "ingress"
          },
          "sensitive_attributes": [],
          "identity_schema_version": 0,
          "private": "eyJlMmJmYjczMC1lY2FhLTExZTYtOGY4OC0zNDM2M2JjN2M0YzAiOnsiY3JlYXRlIjozMDAwMDAwMDAwMDB9LCJzY2hlbWFfdmVyc2lvbiI6IjIifQ==",
          "dependencies": [
            "module.eks.module.eks.aws_security_group.cluster",
            "module.eks.module.eks.aws_security_group.node",
            "module.vpc_dev.data.aws_availability_zones.available",
            "module.vpc_dev.module.vpc.aws_cloudwatch_log_group.flow_log",
            "module.vpc_dev.module.vpc.aws_customer_gateway.this",
            "module.vpc_dev.module.vpc.aws_db_subnet_group.database",
            "module.vpc_dev.module.vpc.aws_default_network_acl.this",
            "module.vpc_dev.module.vpc.aws_default_route_table.default",
            "module.vpc_dev.module.vpc.aws_default_security_group.this",
            "module.vpc_dev.module.vpc.aws_default_vpc.this",
            "module.vpc_dev.module.vpc.aws_egress_only_internet_gateway.this",
            "module.vpc_dev.module.vpc.aws_eip.nat",
            "module.vpc_dev.module.vpc.aws_elasticache_subnet_group.elasticache",
            "module.vpc_dev.module.vpc.aws_flow_log.this",
            "module.vpc_dev.module.vpc.aws_iam_policy.vpc_flow_log_cloudwatch",
            "module.vpc_dev.module.vpc.aws_iam_role.vpc_flow_log_cloudwatch",
            "module.vpc_dev.module.vpc.aws_iam_role_policy_attachment.vpc_flow_log_cloudwatch",
            "module.vpc_dev.module.vpc.aws_internet_gateway.this",
            "module.vpc_dev.module.vpc.aws_nat_gateway.this",
            "module.vpc_dev.module.vpc.aws_network_acl.database",
            "module.vpc_dev.module.vpc.aws_network_acl.elasticache",
            "module.vpc_dev.module.vpc.aws_network_acl.intra",
            "module.vpc_dev.module.vpc.aws_network_acl.outpost",
            "module.vpc_dev.module.vpc.aws_network_acl.private",
            "module.vpc_dev.module.vpc.aws_network_acl.public",
            "module.vpc_dev.module.vpc.aws_network_acl.redshift",
            "module.vpc_dev.module.vpc.aws_network_acl_rule.database_inbound",
            "module.vpc_dev.module.vpc.aws_network_acl_rule.database_outbound",
            "module.vpc_dev.module.vpc.aws_network_acl_rule.elasticache_inbound",
            "module.vpc_dev.module.vpc.aws_network_acl_rule.elasticache_outbound",
            "module.vpc_dev.module.vpc.aws_network_acl_rule.intra_inbound",
            "module.vpc_dev.module.vpc.aws_network_acl_rule.intra_outbound",
            "module.vpc_dev.module.vpc.aws_network_acl_rule.outpost_inbound",
            "module.vpc_dev.module.vpc.aws_network_acl_rule.outpost_outbound",
            "module.vpc_dev.module.vpc.aws_network_acl_rule.private_inbound",
            "module.vpc_dev.module.vpc.aws_network_acl_rule.private_outbound",
            "module.vpc_dev.module.vpc.aws_network_acl_rule.public_inbound",
            "module.vpc_dev.module.vpc.aws_network_acl_rule.public_outbound",
            "module.vpc_dev.module.vpc.aws_network_acl_rule.redshift_inbound",
            "module.vpc_dev.module.vpc.aws_network_acl_rule.redshift_outbound",
            "module.vpc_dev.module.vpc.aws_redshift_subnet_group.redshift",
            "module.vpc_dev.module.vpc.aws_route.database_dns64_nat_gateway",
            "module.vpc_dev.module.vpc.aws_route.database_internet_gateway",
            "module.vpc_dev.module.vpc.aws_route.database_ipv6_egress",
            "module.vpc_dev.module.vpc.aws_route.database_nat_gateway",
            "module.vpc_dev.module.vpc.aws_route.private_dns64_nat_gateway",
            "module.vpc_dev.module.vpc.aws_route.private_ipv6_egress",
            "module.vpc_dev.module.vpc.aws_route.private_nat_gateway",
            "module.vpc_dev.module.vpc.aws_route.public_internet_gateway",
            "module.vpc_dev.module.vpc.aws_route.public_internet_gateway_ipv6",
            "module.vpc_dev.module.vpc.aws_route_table.database",
            "module.vpc_dev.module.vpc.aws_route_table.elasticache",
            "module.vpc_dev.module.vpc.aws_route_table.intra",
            "module.vpc_dev.module.vpc.aws_route_table.private",
            "module.vpc_dev.module.vpc.aws_route_table.public",
            "module.vpc_dev.module.vpc.aws_route_table.redshift",
            "module.vpc_dev.module.vpc.aws_route_table_association.database",
            "module.vpc_dev.module.vpc.aws_route_table_association.elasticache",
            "module.vpc_dev.module.vpc.aws_route_table_association.intra",
            "module.vpc_dev.module.vpc.aws_route_table_association.outpost",
            "module.vpc_dev.module.vpc.aws_route_table_association.private",
            "module.vpc_dev.module.vpc.aws_route_table_association.public",
            "module.vpc_dev.module.vpc.aws_route_table_association.redshift",
            "module.vpc_dev.module.vpc.aws_route_table_association.redshift_public",
            "module.vpc_dev.module.vpc.aws_subnet.database",
            "module.vpc_dev.module.vpc.aws_subnet.elasticache",
            "module.vpc_dev.module.vpc.aws_subnet.intra",
            "module.vpc_dev.module.vpc.aws_subnet.outpost",
            "module.vpc_dev.module.vpc.aws_subnet.private",
            "module.vpc_dev.module.vpc.aws_subnet.public",
            "module.vpc_dev.module.vpc.aws_subnet.redshift",
            "module.vpc_dev.module.vpc.aws_vpc.this",
            "module.vpc_dev.module.vpc.aws_vpc_block_public_access_exclusion.this",
            "module.vpc_dev.module.vpc.aws_vpc_block_public_access_options.this",
            "module.vpc_dev.module.vpc.aws_vpc_dhcp_options.this",
            "module.vpc_dev.module.vpc.aws_vpc_dhcp_options_association.this",
            "module.vpc_dev.module.vpc.aws_vpc_ipv4_cidr_block_association.this",
            "module.vpc_dev.module.vpc.aws_vpn_gateway.this",
            "module.vpc_dev.module.vpc.aws_vpn_gateway_attachment.this",
            "module.vpc_dev.module.vpc.aws_vpn_gateway_route_propagation.intra",
            "module.vpc_dev.module.vpc.aws_vpn_gateway_route_propagation.private",
            "module.vpc_dev.module.vpc.aws_vpn_gateway_route_propagation.public",
            "module.vpc_dev.module.vpc.data.aws_caller_identity.current",
            "module.vpc_dev.module.vpc.data.aws_iam_policy_document.flow_log_cloudwatch_assume_role",
            "module.vpc_dev.module.vpc.data.aws_iam_policy_document.vpc_flow_log_cloudwatch",
            "module.vpc_dev.module.vpc.data.aws_partition.current",
            "module.vpc_dev.module.vpc.data.aws_region.current"
          ],
          "create_before_destroy": true
        },
        {
          "index_key": "ingress_cluster_8443_webhook",
          "schema_version": 2,
          "attributes": {
            "cidr_blocks": null,
            "description": "Cluster API to node 8443/tcp webhook",
            "from_port": 8443,
            "id": "sgrule-3779982659",
            "ipv6_cidr_blocks": null,
            "prefix_list_ids": null,
            "protocol": "tcp",
            "region": "ap-south-1",
            "security_group_id": "sg-0c69eff9b40794032",
            "security_group_rule_id": "sgr-06b2bd1242667f576",
            "self": false,
            "source_security_group_id": "sg-099b238e88b91e038",
            "timeouts": null,
            "to_port": 8443,
            "type": "ingress"
          },
          "sensitive_attributes": [],
          "identity_schema_version": 0,
          "private": "eyJlMmJmYjczMC1lY2FhLTExZTYtOGY4OC0zNDM2M2JjN2M0YzAiOnsiY3JlYXRlIjozMDAwMDAwMDAwMDB9LCJzY2hlbWFfdmVyc2lvbiI6IjIifQ==",
          "dependencies": [
            "module.eks.module.eks.aws_security_group.cluster",
            "module.eks.module.eks.aws_security_group.node",
            "module.vpc_dev.data.aws_availability_zones.available",
            "module.vpc_dev.module.vpc.aws_cloudwatch_log_group.flow_log",
            "module.vpc_dev.module.vpc.aws_customer_gateway.this",
            "module.vpc_dev.module.vpc.aws_db_subnet_group.database",
            "module.vpc_dev.module.vpc.aws_default_network_acl.this",
            "module.vpc_dev.module.vpc.aws_default_route_table.default",
            "module.vpc_dev.module.vpc.aws_default_security_group.this",
            "module.vpc_dev.module.vpc.aws_default_vpc.this",
            "module.vpc_dev.module.vpc.aws_egress_only_internet_gateway.this",
            "module.vpc_dev.module.vpc.aws_eip.nat",
            "module.vpc_dev.module.vpc.aws_elasticache_subnet_group.elasticache",
            "module.vpc_dev.module.vpc.aws_flow_log.this",
            "module.vpc_dev.module.vpc.aws_iam_policy.vpc_flow_log_cloudwatch",
            "module.vpc_dev.module.vpc.aws_iam_role.vpc_flow_log_cloudwatch",
            "module.vpc_dev.module.vpc.aws_iam_role_policy_attachment.vpc_flow_log_cloudwatch",
            "module.vpc_dev.module.vpc.aws_internet_gateway.this",
            "module.vpc_dev.module.vpc.aws_nat_gateway.this",
            "module.vpc_dev.module.vpc.aws_network_acl.database",
            "module.vpc_dev.module.vpc.aws_network_acl.elasticache",
            "module.vpc_dev.module.vpc.aws_network_acl.intra",
            "module.vpc_dev.module.vpc.aws_network_acl.outpost",
            "module.vpc_dev.module.vpc.aws_network_acl.private",
            "module.vpc_dev.module.vpc.aws_network_acl.public",
            "module.vpc_dev.module.vpc.aws_network_acl.redshift",
            "module.vpc_dev.module.vpc.aws_network_acl_rule.database_inbound",
            "module.vpc_dev.module.vpc.aws_network_acl_rule.database_outbound",
            "module.vpc_dev.module.vpc.aws_network_acl_rule.elasticache_inbound",
            "module.vpc_dev.module.vpc.aws_network_acl_rule.elasticache_outbound",
            "module.vpc_dev.module.vpc.aws_network_acl_rule.intra_inbound",
            "module.vpc_dev.module.vpc.aws_network_acl_rule.intra_outbound",
            "module.vpc_dev.module.vpc.aws_network_acl_rule.outpost_inbound",
            "module.vpc_dev.module.vpc.aws_network_acl_rule.outpost_outbound",
            "module.vpc_dev.module.vpc.aws_network_acl_rule.private_inbound",
            "module.vpc_dev.module.vpc.aws_network_acl_rule.private_outbound",
            "module.vpc_dev.module.vpc.aws_network_acl_rule.public_inbound",
            "module.vpc_dev.module.vpc.aws_network_acl_rule.public_outbound",
            "module.vpc_dev.module.vpc.aws_network_acl_rule.redshift_inbound",
            "module.vpc_dev.module.vpc.aws_network_acl_rule.redshift_outbound",
            "module.vpc_dev.module.vpc.aws_redshift_subnet_group.redshift",
            "module.vpc_dev.module.vpc.aws_route.database_dns64_nat_gateway",
            "module.vpc_dev.module.vpc.aws_route.database_internet_gateway",
            "module.vpc_dev.module.vpc.aws_route.database_ipv6_egress",
            "module.vpc_dev.module.vpc.aws_route.database_nat_gateway",
            "module.vpc_dev.module.vpc.aws_route.private_dns64_nat_gateway",
            "module.vpc_dev.module.vpc.aws_route.private_ipv6_egress",
            "module.vpc_dev.module.vpc.aws_route.private_nat_gateway",
            "module.vpc_dev.module.vpc.aws_route.public_internet_gateway",
            "module.vpc_dev.module.vpc.aws_route.public_internet_gateway_ipv6",
            "module.vpc_dev.module.vpc.aws_route_table.database",
            "module.vpc_dev.module.vpc.aws_route_table.elasticache",
            "module.vpc_dev.module.vpc.aws_route_table.intra",
            "module.vpc_dev.module.vpc.aws_route_table.private",
            "module.vpc_dev.module.vpc.aws_route_table.public",
            "module.vpc_dev.module.vpc.aws_route_table.redshift",
            "module.vpc_dev.module.vpc.aws_route_table_association.database",
            "module.vpc_dev.module.vpc.aws_route_table_association.elasticache",
            "module.vpc_dev.module.vpc.aws_route_table_association.intra",
            "module.vpc_dev.module.vpc.aws_route_table_association.outpost",
            "module.vpc_dev.module.vpc.aws_route_table_association.private",
            "module.vpc_dev.module.vpc.aws_route_table_association.public",
            "module.vpc_dev.module.vpc.aws_route_table_association.redshift",
            "module.vpc_dev.module.vpc.aws_route_table_association.redshift_public",
            "module.vpc_dev.module.vpc.aws_subnet.database",
            "module.vpc_dev.module.vpc.aws_subnet.elasticache",
            "module.vpc_dev.module.vpc.aws_subnet.intra",
            "module.vpc_dev.module.vpc.aws_subnet.outpost",
            "module.vpc_dev.module.vpc.aws_subnet.private",
            "module.vpc_dev.module.vpc.aws_subnet.public",
            "module.vpc_dev.module.vpc.aws_subnet.redshift",
            "module.vpc_dev.module.vpc.aws_vpc.this",
            "module.vpc_dev.module.vpc.aws_vpc_block_public_access_exclusion.this",
            "module.vpc_dev.module.vpc.aws_vpc_block_public_access_options.this",
            "module.vpc_dev.module.vpc.aws_vpc_dhcp_options.this",
            "module.vpc_dev.module.vpc.aws_vpc_dhcp_options_association.this",
            "module.vpc_dev.module.vpc.aws_vpc_ipv4_cidr_block_association.this",
            "module.vpc_dev.module.vpc.aws_vpn_gateway.this",
            "module.vpc_dev.module.vpc.aws_vpn_gateway_attachment.this",
            "module.vpc_dev.module.vpc.aws_vpn_gateway_route_propagation.intra",
            "module.vpc_dev.module.vpc.aws_vpn_gateway_route_propagation.private",
            "module.vpc_dev.module.vpc.aws_vpn_gateway_route_propagation.public",
            "module.vpc_dev.module.vpc.data.aws_caller_identity.current",
            "module.vpc_dev.module.vpc.data.aws_iam_policy_document.flow_log_cloudwatch_assume_role",
            "module.vpc_dev.module.vpc.data.aws_iam_policy_document.vpc_flow_log_cloudwatch",
            "module.vpc_dev.module.vpc.data.aws_partition.current",
            "module.vpc_dev.module.vpc.data.aws_region.current"
          ],
          "create_before_destroy": true
        },
        {
          "index_key": "ingress_cluster_9443_webhook",
          "schema_version": 2,
          "attributes": {
            "cidr_blocks": null,
            "description": "Cluster API to node 9443/tcp webhook",
            "from_port": 9443,
            "id": "sgrule-2246887048",
            "ipv6_cidr_blocks": null,
            "prefix_list_ids": null,
            "protocol": "tcp",
            "region": "ap-south-1",
            "security_group_id": "sg-0c69eff9b40794032",
            "security_group_rule_id": "sgr-0ca616231e1bff090",
            "self": false,
            "source_security_group_id": "sg-099b238e88b91e038",
            "timeouts": null,
            "to_port": 9443,
            "type": "ingress"
          },
          "sensitive_attributes": [],
          "identity_schema_version": 0,
          "private": "eyJlMmJmYjczMC1lY2FhLTExZTYtOGY4OC0zNDM2M2JjN2M0YzAiOnsiY3JlYXRlIjozMDAwMDAwMDAwMDB9LCJzY2hlbWFfdmVyc2lvbiI6IjIifQ==",
          "dependencies": [
            "module.eks.module.eks.aws_security_group.cluster",
            "module.eks.module.eks.aws_security_group.node",
            "module.vpc_dev.data.aws_availability_zones.available",
            "module.vpc_dev.module.vpc.aws_cloudwatch_log_group.flow_log",
            "module.vpc_dev.module.vpc.aws_customer_gateway.this",
            "module.vpc_dev.module.vpc.aws_db_subnet_group.database",
            "module.vpc_dev.module.vpc.aws_default_network_acl.this",
            "module.vpc_dev.module.vpc.aws_default_route_table.default",
            "module.vpc_dev.module.vpc.aws_default_security_group.this",
            "module.vpc_dev.module.vpc.aws_default_vpc.this",
            "module.vpc_dev.module.vpc.aws_egress_only_internet_gateway.this",
            "module.vpc_dev.module.vpc.aws_eip.nat",
            "module.vpc_dev.module.vpc.aws_elasticache_subnet_group.elasticache",
            "module.vpc_dev.module.vpc.aws_flow_log.this",
            "module.vpc_dev.module.vpc.aws_iam_policy.vpc_flow_log_cloudwatch",
            "module.vpc_dev.module.vpc.aws_iam_role.vpc_flow_log_cloudwatch",
            "module.vpc_dev.module.vpc.aws_iam_role_policy_attachment.vpc_flow_log_cloudwatch",
            "module.vpc_dev.module.vpc.aws_internet_gateway.this",
            "module.vpc_dev.module.vpc.aws_nat_gateway.this",
            "module.vpc_dev.module.vpc.aws_network_acl.database",
            "module.vpc_dev.module.vpc.aws_network_acl.elasticache",
            "module.vpc_dev.module.vpc.aws_network_acl.intra",
            "module.vpc_dev.module.vpc.aws_network_acl.outpost",
            "module.vpc_dev.module.vpc.aws_network_acl.private",
            "module.vpc_dev.module.vpc.aws_network_acl.public",
            "module.vpc_dev.module.vpc.aws_network_acl.redshift",
            "module.vpc_dev.module.vpc.aws_network_acl_rule.database_inbound",
            "module.vpc_dev.module.vpc.aws_network_acl_rule.database_outbound",
            "module.vpc_dev.module.vpc.aws_network_acl_rule.elasticache_inbound",
            "module.vpc_dev.module.vpc.aws_network_acl_rule.elasticache_outbound",
            "module.vpc_dev.module.vpc.aws_network_acl_rule.intra_inbound",
            "module.vpc_dev.module.vpc.aws_network_acl_rule.intra_outbound",
            "module.vpc_dev.module.vpc.aws_network_acl_rule.outpost_inbound",
            "module.vpc_dev.module.vpc.aws_network_acl_rule.outpost_outbound",
            "module.vpc_dev.module.vpc.aws_network_acl_rule.private_inbound",
            "module.vpc_dev.module.vpc.aws_network_acl_rule.private_outbound",
            "module.vpc_dev.module.vpc.aws_network_acl_rule.public_inbound",
            "module.vpc_dev.module.vpc.aws_network_acl_rule.public_outbound",
            "module.vpc_dev.module.vpc.aws_network_acl_rule.redshift_inbound",
            "module.vpc_dev.module.vpc.aws_network_acl_rule.redshift_outbound",
            "module.vpc_dev.module.vpc.aws_redshift_subnet_group.redshift",
            "module.vpc_dev.module.vpc.aws_route.database_dns64_nat_gateway",
            "module.vpc_dev.module.vpc.aws_route.database_internet_gateway",
            "module.vpc_dev.module.vpc.aws_route.database_ipv6_egress",
            "module.vpc_dev.module.vpc.aws_route.database_nat_gateway",
            "module.vpc_dev.module.vpc.aws_route.private_dns64_nat_gateway",
            "module.vpc_dev.module.vpc.aws_route.private_ipv6_egress",
            "module.vpc_dev.module.vpc.aws_route.private_nat_gateway",
            "module.vpc_dev.module.vpc.aws_route.public_internet_gateway",
            "module.vpc_dev.module.vpc.aws_route.public_internet_gateway_ipv6",
            "module.vpc_dev.module.vpc.aws_route_table.database",
            "module.vpc_dev.module.vpc.aws_route_table.elasticache",
            "module.vpc_dev.module.vpc.aws_route_table.intra",
            "module.vpc_dev.module.vpc.aws_route_table.private",
            "module.vpc_dev.module.vpc.aws_route_table.public",
            "module.vpc_dev.module.vpc.aws_route_table.redshift",
            "module.vpc_dev.module.vpc.aws_route_table_association.database",
            "module.vpc_dev.module.vpc.aws_route_table_association.elasticache",
            "module.vpc_dev.module.vpc.aws_route_table_association.intra",
            "module.vpc_dev.module.vpc.aws_route_table_association.outpost",
            "module.vpc_dev.module.vpc.aws_route_table_association.private",
            "module.vpc_dev.module.vpc.aws_route_table_association.public",
            "module.vpc_dev.module.vpc.aws_route_table_association.redshift",
            "module.vpc_dev.module.vpc.aws_route_table_association.redshift_public",
            "module.vpc_dev.module.vpc.aws_subnet.database",
            "module.vpc_dev.module.vpc.aws_subnet.elasticache",
            "module.vpc_dev.module.vpc.aws_subnet.intra",
            "module.vpc_dev.module.vpc.aws_subnet.outpost",
            "module.vpc_dev.module.vpc.aws_subnet.private",
            "module.vpc_dev.module.vpc.aws_subnet.public",
            "module.vpc_dev.module.vpc.aws_subnet.redshift",
            "module.vpc_dev.module.vpc.aws_vpc.this",
            "module.vpc_dev.module.vpc.aws_vpc_block_public_access_exclusion.this",
            "module.vpc_dev.module.vpc.aws_vpc_block_public_access_options.this",
            "module.vpc_dev.module.vpc.aws_vpc_dhcp_options.this",
            "module.vpc_dev.module.vpc.aws_vpc_dhcp_options_association.this",
            "module.vpc_dev.module.vpc.aws_vpc_ipv4_cidr_block_association.this",
            "module.vpc_dev.module.vpc.aws_vpn_gateway.this",
            "module.vpc_dev.module.vpc.aws_vpn_gateway_attachment.this",
            "module.vpc_dev.module.vpc.aws_vpn_gateway_route_propagation.intra",
            "module.vpc_dev.module.vpc.aws_vpn_gateway_route_propagation.private",
            "module.vpc_dev.module.vpc.aws_vpn_gateway_route_propagation.public",
            "module.vpc_dev.module.vpc.data.aws_caller_identity.current",
            "module.vpc_dev.module.vpc.data.aws_iam_policy_document.flow_log_cloudwatch_assume_role",
            "module.vpc_dev.module.vpc.data.aws_iam_policy_document.vpc_flow_log_cloudwatch",
            "module.vpc_dev.module.vpc.data.aws_partition.current",
            "module.vpc_dev.module.vpc.data.aws_region.current"
          ],
          "create_before_destroy": true
        },
        {
          "index_key": "ingress_cluster_kubelet",
          "schema_version": 2,
          "attributes": {
            "cidr_blocks": null,
            "description": "Cluster API to node kubelets",
            "from_port": 10250,
            "id": "sgrule-1698790978",
            "ipv6_cidr_blocks": null,
            "prefix_list_ids": null,
            "protocol": "tcp",
            "region": "ap-south-1",
            "security_group_id": "sg-0c69eff9b40794032",
            "security_group_rule_id": "sgr-087223d1abb068b97",
            "self": false,
            "source_security_group_id": "sg-099b238e88b91e038",
            "timeouts": null,
            "to_port": 10250,
            "type": "ingress"
          },
          "sensitive_attributes": [],
          "identity_schema_version": 0,
          "private": "eyJlMmJmYjczMC1lY2FhLTExZTYtOGY4OC0zNDM2M2JjN2M0YzAiOnsiY3JlYXRlIjozMDAwMDAwMDAwMDB9LCJzY2hlbWFfdmVyc2lvbiI6IjIifQ==",
          "dependencies": [
            "module.eks.module.eks.aws_security_group.cluster",
            "module.eks.module.eks.aws_security_group.node",
            "module.vpc_dev.data.aws_availability_zones.available",
            "module.vpc_dev.module.vpc.aws_cloudwatch_log_group.flow_log",
            "module.vpc_dev.module.vpc.aws_customer_gateway.this",
            "module.vpc_dev.module.vpc.aws_db_subnet_group.database",
            "module.vpc_dev.module.vpc.aws_default_network_acl.this",
            "module.vpc_dev.module.vpc.aws_default_route_table.default",
            "module.vpc_dev.module.vpc.aws_default_security_group.this",
            "module.vpc_dev.module.vpc.aws_default_vpc.this",
            "module.vpc_dev.module.vpc.aws_egress_only_internet_gateway.this",
            "module.vpc_dev.module.vpc.aws_eip.nat",
            "module.vpc_dev.module.vpc.aws_elasticache_subnet_group.elasticache",
            "module.vpc_dev.module.vpc.aws_flow_log.this",
            "module.vpc_dev.module.vpc.aws_iam_policy.vpc_flow_log_cloudwatch",
            "module.vpc_dev.module.vpc.aws_iam_role.vpc_flow_log_cloudwatch",
            "module.vpc_dev.module.vpc.aws_iam_role_policy_attachment.vpc_flow_log_cloudwatch",
            "module.vpc_dev.module.vpc.aws_internet_gateway.this",
            "module.vpc_dev.module.vpc.aws_nat_gateway.this",
            "module.vpc_dev.module.vpc.aws_network_acl.database",
            "module.vpc_dev.module.vpc.aws_network_acl.elasticache",
            "module.vpc_dev.module.vpc.aws_network_acl.intra",
            "module.vpc_dev.module.vpc.aws_network_acl.outpost",
            "module.vpc_dev.module.vpc.aws_network_acl.private",
            "module.vpc_dev.module.vpc.aws_network_acl.public",
            "module.vpc_dev.module.vpc.aws_network_acl.redshift",
            "module.vpc_dev.module.vpc.aws_network_acl_rule.database_inbound",
            "module.vpc_dev.module.vpc.aws_network_acl_rule.database_outbound",
            "module.vpc_dev.module.vpc.aws_network_acl_rule.elasticache_inbound",
            "module.vpc_dev.module.vpc.aws_network_acl_rule.elasticache_outbound",
            "module.vpc_dev.module.vpc.aws_network_acl_rule.intra_inbound",
            "module.vpc_dev.module.vpc.aws_network_acl_rule.intra_outbound",
            "module.vpc_dev.module.vpc.aws_network_acl_rule.outpost_inbound",
            "module.vpc_dev.module.vpc.aws_network_acl_rule.outpost_outbound",
            "module.vpc_dev.module.vpc.aws_network_acl_rule.private_inbound",
            "module.vpc_dev.module.vpc.aws_network_acl_rule.private_outbound",
            "module.vpc_dev.module.vpc.aws_network_acl_rule.public_inbound",
            "module.vpc_dev.module.vpc.aws_network_acl_rule.public_outbound",
            "module.vpc_dev.module.vpc.aws_network_acl_rule.redshift_inbound",
            "module.vpc_dev.module.vpc.aws_network_acl_rule.redshift_outbound",
            "module.vpc_dev.module.vpc.aws_redshift_subnet_group.redshift",
            "module.vpc_dev.module.vpc.aws_route.database_dns64_nat_gateway",
            "module.vpc_dev.module.vpc.aws_route.database_internet_gateway",
            "module.vpc_dev.module.vpc.aws_route.database_ipv6_egress",
            "module.vpc_dev.module.vpc.aws_route.database_nat_gateway",
            "module.vpc_dev.module.vpc.aws_route.private_dns64_nat_gateway",
            "module.vpc_dev.module.vpc.aws_route.private_ipv6_egress",
            "module.vpc_dev.module.vpc.aws_route.private_nat_gateway",
            "module.vpc_dev.module.vpc.aws_route.public_internet_gateway",
            "module.vpc_dev.module.vpc.aws_route.public_internet_gateway_ipv6",
            "module.vpc_dev.module.vpc.aws_route_table.database",
            "module.vpc_dev.module.vpc.aws_route_table.elasticache",
            "module.vpc_dev.module.vpc.aws_route_table.intra",
            "module.vpc_dev.module.vpc.aws_route_table.private",
            "module.vpc_dev.module.vpc.aws_route_table.public",
            "module.vpc_dev.module.vpc.aws_route_table.redshift",
            "module.vpc_dev.module.vpc.aws_route_table_association.database",
            "module.vpc_dev.module.vpc.aws_route_table_association.elasticache",
            "module.vpc_dev.module.vpc.aws_route_table_association.intra",
            "module.vpc_dev.module.vpc.aws_route_table_association.outpost",
            "module.vpc_dev.module.vpc.aws_route_table_association.private",
            "module.vpc_dev.module.vpc.aws_route_table_association.public",
            "module.vpc_dev.module.vpc.aws_route_table_association.redshift",
            "module.vpc_dev.module.vpc.aws_route_table_association.redshift_public",
            "module.vpc_dev.module.vpc.aws_subnet.database",
            "module.vpc_dev.module.vpc.aws_subnet.elasticache",
            "module.vpc_dev.module.vpc.aws_subnet.intra",
            "module.vpc_dev.module.vpc.aws_subnet.outpost",
            "module.vpc_dev.module.vpc.aws_subnet.private",
            "module.vpc_dev.module.vpc.aws_subnet.public",
            "module.vpc_dev.module.vpc.aws_subnet.redshift",
            "module.vpc_dev.module.vpc.aws_vpc.this",
            "module.vpc_dev.module.vpc.aws_vpc_block_public_access_exclusion.this",
            "module.vpc_dev.module.vpc.aws_vpc_block_public_access_options.this",
            "module.vpc_dev.module.vpc.aws_vpc_dhcp_options.this",
            "module.vpc_dev.module.vpc.aws_vpc_dhcp_options_association.this",
            "module.vpc_dev.module.vpc.aws_vpc_ipv4_cidr_block_association.this",
            "module.vpc_dev.module.vpc.aws_vpn_gateway.this",
            "module.vpc_dev.module.vpc.aws_vpn_gateway_attachment.this",
            "module.vpc_dev.module.vpc.aws_vpn_gateway_route_propagation.intra",
            "module.vpc_dev.module.vpc.aws_vpn_gateway_route_propagation.private",
            "module.vpc_dev.module.vpc.aws_vpn_gateway_route_propagation.public",
            "module.vpc_dev.module.vpc.data.aws_caller_identity.current",
            "module.vpc_dev.module.vpc.data.aws_iam_policy_document.flow_log_cloudwatch_assume_role",
            "module.vpc_dev.module.vpc.data.aws_iam_policy_document.vpc_flow_log_cloudwatch",
            "module.vpc_dev.module.vpc.data.aws_partition.current",
            "module.vpc_dev.module.vpc.data.aws_region.current"
          ],
          "create_before_destroy": true
        },
        {
          "index_key": "ingress_nodes_ephemeral",
          "schema_version": 2,
          "attributes": {
            "cidr_blocks": null,
            "description": "Node to node ingress on ephemeral ports",
            "from_port": 1025,
            "id": "sgrule-989160866",
            "ipv6_cidr_blocks": null,
            "prefix_list_ids": null,
            "protocol": "tcp",
            "region": "ap-south-1",
            "security_group_id": "sg-0c69eff9b40794032",
            "security_group_rule_id": "sgr-0c79a61a3d20783e1",
            "self": true,
            "source_security_group_id": null,
            "timeouts": null,
            "to_port": 65535,
            "type": "ingress"
          },
          "sensitive_attributes": [],
          "identity_schema_version": 0,
          "private": "eyJlMmJmYjczMC1lY2FhLTExZTYtOGY4OC0zNDM2M2JjN2M0YzAiOnsiY3JlYXRlIjozMDAwMDAwMDAwMDB9LCJzY2hlbWFfdmVyc2lvbiI6IjIifQ==",
          "dependencies": [
            "module.eks.module.eks.aws_security_group.cluster",
            "module.eks.module.eks.aws_security_group.node",
            "module.vpc_dev.data.aws_availability_zones.available",
            "module.vpc_dev.module.vpc.aws_cloudwatch_log_group.flow_log",
            "module.vpc_dev.module.vpc.aws_customer_gateway.this",
            "module.vpc_dev.module.vpc.aws_db_subnet_group.database",
            "module.vpc_dev.module.vpc.aws_default_network_acl.this",
            "module.vpc_dev.module.vpc.aws_default_route_table.default",
            "module.vpc_dev.module.vpc.aws_default_security_group.this",
            "module.vpc_dev.module.vpc.aws_default_vpc.this",
            "module.vpc_dev.module.vpc.aws_egress_only_internet_gateway.this",
            "module.vpc_dev.module.vpc.aws_eip.nat",
            "module.vpc_dev.module.vpc.aws_elasticache_subnet_group.elasticache",
            "module.vpc_dev.module.vpc.aws_flow_log.this",
            "module.vpc_dev.module.vpc.aws_iam_policy.vpc_flow_log_cloudwatch",
            "module.vpc_dev.module.vpc.aws_iam_role.vpc_flow_log_cloudwatch",
            "module.vpc_dev.module.vpc.aws_iam_role_policy_attachment.vpc_flow_log_cloudwatch",
            "module.vpc_dev.module.vpc.aws_internet_gateway.this",
            "module.vpc_dev.module.vpc.aws_nat_gateway.this",
            "module.vpc_dev.module.vpc.aws_network_acl.database",
            "module.vpc_dev.module.vpc.aws_network_acl.elasticache",
            "module.vpc_dev.module.vpc.aws_network_acl.intra",
            "module.vpc_dev.module.vpc.aws_network_acl.outpost",
            "module.vpc_dev.module.vpc.aws_network_acl.private",
            "module.vpc_dev.module.vpc.aws_network_acl.public",
            "module.vpc_dev.module.vpc.aws_network_acl.redshift",
            "module.vpc_dev.module.vpc.aws_network_acl_rule.database_inbound",
            "module.vpc_dev.module.vpc.aws_network_acl_rule.database_outbound",
            "module.vpc_dev.module.vpc.aws_network_acl_rule.elasticache_inbound",
            "module.vpc_dev.module.vpc.aws_network_acl_rule.elasticache_outbound",
            "module.vpc_dev.module.vpc.aws_network_acl_rule.intra_inbound",
            "module.vpc_dev.module.vpc.aws_network_acl_rule.intra_outbound",
            "module.vpc_dev.module.vpc.aws_network_acl_rule.outpost_inbound",
            "module.vpc_dev.module.vpc.aws_network_acl_rule.outpost_outbound",
            "module.vpc_dev.module.vpc.aws_network_acl_rule.private_inbound",
            "module.vpc_dev.module.vpc.aws_network_acl_rule.private_outbound",
            "module.vpc_dev.module.vpc.aws_network_acl_rule.public_inbound",
            "module.vpc_dev.module.vpc.aws_network_acl_rule.public_outbound",
            "module.vpc_dev.module.vpc.aws_network_acl_rule.redshift_inbound",
            "module.vpc_dev.module.vpc.aws_network_acl_rule.redshift_outbound",
            "module.vpc_dev.module.vpc.aws_redshift_subnet_group.redshift",
            "module.vpc_dev.module.vpc.aws_route.database_dns64_nat_gateway",
            "module.vpc_dev.module.vpc.aws_route.database_internet_gateway",
            "module.vpc_dev.module.vpc.aws_route.database_ipv6_egress",
            "module.vpc_dev.module.vpc.aws_route.database_nat_gateway",
            "module.vpc_dev.module.vpc.aws_route.private_dns64_nat_gateway",
            "module.vpc_dev.module.vpc.aws_route.private_ipv6_egress",
            "module.vpc_dev.module.vpc.aws_route.private_nat_gateway",
            "module.vpc_dev.module.vpc.aws_route.public_internet_gateway",
            "module.vpc_dev.module.vpc.aws_route.public_internet_gateway_ipv6",
            "module.vpc_dev.module.vpc.aws_route_table.database",
            "module.vpc_dev.module.vpc.aws_route_table.elasticache",
            "module.vpc_dev.module.vpc.aws_route_table.intra",
            "module.vpc_dev.module.vpc.aws_route_table.private",
            "module.vpc_dev.module.vpc.aws_route_table.public",
            "module.vpc_dev.module.vpc.aws_route_table.redshift",
            "module.vpc_dev.module.vpc.aws_route_table_association.database",
            "module.vpc_dev.module.vpc.aws_route_table_association.elasticache",
            "module.vpc_dev.module.vpc.aws_route_table_association.intra",
            "module.vpc_dev.module.vpc.aws_route_table_association.outpost",
            "module.vpc_dev.module.vpc.aws_route_table_association.private",
            "module.vpc_dev.module.vpc.aws_route_table_association.public",
            "module.vpc_dev.module.vpc.aws_route_table_association.redshift",
            "module.vpc_dev.module.vpc.aws_route_table_association.redshift_public",
            "module.vpc_dev.module.vpc.aws_subnet.database",
            "module.vpc_dev.module.vpc.aws_subnet.elasticache",
            "module.vpc_dev.module.vpc.aws_subnet.intra",
            "module.vpc_dev.module.vpc.aws_subnet.outpost",
            "module.vpc_dev.module.vpc.aws_subnet.private",
            "module.vpc_dev.module.vpc.aws_subnet.public",
            "module.vpc_dev.module.vpc.aws_subnet.redshift",
            "module.vpc_dev.module.vpc.aws_vpc.this",
            "module.vpc_dev.module.vpc.aws_vpc_block_public_access_exclusion.this",
            "module.vpc_dev.module.vpc.aws_vpc_block_public_access_options.this",
            "module.vpc_dev.module.vpc.aws_vpc_dhcp_options.this",
            "module.vpc_dev.module.vpc.aws_vpc_dhcp_options_association.this",
            "module.vpc_dev.module.vpc.aws_vpc_ipv4_cidr_block_association.this",
            "module.vpc_dev.module.vpc.aws_vpn_gateway.this",
            "module.vpc_dev.module.vpc.aws_vpn_gateway_attachment.this",
            "module.vpc_dev.module.vpc.aws_vpn_gateway_route_propagation.intra",
            "module.vpc_dev.module.vpc.aws_vpn_gateway_route_propagation.private",
            "module.vpc_dev.module.vpc.aws_vpn_gateway_route_propagation.public",
            "module.vpc_dev.module.vpc.data.aws_caller_identity.current",
            "module.vpc_dev.module.vpc.data.aws_iam_policy_document.flow_log_cloudwatch_assume_role",
            "module.vpc_dev.module.vpc.data.aws_iam_policy_document.vpc_flow_log_cloudwatch",
            "module.vpc_dev.module.vpc.data.aws_partition.current",
            "module.vpc_dev.module.vpc.data.aws_region.current"
          ],
          "create_before_destroy": true
        },
        {
          "index_key": "ingress_self_coredns_tcp",
          "schema_version": 2,
          "attributes": {
            "cidr_blocks": null,
            "description": "Node to node CoreDNS",
            "from_port": 53,
            "id": "sgrule-3858213428",
            "ipv6_cidr_blocks": null,
            "prefix_list_ids": null,
            "protocol": "tcp",
            "region": "ap-south-1",
            "security_group_id": "sg-0c69eff9b40794032",
            "security_group_rule_id": "sgr-0ce1e912094134fc9",
            "self": true,
            "source_security_group_id": null,
            "timeouts": null,
            "to_port": 53,
            "type": "ingress"
          },
          "sensitive_attributes": [],
          "identity_schema_version": 0,
          "private": "eyJlMmJmYjczMC1lY2FhLTExZTYtOGY4OC0zNDM2M2JjN2M0YzAiOnsiY3JlYXRlIjozMDAwMDAwMDAwMDB9LCJzY2hlbWFfdmVyc2lvbiI6IjIifQ==",
          "dependencies": [
            "module.eks.module.eks.aws_security_group.cluster",
            "module.eks.module.eks.aws_security_group.node",
            "module.vpc_dev.data.aws_availability_zones.available",
            "module.vpc_dev.module.vpc.aws_cloudwatch_log_group.flow_log",
            "module.vpc_dev.module.vpc.aws_customer_gateway.this",
            "module.vpc_dev.module.vpc.aws_db_subnet_group.database",
            "module.vpc_dev.module.vpc.aws_default_network_acl.this",
            "module.vpc_dev.module.vpc.aws_default_route_table.default",
            "module.vpc_dev.module.vpc.aws_default_security_group.this",
            "module.vpc_dev.module.vpc.aws_default_vpc.this",
            "module.vpc_dev.module.vpc.aws_egress_only_internet_gateway.this",
            "module.vpc_dev.module.vpc.aws_eip.nat",
            "module.vpc_dev.module.vpc.aws_elasticache_subnet_group.elasticache",
            "module.vpc_dev.module.vpc.aws_flow_log.this",
            "module.vpc_dev.module.vpc.aws_iam_policy.vpc_flow_log_cloudwatch",
            "module.vpc_dev.module.vpc.aws_iam_role.vpc_flow_log_cloudwatch",
            "module.vpc_dev.module.vpc.aws_iam_role_policy_attachment.vpc_flow_log_cloudwatch",
            "module.vpc_dev.module.vpc.aws_internet_gateway.this",
            "module.vpc_dev.module.vpc.aws_nat_gateway.this",
            "module.vpc_dev.module.vpc.aws_network_acl.database",
            "module.vpc_dev.module.vpc.aws_network_acl.elasticache",
            "module.vpc_dev.module.vpc.aws_network_acl.intra",
            "module.vpc_dev.module.vpc.aws_network_acl.outpost",
            "module.vpc_dev.module.vpc.aws_network_acl.private",
            "module.vpc_dev.module.vpc.aws_network_acl.public",
            "module.vpc_dev.module.vpc.aws_network_acl.redshift",
            "module.vpc_dev.module.vpc.aws_network_acl_rule.database_inbound",
            "module.vpc_dev.module.vpc.aws_network_acl_rule.database_outbound",
            "module.vpc_dev.module.vpc.aws_network_acl_rule.elasticache_inbound",
            "module.vpc_dev.module.vpc.aws_network_acl_rule.elasticache_outbound",
            "module.vpc_dev.module.vpc.aws_network_acl_rule.intra_inbound",
            "module.vpc_dev.module.vpc.aws_network_acl_rule.intra_outbound",
            "module.vpc_dev.module.vpc.aws_network_acl_rule.outpost_inbound",
            "module.vpc_dev.module.vpc.aws_network_acl_rule.outpost_outbound",
            "module.vpc_dev.module.vpc.aws_network_acl_rule.private_inbound",
            "module.vpc_dev.module.vpc.aws_network_acl_rule.private_outbound",
            "module.vpc_dev.module.vpc.aws_network_acl_rule.public_inbound",
            "module.vpc_dev.module.vpc.aws_network_acl_rule.public_outbound",
            "module.vpc_dev.module.vpc.aws_network_acl_rule.redshift_inbound",
            "module.vpc_dev.module.vpc.aws_network_acl_rule.redshift_outbound",
            "module.vpc_dev.module.vpc.aws_redshift_subnet_group.redshift",
            "module.vpc_dev.module.vpc.aws_route.database_dns64_nat_gateway",
            "module.vpc_dev.module.vpc.aws_route.database_internet_gateway",
            "module.vpc_dev.module.vpc.aws_route.database_ipv6_egress",
            "module.vpc_dev.module.vpc.aws_route.database_nat_gateway",
            "module.vpc_dev.module.vpc.aws_route.private_dns64_nat_gateway",
            "module.vpc_dev.module.vpc.aws_route.private_ipv6_egress",
            "module.vpc_dev.module.vpc.aws_route.private_nat_gateway",
            "module.vpc_dev.module.vpc.aws_route.public_internet_gateway",
            "module.vpc_dev.module.vpc.aws_route.public_internet_gateway_ipv6",
            "module.vpc_dev.module.vpc.aws_route_table.database",
            "module.vpc_dev.module.vpc.aws_route_table.elasticache",
            "module.vpc_dev.module.vpc.aws_route_table.intra",
            "module.vpc_dev.module.vpc.aws_route_table.private",
            "module.vpc_dev.module.vpc.aws_route_table.public",
            "module.vpc_dev.module.vpc.aws_route_table.redshift",
            "module.vpc_dev.module.vpc.aws_route_table_association.database",
            "module.vpc_dev.module.vpc.aws_route_table_association.elasticache",
            "module.vpc_dev.module.vpc.aws_route_table_association.intra",
            "module.vpc_dev.module.vpc.aws_route_table_association.outpost",
            "module.vpc_dev.module.vpc.aws_route_table_association.private",
            "module.vpc_dev.module.vpc.aws_route_table_association.public",
            "module.vpc_dev.module.vpc.aws_route_table_association.redshift",
            "module.vpc_dev.module.vpc.aws_route_table_association.redshift_public",
            "module.vpc_dev.module.vpc.aws_subnet.database",
            "module.vpc_dev.module.vpc.aws_subnet.elasticache",
            "module.vpc_dev.module.vpc.aws_subnet.intra",
            "module.vpc_dev.module.vpc.aws_subnet.outpost",
            "module.vpc_dev.module.vpc.aws_subnet.private",
            "module.vpc_dev.module.vpc.aws_subnet.public",
            "module.vpc_dev.module.vpc.aws_subnet.redshift",
            "module.vpc_dev.module.vpc.aws_vpc.this",
            "module.vpc_dev.module.vpc.aws_vpc_block_public_access_exclusion.this",
            "module.vpc_dev.module.vpc.aws_vpc_block_public_access_options.this",
            "module.vpc_dev.module.vpc.aws_vpc_dhcp_options.this",
            "module.vpc_dev.module.vpc.aws_vpc_dhcp_options_association.this",
            "module.vpc_dev.module.vpc.aws_vpc_ipv4_cidr_block_association.this",
            "module.vpc_dev.module.vpc.aws_vpn_gateway.this",
            "module.vpc_dev.module.vpc.aws_vpn_gateway_attachment.this",
            "module.vpc_dev.module.vpc.aws_vpn_gateway_route_propagation.intra",
            "module.vpc_dev.module.vpc.aws_vpn_gateway_route_propagation.private",
            "module.vpc_dev.module.vpc.aws_vpn_gateway_route_propagation.public",
            "module.vpc_dev.module.vpc.data.aws_caller_identity.current",
            "module.vpc_dev.module.vpc.data.aws_iam_policy_document.flow_log_cloudwatch_assume_role",
            "module.vpc_dev.module.vpc.data.aws_iam_policy_document.vpc_flow_log_cloudwatch",
            "module.vpc_dev.module.vpc.data.aws_partition.current",
            "module.vpc_dev.module.vpc.data.aws_region.current"
          ],
          "create_before_destroy": true
        },
        {
          "index_key": "ingress_self_coredns_udp",
          "schema_version": 2,
          "attributes": {
            "cidr_blocks": null,
            "description": "Node to node CoreDNS UDP",
            "from_port": 53,
            "id": "sgrule-1101531611",
            "ipv6_cidr_blocks": null,
            "prefix_list_ids": null,
            "protocol": "udp",
            "region": "ap-south-1",
            "security_group_id": "sg-0c69eff9b40794032",
            "security_group_rule_id": "sgr-06ab2ce6d36c99407",
            "self": true,
            "source_security_group_id": null,
            "timeouts": null,
            "to_port": 53,
            "type": "ingress"
          },
          "sensitive_attributes": [],
          "identity_schema_version": 0,
          "private": "eyJlMmJmYjczMC1lY2FhLTExZTYtOGY4OC0zNDM2M2JjN2M0YzAiOnsiY3JlYXRlIjozMDAwMDAwMDAwMDB9LCJzY2hlbWFfdmVyc2lvbiI6IjIifQ==",
          "dependencies": [
            "module.eks.module.eks.aws_security_group.cluster",
            "module.eks.module.eks.aws_security_group.node",
            "module.vpc_dev.data.aws_availability_zones.available",
            "module.vpc_dev.module.vpc.aws_cloudwatch_log_group.flow_log",
            "module.vpc_dev.module.vpc.aws_customer_gateway.this",
            "module.vpc_dev.module.vpc.aws_db_subnet_group.database",
            "module.vpc_dev.module.vpc.aws_default_network_acl.this",
            "module.vpc_dev.module.vpc.aws_default_route_table.default",
            "module.vpc_dev.module.vpc.aws_default_security_group.this",
            "module.vpc_dev.module.vpc.aws_default_vpc.this",
            "module.vpc_dev.module.vpc.aws_egress_only_internet_gateway.this",
            "module.vpc_dev.module.vpc.aws_eip.nat",
            "module.vpc_dev.module.vpc.aws_elasticache_subnet_group.elasticache",
            "module.vpc_dev.module.vpc.aws_flow_log.this",
            "module.vpc_dev.module.vpc.aws_iam_policy.vpc_flow_log_cloudwatch",
            "module.vpc_dev.module.vpc.aws_iam_role.vpc_flow_log_cloudwatch",
            "module.vpc_dev.module.vpc.aws_iam_role_policy_attachment.vpc_flow_log_cloudwatch",
            "module.vpc_dev.module.vpc.aws_internet_gateway.this",
            "module.vpc_dev.module.vpc.aws_nat_gateway.this",
            "module.vpc_dev.module.vpc.aws_network_acl.database",
            "module.vpc_dev.module.vpc.aws_network_acl.elasticache",
            "module.vpc_dev.module.vpc.aws_network_acl.intra",
            "module.vpc_dev.module.vpc.aws_network_acl.outpost",
            "module.vpc_dev.module.vpc.aws_network_acl.private",
            "module.vpc_dev.module.vpc.aws_network_acl.public",
            "module.vpc_dev.module.vpc.aws_network_acl.redshift",
            "module.vpc_dev.module.vpc.aws_network_acl_rule.database_inbound",
            "module.vpc_dev.module.vpc.aws_network_acl_rule.database_outbound",
            "module.vpc_dev.module.vpc.aws_network_acl_rule.elasticache_inbound",
            "module.vpc_dev.module.vpc.aws_network_acl_rule.elasticache_outbound",
            "module.vpc_dev.module.vpc.aws_network_acl_rule.intra_inbound",
            "module.vpc_dev.module.vpc.aws_network_acl_rule.intra_outbound",
            "module.vpc_dev.module.vpc.aws_network_acl_rule.outpost_inbound",
            "module.vpc_dev.module.vpc.aws_network_acl_rule.outpost_outbound",
            "module.vpc_dev.module.vpc.aws_network_acl_rule.private_inbound",
            "module.vpc_dev.module.vpc.aws_network_acl_rule.private_outbound",
            "module.vpc_dev.module.vpc.aws_network_acl_rule.public_inbound",
            "module.vpc_dev.module.vpc.aws_network_acl_rule.public_outbound",
            "module.vpc_dev.module.vpc.aws_network_acl_rule.redshift_inbound",
            "module.vpc_dev.module.vpc.aws_network_acl_rule.redshift_outbound",
            "module.vpc_dev.module.vpc.aws_redshift_subnet_group.redshift",
            "module.vpc_dev.module.vpc.aws_route.database_dns64_nat_gateway",
            "module.vpc_dev.module.vpc.aws_route.database_internet_gateway",
            "module.vpc_dev.module.vpc.aws_route.database_ipv6_egress",
            "module.vpc_dev.module.vpc.aws_route.database_nat_gateway",
            "module.vpc_dev.module.vpc.aws_route.private_dns64_nat_gateway",
            "module.vpc_dev.module.vpc.aws_route.private_ipv6_egress",
            "module.vpc_dev.module.vpc.aws_route.private_nat_gateway",
            "module.vpc_dev.module.vpc.aws_route.public_internet_gateway",
            "module.vpc_dev.module.vpc.aws_route.public_internet_gateway_ipv6",
            "module.vpc_dev.module.vpc.aws_route_table.database",
            "module.vpc_dev.module.vpc.aws_route_table.elasticache",
            "module.vpc_dev.module.vpc.aws_route_table.intra",
            "module.vpc_dev.module.vpc.aws_route_table.private",
            "module.vpc_dev.module.vpc.aws_route_table.public",
            "module.vpc_dev.module.vpc.aws_route_table.redshift",
            "module.vpc_dev.module.vpc.aws_route_table_association.database",
            "module.vpc_dev.module.vpc.aws_route_table_association.elasticache",
            "module.vpc_dev.module.vpc.aws_route_table_association.intra",
            "module.vpc_dev.module.vpc.aws_route_table_association.outpost",
            "module.vpc_dev.module.vpc.aws_route_table_association.private",
            "module.vpc_dev.module.vpc.aws_route_table_association.public",
            "module.vpc_dev.module.vpc.aws_route_table_association.redshift",
            "module.vpc_dev.module.vpc.aws_route_table_association.redshift_public",
            "module.vpc_dev.module.vpc.aws_subnet.database",
            "module.vpc_dev.module.vpc.aws_subnet.elasticache",
            "module.vpc_dev.module.vpc.aws_subnet.intra",
            "module.vpc_dev.module.vpc.aws_subnet.outpost",
            "module.vpc_dev.module.vpc.aws_subnet.private",
            "module.vpc_dev.module.vpc.aws_subnet.public",
            "module.vpc_dev.module.vpc.aws_subnet.redshift",
            "module.vpc_dev.module.vpc.aws_vpc.this",
            "module.vpc_dev.module.vpc.aws_vpc_block_public_access_exclusion.this",
            "module.vpc_dev.module.vpc.aws_vpc_block_public_access_options.this",
            "module.vpc_dev.module.vpc.aws_vpc_dhcp_options.this",
            "module.vpc_dev.module.vpc.aws_vpc_dhcp_options_association.this",
            "module.vpc_dev.module.vpc.aws_vpc_ipv4_cidr_block_association.this",
            "module.vpc_dev.module.vpc.aws_vpn_gateway.this",
            "module.vpc_dev.module.vpc.aws_vpn_gateway_attachment.this",
            "module.vpc_dev.module.vpc.aws_vpn_gateway_route_propagation.intra",
            "module.vpc_dev.module.vpc.aws_vpn_gateway_route_propagation.private",
            "module.vpc_dev.module.vpc.aws_vpn_gateway_route_propagation.public",
            "module.vpc_dev.module.vpc.data.aws_caller_identity.current",
            "module.vpc_dev.module.vpc.data.aws_iam_policy_document.flow_log_cloudwatch_assume_role",
            "module.vpc_dev.module.vpc.data.aws_iam_policy_document.vpc_flow_log_cloudwatch",
            "module.vpc_dev.module.vpc.data.aws_partition.current",
            "module.vpc_dev.module.vpc.data.aws_region.current"
          ],
          "create_before_destroy": true
        }
      ]
    },
    {
      "module": "module.eks.module.eks",
      "mode": "managed",
      "type": "time_sleep",
      "name": "this",
      "provider": "provider[\"registry.terraform.io/hashicorp/time\"]",
      "instances": [
        {
          "index_key": 0,
          "schema_version": 0,
          "attributes": {
            "create_duration": "30s",
            "destroy_duration": null,
            "id": "2026-07-23T12:13:13Z",
            "triggers": {
              "certificate_authority_data": "LS0tLS1CRUdJTiBDRVJUSUZJQ0FURS0tLS0tCk1JSURCVENDQWUyZ0F3SUJBZ0lJWmkxbkpzMGZMckF3RFFZSktvWklodmNOQVFFTEJRQXdGVEVUTUJFR0ExVUUKQXhNS2EzVmlaWEp1WlhSbGN6QWVGdzB5TmpBM01qTXhNakF6TWpKYUZ3MHpOakEzTWpBeE1qQTRNakphTUJVeApFekFSQmdOVkJBTVRDbXQxWW1WeWJtVjBaWE13Z2dFaU1BMEdDU3FHU0liM0RRRUJBUVVBQTRJQkR3QXdnZ0VLCkFvSUJBUURYaWY4NGN1Wk9sZy9rOUI1TnFOekwzc3F1VEI3ZUZPblROU2JWck9JenpURDkvM3hKNXR0d1IvdVUKY1cwYmxwVkQzUDg1LzBEWHorV1QwK2loRDQvRFZ5YnduUUVKMmJjdGNqV2ExSHpVelIxaTVCeVk3b1Noc0hndQpMUTZLOFhmTTRJYmhMZWhMcHhRellxakFsMUpvRlpxTDV0S2RUWVVad0RKS3hwYzRPWXJhZi84ckVhREFycVJFCnNDc2ZldHV5amx0QStia2FJOERrS0xTNEprNzNIQ1Zkb3JsS0xEd0NSTzV5RDlHeDlZRjFOS215UDdtRzNUaVQKWHRwRlg4U1VqWWpkSFdodjNnS2puMHhPR3NCQ0xpL3AvYmYzSnlJV1k2dDRoSXliUUdGb3FxWkFuS0xlVHU0dgpkWng5NGhUU25EU0lTdWZIdEoxRXJjZ3VlOFRWQWdNQkFBR2pXVEJYTUE0R0ExVWREd0VCL3dRRUF3SUNwREFQCkJnTlZIUk1CQWY4RUJUQURBUUgvTUIwR0ExVWREZ1FXQkJROEloZ2NzS0daNklLNmJPNlRzUVovb0QvMWVUQVYKQmdOVkhSRUVEakFNZ2dwcmRXSmxjbTVsZEdWek1BMEdDU3FHU0liM0RRRUJDd1VBQTRJQkFRQXFDYjV3TUtKSwpsQjkycWRJTEljMWFRd0xXOHpOVXNBYVMwTVpXQkJzMTNsSzBLczUzZ3BTMEVHbDcyZk1IbjU2Nm5SbVpka0ZvClJ3UlZpL0tGNys0MDF6YVdQQ0ZXZE4wTmo4ZkRVSDZVbTZYNk5BMUo0VjRFZmVGMC9venNQOUY5TEw3WWliVEkKeHF3R1VkZ2VhYXFjZEFzd3pJNmlsVE9GTkpha21pM2xsQkdCbk1CVFdqMVJkM2NJNzhsOHpoSmpRUVhQK0xobQpjbTI0RHhxaE1LcE9xVkROd0tEUUl2bTl3d2NQakFUcFBDMHRTVXdETUFLUGUvYVMzeksxQUJNa0Z0YlBrN3EvCnMxSnRERUwyN2JmZUdUWSs5QmZaQzNNREozbG0vZmkwUXhPeGIzQ0VXUGc3enRDMExOc0pQdDVtaDlmNzA1eWIKNDJaUFBOb1d0STlBCi0tLS0tRU5EIENFUlRJRklDQVRFLS0tLS0K",
              "endpoint": "https://ABA976ECD1EA5527F0EA2393390646D0.gr7.ap-south-1.eks.amazonaws.com",
              "kubernetes_version": "1.35",
              "name": "dev-eks-cluster",
              "service_cidr": "172.20.0.0/16"
            }
          },
          "sensitive_attributes": [],
          "identity_schema_version": 0,
          "dependencies": [
            "module.eks.module.eks.aws_cloudwatch_log_group.this",
            "module.eks.module.eks.aws_eks_cluster.this",
            "module.eks.module.eks.aws_iam_policy.cni_ipv6_policy",
            "module.eks.module.eks.aws_iam_role.eks_auto",
            "module.eks.module.eks.aws_iam_role.this",
            "module.eks.module.eks.aws_iam_role_policy_attachment.this",
            "module.eks.module.eks.aws_security_group.cluster",
            "module.eks.module.eks.aws_security_group.node",
            "module.eks.module.eks.aws_security_group_rule.cluster",
            "module.eks.module.eks.aws_security_group_rule.node",
            "module.eks.module.eks.data.aws_caller_identity.current",
            "module.eks.module.eks.data.aws_iam_policy_document.assume_role_policy",
            "module.eks.module.eks.data.aws_iam_policy_document.cni_ipv6_policy",
            "module.eks.module.eks.data.aws_iam_policy_document.node_assume_role_policy",
            "module.eks.module.eks.data.aws_iam_session_context.current",
            "module.eks.module.eks.data.aws_partition.current",
            "module.eks.module.eks.module.kms.aws_kms_external_key.this",
            "module.eks.module.eks.module.kms.aws_kms_key.this",
            "module.eks.module.eks.module.kms.aws_kms_replica_external_key.this",
            "module.eks.module.eks.module.kms.aws_kms_replica_key.this",
            "module.eks.module.eks.module.kms.data.aws_caller_identity.current",
            "module.eks.module.eks.module.kms.data.aws_iam_policy_document.this",
            "module.eks.module.eks.module.kms.data.aws_partition.current",
            "module.vpc_dev.data.aws_availability_zones.available",
            "module.vpc_dev.module.vpc.aws_cloudwatch_log_group.flow_log",
            "module.vpc_dev.module.vpc.aws_customer_gateway.this",
            "module.vpc_dev.module.vpc.aws_db_subnet_group.database",
            "module.vpc_dev.module.vpc.aws_default_network_acl.this",
            "module.vpc_dev.module.vpc.aws_default_route_table.default",
            "module.vpc_dev.module.vpc.aws_default_security_group.this",
            "module.vpc_dev.module.vpc.aws_default_vpc.this",
            "module.vpc_dev.module.vpc.aws_egress_only_internet_gateway.this",
            "module.vpc_dev.module.vpc.aws_eip.nat",
            "module.vpc_dev.module.vpc.aws_elasticache_subnet_group.elasticache",
            "module.vpc_dev.module.vpc.aws_flow_log.this",
            "module.vpc_dev.module.vpc.aws_iam_policy.vpc_flow_log_cloudwatch",
            "module.vpc_dev.module.vpc.aws_iam_role.vpc_flow_log_cloudwatch",
            "module.vpc_dev.module.vpc.aws_iam_role_policy_attachment.vpc_flow_log_cloudwatch",
            "module.vpc_dev.module.vpc.aws_internet_gateway.this",
            "module.vpc_dev.module.vpc.aws_nat_gateway.this",
            "module.vpc_dev.module.vpc.aws_network_acl.database",
            "module.vpc_dev.module.vpc.aws_network_acl.elasticache",
            "module.vpc_dev.module.vpc.aws_network_acl.intra",
            "module.vpc_dev.module.vpc.aws_network_acl.outpost",
            "module.vpc_dev.module.vpc.aws_network_acl.private",
            "module.vpc_dev.module.vpc.aws_network_acl.public",
            "module.vpc_dev.module.vpc.aws_network_acl.redshift",
            "module.vpc_dev.module.vpc.aws_network_acl_rule.database_inbound",
            "module.vpc_dev.module.vpc.aws_network_acl_rule.database_outbound",
            "module.vpc_dev.module.vpc.aws_network_acl_rule.elasticache_inbound",
            "module.vpc_dev.module.vpc.aws_network_acl_rule.elasticache_outbound",
            "module.vpc_dev.module.vpc.aws_network_acl_rule.intra_inbound",
            "module.vpc_dev.module.vpc.aws_network_acl_rule.intra_outbound",
            "module.vpc_dev.module.vpc.aws_network_acl_rule.outpost_inbound",
            "module.vpc_dev.module.vpc.aws_network_acl_rule.outpost_outbound",
            "module.vpc_dev.module.vpc.aws_network_acl_rule.private_inbound",
            "module.vpc_dev.module.vpc.aws_network_acl_rule.private_outbound",
            "module.vpc_dev.module.vpc.aws_network_acl_rule.public_inbound",
            "module.vpc_dev.module.vpc.aws_network_acl_rule.public_outbound",
            "module.vpc_dev.module.vpc.aws_network_acl_rule.redshift_inbound",
            "module.vpc_dev.module.vpc.aws_network_acl_rule.redshift_outbound",
            "module.vpc_dev.module.vpc.aws_redshift_subnet_group.redshift",
            "module.vpc_dev.module.vpc.aws_route.database_dns64_nat_gateway",
            "module.vpc_dev.module.vpc.aws_route.database_internet_gateway",
            "module.vpc_dev.module.vpc.aws_route.database_ipv6_egress",
            "module.vpc_dev.module.vpc.aws_route.database_nat_gateway",
            "module.vpc_dev.module.vpc.aws_route.private_dns64_nat_gateway",
            "module.vpc_dev.module.vpc.aws_route.private_ipv6_egress",
            "module.vpc_dev.module.vpc.aws_route.private_nat_gateway",
            "module.vpc_dev.module.vpc.aws_route.public_internet_gateway",
            "module.vpc_dev.module.vpc.aws_route.public_internet_gateway_ipv6",
            "module.vpc_dev.module.vpc.aws_route_table.database",
            "module.vpc_dev.module.vpc.aws_route_table.elasticache",
            "module.vpc_dev.module.vpc.aws_route_table.intra",
            "module.vpc_dev.module.vpc.aws_route_table.private",
            "module.vpc_dev.module.vpc.aws_route_table.public",
            "module.vpc_dev.module.vpc.aws_route_table.redshift",
            "module.vpc_dev.module.vpc.aws_route_table_association.database",
            "module.vpc_dev.module.vpc.aws_route_table_association.elasticache",
            "module.vpc_dev.module.vpc.aws_route_table_association.intra",
            "module.vpc_dev.module.vpc.aws_route_table_association.outpost",
            "module.vpc_dev.module.vpc.aws_route_table_association.private",
            "module.vpc_dev.module.vpc.aws_route_table_association.public",
            "module.vpc_dev.module.vpc.aws_route_table_association.redshift",
            "module.vpc_dev.module.vpc.aws_route_table_association.redshift_public",
            "module.vpc_dev.module.vpc.aws_subnet.database",
            "module.vpc_dev.module.vpc.aws_subnet.elasticache",
            "module.vpc_dev.module.vpc.aws_subnet.intra",
            "module.vpc_dev.module.vpc.aws_subnet.outpost",
            "module.vpc_dev.module.vpc.aws_subnet.private",
            "module.vpc_dev.module.vpc.aws_subnet.public",
            "module.vpc_dev.module.vpc.aws_subnet.redshift",
            "module.vpc_dev.module.vpc.aws_vpc.this",
            "module.vpc_dev.module.vpc.aws_vpc_block_public_access_exclusion.this",
            "module.vpc_dev.module.vpc.aws_vpc_block_public_access_options.this",
            "module.vpc_dev.module.vpc.aws_vpc_dhcp_options.this",
            "module.vpc_dev.module.vpc.aws_vpc_dhcp_options_association.this",
            "module.vpc_dev.module.vpc.aws_vpc_ipv4_cidr_block_association.this",
            "module.vpc_dev.module.vpc.aws_vpn_gateway.this",
            "module.vpc_dev.module.vpc.aws_vpn_gateway_attachment.this",
            "module.vpc_dev.module.vpc.aws_vpn_gateway_route_propagation.intra",
            "module.vpc_dev.module.vpc.aws_vpn_gateway_route_propagation.private",
            "module.vpc_dev.module.vpc.aws_vpn_gateway_route_propagation.public",
            "module.vpc_dev.module.vpc.data.aws_caller_identity.current",
            "module.vpc_dev.module.vpc.data.aws_iam_policy_document.flow_log_cloudwatch_assume_role",
            "module.vpc_dev.module.vpc.data.aws_iam_policy_document.vpc_flow_log_cloudwatch",
            "module.vpc_dev.module.vpc.data.aws_partition.current",
            "module.vpc_dev.module.vpc.data.aws_region.current"
          ],
          "create_before_destroy": true
        }
      ]
    },
    {
      "module": "module.eks.module.eks.module.eks_managed_node_group[\"general\"]",
      "mode": "data",
      "type": "aws_iam_policy_document",
      "name": "assume_role_policy",
      "provider": "provider[\"registry.terraform.io/hashicorp/aws\"]",
      "instances": [
        {
          "index_key": 0,
          "schema_version": 0,
          "attributes": {
            "id": "2560088296",
            "json": "{\n  \"Version\": \"2012-10-17\",\n  \"Statement\": [\n    {\n      \"Sid\": \"EKSNodeAssumeRole\",\n      \"Effect\": \"Allow\",\n      \"Action\": \"sts:AssumeRole\",\n      \"Principal\": {\n        \"Service\": \"ec2.amazonaws.com\"\n      }\n    }\n  ]\n}",
            "minified_json": "{\"Version\":\"2012-10-17\",\"Statement\":[{\"Sid\":\"EKSNodeAssumeRole\",\"Effect\":\"Allow\",\"Action\":\"sts:AssumeRole\",\"Principal\":{\"Service\":\"ec2.amazonaws.com\"}}]}",
            "override_json": null,
            "override_policy_documents": null,
            "policy_id": null,
            "source_json": null,
            "source_policy_documents": null,
            "statement": [
              {
                "actions": [
                  "sts:AssumeRole"
                ],
                "condition": [],
                "effect": "Allow",
                "not_actions": [],
                "not_principals": [],
                "not_resources": [],
                "principals": [
                  {
                    "identifiers": [
                      "ec2.amazonaws.com"
                    ],
                    "type": "Service"
                  }
                ],
                "resources": [],
                "sid": "EKSNodeAssumeRole"
              }
            ],
            "version": "2012-10-17"
          },
          "sensitive_attributes": [],
          "identity_schema_version": 0
        }
      ]
    },
    {
      "module": "module.eks.module.eks.module.eks_managed_node_group[\"general\"]",
      "mode": "data",
      "type": "aws_ssm_parameter",
      "name": "ami",
      "provider": "provider[\"registry.terraform.io/hashicorp/aws\"]",
      "instances": [
        {
          "index_key": 0,
          "schema_version": 0,
          "attributes": {
            "arn": "arn:aws:ssm:ap-south-1::parameter/aws/service/eks/optimized-ami/1.35/amazon-linux-2023/x86_64/standard/recommended/release_version",
            "id": "/aws/service/eks/optimized-ami/1.35/amazon-linux-2023/x86_64/standard/recommended/release_version",
            "insecure_value": "1.35.6-20260714",
            "name": "/aws/service/eks/optimized-ami/1.35/amazon-linux-2023/x86_64/standard/recommended/release_version",
            "region": "ap-south-1",
            "type": "String",
            "value": "1.35.6-20260714",
            "version": 23,
            "with_decryption": true
          },
          "sensitive_attributes": [
            [
              {
                "type": "get_attr",
                "value": "value"
              }
            ]
          ],
          "identity_schema_version": 0
        }
      ]
    },
    {
      "module": "module.eks.module.eks.module.eks_managed_node_group[\"general\"]",
      "mode": "managed",
      "type": "aws_eks_node_group",
      "name": "this",
      "provider": "provider[\"registry.terraform.io/hashicorp/aws\"]",
      "instances": [
        {
          "index_key": 0,
          "schema_version": 0,
          "attributes": {
            "ami_type": "AL2023_x86_64_STANDARD",
            "arn": "arn:aws:eks:ap-south-1:084766854861:nodegroup/dev-eks-cluster/general-ng-d9820f1b4eaf116370be2e0aae/e2cfc772-7d35-2d13-c7a6-adf494373827",
            "capacity_type": "ON_DEMAND",
            "cluster_name": "dev-eks-cluster",
            "disk_size": 0,
            "force_update_version": null,
            "id": "dev-eks-cluster:general-ng-d9820f1b4eaf116370be2e0aae",
            "instance_types": [
              "t3.small"
            ],
            "labels": null,
            "launch_template": [
              {
                "id": "lt-05b88f1b1f3dd974c",
                "name": "general-f685aba896f79cb8c2e11cd8e6",
                "version": "1"
              }
            ],
            "node_group_name": "general-ng-d9820f1b4eaf116370be2e0aae",
            "node_group_name_prefix": "general-ng-",
            "node_repair_config": [],
            "node_role_arn": "arn:aws:iam::084766854861:role/general-ng-eks-node-group-8775857f7dff9e60098ffd27a7",
            "region": "ap-south-1",
            "release_version": "1.35.6-20260714",
            "remote_access": [],
            "resources": [
              {
                "autoscaling_groups": [
                  {
                    "name": "eks-general-ng-d9820f1b4eaf116370be2e0aae-e2cfc772-7d35-2d13-c7a6-adf494373827"
                  }
                ],
                "remote_access_security_group_id": ""
              }
            ],
            "scaling_config": [
              {
                "desired_size": 1,
                "max_size": 5,
                "min_size": 1
              }
            ],
            "status": "ACTIVE",
            "subnet_ids": [
              "subnet-028530416b5b03dd8",
              "subnet-0668a5fc1d0ddf341",
              "subnet-06a06d1e3a71c49ae",
              "subnet-09f6ac08f64cea2df",
              "subnet-0a9fc29c31ec2ae10"
            ],
            "tags": {
              "Environment": "dev",
              "Name": "general-ng",
              "cluster": "dev-eks-cluster"
            },
            "tags_all": {
              "Environment": "dev",
              "Name": "general-ng",
              "cluster": "dev-eks-cluster"
            },
            "taint": [],
            "timeouts": null,
            "update_config": [
              {
                "max_unavailable": 0,
                "max_unavailable_percentage": 33,
                "update_strategy": ""
              }
            ],
            "version": "1.35",
            "warm_pool_config": []
          },
          "sensitive_attributes": [],
          "identity_schema_version": 0,
          "identity": {
            "account_id": "084766854861",
            "cluster_name": "dev-eks-cluster",
            "node_group_name": "general-ng-d9820f1b4eaf116370be2e0aae",
            "region": "ap-south-1"
          },
          "private": "eyJlMmJmYjczMC1lY2FhLTExZTYtOGY4OC0zNDM2M2JjN2M0YzAiOnsiY3JlYXRlIjozNjAwMDAwMDAwMDAwLCJkZWxldGUiOjM2MDAwMDAwMDAwMDAsInVwZGF0ZSI6MzYwMDAwMDAwMDAwMH19",
          "dependencies": [
            "module.eks.module.eks.aws_cloudwatch_log_group.this",
            "module.eks.module.eks.aws_eks_cluster.this",
            "module.eks.module.eks.aws_iam_policy.cni_ipv6_policy",
            "module.eks.module.eks.aws_iam_role.eks_auto",
            "module.eks.module.eks.aws_iam_role.this",
            "module.eks.module.eks.aws_iam_role_policy_attachment.this",
            "module.eks.module.eks.aws_security_group.cluster",
            "module.eks.module.eks.aws_security_group.node",
            "module.eks.module.eks.aws_security_group_rule.cluster",
            "module.eks.module.eks.aws_security_group_rule.node",
            "module.eks.module.eks.data.aws_caller_identity.current",
            "module.eks.module.eks.data.aws_iam_policy_document.assume_role_policy",
            "module.eks.module.eks.data.aws_iam_policy_document.cni_ipv6_policy",
            "module.eks.module.eks.data.aws_iam_policy_document.node_assume_role_policy",
            "module.eks.module.eks.data.aws_iam_session_context.current",
            "module.eks.module.eks.data.aws_partition.current",
            "module.eks.module.eks.module.eks_managed_node_group.aws_iam_role.this",
            "module.eks.module.eks.module.eks_managed_node_group.aws_iam_role_policy_attachment.additional",
            "module.eks.module.eks.module.eks_managed_node_group.aws_iam_role_policy_attachment.this",
            "module.eks.module.eks.module.eks_managed_node_group.aws_launch_template.this",
            "module.eks.module.eks.module.eks_managed_node_group.aws_placement_group.this",
            "module.eks.module.eks.module.eks_managed_node_group.aws_security_group.this",
            "module.eks.module.eks.module.eks_managed_node_group.data.aws_caller_identity.current",
            "module.eks.module.eks.module.eks_managed_node_group.data.aws_ec2_instance_type.this",
            "module.eks.module.eks.module.eks_managed_node_group.data.aws_eks_cluster_versions.this",
            "module.eks.module.eks.module.eks_managed_node_group.data.aws_iam_policy_document.assume_role_policy",
            "module.eks.module.eks.module.eks_managed_node_group.data.aws_partition.current",
            "module.eks.module.eks.module.eks_managed_node_group.data.aws_ssm_parameter.ami",
            "module.eks.module.eks.module.eks_managed_node_group.data.aws_subnet.this",
            "module.eks.module.eks.module.eks_managed_node_group.module.user_data.data.cloudinit_config.al2023_eks_managed_node_group",
            "module.eks.module.eks.module.eks_managed_node_group.module.user_data.data.cloudinit_config.al2_eks_managed_node_group",
            "module.eks.module.eks.module.kms.aws_kms_external_key.this",
            "module.eks.module.eks.module.kms.aws_kms_key.this",
            "module.eks.module.eks.module.kms.aws_kms_replica_external_key.this",
            "module.eks.module.eks.module.kms.aws_kms_replica_key.this",
            "module.eks.module.eks.module.kms.data.aws_caller_identity.current",
            "module.eks.module.eks.module.kms.data.aws_iam_policy_document.this",
            "module.eks.module.eks.module.kms.data.aws_partition.current",
            "module.eks.module.eks.time_sleep.this",
            "module.vpc_dev.data.aws_availability_zones.available",
            "module.vpc_dev.module.vpc.aws_cloudwatch_log_group.flow_log",
            "module.vpc_dev.module.vpc.aws_customer_gateway.this",
            "module.vpc_dev.module.vpc.aws_db_subnet_group.database",
            "module.vpc_dev.module.vpc.aws_default_network_acl.this",
            "module.vpc_dev.module.vpc.aws_default_route_table.default",
            "module.vpc_dev.module.vpc.aws_default_security_group.this",
            "module.vpc_dev.module.vpc.aws_default_vpc.this",
            "module.vpc_dev.module.vpc.aws_egress_only_internet_gateway.this",
            "module.vpc_dev.module.vpc.aws_eip.nat",
            "module.vpc_dev.module.vpc.aws_elasticache_subnet_group.elasticache",
            "module.vpc_dev.module.vpc.aws_flow_log.this",
            "module.vpc_dev.module.vpc.aws_iam_policy.vpc_flow_log_cloudwatch",
            "module.vpc_dev.module.vpc.aws_iam_role.vpc_flow_log_cloudwatch",
            "module.vpc_dev.module.vpc.aws_iam_role_policy_attachment.vpc_flow_log_cloudwatch",
            "module.vpc_dev.module.vpc.aws_internet_gateway.this",
            "module.vpc_dev.module.vpc.aws_nat_gateway.this",
            "module.vpc_dev.module.vpc.aws_network_acl.database",
            "module.vpc_dev.module.vpc.aws_network_acl.elasticache",
            "module.vpc_dev.module.vpc.aws_network_acl.intra",
            "module.vpc_dev.module.vpc.aws_network_acl.outpost",
            "module.vpc_dev.module.vpc.aws_network_acl.private",
            "module.vpc_dev.module.vpc.aws_network_acl.public",
            "module.vpc_dev.module.vpc.aws_network_acl.redshift",
            "module.vpc_dev.module.vpc.aws_network_acl_rule.database_inbound",
            "module.vpc_dev.module.vpc.aws_network_acl_rule.database_outbound",
            "module.vpc_dev.module.vpc.aws_network_acl_rule.elasticache_inbound",
            "module.vpc_dev.module.vpc.aws_network_acl_rule.elasticache_outbound",
            "module.vpc_dev.module.vpc.aws_network_acl_rule.intra_inbound",
            "module.vpc_dev.module.vpc.aws_network_acl_rule.intra_outbound",
            "module.vpc_dev.module.vpc.aws_network_acl_rule.outpost_inbound",
            "module.vpc_dev.module.vpc.aws_network_acl_rule.outpost_outbound",
            "module.vpc_dev.module.vpc.aws_network_acl_rule.private_inbound",
            "module.vpc_dev.module.vpc.aws_network_acl_rule.private_outbound",
            "module.vpc_dev.module.vpc.aws_network_acl_rule.public_inbound",
            "module.vpc_dev.module.vpc.aws_network_acl_rule.public_outbound",
            "module.vpc_dev.module.vpc.aws_network_acl_rule.redshift_inbound",
            "module.vpc_dev.module.vpc.aws_network_acl_rule.redshift_outbound",
            "module.vpc_dev.module.vpc.aws_redshift_subnet_group.redshift",
            "module.vpc_dev.module.vpc.aws_route.database_dns64_nat_gateway",
            "module.vpc_dev.module.vpc.aws_route.database_internet_gateway",
            "module.vpc_dev.module.vpc.aws_route.database_ipv6_egress",
            "module.vpc_dev.module.vpc.aws_route.database_nat_gateway",
            "module.vpc_dev.module.vpc.aws_route.private_dns64_nat_gateway",
            "module.vpc_dev.module.vpc.aws_route.private_ipv6_egress",
            "module.vpc_dev.module.vpc.aws_route.private_nat_gateway",
            "module.vpc_dev.module.vpc.aws_route.public_internet_gateway",
            "module.vpc_dev.module.vpc.aws_route.public_internet_gateway_ipv6",
            "module.vpc_dev.module.vpc.aws_route_table.database",
            "module.vpc_dev.module.vpc.aws_route_table.elasticache",
            "module.vpc_dev.module.vpc.aws_route_table.intra",
            "module.vpc_dev.module.vpc.aws_route_table.private",
            "module.vpc_dev.module.vpc.aws_route_table.public",
            "module.vpc_dev.module.vpc.aws_route_table.redshift",
            "module.vpc_dev.module.vpc.aws_route_table_association.database",
            "module.vpc_dev.module.vpc.aws_route_table_association.elasticache",
            "module.vpc_dev.module.vpc.aws_route_table_association.intra",
            "module.vpc_dev.module.vpc.aws_route_table_association.outpost",
            "module.vpc_dev.module.vpc.aws_route_table_association.private",
            "module.vpc_dev.module.vpc.aws_route_table_association.public",
            "module.vpc_dev.module.vpc.aws_route_table_association.redshift",
            "module.vpc_dev.module.vpc.aws_route_table_association.redshift_public",
            "module.vpc_dev.module.vpc.aws_subnet.database",
            "module.vpc_dev.module.vpc.aws_subnet.elasticache",
            "module.vpc_dev.module.vpc.aws_subnet.intra",
            "module.vpc_dev.module.vpc.aws_subnet.outpost",
            "module.vpc_dev.module.vpc.aws_subnet.private",
            "module.vpc_dev.module.vpc.aws_subnet.public",
            "module.vpc_dev.module.vpc.aws_subnet.redshift",
            "module.vpc_dev.module.vpc.aws_vpc.this",
            "module.vpc_dev.module.vpc.aws_vpc_block_public_access_exclusion.this",
            "module.vpc_dev.module.vpc.aws_vpc_block_public_access_options.this",
            "module.vpc_dev.module.vpc.aws_vpc_dhcp_options.this",
            "module.vpc_dev.module.vpc.aws_vpc_dhcp_options_association.this",
            "module.vpc_dev.module.vpc.aws_vpc_ipv4_cidr_block_association.this",
            "module.vpc_dev.module.vpc.aws_vpn_gateway.this",
            "module.vpc_dev.module.vpc.aws_vpn_gateway_attachment.this",
            "module.vpc_dev.module.vpc.aws_vpn_gateway_route_propagation.intra",
            "module.vpc_dev.module.vpc.aws_vpn_gateway_route_propagation.private",
            "module.vpc_dev.module.vpc.aws_vpn_gateway_route_propagation.public",
            "module.vpc_dev.module.vpc.data.aws_caller_identity.current",
            "module.vpc_dev.module.vpc.data.aws_iam_policy_document.flow_log_cloudwatch_assume_role",
            "module.vpc_dev.module.vpc.data.aws_iam_policy_document.vpc_flow_log_cloudwatch",
            "module.vpc_dev.module.vpc.data.aws_partition.current",
            "module.vpc_dev.module.vpc.data.aws_region.current"
          ],
          "create_before_destroy": true
        }
      ]
    },
    {
      "module": "module.eks.module.eks.module.eks_managed_node_group[\"general\"]",
      "mode": "managed",
      "type": "aws_iam_role",
      "name": "this",
      "provider": "provider[\"registry.terraform.io/hashicorp/aws\"]",
      "instances": [
        {
          "index_key": 0,
          "schema_version": 0,
          "attributes": {
            "arn": "arn:aws:iam::084766854861:role/general-ng-eks-node-group-8775857f7dff9e60098ffd27a7",
            "assume_role_policy": "{\"Statement\":[{\"Action\":\"sts:AssumeRole\",\"Effect\":\"Allow\",\"Principal\":{\"Service\":\"ec2.amazonaws.com\"},\"Sid\":\"EKSNodeAssumeRole\"}],\"Version\":\"2012-10-17\"}",
            "create_date": "2026-07-23T12:01:03Z",
            "description": "EKS managed node group IAM role",
            "force_detach_policies": true,
            "id": "general-ng-eks-node-group-8775857f7dff9e60098ffd27a7",
            "inline_policy": [],
            "managed_policy_arns": [
              "arn:aws:iam::aws:policy/AmazonEC2ContainerRegistryReadOnly",
              "arn:aws:iam::aws:policy/AmazonEKSWorkerNodePolicy",
              "arn:aws:iam::aws:policy/AmazonEKS_CNI_Policy"
            ],
            "max_session_duration": 3600,
            "name": "general-ng-eks-node-group-8775857f7dff9e60098ffd27a7",
            "name_prefix": "general-ng-eks-node-group-",
            "path": "/",
            "permissions_boundary": "",
            "tags": {
              "Environment": "dev",
              "cluster": "dev-eks-cluster"
            },
            "tags_all": {
              "Environment": "dev",
              "cluster": "dev-eks-cluster"
            },
            "unique_id": "AROARHPD7R3GZRZBPDRKG"
          },
          "sensitive_attributes": [],
          "identity_schema_version": 0,
          "identity": {
            "account_id": "084766854861",
            "name": "general-ng-eks-node-group-8775857f7dff9e60098ffd27a7"
          },
          "private": "bnVsbA==",
          "dependencies": [
            "module.eks.module.eks.module.eks_managed_node_group.data.aws_iam_policy_document.assume_role_policy",
            "module.vpc_dev.data.aws_availability_zones.available",
            "module.vpc_dev.module.vpc.aws_cloudwatch_log_group.flow_log",
            "module.vpc_dev.module.vpc.aws_customer_gateway.this",
            "module.vpc_dev.module.vpc.aws_db_subnet_group.database",
            "module.vpc_dev.module.vpc.aws_default_network_acl.this",
            "module.vpc_dev.module.vpc.aws_default_route_table.default",
            "module.vpc_dev.module.vpc.aws_default_security_group.this",
            "module.vpc_dev.module.vpc.aws_default_vpc.this",
            "module.vpc_dev.module.vpc.aws_egress_only_internet_gateway.this",
            "module.vpc_dev.module.vpc.aws_eip.nat",
            "module.vpc_dev.module.vpc.aws_elasticache_subnet_group.elasticache",
            "module.vpc_dev.module.vpc.aws_flow_log.this",
            "module.vpc_dev.module.vpc.aws_iam_policy.vpc_flow_log_cloudwatch",
            "module.vpc_dev.module.vpc.aws_iam_role.vpc_flow_log_cloudwatch",
            "module.vpc_dev.module.vpc.aws_iam_role_policy_attachment.vpc_flow_log_cloudwatch",
            "module.vpc_dev.module.vpc.aws_internet_gateway.this",
            "module.vpc_dev.module.vpc.aws_nat_gateway.this",
            "module.vpc_dev.module.vpc.aws_network_acl.database",
            "module.vpc_dev.module.vpc.aws_network_acl.elasticache",
            "module.vpc_dev.module.vpc.aws_network_acl.intra",
            "module.vpc_dev.module.vpc.aws_network_acl.outpost",
            "module.vpc_dev.module.vpc.aws_network_acl.private",
            "module.vpc_dev.module.vpc.aws_network_acl.public",
            "module.vpc_dev.module.vpc.aws_network_acl.redshift",
            "module.vpc_dev.module.vpc.aws_network_acl_rule.database_inbound",
            "module.vpc_dev.module.vpc.aws_network_acl_rule.database_outbound",
            "module.vpc_dev.module.vpc.aws_network_acl_rule.elasticache_inbound",
            "module.vpc_dev.module.vpc.aws_network_acl_rule.elasticache_outbound",
            "module.vpc_dev.module.vpc.aws_network_acl_rule.intra_inbound",
            "module.vpc_dev.module.vpc.aws_network_acl_rule.intra_outbound",
            "module.vpc_dev.module.vpc.aws_network_acl_rule.outpost_inbound",
            "module.vpc_dev.module.vpc.aws_network_acl_rule.outpost_outbound",
            "module.vpc_dev.module.vpc.aws_network_acl_rule.private_inbound",
            "module.vpc_dev.module.vpc.aws_network_acl_rule.private_outbound",
            "module.vpc_dev.module.vpc.aws_network_acl_rule.public_inbound",
            "module.vpc_dev.module.vpc.aws_network_acl_rule.public_outbound",
            "module.vpc_dev.module.vpc.aws_network_acl_rule.redshift_inbound",
            "module.vpc_dev.module.vpc.aws_network_acl_rule.redshift_outbound",
            "module.vpc_dev.module.vpc.aws_redshift_subnet_group.redshift",
            "module.vpc_dev.module.vpc.aws_route.database_dns64_nat_gateway",
            "module.vpc_dev.module.vpc.aws_route.database_internet_gateway",
            "module.vpc_dev.module.vpc.aws_route.database_ipv6_egress",
            "module.vpc_dev.module.vpc.aws_route.database_nat_gateway",
            "module.vpc_dev.module.vpc.aws_route.private_dns64_nat_gateway",
            "module.vpc_dev.module.vpc.aws_route.private_ipv6_egress",
            "module.vpc_dev.module.vpc.aws_route.private_nat_gateway",
            "module.vpc_dev.module.vpc.aws_route.public_internet_gateway",
            "module.vpc_dev.module.vpc.aws_route.public_internet_gateway_ipv6",
            "module.vpc_dev.module.vpc.aws_route_table.database",
            "module.vpc_dev.module.vpc.aws_route_table.elasticache",
            "module.vpc_dev.module.vpc.aws_route_table.intra",
            "module.vpc_dev.module.vpc.aws_route_table.private",
            "module.vpc_dev.module.vpc.aws_route_table.public",
            "module.vpc_dev.module.vpc.aws_route_table.redshift",
            "module.vpc_dev.module.vpc.aws_route_table_association.database",
            "module.vpc_dev.module.vpc.aws_route_table_association.elasticache",
            "module.vpc_dev.module.vpc.aws_route_table_association.intra",
            "module.vpc_dev.module.vpc.aws_route_table_association.outpost",
            "module.vpc_dev.module.vpc.aws_route_table_association.private",
            "module.vpc_dev.module.vpc.aws_route_table_association.public",
            "module.vpc_dev.module.vpc.aws_route_table_association.redshift",
            "module.vpc_dev.module.vpc.aws_route_table_association.redshift_public",
            "module.vpc_dev.module.vpc.aws_subnet.database",
            "module.vpc_dev.module.vpc.aws_subnet.elasticache",
            "module.vpc_dev.module.vpc.aws_subnet.intra",
            "module.vpc_dev.module.vpc.aws_subnet.outpost",
            "module.vpc_dev.module.vpc.aws_subnet.private",
            "module.vpc_dev.module.vpc.aws_subnet.public",
            "module.vpc_dev.module.vpc.aws_subnet.redshift",
            "module.vpc_dev.module.vpc.aws_vpc.this",
            "module.vpc_dev.module.vpc.aws_vpc_block_public_access_exclusion.this",
            "module.vpc_dev.module.vpc.aws_vpc_block_public_access_options.this",
            "module.vpc_dev.module.vpc.aws_vpc_dhcp_options.this",
            "module.vpc_dev.module.vpc.aws_vpc_dhcp_options_association.this",
            "module.vpc_dev.module.vpc.aws_vpc_ipv4_cidr_block_association.this",
            "module.vpc_dev.module.vpc.aws_vpn_gateway.this",
            "module.vpc_dev.module.vpc.aws_vpn_gateway_attachment.this",
            "module.vpc_dev.module.vpc.aws_vpn_gateway_route_propagation.intra",
            "module.vpc_dev.module.vpc.aws_vpn_gateway_route_propagation.private",
            "module.vpc_dev.module.vpc.aws_vpn_gateway_route_propagation.public",
            "module.vpc_dev.module.vpc.data.aws_caller_identity.current",
            "module.vpc_dev.module.vpc.data.aws_iam_policy_document.flow_log_cloudwatch_assume_role",
            "module.vpc_dev.module.vpc.data.aws_iam_policy_document.vpc_flow_log_cloudwatch",
            "module.vpc_dev.module.vpc.data.aws_partition.current",
            "module.vpc_dev.module.vpc.data.aws_region.current"
          ],
          "create_before_destroy": true
        }
      ]
    },
    {
      "module": "module.eks.module.eks.module.eks_managed_node_group[\"general\"]",
      "mode": "managed",
      "type": "aws_iam_role_policy_attachment",
      "name": "this",
      "provider": "provider[\"registry.terraform.io/hashicorp/aws\"]",
      "instances": [
        {
          "index_key": "AmazonEC2ContainerRegistryReadOnly",
          "schema_version": 0,
          "attributes": {
            "id": "general-ng-eks-node-group-8775857f7dff9e60098ffd27a7/arn:aws:iam::aws:policy/AmazonEC2ContainerRegistryReadOnly",
            "policy_arn": "arn:aws:iam::aws:policy/AmazonEC2ContainerRegistryReadOnly",
            "role": "general-ng-eks-node-group-8775857f7dff9e60098ffd27a7"
          },
          "sensitive_attributes": [],
          "identity_schema_version": 0,
          "identity": {
            "account_id": "084766854861",
            "policy_arn": "arn:aws:iam::aws:policy/AmazonEC2ContainerRegistryReadOnly",
            "role": "general-ng-eks-node-group-8775857f7dff9e60098ffd27a7"
          },
          "private": "bnVsbA==",
          "dependencies": [
            "module.eks.module.eks.data.aws_caller_identity.current",
            "module.eks.module.eks.data.aws_partition.current",
            "module.eks.module.eks.module.eks_managed_node_group.aws_iam_role.this",
            "module.eks.module.eks.module.eks_managed_node_group.data.aws_caller_identity.current",
            "module.eks.module.eks.module.eks_managed_node_group.data.aws_iam_policy_document.assume_role_policy",
            "module.eks.module.eks.module.eks_managed_node_group.data.aws_partition.current",
            "module.vpc_dev.data.aws_availability_zones.available",
            "module.vpc_dev.module.vpc.aws_cloudwatch_log_group.flow_log",
            "module.vpc_dev.module.vpc.aws_customer_gateway.this",
            "module.vpc_dev.module.vpc.aws_db_subnet_group.database",
            "module.vpc_dev.module.vpc.aws_default_network_acl.this",
            "module.vpc_dev.module.vpc.aws_default_route_table.default",
            "module.vpc_dev.module.vpc.aws_default_security_group.this",
            "module.vpc_dev.module.vpc.aws_default_vpc.this",
            "module.vpc_dev.module.vpc.aws_egress_only_internet_gateway.this",
            "module.vpc_dev.module.vpc.aws_eip.nat",
            "module.vpc_dev.module.vpc.aws_elasticache_subnet_group.elasticache",
            "module.vpc_dev.module.vpc.aws_flow_log.this",
            "module.vpc_dev.module.vpc.aws_iam_policy.vpc_flow_log_cloudwatch",
            "module.vpc_dev.module.vpc.aws_iam_role.vpc_flow_log_cloudwatch",
            "module.vpc_dev.module.vpc.aws_iam_role_policy_attachment.vpc_flow_log_cloudwatch",
            "module.vpc_dev.module.vpc.aws_internet_gateway.this",
            "module.vpc_dev.module.vpc.aws_nat_gateway.this",
            "module.vpc_dev.module.vpc.aws_network_acl.database",
            "module.vpc_dev.module.vpc.aws_network_acl.elasticache",
            "module.vpc_dev.module.vpc.aws_network_acl.intra",
            "module.vpc_dev.module.vpc.aws_network_acl.outpost",
            "module.vpc_dev.module.vpc.aws_network_acl.private",
            "module.vpc_dev.module.vpc.aws_network_acl.public",
            "module.vpc_dev.module.vpc.aws_network_acl.redshift",
            "module.vpc_dev.module.vpc.aws_network_acl_rule.database_inbound",
            "module.vpc_dev.module.vpc.aws_network_acl_rule.database_outbound",
            "module.vpc_dev.module.vpc.aws_network_acl_rule.elasticache_inbound",
            "module.vpc_dev.module.vpc.aws_network_acl_rule.elasticache_outbound",
            "module.vpc_dev.module.vpc.aws_network_acl_rule.intra_inbound",
            "module.vpc_dev.module.vpc.aws_network_acl_rule.intra_outbound",
            "module.vpc_dev.module.vpc.aws_network_acl_rule.outpost_inbound",
            "module.vpc_dev.module.vpc.aws_network_acl_rule.outpost_outbound",
            "module.vpc_dev.module.vpc.aws_network_acl_rule.private_inbound",
            "module.vpc_dev.module.vpc.aws_network_acl_rule.private_outbound",
            "module.vpc_dev.module.vpc.aws_network_acl_rule.public_inbound",
            "module.vpc_dev.module.vpc.aws_network_acl_rule.public_outbound",
            "module.vpc_dev.module.vpc.aws_network_acl_rule.redshift_inbound",
            "module.vpc_dev.module.vpc.aws_network_acl_rule.redshift_outbound",
            "module.vpc_dev.module.vpc.aws_redshift_subnet_group.redshift",
            "module.vpc_dev.module.vpc.aws_route.database_dns64_nat_gateway",
            "module.vpc_dev.module.vpc.aws_route.database_internet_gateway",
            "module.vpc_dev.module.vpc.aws_route.database_ipv6_egress",
            "module.vpc_dev.module.vpc.aws_route.database_nat_gateway",
            "module.vpc_dev.module.vpc.aws_route.private_dns64_nat_gateway",
            "module.vpc_dev.module.vpc.aws_route.private_ipv6_egress",
            "module.vpc_dev.module.vpc.aws_route.private_nat_gateway",
            "module.vpc_dev.module.vpc.aws_route.public_internet_gateway",
            "module.vpc_dev.module.vpc.aws_route.public_internet_gateway_ipv6",
            "module.vpc_dev.module.vpc.aws_route_table.database",
            "module.vpc_dev.module.vpc.aws_route_table.elasticache",
            "module.vpc_dev.module.vpc.aws_route_table.intra",
            "module.vpc_dev.module.vpc.aws_route_table.private",
            "module.vpc_dev.module.vpc.aws_route_table.public",
            "module.vpc_dev.module.vpc.aws_route_table.redshift",
            "module.vpc_dev.module.vpc.aws_route_table_association.database",
            "module.vpc_dev.module.vpc.aws_route_table_association.elasticache",
            "module.vpc_dev.module.vpc.aws_route_table_association.intra",
            "module.vpc_dev.module.vpc.aws_route_table_association.outpost",
            "module.vpc_dev.module.vpc.aws_route_table_association.private",
            "module.vpc_dev.module.vpc.aws_route_table_association.public",
            "module.vpc_dev.module.vpc.aws_route_table_association.redshift",
            "module.vpc_dev.module.vpc.aws_route_table_association.redshift_public",
            "module.vpc_dev.module.vpc.aws_subnet.database",
            "module.vpc_dev.module.vpc.aws_subnet.elasticache",
            "module.vpc_dev.module.vpc.aws_subnet.intra",
            "module.vpc_dev.module.vpc.aws_subnet.outpost",
            "module.vpc_dev.module.vpc.aws_subnet.private",
            "module.vpc_dev.module.vpc.aws_subnet.public",
            "module.vpc_dev.module.vpc.aws_subnet.redshift",
            "module.vpc_dev.module.vpc.aws_vpc.this",
            "module.vpc_dev.module.vpc.aws_vpc_block_public_access_exclusion.this",
            "module.vpc_dev.module.vpc.aws_vpc_block_public_access_options.this",
            "module.vpc_dev.module.vpc.aws_vpc_dhcp_options.this",
            "module.vpc_dev.module.vpc.aws_vpc_dhcp_options_association.this",
            "module.vpc_dev.module.vpc.aws_vpc_ipv4_cidr_block_association.this",
            "module.vpc_dev.module.vpc.aws_vpn_gateway.this",
            "module.vpc_dev.module.vpc.aws_vpn_gateway_attachment.this",
            "module.vpc_dev.module.vpc.aws_vpn_gateway_route_propagation.intra",
            "module.vpc_dev.module.vpc.aws_vpn_gateway_route_propagation.private",
            "module.vpc_dev.module.vpc.aws_vpn_gateway_route_propagation.public",
            "module.vpc_dev.module.vpc.data.aws_caller_identity.current",
            "module.vpc_dev.module.vpc.data.aws_iam_policy_document.flow_log_cloudwatch_assume_role",
            "module.vpc_dev.module.vpc.data.aws_iam_policy_document.vpc_flow_log_cloudwatch",
            "module.vpc_dev.module.vpc.data.aws_partition.current",
            "module.vpc_dev.module.vpc.data.aws_region.current"
          ],
          "create_before_destroy": true
        },
        {
          "index_key": "AmazonEKSWorkerNodePolicy",
          "schema_version": 0,
          "attributes": {
            "id": "general-ng-eks-node-group-8775857f7dff9e60098ffd27a7/arn:aws:iam::aws:policy/AmazonEKSWorkerNodePolicy",
            "policy_arn": "arn:aws:iam::aws:policy/AmazonEKSWorkerNodePolicy",
            "role": "general-ng-eks-node-group-8775857f7dff9e60098ffd27a7"
          },
          "sensitive_attributes": [],
          "identity_schema_version": 0,
          "identity": {
            "account_id": "084766854861",
            "policy_arn": "arn:aws:iam::aws:policy/AmazonEKSWorkerNodePolicy",
            "role": "general-ng-eks-node-group-8775857f7dff9e60098ffd27a7"
          },
          "private": "bnVsbA==",
          "dependencies": [
            "module.eks.module.eks.data.aws_caller_identity.current",
            "module.eks.module.eks.data.aws_partition.current",
            "module.eks.module.eks.module.eks_managed_node_group.aws_iam_role.this",
            "module.eks.module.eks.module.eks_managed_node_group.data.aws_caller_identity.current",
            "module.eks.module.eks.module.eks_managed_node_group.data.aws_iam_policy_document.assume_role_policy",
            "module.eks.module.eks.module.eks_managed_node_group.data.aws_partition.current",
            "module.vpc_dev.data.aws_availability_zones.available",
            "module.vpc_dev.module.vpc.aws_cloudwatch_log_group.flow_log",
            "module.vpc_dev.module.vpc.aws_customer_gateway.this",
            "module.vpc_dev.module.vpc.aws_db_subnet_group.database",
            "module.vpc_dev.module.vpc.aws_default_network_acl.this",
            "module.vpc_dev.module.vpc.aws_default_route_table.default",
            "module.vpc_dev.module.vpc.aws_default_security_group.this",
            "module.vpc_dev.module.vpc.aws_default_vpc.this",
            "module.vpc_dev.module.vpc.aws_egress_only_internet_gateway.this",
            "module.vpc_dev.module.vpc.aws_eip.nat",
            "module.vpc_dev.module.vpc.aws_elasticache_subnet_group.elasticache",
            "module.vpc_dev.module.vpc.aws_flow_log.this",
            "module.vpc_dev.module.vpc.aws_iam_policy.vpc_flow_log_cloudwatch",
            "module.vpc_dev.module.vpc.aws_iam_role.vpc_flow_log_cloudwatch",
            "module.vpc_dev.module.vpc.aws_iam_role_policy_attachment.vpc_flow_log_cloudwatch",
            "module.vpc_dev.module.vpc.aws_internet_gateway.this",
            "module.vpc_dev.module.vpc.aws_nat_gateway.this",
            "module.vpc_dev.module.vpc.aws_network_acl.database",
            "module.vpc_dev.module.vpc.aws_network_acl.elasticache",
            "module.vpc_dev.module.vpc.aws_network_acl.intra",
            "module.vpc_dev.module.vpc.aws_network_acl.outpost",
            "module.vpc_dev.module.vpc.aws_network_acl.private",
            "module.vpc_dev.module.vpc.aws_network_acl.public",
            "module.vpc_dev.module.vpc.aws_network_acl.redshift",
            "module.vpc_dev.module.vpc.aws_network_acl_rule.database_inbound",
            "module.vpc_dev.module.vpc.aws_network_acl_rule.database_outbound",
            "module.vpc_dev.module.vpc.aws_network_acl_rule.elasticache_inbound",
            "module.vpc_dev.module.vpc.aws_network_acl_rule.elasticache_outbound",
            "module.vpc_dev.module.vpc.aws_network_acl_rule.intra_inbound",
            "module.vpc_dev.module.vpc.aws_network_acl_rule.intra_outbound",
            "module.vpc_dev.module.vpc.aws_network_acl_rule.outpost_inbound",
            "module.vpc_dev.module.vpc.aws_network_acl_rule.outpost_outbound",
            "module.vpc_dev.module.vpc.aws_network_acl_rule.private_inbound",
            "module.vpc_dev.module.vpc.aws_network_acl_rule.private_outbound",
            "module.vpc_dev.module.vpc.aws_network_acl_rule.public_inbound",
            "module.vpc_dev.module.vpc.aws_network_acl_rule.public_outbound",
            "module.vpc_dev.module.vpc.aws_network_acl_rule.redshift_inbound",
            "module.vpc_dev.module.vpc.aws_network_acl_rule.redshift_outbound",
            "module.vpc_dev.module.vpc.aws_redshift_subnet_group.redshift",
            "module.vpc_dev.module.vpc.aws_route.database_dns64_nat_gateway",
            "module.vpc_dev.module.vpc.aws_route.database_internet_gateway",
            "module.vpc_dev.module.vpc.aws_route.database_ipv6_egress",
            "module.vpc_dev.module.vpc.aws_route.database_nat_gateway",
            "module.vpc_dev.module.vpc.aws_route.private_dns64_nat_gateway",
            "module.vpc_dev.module.vpc.aws_route.private_ipv6_egress",
            "module.vpc_dev.module.vpc.aws_route.private_nat_gateway",
            "module.vpc_dev.module.vpc.aws_route.public_internet_gateway",
            "module.vpc_dev.module.vpc.aws_route.public_internet_gateway_ipv6",
            "module.vpc_dev.module.vpc.aws_route_table.database",
            "module.vpc_dev.module.vpc.aws_route_table.elasticache",
            "module.vpc_dev.module.vpc.aws_route_table.intra",
            "module.vpc_dev.module.vpc.aws_route_table.private",
            "module.vpc_dev.module.vpc.aws_route_table.public",
            "module.vpc_dev.module.vpc.aws_route_table.redshift",
            "module.vpc_dev.module.vpc.aws_route_table_association.database",
            "module.vpc_dev.module.vpc.aws_route_table_association.elasticache",
            "module.vpc_dev.module.vpc.aws_route_table_association.intra",
            "module.vpc_dev.module.vpc.aws_route_table_association.outpost",
            "module.vpc_dev.module.vpc.aws_route_table_association.private",
            "module.vpc_dev.module.vpc.aws_route_table_association.public",
            "module.vpc_dev.module.vpc.aws_route_table_association.redshift",
            "module.vpc_dev.module.vpc.aws_route_table_association.redshift_public",
            "module.vpc_dev.module.vpc.aws_subnet.database",
            "module.vpc_dev.module.vpc.aws_subnet.elasticache",
            "module.vpc_dev.module.vpc.aws_subnet.intra",
            "module.vpc_dev.module.vpc.aws_subnet.outpost",
            "module.vpc_dev.module.vpc.aws_subnet.private",
            "module.vpc_dev.module.vpc.aws_subnet.public",
            "module.vpc_dev.module.vpc.aws_subnet.redshift",
            "module.vpc_dev.module.vpc.aws_vpc.this",
            "module.vpc_dev.module.vpc.aws_vpc_block_public_access_exclusion.this",
            "module.vpc_dev.module.vpc.aws_vpc_block_public_access_options.this",
            "module.vpc_dev.module.vpc.aws_vpc_dhcp_options.this",
            "module.vpc_dev.module.vpc.aws_vpc_dhcp_options_association.this",
            "module.vpc_dev.module.vpc.aws_vpc_ipv4_cidr_block_association.this",
            "module.vpc_dev.module.vpc.aws_vpn_gateway.this",
            "module.vpc_dev.module.vpc.aws_vpn_gateway_attachment.this",
            "module.vpc_dev.module.vpc.aws_vpn_gateway_route_propagation.intra",
            "module.vpc_dev.module.vpc.aws_vpn_gateway_route_propagation.private",
            "module.vpc_dev.module.vpc.aws_vpn_gateway_route_propagation.public",
            "module.vpc_dev.module.vpc.data.aws_caller_identity.current",
            "module.vpc_dev.module.vpc.data.aws_iam_policy_document.flow_log_cloudwatch_assume_role",
            "module.vpc_dev.module.vpc.data.aws_iam_policy_document.vpc_flow_log_cloudwatch",
            "module.vpc_dev.module.vpc.data.aws_partition.current",
            "module.vpc_dev.module.vpc.data.aws_region.current"
          ],
          "create_before_destroy": true
        },
        {
          "index_key": "AmazonEKS_CNI_Policy",
          "schema_version": 0,
          "attributes": {
            "id": "general-ng-eks-node-group-8775857f7dff9e60098ffd27a7/arn:aws:iam::aws:policy/AmazonEKS_CNI_Policy",
            "policy_arn": "arn:aws:iam::aws:policy/AmazonEKS_CNI_Policy",
            "role": "general-ng-eks-node-group-8775857f7dff9e60098ffd27a7"
          },
          "sensitive_attributes": [],
          "identity_schema_version": 0,
          "identity": {
            "account_id": "084766854861",
            "policy_arn": "arn:aws:iam::aws:policy/AmazonEKS_CNI_Policy",
            "role": "general-ng-eks-node-group-8775857f7dff9e60098ffd27a7"
          },
          "private": "bnVsbA==",
          "dependencies": [
            "module.eks.module.eks.data.aws_caller_identity.current",
            "module.eks.module.eks.data.aws_partition.current",
            "module.eks.module.eks.module.eks_managed_node_group.aws_iam_role.this",
            "module.eks.module.eks.module.eks_managed_node_group.data.aws_caller_identity.current",
            "module.eks.module.eks.module.eks_managed_node_group.data.aws_iam_policy_document.assume_role_policy",
            "module.eks.module.eks.module.eks_managed_node_group.data.aws_partition.current",
            "module.vpc_dev.data.aws_availability_zones.available",
            "module.vpc_dev.module.vpc.aws_cloudwatch_log_group.flow_log",
            "module.vpc_dev.module.vpc.aws_customer_gateway.this",
            "module.vpc_dev.module.vpc.aws_db_subnet_group.database",
            "module.vpc_dev.module.vpc.aws_default_network_acl.this",
            "module.vpc_dev.module.vpc.aws_default_route_table.default",
            "module.vpc_dev.module.vpc.aws_default_security_group.this",
            "module.vpc_dev.module.vpc.aws_default_vpc.this",
            "module.vpc_dev.module.vpc.aws_egress_only_internet_gateway.this",
            "module.vpc_dev.module.vpc.aws_eip.nat",
            "module.vpc_dev.module.vpc.aws_elasticache_subnet_group.elasticache",
            "module.vpc_dev.module.vpc.aws_flow_log.this",
            "module.vpc_dev.module.vpc.aws_iam_policy.vpc_flow_log_cloudwatch",
            "module.vpc_dev.module.vpc.aws_iam_role.vpc_flow_log_cloudwatch",
            "module.vpc_dev.module.vpc.aws_iam_role_policy_attachment.vpc_flow_log_cloudwatch",
            "module.vpc_dev.module.vpc.aws_internet_gateway.this",
            "module.vpc_dev.module.vpc.aws_nat_gateway.this",
            "module.vpc_dev.module.vpc.aws_network_acl.database",
            "module.vpc_dev.module.vpc.aws_network_acl.elasticache",
            "module.vpc_dev.module.vpc.aws_network_acl.intra",
            "module.vpc_dev.module.vpc.aws_network_acl.outpost",
            "module.vpc_dev.module.vpc.aws_network_acl.private",
            "module.vpc_dev.module.vpc.aws_network_acl.public",
            "module.vpc_dev.module.vpc.aws_network_acl.redshift",
            "module.vpc_dev.module.vpc.aws_network_acl_rule.database_inbound",
            "module.vpc_dev.module.vpc.aws_network_acl_rule.database_outbound",
            "module.vpc_dev.module.vpc.aws_network_acl_rule.elasticache_inbound",
            "module.vpc_dev.module.vpc.aws_network_acl_rule.elasticache_outbound",
            "module.vpc_dev.module.vpc.aws_network_acl_rule.intra_inbound",
            "module.vpc_dev.module.vpc.aws_network_acl_rule.intra_outbound",
            "module.vpc_dev.module.vpc.aws_network_acl_rule.outpost_inbound",
            "module.vpc_dev.module.vpc.aws_network_acl_rule.outpost_outbound",
            "module.vpc_dev.module.vpc.aws_network_acl_rule.private_inbound",
            "module.vpc_dev.module.vpc.aws_network_acl_rule.private_outbound",
            "module.vpc_dev.module.vpc.aws_network_acl_rule.public_inbound",
            "module.vpc_dev.module.vpc.aws_network_acl_rule.public_outbound",
            "module.vpc_dev.module.vpc.aws_network_acl_rule.redshift_inbound",
            "module.vpc_dev.module.vpc.aws_network_acl_rule.redshift_outbound",
            "module.vpc_dev.module.vpc.aws_redshift_subnet_group.redshift",
            "module.vpc_dev.module.vpc.aws_route.database_dns64_nat_gateway",
            "module.vpc_dev.module.vpc.aws_route.database_internet_gateway",
            "module.vpc_dev.module.vpc.aws_route.database_ipv6_egress",
            "module.vpc_dev.module.vpc.aws_route.database_nat_gateway",
            "module.vpc_dev.module.vpc.aws_route.private_dns64_nat_gateway",
            "module.vpc_dev.module.vpc.aws_route.private_ipv6_egress",
            "module.vpc_dev.module.vpc.aws_route.private_nat_gateway",
            "module.vpc_dev.module.vpc.aws_route.public_internet_gateway",
            "module.vpc_dev.module.vpc.aws_route.public_internet_gateway_ipv6",
            "module.vpc_dev.module.vpc.aws_route_table.database",
            "module.vpc_dev.module.vpc.aws_route_table.elasticache",
            "module.vpc_dev.module.vpc.aws_route_table.intra",
            "module.vpc_dev.module.vpc.aws_route_table.private",
            "module.vpc_dev.module.vpc.aws_route_table.public",
            "module.vpc_dev.module.vpc.aws_route_table.redshift",
            "module.vpc_dev.module.vpc.aws_route_table_association.database",
            "module.vpc_dev.module.vpc.aws_route_table_association.elasticache",
            "module.vpc_dev.module.vpc.aws_route_table_association.intra",
            "module.vpc_dev.module.vpc.aws_route_table_association.outpost",
            "module.vpc_dev.module.vpc.aws_route_table_association.private",
            "module.vpc_dev.module.vpc.aws_route_table_association.public",
            "module.vpc_dev.module.vpc.aws_route_table_association.redshift",
            "module.vpc_dev.module.vpc.aws_route_table_association.redshift_public",
            "module.vpc_dev.module.vpc.aws_subnet.database",
            "module.vpc_dev.module.vpc.aws_subnet.elasticache",
            "module.vpc_dev.module.vpc.aws_subnet.intra",
            "module.vpc_dev.module.vpc.aws_subnet.outpost",
            "module.vpc_dev.module.vpc.aws_subnet.private",
            "module.vpc_dev.module.vpc.aws_subnet.public",
            "module.vpc_dev.module.vpc.aws_subnet.redshift",
            "module.vpc_dev.module.vpc.aws_vpc.this",
            "module.vpc_dev.module.vpc.aws_vpc_block_public_access_exclusion.this",
            "module.vpc_dev.module.vpc.aws_vpc_block_public_access_options.this",
            "module.vpc_dev.module.vpc.aws_vpc_dhcp_options.this",
            "module.vpc_dev.module.vpc.aws_vpc_dhcp_options_association.this",
            "module.vpc_dev.module.vpc.aws_vpc_ipv4_cidr_block_association.this",
            "module.vpc_dev.module.vpc.aws_vpn_gateway.this",
            "module.vpc_dev.module.vpc.aws_vpn_gateway_attachment.this",
            "module.vpc_dev.module.vpc.aws_vpn_gateway_route_propagation.intra",
            "module.vpc_dev.module.vpc.aws_vpn_gateway_route_propagation.private",
            "module.vpc_dev.module.vpc.aws_vpn_gateway_route_propagation.public",
            "module.vpc_dev.module.vpc.data.aws_caller_identity.current",
            "module.vpc_dev.module.vpc.data.aws_iam_policy_document.flow_log_cloudwatch_assume_role",
            "module.vpc_dev.module.vpc.data.aws_iam_policy_document.vpc_flow_log_cloudwatch",
            "module.vpc_dev.module.vpc.data.aws_partition.current",
            "module.vpc_dev.module.vpc.data.aws_region.current"
          ],
          "create_before_destroy": true
        }
      ]
    },
    {
      "module": "module.eks.module.eks.module.eks_managed_node_group[\"general\"]",
      "mode": "managed",
      "type": "aws_launch_template",
      "name": "this",
      "provider": "provider[\"registry.terraform.io/hashicorp/aws\"]",
      "instances": [
        {
          "index_key": 0,
          "schema_version": 1,
          "attributes": {
            "arn": "arn:aws:ec2:ap-south-1:084766854861:launch-template/lt-05b88f1b1f3dd974c",
            "block_device_mappings": [],
            "capacity_reservation_specification": [],
            "cpu_options": [],
            "credit_specification": [],
            "default_version": 1,
            "description": "Custom launch template for general-ng EKS managed node group",
            "disable_api_stop": false,
            "disable_api_termination": false,
            "ebs_optimized": "",
            "enclave_options": [],
            "hibernation_options": [],
            "iam_instance_profile": [],
            "id": "lt-05b88f1b1f3dd974c",
            "image_id": "",
            "instance_initiated_shutdown_behavior": "",
            "instance_market_options": [],
            "instance_requirements": [],
            "instance_type": "",
            "kernel_id": "",
            "key_name": "",
            "latest_version": 1,
            "license_specification": [],
            "maintenance_options": [],
            "metadata_options": [
              {
                "http_endpoint": "enabled",
                "http_protocol_ipv6": "",
                "http_put_response_hop_limit": 1,
                "http_tokens": "required",
                "instance_metadata_tags": ""
              }
            ],
            "monitoring": [],
            "name": "general-f685aba896f79cb8c2e11cd8e6",
            "name_prefix": "general-",
            "network_interfaces": [],
            "network_performance_options": [],
            "placement": [],
            "private_dns_name_options": [],
            "ram_disk_id": "",
            "region": "ap-south-1",
            "secondary_interfaces": [],
            "security_group_names": null,
            "tag_specifications": [
              {
                "resource_type": "instance",
                "tags": {
                  "Environment": "dev",
                  "Name": "general-ng",
                  "cluster": "dev-eks-cluster"
                }
              },
              {
                "resource_type": "network-interface",
                "tags": {
                  "Environment": "dev",
                  "Name": "general-ng",
                  "cluster": "dev-eks-cluster"
                }
              },
              {
                "resource_type": "volume",
                "tags": {
                  "Environment": "dev",
                  "Name": "general-ng",
                  "cluster": "dev-eks-cluster"
                }
              }
            ],
            "tags": {
              "Environment": "dev",
              "cluster": "dev-eks-cluster"
            },
            "tags_all": {
              "Environment": "dev",
              "cluster": "dev-eks-cluster"
            },
            "update_default_version": true,
            "user_data": "",
            "vpc_security_group_ids": [
              "sg-0c69eff9b40794032"
            ]
          },
          "sensitive_attributes": [],
          "identity_schema_version": 0,
          "identity": {
            "account_id": "084766854861",
            "id": "lt-05b88f1b1f3dd974c",
            "region": "ap-south-1"
          },
          "private": "eyJzY2hlbWFfdmVyc2lvbiI6IjEifQ==",
          "dependencies": [
            "module.eks.module.eks.aws_cloudwatch_log_group.this",
            "module.eks.module.eks.aws_eks_cluster.this",
            "module.eks.module.eks.aws_iam_policy.cni_ipv6_policy",
            "module.eks.module.eks.aws_iam_role.eks_auto",
            "module.eks.module.eks.aws_iam_role.this",
            "module.eks.module.eks.aws_iam_role_policy_attachment.this",
            "module.eks.module.eks.aws_security_group.cluster",
            "module.eks.module.eks.aws_security_group.node",
            "module.eks.module.eks.aws_security_group_rule.cluster",
            "module.eks.module.eks.aws_security_group_rule.node",
            "module.eks.module.eks.data.aws_caller_identity.current",
            "module.eks.module.eks.data.aws_iam_policy_document.assume_role_policy",
            "module.eks.module.eks.data.aws_iam_policy_document.cni_ipv6_policy",
            "module.eks.module.eks.data.aws_iam_policy_document.node_assume_role_policy",
            "module.eks.module.eks.data.aws_iam_session_context.current",
            "module.eks.module.eks.data.aws_partition.current",
            "module.eks.module.eks.module.eks_managed_node_group.aws_iam_role.this",
            "module.eks.module.eks.module.eks_managed_node_group.aws_iam_role_policy_attachment.additional",
            "module.eks.module.eks.module.eks_managed_node_group.aws_iam_role_policy_attachment.this",
            "module.eks.module.eks.module.eks_managed_node_group.aws_placement_group.this",
            "module.eks.module.eks.module.eks_managed_node_group.aws_security_group.this",
            "module.eks.module.eks.module.eks_managed_node_group.data.aws_caller_identity.current",
            "module.eks.module.eks.module.eks_managed_node_group.data.aws_ec2_instance_type.this",
            "module.eks.module.eks.module.eks_managed_node_group.data.aws_iam_policy_document.assume_role_policy",
            "module.eks.module.eks.module.eks_managed_node_group.data.aws_partition.current",
            "module.eks.module.eks.module.eks_managed_node_group.data.aws_subnet.this",
            "module.eks.module.eks.module.eks_managed_node_group.module.user_data.data.cloudinit_config.al2023_eks_managed_node_group",
            "module.eks.module.eks.module.eks_managed_node_group.module.user_data.data.cloudinit_config.al2_eks_managed_node_group",
            "module.eks.module.eks.module.kms.aws_kms_external_key.this",
            "module.eks.module.eks.module.kms.aws_kms_key.this",
            "module.eks.module.eks.module.kms.aws_kms_replica_external_key.this",
            "module.eks.module.eks.module.kms.aws_kms_replica_key.this",
            "module.eks.module.eks.module.kms.data.aws_caller_identity.current",
            "module.eks.module.eks.module.kms.data.aws_iam_policy_document.this",
            "module.eks.module.eks.module.kms.data.aws_partition.current",
            "module.eks.module.eks.time_sleep.this",
            "module.vpc_dev.data.aws_availability_zones.available",
            "module.vpc_dev.module.vpc.aws_cloudwatch_log_group.flow_log",
            "module.vpc_dev.module.vpc.aws_customer_gateway.this",
            "module.vpc_dev.module.vpc.aws_db_subnet_group.database",
            "module.vpc_dev.module.vpc.aws_default_network_acl.this",
            "module.vpc_dev.module.vpc.aws_default_route_table.default",
            "module.vpc_dev.module.vpc.aws_default_security_group.this",
            "module.vpc_dev.module.vpc.aws_default_vpc.this",
            "module.vpc_dev.module.vpc.aws_egress_only_internet_gateway.this",
            "module.vpc_dev.module.vpc.aws_eip.nat",
            "module.vpc_dev.module.vpc.aws_elasticache_subnet_group.elasticache",
            "module.vpc_dev.module.vpc.aws_flow_log.this",
            "module.vpc_dev.module.vpc.aws_iam_policy.vpc_flow_log_cloudwatch",
            "module.vpc_dev.module.vpc.aws_iam_role.vpc_flow_log_cloudwatch",
            "module.vpc_dev.module.vpc.aws_iam_role_policy_attachment.vpc_flow_log_cloudwatch",
            "module.vpc_dev.module.vpc.aws_internet_gateway.this",
            "module.vpc_dev.module.vpc.aws_nat_gateway.this",
            "module.vpc_dev.module.vpc.aws_network_acl.database",
            "module.vpc_dev.module.vpc.aws_network_acl.elasticache",
            "module.vpc_dev.module.vpc.aws_network_acl.intra",
            "module.vpc_dev.module.vpc.aws_network_acl.outpost",
            "module.vpc_dev.module.vpc.aws_network_acl.private",
            "module.vpc_dev.module.vpc.aws_network_acl.public",
            "module.vpc_dev.module.vpc.aws_network_acl.redshift",
            "module.vpc_dev.module.vpc.aws_network_acl_rule.database_inbound",
            "module.vpc_dev.module.vpc.aws_network_acl_rule.database_outbound",
            "module.vpc_dev.module.vpc.aws_network_acl_rule.elasticache_inbound",
            "module.vpc_dev.module.vpc.aws_network_acl_rule.elasticache_outbound",
            "module.vpc_dev.module.vpc.aws_network_acl_rule.intra_inbound",
            "module.vpc_dev.module.vpc.aws_network_acl_rule.intra_outbound",
            "module.vpc_dev.module.vpc.aws_network_acl_rule.outpost_inbound",
            "module.vpc_dev.module.vpc.aws_network_acl_rule.outpost_outbound",
            "module.vpc_dev.module.vpc.aws_network_acl_rule.private_inbound",
            "module.vpc_dev.module.vpc.aws_network_acl_rule.private_outbound",
            "module.vpc_dev.module.vpc.aws_network_acl_rule.public_inbound",
            "module.vpc_dev.module.vpc.aws_network_acl_rule.public_outbound",
            "module.vpc_dev.module.vpc.aws_network_acl_rule.redshift_inbound",
            "module.vpc_dev.module.vpc.aws_network_acl_rule.redshift_outbound",
            "module.vpc_dev.module.vpc.aws_redshift_subnet_group.redshift",
            "module.vpc_dev.module.vpc.aws_route.database_dns64_nat_gateway",
            "module.vpc_dev.module.vpc.aws_route.database_internet_gateway",
            "module.vpc_dev.module.vpc.aws_route.database_ipv6_egress",
            "module.vpc_dev.module.vpc.aws_route.database_nat_gateway",
            "module.vpc_dev.module.vpc.aws_route.private_dns64_nat_gateway",
            "module.vpc_dev.module.vpc.aws_route.private_ipv6_egress",
            "module.vpc_dev.module.vpc.aws_route.private_nat_gateway",
            "module.vpc_dev.module.vpc.aws_route.public_internet_gateway",
            "module.vpc_dev.module.vpc.aws_route.public_internet_gateway_ipv6",
            "module.vpc_dev.module.vpc.aws_route_table.database",
            "module.vpc_dev.module.vpc.aws_route_table.elasticache",
            "module.vpc_dev.module.vpc.aws_route_table.intra",
            "module.vpc_dev.module.vpc.aws_route_table.private",
            "module.vpc_dev.module.vpc.aws_route_table.public",
            "module.vpc_dev.module.vpc.aws_route_table.redshift",
            "module.vpc_dev.module.vpc.aws_route_table_association.database",
            "module.vpc_dev.module.vpc.aws_route_table_association.elasticache",
            "module.vpc_dev.module.vpc.aws_route_table_association.intra",
            "module.vpc_dev.module.vpc.aws_route_table_association.outpost",
            "module.vpc_dev.module.vpc.aws_route_table_association.private",
            "module.vpc_dev.module.vpc.aws_route_table_association.public",
            "module.vpc_dev.module.vpc.aws_route_table_association.redshift",
            "module.vpc_dev.module.vpc.aws_route_table_association.redshift_public",
            "module.vpc_dev.module.vpc.aws_subnet.database",
            "module.vpc_dev.module.vpc.aws_subnet.elasticache",
            "module.vpc_dev.module.vpc.aws_subnet.intra",
            "module.vpc_dev.module.vpc.aws_subnet.outpost",
            "module.vpc_dev.module.vpc.aws_subnet.private",
            "module.vpc_dev.module.vpc.aws_subnet.public",
            "module.vpc_dev.module.vpc.aws_subnet.redshift",
            "module.vpc_dev.module.vpc.aws_vpc.this",
            "module.vpc_dev.module.vpc.aws_vpc_block_public_access_exclusion.this",
            "module.vpc_dev.module.vpc.aws_vpc_block_public_access_options.this",
            "module.vpc_dev.module.vpc.aws_vpc_dhcp_options.this",
            "module.vpc_dev.module.vpc.aws_vpc_dhcp_options_association.this",
            "module.vpc_dev.module.vpc.aws_vpc_ipv4_cidr_block_association.this",
            "module.vpc_dev.module.vpc.aws_vpn_gateway.this",
            "module.vpc_dev.module.vpc.aws_vpn_gateway_attachment.this",
            "module.vpc_dev.module.vpc.aws_vpn_gateway_route_propagation.intra",
            "module.vpc_dev.module.vpc.aws_vpn_gateway_route_propagation.private",
            "module.vpc_dev.module.vpc.aws_vpn_gateway_route_propagation.public",
            "module.vpc_dev.module.vpc.data.aws_caller_identity.current",
            "module.vpc_dev.module.vpc.data.aws_iam_policy_document.flow_log_cloudwatch_assume_role",
            "module.vpc_dev.module.vpc.data.aws_iam_policy_document.vpc_flow_log_cloudwatch",
            "module.vpc_dev.module.vpc.data.aws_partition.current",
            "module.vpc_dev.module.vpc.data.aws_region.current"
          ],
          "create_before_destroy": true
        }
      ]
    },
    {
      "module": "module.eks.module.eks.module.eks_managed_node_group[\"general\"].module.user_data",
      "mode": "managed",
      "type": "null_resource",
      "name": "validate_cluster_service_cidr",
      "provider": "provider[\"registry.terraform.io/hashicorp/null\"]",
      "instances": [
        {
          "schema_version": 0,
          "attributes": {
            "id": "9155488069339150707",
            "triggers": null
          },
          "sensitive_attributes": [],
          "identity_schema_version": 0,
          "dependencies": [
            "module.eks.module.eks.aws_cloudwatch_log_group.this",
            "module.eks.module.eks.aws_eks_cluster.this",
            "module.eks.module.eks.aws_iam_policy.cni_ipv6_policy",
            "module.eks.module.eks.aws_iam_role.eks_auto",
            "module.eks.module.eks.aws_iam_role.this",
            "module.eks.module.eks.aws_iam_role_policy_attachment.this",
            "module.eks.module.eks.aws_security_group.cluster",
            "module.eks.module.eks.aws_security_group.node",
            "module.eks.module.eks.aws_security_group_rule.cluster",
            "module.eks.module.eks.aws_security_group_rule.node",
            "module.eks.module.eks.data.aws_caller_identity.current",
            "module.eks.module.eks.data.aws_iam_policy_document.assume_role_policy",
            "module.eks.module.eks.data.aws_iam_policy_document.cni_ipv6_policy",
            "module.eks.module.eks.data.aws_iam_policy_document.node_assume_role_policy",
            "module.eks.module.eks.data.aws_iam_session_context.current",
            "module.eks.module.eks.data.aws_partition.current",
            "module.eks.module.eks.module.kms.aws_kms_external_key.this",
            "module.eks.module.eks.module.kms.aws_kms_key.this",
            "module.eks.module.eks.module.kms.aws_kms_replica_external_key.this",
            "module.eks.module.eks.module.kms.aws_kms_replica_key.this",
            "module.eks.module.eks.module.kms.data.aws_caller_identity.current",
            "module.eks.module.eks.module.kms.data.aws_iam_policy_document.this",
            "module.eks.module.eks.module.kms.data.aws_partition.current",
            "module.eks.module.eks.time_sleep.this",
            "module.vpc_dev.data.aws_availability_zones.available",
            "module.vpc_dev.module.vpc.aws_cloudwatch_log_group.flow_log",
            "module.vpc_dev.module.vpc.aws_customer_gateway.this",
            "module.vpc_dev.module.vpc.aws_db_subnet_group.database",
            "module.vpc_dev.module.vpc.aws_default_network_acl.this",
            "module.vpc_dev.module.vpc.aws_default_route_table.default",
            "module.vpc_dev.module.vpc.aws_default_security_group.this",
            "module.vpc_dev.module.vpc.aws_default_vpc.this",
            "module.vpc_dev.module.vpc.aws_egress_only_internet_gateway.this",
            "module.vpc_dev.module.vpc.aws_eip.nat",
            "module.vpc_dev.module.vpc.aws_elasticache_subnet_group.elasticache",
            "module.vpc_dev.module.vpc.aws_flow_log.this",
            "module.vpc_dev.module.vpc.aws_iam_policy.vpc_flow_log_cloudwatch",
            "module.vpc_dev.module.vpc.aws_iam_role.vpc_flow_log_cloudwatch",
            "module.vpc_dev.module.vpc.aws_iam_role_policy_attachment.vpc_flow_log_cloudwatch",
            "module.vpc_dev.module.vpc.aws_internet_gateway.this",
            "module.vpc_dev.module.vpc.aws_nat_gateway.this",
            "module.vpc_dev.module.vpc.aws_network_acl.database",
            "module.vpc_dev.module.vpc.aws_network_acl.elasticache",
            "module.vpc_dev.module.vpc.aws_network_acl.intra",
            "module.vpc_dev.module.vpc.aws_network_acl.outpost",
            "module.vpc_dev.module.vpc.aws_network_acl.private",
            "module.vpc_dev.module.vpc.aws_network_acl.public",
            "module.vpc_dev.module.vpc.aws_network_acl.redshift",
            "module.vpc_dev.module.vpc.aws_network_acl_rule.database_inbound",
            "module.vpc_dev.module.vpc.aws_network_acl_rule.database_outbound",
            "module.vpc_dev.module.vpc.aws_network_acl_rule.elasticache_inbound",
            "module.vpc_dev.module.vpc.aws_network_acl_rule.elasticache_outbound",
            "module.vpc_dev.module.vpc.aws_network_acl_rule.intra_inbound",
            "module.vpc_dev.module.vpc.aws_network_acl_rule.intra_outbound",
            "module.vpc_dev.module.vpc.aws_network_acl_rule.outpost_inbound",
            "module.vpc_dev.module.vpc.aws_network_acl_rule.outpost_outbound",
            "module.vpc_dev.module.vpc.aws_network_acl_rule.private_inbound",
            "module.vpc_dev.module.vpc.aws_network_acl_rule.private_outbound",
            "module.vpc_dev.module.vpc.aws_network_acl_rule.public_inbound",
            "module.vpc_dev.module.vpc.aws_network_acl_rule.public_outbound",
            "module.vpc_dev.module.vpc.aws_network_acl_rule.redshift_inbound",
            "module.vpc_dev.module.vpc.aws_network_acl_rule.redshift_outbound",
            "module.vpc_dev.module.vpc.aws_redshift_subnet_group.redshift",
            "module.vpc_dev.module.vpc.aws_route.database_dns64_nat_gateway",
            "module.vpc_dev.module.vpc.aws_route.database_internet_gateway",
            "module.vpc_dev.module.vpc.aws_route.database_ipv6_egress",
            "module.vpc_dev.module.vpc.aws_route.database_nat_gateway",
            "module.vpc_dev.module.vpc.aws_route.private_dns64_nat_gateway",
            "module.vpc_dev.module.vpc.aws_route.private_ipv6_egress",
            "module.vpc_dev.module.vpc.aws_route.private_nat_gateway",
            "module.vpc_dev.module.vpc.aws_route.public_internet_gateway",
            "module.vpc_dev.module.vpc.aws_route.public_internet_gateway_ipv6",
            "module.vpc_dev.module.vpc.aws_route_table.database",
            "module.vpc_dev.module.vpc.aws_route_table.elasticache",
            "module.vpc_dev.module.vpc.aws_route_table.intra",
            "module.vpc_dev.module.vpc.aws_route_table.private",
            "module.vpc_dev.module.vpc.aws_route_table.public",
            "module.vpc_dev.module.vpc.aws_route_table.redshift",
            "module.vpc_dev.module.vpc.aws_route_table_association.database",
            "module.vpc_dev.module.vpc.aws_route_table_association.elasticache",
            "module.vpc_dev.module.vpc.aws_route_table_association.intra",
            "module.vpc_dev.module.vpc.aws_route_table_association.outpost",
            "module.vpc_dev.module.vpc.aws_route_table_association.private",
            "module.vpc_dev.module.vpc.aws_route_table_association.public",
            "module.vpc_dev.module.vpc.aws_route_table_association.redshift",
            "module.vpc_dev.module.vpc.aws_route_table_association.redshift_public",
            "module.vpc_dev.module.vpc.aws_subnet.database",
            "module.vpc_dev.module.vpc.aws_subnet.elasticache",
            "module.vpc_dev.module.vpc.aws_subnet.intra",
            "module.vpc_dev.module.vpc.aws_subnet.outpost",
            "module.vpc_dev.module.vpc.aws_subnet.private",
            "module.vpc_dev.module.vpc.aws_subnet.public",
            "module.vpc_dev.module.vpc.aws_subnet.redshift",
            "module.vpc_dev.module.vpc.aws_vpc.this",
            "module.vpc_dev.module.vpc.aws_vpc_block_public_access_exclusion.this",
            "module.vpc_dev.module.vpc.aws_vpc_block_public_access_options.this",
            "module.vpc_dev.module.vpc.aws_vpc_dhcp_options.this",
            "module.vpc_dev.module.vpc.aws_vpc_dhcp_options_association.this",
            "module.vpc_dev.module.vpc.aws_vpc_ipv4_cidr_block_association.this",
            "module.vpc_dev.module.vpc.aws_vpn_gateway.this",
            "module.vpc_dev.module.vpc.aws_vpn_gateway_attachment.this",
            "module.vpc_dev.module.vpc.aws_vpn_gateway_route_propagation.intra",
            "module.vpc_dev.module.vpc.aws_vpn_gateway_route_propagation.private",
            "module.vpc_dev.module.vpc.aws_vpn_gateway_route_propagation.public",
            "module.vpc_dev.module.vpc.data.aws_caller_identity.current",
            "module.vpc_dev.module.vpc.data.aws_iam_policy_document.flow_log_cloudwatch_assume_role",
            "module.vpc_dev.module.vpc.data.aws_iam_policy_document.vpc_flow_log_cloudwatch",
            "module.vpc_dev.module.vpc.data.aws_partition.current",
            "module.vpc_dev.module.vpc.data.aws_region.current"
          ]
        }
      ]
    },
    {
      "module": "module.eks.module.eks.module.fargate_profile[\"default\"]",
      "mode": "data",
      "type": "aws_iam_policy_document",
      "name": "assume_role_policy",
      "provider": "provider[\"registry.terraform.io/hashicorp/aws\"]",
      "instances": [
        {
          "index_key": 0,
          "schema_version": 0,
          "attributes": {
            "id": "4196242325",
            "json": "{\n  \"Version\": \"2012-10-17\",\n  \"Statement\": [\n    {\n      \"Effect\": \"Allow\",\n      \"Action\": \"sts:AssumeRole\",\n      \"Principal\": {\n        \"Service\": \"eks-fargate-pods.amazonaws.com\"\n      },\n      \"Condition\": {\n        \"ArnLike\": {\n          \"aws:SourceArn\": \"arn:aws:eks:ap-south-1:084766854861:fargateprofile/dev-eks-cluster/*\"\n        }\n      }\n    }\n  ]\n}",
            "minified_json": "{\"Version\":\"2012-10-17\",\"Statement\":[{\"Effect\":\"Allow\",\"Action\":\"sts:AssumeRole\",\"Principal\":{\"Service\":\"eks-fargate-pods.amazonaws.com\"},\"Condition\":{\"ArnLike\":{\"aws:SourceArn\":\"arn:aws:eks:ap-south-1:084766854861:fargateprofile/dev-eks-cluster/*\"}}}]}",
            "override_json": null,
            "override_policy_documents": null,
            "policy_id": null,
            "source_json": null,
            "source_policy_documents": null,
            "statement": [
              {
                "actions": [
                  "sts:AssumeRole"
                ],
                "condition": [
                  {
                    "test": "ArnLike",
                    "values": [
                      "arn:aws:eks:ap-south-1:084766854861:fargateprofile/dev-eks-cluster/*"
                    ],
                    "variable": "aws:SourceArn"
                  }
                ],
                "effect": "Allow",
                "not_actions": [],
                "not_principals": [],
                "not_resources": [],
                "principals": [
                  {
                    "identifiers": [
                      "eks-fargate-pods.amazonaws.com"
                    ],
                    "type": "Service"
                  }
                ],
                "resources": [],
                "sid": ""
              }
            ],
            "version": "2012-10-17"
          },
          "sensitive_attributes": [],
          "identity_schema_version": 0
        }
      ]
    },
    {
      "module": "module.eks.module.eks.module.fargate_profile[\"default\"]",
      "mode": "data",
      "type": "aws_region",
      "name": "current",
      "provider": "provider[\"registry.terraform.io/hashicorp/aws\"]",
      "instances": [
        {
          "index_key": 0,
          "schema_version": 0,
          "attributes": {
            "description": "Asia Pacific (Mumbai)",
            "endpoint": "ec2.ap-south-1.amazonaws.com",
            "id": "ap-south-1",
            "name": "ap-south-1",
            "region": "ap-south-1"
          },
          "sensitive_attributes": [],
          "identity_schema_version": 0
        }
      ]
    },
    {
      "module": "module.eks.module.eks.module.fargate_profile[\"default\"]",
      "mode": "managed",
      "type": "aws_eks_fargate_profile",
      "name": "this",
      "provider": "provider[\"registry.terraform.io/hashicorp/aws\"]",
      "instances": [
        {
          "index_key": 0,
          "schema_version": 0,
          "attributes": {
            "arn": "arn:aws:eks:ap-south-1:084766854861:fargateprofile/dev-eks-cluster/default-fg/d0cfc772-8136-92c2-6f61-e6b869d127f9",
            "cluster_name": "dev-eks-cluster",
            "fargate_profile_name": "default-fg",
            "id": "dev-eks-cluster:default-fg",
            "pod_execution_role_arn": "arn:aws:iam::084766854861:role/default-fg-c935df3d0b490ee340dd4b4b62",
            "region": "ap-south-1",
            "selector": [
              {
                "labels": null,
                "namespace": "default"
              }
            ],
            "status": "ACTIVE",
            "subnet_ids": [
              "subnet-028530416b5b03dd8",
              "subnet-0668a5fc1d0ddf341",
              "subnet-06a06d1e3a71c49ae",
              "subnet-09f6ac08f64cea2df",
              "subnet-0a9fc29c31ec2ae10"
            ],
            "tags": {
              "Environment": "dev",
              "cluster": "dev-eks-cluster"
            },
            "tags_all": {
              "Environment": "dev",
              "cluster": "dev-eks-cluster"
            },
            "timeouts": null
          },
          "sensitive_attributes": [],
          "identity_schema_version": 0,
          "identity": {
            "account_id": "084766854861",
            "cluster_name": "dev-eks-cluster",
            "fargate_profile_name": "default-fg",
            "region": "ap-south-1"
          },
          "private": "eyJlMmJmYjczMC1lY2FhLTExZTYtOGY4OC0zNDM2M2JjN2M0YzAiOnsiY3JlYXRlIjo2MDAwMDAwMDAwMDAsImRlbGV0ZSI6NjAwMDAwMDAwMDAwfX0=",
          "dependencies": [
            "module.eks.module.eks.aws_cloudwatch_log_group.this",
            "module.eks.module.eks.aws_eks_cluster.this",
            "module.eks.module.eks.aws_iam_policy.cni_ipv6_policy",
            "module.eks.module.eks.aws_iam_role.eks_auto",
            "module.eks.module.eks.aws_iam_role.this",
            "module.eks.module.eks.aws_iam_role_policy_attachment.this",
            "module.eks.module.eks.aws_security_group.cluster",
            "module.eks.module.eks.aws_security_group.node",
            "module.eks.module.eks.aws_security_group_rule.cluster",
            "module.eks.module.eks.aws_security_group_rule.node",
            "module.eks.module.eks.data.aws_caller_identity.current",
            "module.eks.module.eks.data.aws_iam_policy_document.assume_role_policy",
            "module.eks.module.eks.data.aws_iam_policy_document.cni_ipv6_policy",
            "module.eks.module.eks.data.aws_iam_policy_document.node_assume_role_policy",
            "module.eks.module.eks.data.aws_iam_session_context.current",
            "module.eks.module.eks.data.aws_partition.current",
            "module.eks.module.eks.module.fargate_profile.aws_iam_role.this",
            "module.eks.module.eks.module.fargate_profile.data.aws_caller_identity.current",
            "module.eks.module.eks.module.fargate_profile.data.aws_iam_policy_document.assume_role_policy",
            "module.eks.module.eks.module.fargate_profile.data.aws_partition.current",
            "module.eks.module.eks.module.fargate_profile.data.aws_region.current",
            "module.eks.module.eks.module.kms.aws_kms_external_key.this",
            "module.eks.module.eks.module.kms.aws_kms_key.this",
            "module.eks.module.eks.module.kms.aws_kms_replica_external_key.this",
            "module.eks.module.eks.module.kms.aws_kms_replica_key.this",
            "module.eks.module.eks.module.kms.data.aws_caller_identity.current",
            "module.eks.module.eks.module.kms.data.aws_iam_policy_document.this",
            "module.eks.module.eks.module.kms.data.aws_partition.current",
            "module.eks.module.eks.time_sleep.this",
            "module.vpc_dev.data.aws_availability_zones.available",
            "module.vpc_dev.module.vpc.aws_cloudwatch_log_group.flow_log",
            "module.vpc_dev.module.vpc.aws_customer_gateway.this",
            "module.vpc_dev.module.vpc.aws_db_subnet_group.database",
            "module.vpc_dev.module.vpc.aws_default_network_acl.this",
            "module.vpc_dev.module.vpc.aws_default_route_table.default",
            "module.vpc_dev.module.vpc.aws_default_security_group.this",
            "module.vpc_dev.module.vpc.aws_default_vpc.this",
            "module.vpc_dev.module.vpc.aws_egress_only_internet_gateway.this",
            "module.vpc_dev.module.vpc.aws_eip.nat",
            "module.vpc_dev.module.vpc.aws_elasticache_subnet_group.elasticache",
            "module.vpc_dev.module.vpc.aws_flow_log.this",
            "module.vpc_dev.module.vpc.aws_iam_policy.vpc_flow_log_cloudwatch",
            "module.vpc_dev.module.vpc.aws_iam_role.vpc_flow_log_cloudwatch",
            "module.vpc_dev.module.vpc.aws_iam_role_policy_attachment.vpc_flow_log_cloudwatch",
            "module.vpc_dev.module.vpc.aws_internet_gateway.this",
            "module.vpc_dev.module.vpc.aws_nat_gateway.this",
            "module.vpc_dev.module.vpc.aws_network_acl.database",
            "module.vpc_dev.module.vpc.aws_network_acl.elasticache",
            "module.vpc_dev.module.vpc.aws_network_acl.intra",
            "module.vpc_dev.module.vpc.aws_network_acl.outpost",
            "module.vpc_dev.module.vpc.aws_network_acl.private",
            "module.vpc_dev.module.vpc.aws_network_acl.public",
            "module.vpc_dev.module.vpc.aws_network_acl.redshift",
            "module.vpc_dev.module.vpc.aws_network_acl_rule.database_inbound",
            "module.vpc_dev.module.vpc.aws_network_acl_rule.database_outbound",
            "module.vpc_dev.module.vpc.aws_network_acl_rule.elasticache_inbound",
            "module.vpc_dev.module.vpc.aws_network_acl_rule.elasticache_outbound",
            "module.vpc_dev.module.vpc.aws_network_acl_rule.intra_inbound",
            "module.vpc_dev.module.vpc.aws_network_acl_rule.intra_outbound",
            "module.vpc_dev.module.vpc.aws_network_acl_rule.outpost_inbound",
            "module.vpc_dev.module.vpc.aws_network_acl_rule.outpost_outbound",
            "module.vpc_dev.module.vpc.aws_network_acl_rule.private_inbound",
            "module.vpc_dev.module.vpc.aws_network_acl_rule.private_outbound",
            "module.vpc_dev.module.vpc.aws_network_acl_rule.public_inbound",
            "module.vpc_dev.module.vpc.aws_network_acl_rule.public_outbound",
            "module.vpc_dev.module.vpc.aws_network_acl_rule.redshift_inbound",
            "module.vpc_dev.module.vpc.aws_network_acl_rule.redshift_outbound",
            "module.vpc_dev.module.vpc.aws_redshift_subnet_group.redshift",
            "module.vpc_dev.module.vpc.aws_route.database_dns64_nat_gateway",
            "module.vpc_dev.module.vpc.aws_route.database_internet_gateway",
            "module.vpc_dev.module.vpc.aws_route.database_ipv6_egress",
            "module.vpc_dev.module.vpc.aws_route.database_nat_gateway",
            "module.vpc_dev.module.vpc.aws_route.private_dns64_nat_gateway",
            "module.vpc_dev.module.vpc.aws_route.private_ipv6_egress",
            "module.vpc_dev.module.vpc.aws_route.private_nat_gateway",
            "module.vpc_dev.module.vpc.aws_route.public_internet_gateway",
            "module.vpc_dev.module.vpc.aws_route.public_internet_gateway_ipv6",
            "module.vpc_dev.module.vpc.aws_route_table.database",
            "module.vpc_dev.module.vpc.aws_route_table.elasticache",
            "module.vpc_dev.module.vpc.aws_route_table.intra",
            "module.vpc_dev.module.vpc.aws_route_table.private",
            "module.vpc_dev.module.vpc.aws_route_table.public",
            "module.vpc_dev.module.vpc.aws_route_table.redshift",
            "module.vpc_dev.module.vpc.aws_route_table_association.database",
            "module.vpc_dev.module.vpc.aws_route_table_association.elasticache",
            "module.vpc_dev.module.vpc.aws_route_table_association.intra",
            "module.vpc_dev.module.vpc.aws_route_table_association.outpost",
            "module.vpc_dev.module.vpc.aws_route_table_association.private",
            "module.vpc_dev.module.vpc.aws_route_table_association.public",
            "module.vpc_dev.module.vpc.aws_route_table_association.redshift",
            "module.vpc_dev.module.vpc.aws_route_table_association.redshift_public",
            "module.vpc_dev.module.vpc.aws_subnet.database",
            "module.vpc_dev.module.vpc.aws_subnet.elasticache",
            "module.vpc_dev.module.vpc.aws_subnet.intra",
            "module.vpc_dev.module.vpc.aws_subnet.outpost",
            "module.vpc_dev.module.vpc.aws_subnet.private",
            "module.vpc_dev.module.vpc.aws_subnet.public",
            "module.vpc_dev.module.vpc.aws_subnet.redshift",
            "module.vpc_dev.module.vpc.aws_vpc.this",
            "module.vpc_dev.module.vpc.aws_vpc_block_public_access_exclusion.this",
            "module.vpc_dev.module.vpc.aws_vpc_block_public_access_options.this",
            "module.vpc_dev.module.vpc.aws_vpc_dhcp_options.this",
            "module.vpc_dev.module.vpc.aws_vpc_dhcp_options_association.this",
            "module.vpc_dev.module.vpc.aws_vpc_ipv4_cidr_block_association.this",
            "module.vpc_dev.module.vpc.aws_vpn_gateway.this",
            "module.vpc_dev.module.vpc.aws_vpn_gateway_attachment.this",
            "module.vpc_dev.module.vpc.aws_vpn_gateway_route_propagation.intra",
            "module.vpc_dev.module.vpc.aws_vpn_gateway_route_propagation.private",
            "module.vpc_dev.module.vpc.aws_vpn_gateway_route_propagation.public",
            "module.vpc_dev.module.vpc.data.aws_caller_identity.current",
            "module.vpc_dev.module.vpc.data.aws_iam_policy_document.flow_log_cloudwatch_assume_role",
            "module.vpc_dev.module.vpc.data.aws_iam_policy_document.vpc_flow_log_cloudwatch",
            "module.vpc_dev.module.vpc.data.aws_partition.current",
            "module.vpc_dev.module.vpc.data.aws_region.current"
          ]
        }
      ]
    },
    {
      "module": "module.eks.module.eks.module.fargate_profile[\"default\"]",
      "mode": "managed",
      "type": "aws_iam_role",
      "name": "this",
      "provider": "provider[\"registry.terraform.io/hashicorp/aws\"]",
      "instances": [
        {
          "index_key": 0,
          "schema_version": 0,
          "attributes": {
            "arn": "arn:aws:iam::084766854861:role/default-fg-c935df3d0b490ee340dd4b4b62",
            "assume_role_policy": "{\"Statement\":[{\"Action\":\"sts:AssumeRole\",\"Condition\":{\"ArnLike\":{\"aws:SourceArn\":\"arn:aws:eks:ap-south-1:084766854861:fargateprofile/dev-eks-cluster/*\"}},\"Effect\":\"Allow\",\"Principal\":{\"Service\":\"eks-fargate-pods.amazonaws.com\"}}],\"Version\":\"2012-10-17\"}",
            "create_date": "2026-07-23T12:13:13Z",
            "description": "Fargate profile IAM role",
            "force_detach_policies": true,
            "id": "default-fg-c935df3d0b490ee340dd4b4b62",
            "inline_policy": [],
            "managed_policy_arns": [],
            "max_session_duration": 3600,
            "name": "default-fg-c935df3d0b490ee340dd4b4b62",
            "name_prefix": "default-fg-",
            "path": "/",
            "permissions_boundary": "",
            "tags": {
              "Environment": "dev",
              "cluster": "dev-eks-cluster"
            },
            "tags_all": {
              "Environment": "dev",
              "cluster": "dev-eks-cluster"
            },
            "unique_id": "AROARHPD7R3G3KXT6NASD"
          },
          "sensitive_attributes": [],
          "identity_schema_version": 0,
          "identity": {
            "account_id": "084766854861",
            "name": "default-fg-c935df3d0b490ee340dd4b4b62"
          },
          "private": "bnVsbA==",
          "dependencies": [
            "module.eks.module.eks.aws_cloudwatch_log_group.this",
            "module.eks.module.eks.aws_eks_cluster.this",
            "module.eks.module.eks.aws_iam_policy.cni_ipv6_policy",
            "module.eks.module.eks.aws_iam_role.eks_auto",
            "module.eks.module.eks.aws_iam_role.this",
            "module.eks.module.eks.aws_iam_role_policy_attachment.this",
            "module.eks.module.eks.aws_security_group.cluster",
            "module.eks.module.eks.aws_security_group.node",
            "module.eks.module.eks.aws_security_group_rule.cluster",
            "module.eks.module.eks.aws_security_group_rule.node",
            "module.eks.module.eks.data.aws_caller_identity.current",
            "module.eks.module.eks.data.aws_iam_policy_document.assume_role_policy",
            "module.eks.module.eks.data.aws_iam_policy_document.cni_ipv6_policy",
            "module.eks.module.eks.data.aws_iam_policy_document.node_assume_role_policy",
            "module.eks.module.eks.data.aws_iam_session_context.current",
            "module.eks.module.eks.data.aws_partition.current",
            "module.eks.module.eks.module.fargate_profile.data.aws_caller_identity.current",
            "module.eks.module.eks.module.fargate_profile.data.aws_iam_policy_document.assume_role_policy",
            "module.eks.module.eks.module.fargate_profile.data.aws_partition.current",
            "module.eks.module.eks.module.fargate_profile.data.aws_region.current",
            "module.eks.module.eks.module.kms.aws_kms_external_key.this",
            "module.eks.module.eks.module.kms.aws_kms_key.this",
            "module.eks.module.eks.module.kms.aws_kms_replica_external_key.this",
            "module.eks.module.eks.module.kms.aws_kms_replica_key.this",
            "module.eks.module.eks.module.kms.data.aws_caller_identity.current",
            "module.eks.module.eks.module.kms.data.aws_iam_policy_document.this",
            "module.eks.module.eks.module.kms.data.aws_partition.current",
            "module.eks.module.eks.time_sleep.this",
            "module.vpc_dev.data.aws_availability_zones.available",
            "module.vpc_dev.module.vpc.aws_cloudwatch_log_group.flow_log",
            "module.vpc_dev.module.vpc.aws_customer_gateway.this",
            "module.vpc_dev.module.vpc.aws_db_subnet_group.database",
            "module.vpc_dev.module.vpc.aws_default_network_acl.this",
            "module.vpc_dev.module.vpc.aws_default_route_table.default",
            "module.vpc_dev.module.vpc.aws_default_security_group.this",
            "module.vpc_dev.module.vpc.aws_default_vpc.this",
            "module.vpc_dev.module.vpc.aws_egress_only_internet_gateway.this",
            "module.vpc_dev.module.vpc.aws_eip.nat",
            "module.vpc_dev.module.vpc.aws_elasticache_subnet_group.elasticache",
            "module.vpc_dev.module.vpc.aws_flow_log.this",
            "module.vpc_dev.module.vpc.aws_iam_policy.vpc_flow_log_cloudwatch",
            "module.vpc_dev.module.vpc.aws_iam_role.vpc_flow_log_cloudwatch",
            "module.vpc_dev.module.vpc.aws_iam_role_policy_attachment.vpc_flow_log_cloudwatch",
            "module.vpc_dev.module.vpc.aws_internet_gateway.this",
            "module.vpc_dev.module.vpc.aws_nat_gateway.this",
            "module.vpc_dev.module.vpc.aws_network_acl.database",
            "module.vpc_dev.module.vpc.aws_network_acl.elasticache",
            "module.vpc_dev.module.vpc.aws_network_acl.intra",
            "module.vpc_dev.module.vpc.aws_network_acl.outpost",
            "module.vpc_dev.module.vpc.aws_network_acl.private",
            "module.vpc_dev.module.vpc.aws_network_acl.public",
            "module.vpc_dev.module.vpc.aws_network_acl.redshift",
            "module.vpc_dev.module.vpc.aws_network_acl_rule.database_inbound",
            "module.vpc_dev.module.vpc.aws_network_acl_rule.database_outbound",
            "module.vpc_dev.module.vpc.aws_network_acl_rule.elasticache_inbound",
            "module.vpc_dev.module.vpc.aws_network_acl_rule.elasticache_outbound",
            "module.vpc_dev.module.vpc.aws_network_acl_rule.intra_inbound",
            "module.vpc_dev.module.vpc.aws_network_acl_rule.intra_outbound",
            "module.vpc_dev.module.vpc.aws_network_acl_rule.outpost_inbound",
            "module.vpc_dev.module.vpc.aws_network_acl_rule.outpost_outbound",
            "module.vpc_dev.module.vpc.aws_network_acl_rule.private_inbound",
            "module.vpc_dev.module.vpc.aws_network_acl_rule.private_outbound",
            "module.vpc_dev.module.vpc.aws_network_acl_rule.public_inbound",
            "module.vpc_dev.module.vpc.aws_network_acl_rule.public_outbound",
            "module.vpc_dev.module.vpc.aws_network_acl_rule.redshift_inbound",
            "module.vpc_dev.module.vpc.aws_network_acl_rule.redshift_outbound",
            "module.vpc_dev.module.vpc.aws_redshift_subnet_group.redshift",
            "module.vpc_dev.module.vpc.aws_route.database_dns64_nat_gateway",
            "module.vpc_dev.module.vpc.aws_route.database_internet_gateway",
            "module.vpc_dev.module.vpc.aws_route.database_ipv6_egress",
            "module.vpc_dev.module.vpc.aws_route.database_nat_gateway",
            "module.vpc_dev.module.vpc.aws_route.private_dns64_nat_gateway",
            "module.vpc_dev.module.vpc.aws_route.private_ipv6_egress",
            "module.vpc_dev.module.vpc.aws_route.private_nat_gateway",
            "module.vpc_dev.module.vpc.aws_route.public_internet_gateway",
            "module.vpc_dev.module.vpc.aws_route.public_internet_gateway_ipv6",
            "module.vpc_dev.module.vpc.aws_route_table.database",
            "module.vpc_dev.module.vpc.aws_route_table.elasticache",
            "module.vpc_dev.module.vpc.aws_route_table.intra",
            "module.vpc_dev.module.vpc.aws_route_table.private",
            "module.vpc_dev.module.vpc.aws_route_table.public",
            "module.vpc_dev.module.vpc.aws_route_table.redshift",
            "module.vpc_dev.module.vpc.aws_route_table_association.database",
            "module.vpc_dev.module.vpc.aws_route_table_association.elasticache",
            "module.vpc_dev.module.vpc.aws_route_table_association.intra",
            "module.vpc_dev.module.vpc.aws_route_table_association.outpost",
            "module.vpc_dev.module.vpc.aws_route_table_association.private",
            "module.vpc_dev.module.vpc.aws_route_table_association.public",
            "module.vpc_dev.module.vpc.aws_route_table_association.redshift",
            "module.vpc_dev.module.vpc.aws_route_table_association.redshift_public",
            "module.vpc_dev.module.vpc.aws_subnet.database",
            "module.vpc_dev.module.vpc.aws_subnet.elasticache",
            "module.vpc_dev.module.vpc.aws_subnet.intra",
            "module.vpc_dev.module.vpc.aws_subnet.outpost",
            "module.vpc_dev.module.vpc.aws_subnet.private",
            "module.vpc_dev.module.vpc.aws_subnet.public",
            "module.vpc_dev.module.vpc.aws_subnet.redshift",
            "module.vpc_dev.module.vpc.aws_vpc.this",
            "module.vpc_dev.module.vpc.aws_vpc_block_public_access_exclusion.this",
            "module.vpc_dev.module.vpc.aws_vpc_block_public_access_options.this",
            "module.vpc_dev.module.vpc.aws_vpc_dhcp_options.this",
            "module.vpc_dev.module.vpc.aws_vpc_dhcp_options_association.this",
            "module.vpc_dev.module.vpc.aws_vpc_ipv4_cidr_block_association.this",
            "module.vpc_dev.module.vpc.aws_vpn_gateway.this",
            "module.vpc_dev.module.vpc.aws_vpn_gateway_attachment.this",
            "module.vpc_dev.module.vpc.aws_vpn_gateway_route_propagation.intra",
            "module.vpc_dev.module.vpc.aws_vpn_gateway_route_propagation.private",
            "module.vpc_dev.module.vpc.aws_vpn_gateway_route_propagation.public",
            "module.vpc_dev.module.vpc.data.aws_caller_identity.current",
            "module.vpc_dev.module.vpc.data.aws_iam_policy_document.flow_log_cloudwatch_assume_role",
            "module.vpc_dev.module.vpc.data.aws_iam_policy_document.vpc_flow_log_cloudwatch",
            "module.vpc_dev.module.vpc.data.aws_partition.current",
            "module.vpc_dev.module.vpc.data.aws_region.current"
          ]
        }
      ]
    },
    {
      "module": "module.eks.module.eks.module.fargate_profile[\"default\"]",
      "mode": "managed",
      "type": "aws_iam_role_policy_attachment",
      "name": "this",
      "provider": "provider[\"registry.terraform.io/hashicorp/aws\"]",
      "instances": [
        {
          "index_key": "AmazonEKSFargatePodExecutionRolePolicy",
          "schema_version": 0,
          "attributes": {
            "id": "default-fg-c935df3d0b490ee340dd4b4b62/arn:aws:iam::aws:policy/AmazonEKSFargatePodExecutionRolePolicy",
            "policy_arn": "arn:aws:iam::aws:policy/AmazonEKSFargatePodExecutionRolePolicy",
            "role": "default-fg-c935df3d0b490ee340dd4b4b62"
          },
          "sensitive_attributes": [],
          "identity_schema_version": 0,
          "identity": {
            "account_id": "084766854861",
            "policy_arn": "arn:aws:iam::aws:policy/AmazonEKSFargatePodExecutionRolePolicy",
            "role": "default-fg-c935df3d0b490ee340dd4b4b62"
          },
          "private": "bnVsbA==",
          "dependencies": [
            "module.eks.module.eks.aws_cloudwatch_log_group.this",
            "module.eks.module.eks.aws_eks_cluster.this",
            "module.eks.module.eks.aws_iam_policy.cni_ipv6_policy",
            "module.eks.module.eks.aws_iam_role.eks_auto",
            "module.eks.module.eks.aws_iam_role.this",
            "module.eks.module.eks.aws_iam_role_policy_attachment.this",
            "module.eks.module.eks.aws_security_group.cluster",
            "module.eks.module.eks.aws_security_group.node",
            "module.eks.module.eks.aws_security_group_rule.cluster",
            "module.eks.module.eks.aws_security_group_rule.node",
            "module.eks.module.eks.data.aws_caller_identity.current",
            "module.eks.module.eks.data.aws_iam_policy_document.assume_role_policy",
            "module.eks.module.eks.data.aws_iam_policy_document.cni_ipv6_policy",
            "module.eks.module.eks.data.aws_iam_policy_document.node_assume_role_policy",
            "module.eks.module.eks.data.aws_iam_session_context.current",
            "module.eks.module.eks.data.aws_partition.current",
            "module.eks.module.eks.module.fargate_profile.aws_iam_role.this",
            "module.eks.module.eks.module.fargate_profile.data.aws_caller_identity.current",
            "module.eks.module.eks.module.fargate_profile.data.aws_iam_policy_document.assume_role_policy",
            "module.eks.module.eks.module.fargate_profile.data.aws_partition.current",
            "module.eks.module.eks.module.fargate_profile.data.aws_region.current",
            "module.eks.module.eks.module.kms.aws_kms_external_key.this",
            "module.eks.module.eks.module.kms.aws_kms_key.this",
            "module.eks.module.eks.module.kms.aws_kms_replica_external_key.this",
            "module.eks.module.eks.module.kms.aws_kms_replica_key.this",
            "module.eks.module.eks.module.kms.data.aws_caller_identity.current",
            "module.eks.module.eks.module.kms.data.aws_iam_policy_document.this",
            "module.eks.module.eks.module.kms.data.aws_partition.current",
            "module.eks.module.eks.time_sleep.this",
            "module.vpc_dev.data.aws_availability_zones.available",
            "module.vpc_dev.module.vpc.aws_cloudwatch_log_group.flow_log",
            "module.vpc_dev.module.vpc.aws_customer_gateway.this",
            "module.vpc_dev.module.vpc.aws_db_subnet_group.database",
            "module.vpc_dev.module.vpc.aws_default_network_acl.this",
            "module.vpc_dev.module.vpc.aws_default_route_table.default",
            "module.vpc_dev.module.vpc.aws_default_security_group.this",
            "module.vpc_dev.module.vpc.aws_default_vpc.this",
            "module.vpc_dev.module.vpc.aws_egress_only_internet_gateway.this",
            "module.vpc_dev.module.vpc.aws_eip.nat",
            "module.vpc_dev.module.vpc.aws_elasticache_subnet_group.elasticache",
            "module.vpc_dev.module.vpc.aws_flow_log.this",
            "module.vpc_dev.module.vpc.aws_iam_policy.vpc_flow_log_cloudwatch",
            "module.vpc_dev.module.vpc.aws_iam_role.vpc_flow_log_cloudwatch",
            "module.vpc_dev.module.vpc.aws_iam_role_policy_attachment.vpc_flow_log_cloudwatch",
            "module.vpc_dev.module.vpc.aws_internet_gateway.this",
            "module.vpc_dev.module.vpc.aws_nat_gateway.this",
            "module.vpc_dev.module.vpc.aws_network_acl.database",
            "module.vpc_dev.module.vpc.aws_network_acl.elasticache",
            "module.vpc_dev.module.vpc.aws_network_acl.intra",
            "module.vpc_dev.module.vpc.aws_network_acl.outpost",
            "module.vpc_dev.module.vpc.aws_network_acl.private",
            "module.vpc_dev.module.vpc.aws_network_acl.public",
            "module.vpc_dev.module.vpc.aws_network_acl.redshift",
            "module.vpc_dev.module.vpc.aws_network_acl_rule.database_inbound",
            "module.vpc_dev.module.vpc.aws_network_acl_rule.database_outbound",
            "module.vpc_dev.module.vpc.aws_network_acl_rule.elasticache_inbound",
            "module.vpc_dev.module.vpc.aws_network_acl_rule.elasticache_outbound",
            "module.vpc_dev.module.vpc.aws_network_acl_rule.intra_inbound",
            "module.vpc_dev.module.vpc.aws_network_acl_rule.intra_outbound",
            "module.vpc_dev.module.vpc.aws_network_acl_rule.outpost_inbound",
            "module.vpc_dev.module.vpc.aws_network_acl_rule.outpost_outbound",
            "module.vpc_dev.module.vpc.aws_network_acl_rule.private_inbound",
            "module.vpc_dev.module.vpc.aws_network_acl_rule.private_outbound",
            "module.vpc_dev.module.vpc.aws_network_acl_rule.public_inbound",
            "module.vpc_dev.module.vpc.aws_network_acl_rule.public_outbound",
            "module.vpc_dev.module.vpc.aws_network_acl_rule.redshift_inbound",
            "module.vpc_dev.module.vpc.aws_network_acl_rule.redshift_outbound",
            "module.vpc_dev.module.vpc.aws_redshift_subnet_group.redshift",
            "module.vpc_dev.module.vpc.aws_route.database_dns64_nat_gateway",
            "module.vpc_dev.module.vpc.aws_route.database_internet_gateway",
            "module.vpc_dev.module.vpc.aws_route.database_ipv6_egress",
            "module.vpc_dev.module.vpc.aws_route.database_nat_gateway",
            "module.vpc_dev.module.vpc.aws_route.private_dns64_nat_gateway",
            "module.vpc_dev.module.vpc.aws_route.private_ipv6_egress",
            "module.vpc_dev.module.vpc.aws_route.private_nat_gateway",
            "module.vpc_dev.module.vpc.aws_route.public_internet_gateway",
            "module.vpc_dev.module.vpc.aws_route.public_internet_gateway_ipv6",
            "module.vpc_dev.module.vpc.aws_route_table.database",
            "module.vpc_dev.module.vpc.aws_route_table.elasticache",
            "module.vpc_dev.module.vpc.aws_route_table.intra",
            "module.vpc_dev.module.vpc.aws_route_table.private",
            "module.vpc_dev.module.vpc.aws_route_table.public",
            "module.vpc_dev.module.vpc.aws_route_table.redshift",
            "module.vpc_dev.module.vpc.aws_route_table_association.database",
            "module.vpc_dev.module.vpc.aws_route_table_association.elasticache",
            "module.vpc_dev.module.vpc.aws_route_table_association.intra",
            "module.vpc_dev.module.vpc.aws_route_table_association.outpost",
            "module.vpc_dev.module.vpc.aws_route_table_association.private",
            "module.vpc_dev.module.vpc.aws_route_table_association.public",
            "module.vpc_dev.module.vpc.aws_route_table_association.redshift",
            "module.vpc_dev.module.vpc.aws_route_table_association.redshift_public",
            "module.vpc_dev.module.vpc.aws_subnet.database",
            "module.vpc_dev.module.vpc.aws_subnet.elasticache",
            "module.vpc_dev.module.vpc.aws_subnet.intra",
            "module.vpc_dev.module.vpc.aws_subnet.outpost",
            "module.vpc_dev.module.vpc.aws_subnet.private",
            "module.vpc_dev.module.vpc.aws_subnet.public",
            "module.vpc_dev.module.vpc.aws_subnet.redshift",
            "module.vpc_dev.module.vpc.aws_vpc.this",
            "module.vpc_dev.module.vpc.aws_vpc_block_public_access_exclusion.this",
            "module.vpc_dev.module.vpc.aws_vpc_block_public_access_options.this",
            "module.vpc_dev.module.vpc.aws_vpc_dhcp_options.this",
            "module.vpc_dev.module.vpc.aws_vpc_dhcp_options_association.this",
            "module.vpc_dev.module.vpc.aws_vpc_ipv4_cidr_block_association.this",
            "module.vpc_dev.module.vpc.aws_vpn_gateway.this",
            "module.vpc_dev.module.vpc.aws_vpn_gateway_attachment.this",
            "module.vpc_dev.module.vpc.aws_vpn_gateway_route_propagation.intra",
            "module.vpc_dev.module.vpc.aws_vpn_gateway_route_propagation.private",
            "module.vpc_dev.module.vpc.aws_vpn_gateway_route_propagation.public",
            "module.vpc_dev.module.vpc.data.aws_caller_identity.current",
            "module.vpc_dev.module.vpc.data.aws_iam_policy_document.flow_log_cloudwatch_assume_role",
            "module.vpc_dev.module.vpc.data.aws_iam_policy_document.vpc_flow_log_cloudwatch",
            "module.vpc_dev.module.vpc.data.aws_partition.current",
            "module.vpc_dev.module.vpc.data.aws_region.current"
          ]
        },
        {
          "index_key": "AmazonEKS_CNI_Policy",
          "schema_version": 0,
          "attributes": {
            "id": "default-fg-c935df3d0b490ee340dd4b4b62/arn:aws:iam::aws:policy/AmazonEKS_CNI_Policy",
            "policy_arn": "arn:aws:iam::aws:policy/AmazonEKS_CNI_Policy",
            "role": "default-fg-c935df3d0b490ee340dd4b4b62"
          },
          "sensitive_attributes": [],
          "identity_schema_version": 0,
          "identity": {
            "account_id": "084766854861",
            "policy_arn": "arn:aws:iam::aws:policy/AmazonEKS_CNI_Policy",
            "role": "default-fg-c935df3d0b490ee340dd4b4b62"
          },
          "private": "bnVsbA==",
          "dependencies": [
            "module.eks.module.eks.aws_cloudwatch_log_group.this",
            "module.eks.module.eks.aws_eks_cluster.this",
            "module.eks.module.eks.aws_iam_policy.cni_ipv6_policy",
            "module.eks.module.eks.aws_iam_role.eks_auto",
            "module.eks.module.eks.aws_iam_role.this",
            "module.eks.module.eks.aws_iam_role_policy_attachment.this",
            "module.eks.module.eks.aws_security_group.cluster",
            "module.eks.module.eks.aws_security_group.node",
            "module.eks.module.eks.aws_security_group_rule.cluster",
            "module.eks.module.eks.aws_security_group_rule.node",
            "module.eks.module.eks.data.aws_caller_identity.current",
            "module.eks.module.eks.data.aws_iam_policy_document.assume_role_policy",
            "module.eks.module.eks.data.aws_iam_policy_document.cni_ipv6_policy",
            "module.eks.module.eks.data.aws_iam_policy_document.node_assume_role_policy",
            "module.eks.module.eks.data.aws_iam_session_context.current",
            "module.eks.module.eks.data.aws_partition.current",
            "module.eks.module.eks.module.fargate_profile.aws_iam_role.this",
            "module.eks.module.eks.module.fargate_profile.data.aws_caller_identity.current",
            "module.eks.module.eks.module.fargate_profile.data.aws_iam_policy_document.assume_role_policy",
            "module.eks.module.eks.module.fargate_profile.data.aws_partition.current",
            "module.eks.module.eks.module.fargate_profile.data.aws_region.current",
            "module.eks.module.eks.module.kms.aws_kms_external_key.this",
            "module.eks.module.eks.module.kms.aws_kms_key.this",
            "module.eks.module.eks.module.kms.aws_kms_replica_external_key.this",
            "module.eks.module.eks.module.kms.aws_kms_replica_key.this",
            "module.eks.module.eks.module.kms.data.aws_caller_identity.current",
            "module.eks.module.eks.module.kms.data.aws_iam_policy_document.this",
            "module.eks.module.eks.module.kms.data.aws_partition.current",
            "module.eks.module.eks.time_sleep.this",
            "module.vpc_dev.data.aws_availability_zones.available",
            "module.vpc_dev.module.vpc.aws_cloudwatch_log_group.flow_log",
            "module.vpc_dev.module.vpc.aws_customer_gateway.this",
            "module.vpc_dev.module.vpc.aws_db_subnet_group.database",
            "module.vpc_dev.module.vpc.aws_default_network_acl.this",
            "module.vpc_dev.module.vpc.aws_default_route_table.default",
            "module.vpc_dev.module.vpc.aws_default_security_group.this",
            "module.vpc_dev.module.vpc.aws_default_vpc.this",
            "module.vpc_dev.module.vpc.aws_egress_only_internet_gateway.this",
            "module.vpc_dev.module.vpc.aws_eip.nat",
            "module.vpc_dev.module.vpc.aws_elasticache_subnet_group.elasticache",
            "module.vpc_dev.module.vpc.aws_flow_log.this",
            "module.vpc_dev.module.vpc.aws_iam_policy.vpc_flow_log_cloudwatch",
            "module.vpc_dev.module.vpc.aws_iam_role.vpc_flow_log_cloudwatch",
            "module.vpc_dev.module.vpc.aws_iam_role_policy_attachment.vpc_flow_log_cloudwatch",
            "module.vpc_dev.module.vpc.aws_internet_gateway.this",
            "module.vpc_dev.module.vpc.aws_nat_gateway.this",
            "module.vpc_dev.module.vpc.aws_network_acl.database",
            "module.vpc_dev.module.vpc.aws_network_acl.elasticache",
            "module.vpc_dev.module.vpc.aws_network_acl.intra",
            "module.vpc_dev.module.vpc.aws_network_acl.outpost",
            "module.vpc_dev.module.vpc.aws_network_acl.private",
            "module.vpc_dev.module.vpc.aws_network_acl.public",
            "module.vpc_dev.module.vpc.aws_network_acl.redshift",
            "module.vpc_dev.module.vpc.aws_network_acl_rule.database_inbound",
            "module.vpc_dev.module.vpc.aws_network_acl_rule.database_outbound",
            "module.vpc_dev.module.vpc.aws_network_acl_rule.elasticache_inbound",
            "module.vpc_dev.module.vpc.aws_network_acl_rule.elasticache_outbound",
            "module.vpc_dev.module.vpc.aws_network_acl_rule.intra_inbound",
            "module.vpc_dev.module.vpc.aws_network_acl_rule.intra_outbound",
            "module.vpc_dev.module.vpc.aws_network_acl_rule.outpost_inbound",
            "module.vpc_dev.module.vpc.aws_network_acl_rule.outpost_outbound",
            "module.vpc_dev.module.vpc.aws_network_acl_rule.private_inbound",
            "module.vpc_dev.module.vpc.aws_network_acl_rule.private_outbound",
            "module.vpc_dev.module.vpc.aws_network_acl_rule.public_inbound",
            "module.vpc_dev.module.vpc.aws_network_acl_rule.public_outbound",
            "module.vpc_dev.module.vpc.aws_network_acl_rule.redshift_inbound",
            "module.vpc_dev.module.vpc.aws_network_acl_rule.redshift_outbound",
            "module.vpc_dev.module.vpc.aws_redshift_subnet_group.redshift",
            "module.vpc_dev.module.vpc.aws_route.database_dns64_nat_gateway",
            "module.vpc_dev.module.vpc.aws_route.database_internet_gateway",
            "module.vpc_dev.module.vpc.aws_route.database_ipv6_egress",
            "module.vpc_dev.module.vpc.aws_route.database_nat_gateway",
            "module.vpc_dev.module.vpc.aws_route.private_dns64_nat_gateway",
            "module.vpc_dev.module.vpc.aws_route.private_ipv6_egress",
            "module.vpc_dev.module.vpc.aws_route.private_nat_gateway",
            "module.vpc_dev.module.vpc.aws_route.public_internet_gateway",
            "module.vpc_dev.module.vpc.aws_route.public_internet_gateway_ipv6",
            "module.vpc_dev.module.vpc.aws_route_table.database",
            "module.vpc_dev.module.vpc.aws_route_table.elasticache",
            "module.vpc_dev.module.vpc.aws_route_table.intra",
            "module.vpc_dev.module.vpc.aws_route_table.private",
            "module.vpc_dev.module.vpc.aws_route_table.public",
            "module.vpc_dev.module.vpc.aws_route_table.redshift",
            "module.vpc_dev.module.vpc.aws_route_table_association.database",
            "module.vpc_dev.module.vpc.aws_route_table_association.elasticache",
            "module.vpc_dev.module.vpc.aws_route_table_association.intra",
            "module.vpc_dev.module.vpc.aws_route_table_association.outpost",
            "module.vpc_dev.module.vpc.aws_route_table_association.private",
            "module.vpc_dev.module.vpc.aws_route_table_association.public",
            "module.vpc_dev.module.vpc.aws_route_table_association.redshift",
            "module.vpc_dev.module.vpc.aws_route_table_association.redshift_public",
            "module.vpc_dev.module.vpc.aws_subnet.database",
            "module.vpc_dev.module.vpc.aws_subnet.elasticache",
            "module.vpc_dev.module.vpc.aws_subnet.intra",
            "module.vpc_dev.module.vpc.aws_subnet.outpost",
            "module.vpc_dev.module.vpc.aws_subnet.private",
            "module.vpc_dev.module.vpc.aws_subnet.public",
            "module.vpc_dev.module.vpc.aws_subnet.redshift",
            "module.vpc_dev.module.vpc.aws_vpc.this",
            "module.vpc_dev.module.vpc.aws_vpc_block_public_access_exclusion.this",
            "module.vpc_dev.module.vpc.aws_vpc_block_public_access_options.this",
            "module.vpc_dev.module.vpc.aws_vpc_dhcp_options.this",
            "module.vpc_dev.module.vpc.aws_vpc_dhcp_options_association.this",
            "module.vpc_dev.module.vpc.aws_vpc_ipv4_cidr_block_association.this",
            "module.vpc_dev.module.vpc.aws_vpn_gateway.this",
            "module.vpc_dev.module.vpc.aws_vpn_gateway_attachment.this",
            "module.vpc_dev.module.vpc.aws_vpn_gateway_route_propagation.intra",
            "module.vpc_dev.module.vpc.aws_vpn_gateway_route_propagation.private",
            "module.vpc_dev.module.vpc.aws_vpn_gateway_route_propagation.public",
            "module.vpc_dev.module.vpc.data.aws_caller_identity.current",
            "module.vpc_dev.module.vpc.data.aws_iam_policy_document.flow_log_cloudwatch_assume_role",
            "module.vpc_dev.module.vpc.data.aws_iam_policy_document.vpc_flow_log_cloudwatch",
            "module.vpc_dev.module.vpc.data.aws_partition.current",
            "module.vpc_dev.module.vpc.data.aws_region.current"
          ]
        }
      ]
    },
    {
      "module": "module.eks.module.eks.module.fargate_profile[\"test\"]",
      "mode": "data",
      "type": "aws_iam_policy_document",
      "name": "assume_role_policy",
      "provider": "provider[\"registry.terraform.io/hashicorp/aws\"]",
      "instances": [
        {
          "index_key": 0,
          "schema_version": 0,
          "attributes": {
            "id": "4196242325",
            "json": "{\n  \"Version\": \"2012-10-17\",\n  \"Statement\": [\n    {\n      \"Effect\": \"Allow\",\n      \"Action\": \"sts:AssumeRole\",\n      \"Principal\": {\n        \"Service\": \"eks-fargate-pods.amazonaws.com\"\n      },\n      \"Condition\": {\n        \"ArnLike\": {\n          \"aws:SourceArn\": \"arn:aws:eks:ap-south-1:084766854861:fargateprofile/dev-eks-cluster/*\"\n        }\n      }\n    }\n  ]\n}",
            "minified_json": "{\"Version\":\"2012-10-17\",\"Statement\":[{\"Effect\":\"Allow\",\"Action\":\"sts:AssumeRole\",\"Principal\":{\"Service\":\"eks-fargate-pods.amazonaws.com\"},\"Condition\":{\"ArnLike\":{\"aws:SourceArn\":\"arn:aws:eks:ap-south-1:084766854861:fargateprofile/dev-eks-cluster/*\"}}}]}",
            "override_json": null,
            "override_policy_documents": null,
            "policy_id": null,
            "source_json": null,
            "source_policy_documents": null,
            "statement": [
              {
                "actions": [
                  "sts:AssumeRole"
                ],
                "condition": [
                  {
                    "test": "ArnLike",
                    "values": [
                      "arn:aws:eks:ap-south-1:084766854861:fargateprofile/dev-eks-cluster/*"
                    ],
                    "variable": "aws:SourceArn"
                  }
                ],
                "effect": "Allow",
                "not_actions": [],
                "not_principals": [],
                "not_resources": [],
                "principals": [
                  {
                    "identifiers": [
                      "eks-fargate-pods.amazonaws.com"
                    ],
                    "type": "Service"
                  }
                ],
                "resources": [],
                "sid": ""
              }
            ],
            "version": "2012-10-17"
          },
          "sensitive_attributes": [],
          "identity_schema_version": 0
        }
      ]
    },
    {
      "module": "module.eks.module.eks.module.fargate_profile[\"test\"]",
      "mode": "data",
      "type": "aws_region",
      "name": "current",
      "provider": "provider[\"registry.terraform.io/hashicorp/aws\"]",
      "instances": [
        {
          "index_key": 0,
          "schema_version": 0,
          "attributes": {
            "description": "Asia Pacific (Mumbai)",
            "endpoint": "ec2.ap-south-1.amazonaws.com",
            "id": "ap-south-1",
            "name": "ap-south-1",
            "region": "ap-south-1"
          },
          "sensitive_attributes": [],
          "identity_schema_version": 0
        }
      ]
    },
    {
      "module": "module.eks.module.eks.module.fargate_profile[\"test\"]",
      "mode": "managed",
      "type": "aws_eks_fargate_profile",
      "name": "this",
      "provider": "provider[\"registry.terraform.io/hashicorp/aws\"]",
      "instances": [
        {
          "index_key": 0,
          "schema_version": 0,
          "attributes": {
            "arn": "arn:aws:eks:ap-south-1:084766854861:fargateprofile/dev-eks-cluster/test-fg/d6cfc774-0284-6e22-1734-dd2d83757024",
            "cluster_name": "dev-eks-cluster",
            "fargate_profile_name": "test-fg",
            "id": "dev-eks-cluster:test-fg",
            "pod_execution_role_arn": "arn:aws:iam::084766854861:role/test-fg-7901b53c68d7579b1c43396ab9",
            "region": "ap-south-1",
            "selector": [
              {
                "labels": null,
                "namespace": "test"
              }
            ],
            "status": "ACTIVE",
            "subnet_ids": [
              "subnet-028530416b5b03dd8",
              "subnet-0668a5fc1d0ddf341",
              "subnet-06a06d1e3a71c49ae",
              "subnet-09f6ac08f64cea2df",
              "subnet-0a9fc29c31ec2ae10"
            ],
            "tags": {
              "Environment": "dev",
              "cluster": "dev-eks-cluster"
            },
            "tags_all": {
              "Environment": "dev",
              "cluster": "dev-eks-cluster"
            },
            "timeouts": null
          },
          "sensitive_attributes": [],
          "identity_schema_version": 0,
          "identity": {
            "account_id": "084766854861",
            "cluster_name": "dev-eks-cluster",
            "fargate_profile_name": "test-fg",
            "region": "ap-south-1"
          },
          "private": "eyJlMmJmYjczMC1lY2FhLTExZTYtOGY4OC0zNDM2M2JjN2M0YzAiOnsiY3JlYXRlIjo2MDAwMDAwMDAwMDAsImRlbGV0ZSI6NjAwMDAwMDAwMDAwfX0=",
          "dependencies": [
            "module.eks.module.eks.aws_cloudwatch_log_group.this",
            "module.eks.module.eks.aws_eks_cluster.this",
            "module.eks.module.eks.aws_iam_policy.cni_ipv6_policy",
            "module.eks.module.eks.aws_iam_role.eks_auto",
            "module.eks.module.eks.aws_iam_role.this",
            "module.eks.module.eks.aws_iam_role_policy_attachment.this",
            "module.eks.module.eks.aws_security_group.cluster",
            "module.eks.module.eks.aws_security_group.node",
            "module.eks.module.eks.aws_security_group_rule.cluster",
            "module.eks.module.eks.aws_security_group_rule.node",
            "module.eks.module.eks.data.aws_caller_identity.current",
            "module.eks.module.eks.data.aws_iam_policy_document.assume_role_policy",
            "module.eks.module.eks.data.aws_iam_policy_document.cni_ipv6_policy",
            "module.eks.module.eks.data.aws_iam_policy_document.node_assume_role_policy",
            "module.eks.module.eks.data.aws_iam_session_context.current",
            "module.eks.module.eks.data.aws_partition.current",
            "module.eks.module.eks.module.fargate_profile.aws_iam_role.this",
            "module.eks.module.eks.module.fargate_profile.data.aws_caller_identity.current",
            "module.eks.module.eks.module.fargate_profile.data.aws_iam_policy_document.assume_role_policy",
            "module.eks.module.eks.module.fargate_profile.data.aws_partition.current",
            "module.eks.module.eks.module.fargate_profile.data.aws_region.current",
            "module.eks.module.eks.module.kms.aws_kms_external_key.this",
            "module.eks.module.eks.module.kms.aws_kms_key.this",
            "module.eks.module.eks.module.kms.aws_kms_replica_external_key.this",
            "module.eks.module.eks.module.kms.aws_kms_replica_key.this",
            "module.eks.module.eks.module.kms.data.aws_caller_identity.current",
            "module.eks.module.eks.module.kms.data.aws_iam_policy_document.this",
            "module.eks.module.eks.module.kms.data.aws_partition.current",
            "module.eks.module.eks.time_sleep.this",
            "module.vpc_dev.data.aws_availability_zones.available",
            "module.vpc_dev.module.vpc.aws_cloudwatch_log_group.flow_log",
            "module.vpc_dev.module.vpc.aws_customer_gateway.this",
            "module.vpc_dev.module.vpc.aws_db_subnet_group.database",
            "module.vpc_dev.module.vpc.aws_default_network_acl.this",
            "module.vpc_dev.module.vpc.aws_default_route_table.default",
            "module.vpc_dev.module.vpc.aws_default_security_group.this",
            "module.vpc_dev.module.vpc.aws_default_vpc.this",
            "module.vpc_dev.module.vpc.aws_egress_only_internet_gateway.this",
            "module.vpc_dev.module.vpc.aws_eip.nat",
            "module.vpc_dev.module.vpc.aws_elasticache_subnet_group.elasticache",
            "module.vpc_dev.module.vpc.aws_flow_log.this",
            "module.vpc_dev.module.vpc.aws_iam_policy.vpc_flow_log_cloudwatch",
            "module.vpc_dev.module.vpc.aws_iam_role.vpc_flow_log_cloudwatch",
            "module.vpc_dev.module.vpc.aws_iam_role_policy_attachment.vpc_flow_log_cloudwatch",
            "module.vpc_dev.module.vpc.aws_internet_gateway.this",
            "module.vpc_dev.module.vpc.aws_nat_gateway.this",
            "module.vpc_dev.module.vpc.aws_network_acl.database",
            "module.vpc_dev.module.vpc.aws_network_acl.elasticache",
            "module.vpc_dev.module.vpc.aws_network_acl.intra",
            "module.vpc_dev.module.vpc.aws_network_acl.outpost",
            "module.vpc_dev.module.vpc.aws_network_acl.private",
            "module.vpc_dev.module.vpc.aws_network_acl.public",
            "module.vpc_dev.module.vpc.aws_network_acl.redshift",
            "module.vpc_dev.module.vpc.aws_network_acl_rule.database_inbound",
            "module.vpc_dev.module.vpc.aws_network_acl_rule.database_outbound",
            "module.vpc_dev.module.vpc.aws_network_acl_rule.elasticache_inbound",
            "module.vpc_dev.module.vpc.aws_network_acl_rule.elasticache_outbound",
            "module.vpc_dev.module.vpc.aws_network_acl_rule.intra_inbound",
            "module.vpc_dev.module.vpc.aws_network_acl_rule.intra_outbound",
            "module.vpc_dev.module.vpc.aws_network_acl_rule.outpost_inbound",
            "module.vpc_dev.module.vpc.aws_network_acl_rule.outpost_outbound",
            "module.vpc_dev.module.vpc.aws_network_acl_rule.private_inbound",
            "module.vpc_dev.module.vpc.aws_network_acl_rule.private_outbound",
            "module.vpc_dev.module.vpc.aws_network_acl_rule.public_inbound",
            "module.vpc_dev.module.vpc.aws_network_acl_rule.public_outbound",
            "module.vpc_dev.module.vpc.aws_network_acl_rule.redshift_inbound",
            "module.vpc_dev.module.vpc.aws_network_acl_rule.redshift_outbound",
            "module.vpc_dev.module.vpc.aws_redshift_subnet_group.redshift",
            "module.vpc_dev.module.vpc.aws_route.database_dns64_nat_gateway",
            "module.vpc_dev.module.vpc.aws_route.database_internet_gateway",
            "module.vpc_dev.module.vpc.aws_route.database_ipv6_egress",
            "module.vpc_dev.module.vpc.aws_route.database_nat_gateway",
            "module.vpc_dev.module.vpc.aws_route.private_dns64_nat_gateway",
            "module.vpc_dev.module.vpc.aws_route.private_ipv6_egress",
            "module.vpc_dev.module.vpc.aws_route.private_nat_gateway",
            "module.vpc_dev.module.vpc.aws_route.public_internet_gateway",
            "module.vpc_dev.module.vpc.aws_route.public_internet_gateway_ipv6",
            "module.vpc_dev.module.vpc.aws_route_table.database",
            "module.vpc_dev.module.vpc.aws_route_table.elasticache",
            "module.vpc_dev.module.vpc.aws_route_table.intra",
            "module.vpc_dev.module.vpc.aws_route_table.private",
            "module.vpc_dev.module.vpc.aws_route_table.public",
            "module.vpc_dev.module.vpc.aws_route_table.redshift",
            "module.vpc_dev.module.vpc.aws_route_table_association.database",
            "module.vpc_dev.module.vpc.aws_route_table_association.elasticache",
            "module.vpc_dev.module.vpc.aws_route_table_association.intra",
            "module.vpc_dev.module.vpc.aws_route_table_association.outpost",
            "module.vpc_dev.module.vpc.aws_route_table_association.private",
            "module.vpc_dev.module.vpc.aws_route_table_association.public",
            "module.vpc_dev.module.vpc.aws_route_table_association.redshift",
            "module.vpc_dev.module.vpc.aws_route_table_association.redshift_public",
            "module.vpc_dev.module.vpc.aws_subnet.database",
            "module.vpc_dev.module.vpc.aws_subnet.elasticache",
            "module.vpc_dev.module.vpc.aws_subnet.intra",
            "module.vpc_dev.module.vpc.aws_subnet.outpost",
            "module.vpc_dev.module.vpc.aws_subnet.private",
            "module.vpc_dev.module.vpc.aws_subnet.public",
            "module.vpc_dev.module.vpc.aws_subnet.redshift",
            "module.vpc_dev.module.vpc.aws_vpc.this",
            "module.vpc_dev.module.vpc.aws_vpc_block_public_access_exclusion.this",
            "module.vpc_dev.module.vpc.aws_vpc_block_public_access_options.this",
            "module.vpc_dev.module.vpc.aws_vpc_dhcp_options.this",
            "module.vpc_dev.module.vpc.aws_vpc_dhcp_options_association.this",
            "module.vpc_dev.module.vpc.aws_vpc_ipv4_cidr_block_association.this",
            "module.vpc_dev.module.vpc.aws_vpn_gateway.this",
            "module.vpc_dev.module.vpc.aws_vpn_gateway_attachment.this",
            "module.vpc_dev.module.vpc.aws_vpn_gateway_route_propagation.intra",
            "module.vpc_dev.module.vpc.aws_vpn_gateway_route_propagation.private",
            "module.vpc_dev.module.vpc.aws_vpn_gateway_route_propagation.public",
            "module.vpc_dev.module.vpc.data.aws_caller_identity.current",
            "module.vpc_dev.module.vpc.data.aws_iam_policy_document.flow_log_cloudwatch_assume_role",
            "module.vpc_dev.module.vpc.data.aws_iam_policy_document.vpc_flow_log_cloudwatch",
            "module.vpc_dev.module.vpc.data.aws_partition.current",
            "module.vpc_dev.module.vpc.data.aws_region.current"
          ]
        }
      ]
    },
    {
      "module": "module.eks.module.eks.module.fargate_profile[\"test\"]",
      "mode": "managed",
      "type": "aws_iam_role",
      "name": "this",
      "provider": "provider[\"registry.terraform.io/hashicorp/aws\"]",
      "instances": [
        {
          "index_key": 0,
          "schema_version": 0,
          "attributes": {
            "arn": "arn:aws:iam::084766854861:role/test-fg-7901b53c68d7579b1c43396ab9",
            "assume_role_policy": "{\"Statement\":[{\"Action\":\"sts:AssumeRole\",\"Condition\":{\"ArnLike\":{\"aws:SourceArn\":\"arn:aws:eks:ap-south-1:084766854861:fargateprofile/dev-eks-cluster/*\"}},\"Effect\":\"Allow\",\"Principal\":{\"Service\":\"eks-fargate-pods.amazonaws.com\"}}],\"Version\":\"2012-10-17\"}",
            "create_date": "2026-07-23T12:13:13Z",
            "description": "Fargate profile IAM role",
            "force_detach_policies": true,
            "id": "test-fg-7901b53c68d7579b1c43396ab9",
            "inline_policy": [],
            "managed_policy_arns": [],
            "max_session_duration": 3600,
            "name": "test-fg-7901b53c68d7579b1c43396ab9",
            "name_prefix": "test-fg-",
            "path": "/",
            "permissions_boundary": "",
            "tags": {
              "Environment": "dev",
              "cluster": "dev-eks-cluster"
            },
            "tags_all": {
              "Environment": "dev",
              "cluster": "dev-eks-cluster"
            },
            "unique_id": "AROARHPD7R3G6SXPIJ363"
          },
          "sensitive_attributes": [],
          "identity_schema_version": 0,
          "identity": {
            "account_id": "084766854861",
            "name": "test-fg-7901b53c68d7579b1c43396ab9"
          },
          "private": "bnVsbA==",
          "dependencies": [
            "module.eks.module.eks.aws_cloudwatch_log_group.this",
            "module.eks.module.eks.aws_eks_cluster.this",
            "module.eks.module.eks.aws_iam_policy.cni_ipv6_policy",
            "module.eks.module.eks.aws_iam_role.eks_auto",
            "module.eks.module.eks.aws_iam_role.this",
            "module.eks.module.eks.aws_iam_role_policy_attachment.this",
            "module.eks.module.eks.aws_security_group.cluster",
            "module.eks.module.eks.aws_security_group.node",
            "module.eks.module.eks.aws_security_group_rule.cluster",
            "module.eks.module.eks.aws_security_group_rule.node",
            "module.eks.module.eks.data.aws_caller_identity.current",
            "module.eks.module.eks.data.aws_iam_policy_document.assume_role_policy",
            "module.eks.module.eks.data.aws_iam_policy_document.cni_ipv6_policy",
            "module.eks.module.eks.data.aws_iam_policy_document.node_assume_role_policy",
            "module.eks.module.eks.data.aws_iam_session_context.current",
            "module.eks.module.eks.data.aws_partition.current",
            "module.eks.module.eks.module.fargate_profile.data.aws_caller_identity.current",
            "module.eks.module.eks.module.fargate_profile.data.aws_iam_policy_document.assume_role_policy",
            "module.eks.module.eks.module.fargate_profile.data.aws_partition.current",
            "module.eks.module.eks.module.fargate_profile.data.aws_region.current",
            "module.eks.module.eks.module.kms.aws_kms_external_key.this",
            "module.eks.module.eks.module.kms.aws_kms_key.this",
            "module.eks.module.eks.module.kms.aws_kms_replica_external_key.this",
            "module.eks.module.eks.module.kms.aws_kms_replica_key.this",
            "module.eks.module.eks.module.kms.data.aws_caller_identity.current",
            "module.eks.module.eks.module.kms.data.aws_iam_policy_document.this",
            "module.eks.module.eks.module.kms.data.aws_partition.current",
            "module.eks.module.eks.time_sleep.this",
            "module.vpc_dev.data.aws_availability_zones.available",
            "module.vpc_dev.module.vpc.aws_cloudwatch_log_group.flow_log",
            "module.vpc_dev.module.vpc.aws_customer_gateway.this",
            "module.vpc_dev.module.vpc.aws_db_subnet_group.database",
            "module.vpc_dev.module.vpc.aws_default_network_acl.this",
            "module.vpc_dev.module.vpc.aws_default_route_table.default",
            "module.vpc_dev.module.vpc.aws_default_security_group.this",
            "module.vpc_dev.module.vpc.aws_default_vpc.this",
            "module.vpc_dev.module.vpc.aws_egress_only_internet_gateway.this",
            "module.vpc_dev.module.vpc.aws_eip.nat",
            "module.vpc_dev.module.vpc.aws_elasticache_subnet_group.elasticache",
            "module.vpc_dev.module.vpc.aws_flow_log.this",
            "module.vpc_dev.module.vpc.aws_iam_policy.vpc_flow_log_cloudwatch",
            "module.vpc_dev.module.vpc.aws_iam_role.vpc_flow_log_cloudwatch",
            "module.vpc_dev.module.vpc.aws_iam_role_policy_attachment.vpc_flow_log_cloudwatch",
            "module.vpc_dev.module.vpc.aws_internet_gateway.this",
            "module.vpc_dev.module.vpc.aws_nat_gateway.this",
            "module.vpc_dev.module.vpc.aws_network_acl.database",
            "module.vpc_dev.module.vpc.aws_network_acl.elasticache",
            "module.vpc_dev.module.vpc.aws_network_acl.intra",
            "module.vpc_dev.module.vpc.aws_network_acl.outpost",
            "module.vpc_dev.module.vpc.aws_network_acl.private",
            "module.vpc_dev.module.vpc.aws_network_acl.public",
            "module.vpc_dev.module.vpc.aws_network_acl.redshift",
            "module.vpc_dev.module.vpc.aws_network_acl_rule.database_inbound",
            "module.vpc_dev.module.vpc.aws_network_acl_rule.database_outbound",
            "module.vpc_dev.module.vpc.aws_network_acl_rule.elasticache_inbound",
            "module.vpc_dev.module.vpc.aws_network_acl_rule.elasticache_outbound",
            "module.vpc_dev.module.vpc.aws_network_acl_rule.intra_inbound",
            "module.vpc_dev.module.vpc.aws_network_acl_rule.intra_outbound",
            "module.vpc_dev.module.vpc.aws_network_acl_rule.outpost_inbound",
            "module.vpc_dev.module.vpc.aws_network_acl_rule.outpost_outbound",
            "module.vpc_dev.module.vpc.aws_network_acl_rule.private_inbound",
            "module.vpc_dev.module.vpc.aws_network_acl_rule.private_outbound",
            "module.vpc_dev.module.vpc.aws_network_acl_rule.public_inbound",
            "module.vpc_dev.module.vpc.aws_network_acl_rule.public_outbound",
            "module.vpc_dev.module.vpc.aws_network_acl_rule.redshift_inbound",
            "module.vpc_dev.module.vpc.aws_network_acl_rule.redshift_outbound",
            "module.vpc_dev.module.vpc.aws_redshift_subnet_group.redshift",
            "module.vpc_dev.module.vpc.aws_route.database_dns64_nat_gateway",
            "module.vpc_dev.module.vpc.aws_route.database_internet_gateway",
            "module.vpc_dev.module.vpc.aws_route.database_ipv6_egress",
            "module.vpc_dev.module.vpc.aws_route.database_nat_gateway",
            "module.vpc_dev.module.vpc.aws_route.private_dns64_nat_gateway",
            "module.vpc_dev.module.vpc.aws_route.private_ipv6_egress",
            "module.vpc_dev.module.vpc.aws_route.private_nat_gateway",
            "module.vpc_dev.module.vpc.aws_route.public_internet_gateway",
            "module.vpc_dev.module.vpc.aws_route.public_internet_gateway_ipv6",
            "module.vpc_dev.module.vpc.aws_route_table.database",
            "module.vpc_dev.module.vpc.aws_route_table.elasticache",
            "module.vpc_dev.module.vpc.aws_route_table.intra",
            "module.vpc_dev.module.vpc.aws_route_table.private",
            "module.vpc_dev.module.vpc.aws_route_table.public",
            "module.vpc_dev.module.vpc.aws_route_table.redshift",
            "module.vpc_dev.module.vpc.aws_route_table_association.database",
            "module.vpc_dev.module.vpc.aws_route_table_association.elasticache",
            "module.vpc_dev.module.vpc.aws_route_table_association.intra",
            "module.vpc_dev.module.vpc.aws_route_table_association.outpost",
            "module.vpc_dev.module.vpc.aws_route_table_association.private",
            "module.vpc_dev.module.vpc.aws_route_table_association.public",
            "module.vpc_dev.module.vpc.aws_route_table_association.redshift",
            "module.vpc_dev.module.vpc.aws_route_table_association.redshift_public",
            "module.vpc_dev.module.vpc.aws_subnet.database",
            "module.vpc_dev.module.vpc.aws_subnet.elasticache",
            "module.vpc_dev.module.vpc.aws_subnet.intra",
            "module.vpc_dev.module.vpc.aws_subnet.outpost",
            "module.vpc_dev.module.vpc.aws_subnet.private",
            "module.vpc_dev.module.vpc.aws_subnet.public",
            "module.vpc_dev.module.vpc.aws_subnet.redshift",
            "module.vpc_dev.module.vpc.aws_vpc.this",
            "module.vpc_dev.module.vpc.aws_vpc_block_public_access_exclusion.this",
            "module.vpc_dev.module.vpc.aws_vpc_block_public_access_options.this",
            "module.vpc_dev.module.vpc.aws_vpc_dhcp_options.this",
            "module.vpc_dev.module.vpc.aws_vpc_dhcp_options_association.this",
            "module.vpc_dev.module.vpc.aws_vpc_ipv4_cidr_block_association.this",
            "module.vpc_dev.module.vpc.aws_vpn_gateway.this",
            "module.vpc_dev.module.vpc.aws_vpn_gateway_attachment.this",
            "module.vpc_dev.module.vpc.aws_vpn_gateway_route_propagation.intra",
            "module.vpc_dev.module.vpc.aws_vpn_gateway_route_propagation.private",
            "module.vpc_dev.module.vpc.aws_vpn_gateway_route_propagation.public",
            "module.vpc_dev.module.vpc.data.aws_caller_identity.current",
            "module.vpc_dev.module.vpc.data.aws_iam_policy_document.flow_log_cloudwatch_assume_role",
            "module.vpc_dev.module.vpc.data.aws_iam_policy_document.vpc_flow_log_cloudwatch",
            "module.vpc_dev.module.vpc.data.aws_partition.current",
            "module.vpc_dev.module.vpc.data.aws_region.current"
          ]
        }
      ]
    },
    {
      "module": "module.eks.module.eks.module.fargate_profile[\"test\"]",
      "mode": "managed",
      "type": "aws_iam_role_policy_attachment",
      "name": "this",
      "provider": "provider[\"registry.terraform.io/hashicorp/aws\"]",
      "instances": [
        {
          "index_key": "AmazonEKSFargatePodExecutionRolePolicy",
          "schema_version": 0,
          "attributes": {
            "id": "test-fg-7901b53c68d7579b1c43396ab9/arn:aws:iam::aws:policy/AmazonEKSFargatePodExecutionRolePolicy",
            "policy_arn": "arn:aws:iam::aws:policy/AmazonEKSFargatePodExecutionRolePolicy",
            "role": "test-fg-7901b53c68d7579b1c43396ab9"
          },
          "sensitive_attributes": [],
          "identity_schema_version": 0,
          "identity": {
            "account_id": "084766854861",
            "policy_arn": "arn:aws:iam::aws:policy/AmazonEKSFargatePodExecutionRolePolicy",
            "role": "test-fg-7901b53c68d7579b1c43396ab9"
          },
          "private": "bnVsbA==",
          "dependencies": [
            "module.eks.module.eks.aws_cloudwatch_log_group.this",
            "module.eks.module.eks.aws_eks_cluster.this",
            "module.eks.module.eks.aws_iam_policy.cni_ipv6_policy",
            "module.eks.module.eks.aws_iam_role.eks_auto",
            "module.eks.module.eks.aws_iam_role.this",
            "module.eks.module.eks.aws_iam_role_policy_attachment.this",
            "module.eks.module.eks.aws_security_group.cluster",
            "module.eks.module.eks.aws_security_group.node",
            "module.eks.module.eks.aws_security_group_rule.cluster",
            "module.eks.module.eks.aws_security_group_rule.node",
            "module.eks.module.eks.data.aws_caller_identity.current",
            "module.eks.module.eks.data.aws_iam_policy_document.assume_role_policy",
            "module.eks.module.eks.data.aws_iam_policy_document.cni_ipv6_policy",
            "module.eks.module.eks.data.aws_iam_policy_document.node_assume_role_policy",
            "module.eks.module.eks.data.aws_iam_session_context.current",
            "module.eks.module.eks.data.aws_partition.current",
            "module.eks.module.eks.module.fargate_profile.aws_iam_role.this",
            "module.eks.module.eks.module.fargate_profile.data.aws_caller_identity.current",
            "module.eks.module.eks.module.fargate_profile.data.aws_iam_policy_document.assume_role_policy",
            "module.eks.module.eks.module.fargate_profile.data.aws_partition.current",
            "module.eks.module.eks.module.fargate_profile.data.aws_region.current",
            "module.eks.module.eks.module.kms.aws_kms_external_key.this",
            "module.eks.module.eks.module.kms.aws_kms_key.this",
            "module.eks.module.eks.module.kms.aws_kms_replica_external_key.this",
            "module.eks.module.eks.module.kms.aws_kms_replica_key.this",
            "module.eks.module.eks.module.kms.data.aws_caller_identity.current",
            "module.eks.module.eks.module.kms.data.aws_iam_policy_document.this",
            "module.eks.module.eks.module.kms.data.aws_partition.current",
            "module.eks.module.eks.time_sleep.this",
            "module.vpc_dev.data.aws_availability_zones.available",
            "module.vpc_dev.module.vpc.aws_cloudwatch_log_group.flow_log",
            "module.vpc_dev.module.vpc.aws_customer_gateway.this",
            "module.vpc_dev.module.vpc.aws_db_subnet_group.database",
            "module.vpc_dev.module.vpc.aws_default_network_acl.this",
            "module.vpc_dev.module.vpc.aws_default_route_table.default",
            "module.vpc_dev.module.vpc.aws_default_security_group.this",
            "module.vpc_dev.module.vpc.aws_default_vpc.this",
            "module.vpc_dev.module.vpc.aws_egress_only_internet_gateway.this",
            "module.vpc_dev.module.vpc.aws_eip.nat",
            "module.vpc_dev.module.vpc.aws_elasticache_subnet_group.elasticache",
            "module.vpc_dev.module.vpc.aws_flow_log.this",
            "module.vpc_dev.module.vpc.aws_iam_policy.vpc_flow_log_cloudwatch",
            "module.vpc_dev.module.vpc.aws_iam_role.vpc_flow_log_cloudwatch",
            "module.vpc_dev.module.vpc.aws_iam_role_policy_attachment.vpc_flow_log_cloudwatch",
            "module.vpc_dev.module.vpc.aws_internet_gateway.this",
            "module.vpc_dev.module.vpc.aws_nat_gateway.this",
            "module.vpc_dev.module.vpc.aws_network_acl.database",
            "module.vpc_dev.module.vpc.aws_network_acl.elasticache",
            "module.vpc_dev.module.vpc.aws_network_acl.intra",
            "module.vpc_dev.module.vpc.aws_network_acl.outpost",
            "module.vpc_dev.module.vpc.aws_network_acl.private",
            "module.vpc_dev.module.vpc.aws_network_acl.public",
            "module.vpc_dev.module.vpc.aws_network_acl.redshift",
            "module.vpc_dev.module.vpc.aws_network_acl_rule.database_inbound",
            "module.vpc_dev.module.vpc.aws_network_acl_rule.database_outbound",
            "module.vpc_dev.module.vpc.aws_network_acl_rule.elasticache_inbound",
            "module.vpc_dev.module.vpc.aws_network_acl_rule.elasticache_outbound",
            "module.vpc_dev.module.vpc.aws_network_acl_rule.intra_inbound",
            "module.vpc_dev.module.vpc.aws_network_acl_rule.intra_outbound",
            "module.vpc_dev.module.vpc.aws_network_acl_rule.outpost_inbound",
            "module.vpc_dev.module.vpc.aws_network_acl_rule.outpost_outbound",
            "module.vpc_dev.module.vpc.aws_network_acl_rule.private_inbound",
            "module.vpc_dev.module.vpc.aws_network_acl_rule.private_outbound",
            "module.vpc_dev.module.vpc.aws_network_acl_rule.public_inbound",
            "module.vpc_dev.module.vpc.aws_network_acl_rule.public_outbound",
            "module.vpc_dev.module.vpc.aws_network_acl_rule.redshift_inbound",
            "module.vpc_dev.module.vpc.aws_network_acl_rule.redshift_outbound",
            "module.vpc_dev.module.vpc.aws_redshift_subnet_group.redshift",
            "module.vpc_dev.module.vpc.aws_route.database_dns64_nat_gateway",
            "module.vpc_dev.module.vpc.aws_route.database_internet_gateway",
            "module.vpc_dev.module.vpc.aws_route.database_ipv6_egress",
            "module.vpc_dev.module.vpc.aws_route.database_nat_gateway",
            "module.vpc_dev.module.vpc.aws_route.private_dns64_nat_gateway",
            "module.vpc_dev.module.vpc.aws_route.private_ipv6_egress",
            "module.vpc_dev.module.vpc.aws_route.private_nat_gateway",
            "module.vpc_dev.module.vpc.aws_route.public_internet_gateway",
            "module.vpc_dev.module.vpc.aws_route.public_internet_gateway_ipv6",
            "module.vpc_dev.module.vpc.aws_route_table.database",
            "module.vpc_dev.module.vpc.aws_route_table.elasticache",
            "module.vpc_dev.module.vpc.aws_route_table.intra",
            "module.vpc_dev.module.vpc.aws_route_table.private",
            "module.vpc_dev.module.vpc.aws_route_table.public",
            "module.vpc_dev.module.vpc.aws_route_table.redshift",
            "module.vpc_dev.module.vpc.aws_route_table_association.database",
            "module.vpc_dev.module.vpc.aws_route_table_association.elasticache",
            "module.vpc_dev.module.vpc.aws_route_table_association.intra",
            "module.vpc_dev.module.vpc.aws_route_table_association.outpost",
            "module.vpc_dev.module.vpc.aws_route_table_association.private",
            "module.vpc_dev.module.vpc.aws_route_table_association.public",
            "module.vpc_dev.module.vpc.aws_route_table_association.redshift",
            "module.vpc_dev.module.vpc.aws_route_table_association.redshift_public",
            "module.vpc_dev.module.vpc.aws_subnet.database",
            "module.vpc_dev.module.vpc.aws_subnet.elasticache",
            "module.vpc_dev.module.vpc.aws_subnet.intra",
            "module.vpc_dev.module.vpc.aws_subnet.outpost",
            "module.vpc_dev.module.vpc.aws_subnet.private",
            "module.vpc_dev.module.vpc.aws_subnet.public",
            "module.vpc_dev.module.vpc.aws_subnet.redshift",
            "module.vpc_dev.module.vpc.aws_vpc.this",
            "module.vpc_dev.module.vpc.aws_vpc_block_public_access_exclusion.this",
            "module.vpc_dev.module.vpc.aws_vpc_block_public_access_options.this",
            "module.vpc_dev.module.vpc.aws_vpc_dhcp_options.this",
            "module.vpc_dev.module.vpc.aws_vpc_dhcp_options_association.this",
            "module.vpc_dev.module.vpc.aws_vpc_ipv4_cidr_block_association.this",
            "module.vpc_dev.module.vpc.aws_vpn_gateway.this",
            "module.vpc_dev.module.vpc.aws_vpn_gateway_attachment.this",
            "module.vpc_dev.module.vpc.aws_vpn_gateway_route_propagation.intra",
            "module.vpc_dev.module.vpc.aws_vpn_gateway_route_propagation.private",
            "module.vpc_dev.module.vpc.aws_vpn_gateway_route_propagation.public",
            "module.vpc_dev.module.vpc.data.aws_caller_identity.current",
            "module.vpc_dev.module.vpc.data.aws_iam_policy_document.flow_log_cloudwatch_assume_role",
            "module.vpc_dev.module.vpc.data.aws_iam_policy_document.vpc_flow_log_cloudwatch",
            "module.vpc_dev.module.vpc.data.aws_partition.current",
            "module.vpc_dev.module.vpc.data.aws_region.current"
          ]
        },
        {
          "index_key": "AmazonEKS_CNI_Policy",
          "schema_version": 0,
          "attributes": {
            "id": "test-fg-7901b53c68d7579b1c43396ab9/arn:aws:iam::aws:policy/AmazonEKS_CNI_Policy",
            "policy_arn": "arn:aws:iam::aws:policy/AmazonEKS_CNI_Policy",
            "role": "test-fg-7901b53c68d7579b1c43396ab9"
          },
          "sensitive_attributes": [],
          "identity_schema_version": 0,
          "identity": {
            "account_id": "084766854861",
            "policy_arn": "arn:aws:iam::aws:policy/AmazonEKS_CNI_Policy",
            "role": "test-fg-7901b53c68d7579b1c43396ab9"
          },
          "private": "bnVsbA==",
          "dependencies": [
            "module.eks.module.eks.aws_cloudwatch_log_group.this",
            "module.eks.module.eks.aws_eks_cluster.this",
            "module.eks.module.eks.aws_iam_policy.cni_ipv6_policy",
            "module.eks.module.eks.aws_iam_role.eks_auto",
            "module.eks.module.eks.aws_iam_role.this",
            "module.eks.module.eks.aws_iam_role_policy_attachment.this",
            "module.eks.module.eks.aws_security_group.cluster",
            "module.eks.module.eks.aws_security_group.node",
            "module.eks.module.eks.aws_security_group_rule.cluster",
            "module.eks.module.eks.aws_security_group_rule.node",
            "module.eks.module.eks.data.aws_caller_identity.current",
            "module.eks.module.eks.data.aws_iam_policy_document.assume_role_policy",
            "module.eks.module.eks.data.aws_iam_policy_document.cni_ipv6_policy",
            "module.eks.module.eks.data.aws_iam_policy_document.node_assume_role_policy",
            "module.eks.module.eks.data.aws_iam_session_context.current",
            "module.eks.module.eks.data.aws_partition.current",
            "module.eks.module.eks.module.fargate_profile.aws_iam_role.this",
            "module.eks.module.eks.module.fargate_profile.data.aws_caller_identity.current",
            "module.eks.module.eks.module.fargate_profile.data.aws_iam_policy_document.assume_role_policy",
            "module.eks.module.eks.module.fargate_profile.data.aws_partition.current",
            "module.eks.module.eks.module.fargate_profile.data.aws_region.current",
            "module.eks.module.eks.module.kms.aws_kms_external_key.this",
            "module.eks.module.eks.module.kms.aws_kms_key.this",
            "module.eks.module.eks.module.kms.aws_kms_replica_external_key.this",
            "module.eks.module.eks.module.kms.aws_kms_replica_key.this",
            "module.eks.module.eks.module.kms.data.aws_caller_identity.current",
            "module.eks.module.eks.module.kms.data.aws_iam_policy_document.this",
            "module.eks.module.eks.module.kms.data.aws_partition.current",
            "module.eks.module.eks.time_sleep.this",
            "module.vpc_dev.data.aws_availability_zones.available",
            "module.vpc_dev.module.vpc.aws_cloudwatch_log_group.flow_log",
            "module.vpc_dev.module.vpc.aws_customer_gateway.this",
            "module.vpc_dev.module.vpc.aws_db_subnet_group.database",
            "module.vpc_dev.module.vpc.aws_default_network_acl.this",
            "module.vpc_dev.module.vpc.aws_default_route_table.default",
            "module.vpc_dev.module.vpc.aws_default_security_group.this",
            "module.vpc_dev.module.vpc.aws_default_vpc.this",
            "module.vpc_dev.module.vpc.aws_egress_only_internet_gateway.this",
            "module.vpc_dev.module.vpc.aws_eip.nat",
            "module.vpc_dev.module.vpc.aws_elasticache_subnet_group.elasticache",
            "module.vpc_dev.module.vpc.aws_flow_log.this",
            "module.vpc_dev.module.vpc.aws_iam_policy.vpc_flow_log_cloudwatch",
            "module.vpc_dev.module.vpc.aws_iam_role.vpc_flow_log_cloudwatch",
            "module.vpc_dev.module.vpc.aws_iam_role_policy_attachment.vpc_flow_log_cloudwatch",
            "module.vpc_dev.module.vpc.aws_internet_gateway.this",
            "module.vpc_dev.module.vpc.aws_nat_gateway.this",
            "module.vpc_dev.module.vpc.aws_network_acl.database",
            "module.vpc_dev.module.vpc.aws_network_acl.elasticache",
            "module.vpc_dev.module.vpc.aws_network_acl.intra",
            "module.vpc_dev.module.vpc.aws_network_acl.outpost",
            "module.vpc_dev.module.vpc.aws_network_acl.private",
            "module.vpc_dev.module.vpc.aws_network_acl.public",
            "module.vpc_dev.module.vpc.aws_network_acl.redshift",
            "module.vpc_dev.module.vpc.aws_network_acl_rule.database_inbound",
            "module.vpc_dev.module.vpc.aws_network_acl_rule.database_outbound",
            "module.vpc_dev.module.vpc.aws_network_acl_rule.elasticache_inbound",
            "module.vpc_dev.module.vpc.aws_network_acl_rule.elasticache_outbound",
            "module.vpc_dev.module.vpc.aws_network_acl_rule.intra_inbound",
            "module.vpc_dev.module.vpc.aws_network_acl_rule.intra_outbound",
            "module.vpc_dev.module.vpc.aws_network_acl_rule.outpost_inbound",
            "module.vpc_dev.module.vpc.aws_network_acl_rule.outpost_outbound",
            "module.vpc_dev.module.vpc.aws_network_acl_rule.private_inbound",
            "module.vpc_dev.module.vpc.aws_network_acl_rule.private_outbound",
            "module.vpc_dev.module.vpc.aws_network_acl_rule.public_inbound",
            "module.vpc_dev.module.vpc.aws_network_acl_rule.public_outbound",
            "module.vpc_dev.module.vpc.aws_network_acl_rule.redshift_inbound",
            "module.vpc_dev.module.vpc.aws_network_acl_rule.redshift_outbound",
            "module.vpc_dev.module.vpc.aws_redshift_subnet_group.redshift",
            "module.vpc_dev.module.vpc.aws_route.database_dns64_nat_gateway",
            "module.vpc_dev.module.vpc.aws_route.database_internet_gateway",
            "module.vpc_dev.module.vpc.aws_route.database_ipv6_egress",
            "module.vpc_dev.module.vpc.aws_route.database_nat_gateway",
            "module.vpc_dev.module.vpc.aws_route.private_dns64_nat_gateway",
            "module.vpc_dev.module.vpc.aws_route.private_ipv6_egress",
            "module.vpc_dev.module.vpc.aws_route.private_nat_gateway",
            "module.vpc_dev.module.vpc.aws_route.public_internet_gateway",
            "module.vpc_dev.module.vpc.aws_route.public_internet_gateway_ipv6",
            "module.vpc_dev.module.vpc.aws_route_table.database",
            "module.vpc_dev.module.vpc.aws_route_table.elasticache",
            "module.vpc_dev.module.vpc.aws_route_table.intra",
            "module.vpc_dev.module.vpc.aws_route_table.private",
            "module.vpc_dev.module.vpc.aws_route_table.public",
            "module.vpc_dev.module.vpc.aws_route_table.redshift",
            "module.vpc_dev.module.vpc.aws_route_table_association.database",
            "module.vpc_dev.module.vpc.aws_route_table_association.elasticache",
            "module.vpc_dev.module.vpc.aws_route_table_association.intra",
            "module.vpc_dev.module.vpc.aws_route_table_association.outpost",
            "module.vpc_dev.module.vpc.aws_route_table_association.private",
            "module.vpc_dev.module.vpc.aws_route_table_association.public",
            "module.vpc_dev.module.vpc.aws_route_table_association.redshift",
            "module.vpc_dev.module.vpc.aws_route_table_association.redshift_public",
            "module.vpc_dev.module.vpc.aws_subnet.database",
            "module.vpc_dev.module.vpc.aws_subnet.elasticache",
            "module.vpc_dev.module.vpc.aws_subnet.intra",
            "module.vpc_dev.module.vpc.aws_subnet.outpost",
            "module.vpc_dev.module.vpc.aws_subnet.private",
            "module.vpc_dev.module.vpc.aws_subnet.public",
            "module.vpc_dev.module.vpc.aws_subnet.redshift",
            "module.vpc_dev.module.vpc.aws_vpc.this",
            "module.vpc_dev.module.vpc.aws_vpc_block_public_access_exclusion.this",
            "module.vpc_dev.module.vpc.aws_vpc_block_public_access_options.this",
            "module.vpc_dev.module.vpc.aws_vpc_dhcp_options.this",
            "module.vpc_dev.module.vpc.aws_vpc_dhcp_options_association.this",
            "module.vpc_dev.module.vpc.aws_vpc_ipv4_cidr_block_association.this",
            "module.vpc_dev.module.vpc.aws_vpn_gateway.this",
            "module.vpc_dev.module.vpc.aws_vpn_gateway_attachment.this",
            "module.vpc_dev.module.vpc.aws_vpn_gateway_route_propagation.intra",
            "module.vpc_dev.module.vpc.aws_vpn_gateway_route_propagation.private",
            "module.vpc_dev.module.vpc.aws_vpn_gateway_route_propagation.public",
            "module.vpc_dev.module.vpc.data.aws_caller_identity.current",
            "module.vpc_dev.module.vpc.data.aws_iam_policy_document.flow_log_cloudwatch_assume_role",
            "module.vpc_dev.module.vpc.data.aws_iam_policy_document.vpc_flow_log_cloudwatch",
            "module.vpc_dev.module.vpc.data.aws_partition.current",
            "module.vpc_dev.module.vpc.data.aws_region.current"
          ]
        }
      ]
    },
    {
      "module": "module.eks.module.eks.module.kms",
      "mode": "data",
      "type": "aws_caller_identity",
      "name": "current",
      "provider": "provider[\"registry.terraform.io/hashicorp/aws\"]",
      "instances": [
        {
          "index_key": 0,
          "schema_version": 0,
          "attributes": {
            "account_id": "084766854861",
            "arn": "arn:aws:iam::084766854861:root",
            "id": "084766854861",
            "user_id": "084766854861"
          },
          "sensitive_attributes": [],
          "identity_schema_version": 0
        }
      ]
    },
    {
      "module": "module.eks.module.eks.module.kms",
      "mode": "data",
      "type": "aws_iam_policy_document",
      "name": "this",
      "provider": "provider[\"registry.terraform.io/hashicorp/aws\"]",
      "instances": [
        {
          "index_key": 0,
          "schema_version": 0,
          "attributes": {
            "id": "1227043589",
            "json": "{\n  \"Version\": \"2012-10-17\",\n  \"Statement\": [\n    {\n      \"Sid\": \"Default\",\n      \"Effect\": \"Allow\",\n      \"Action\": \"kms:*\",\n      \"Resource\": \"*\",\n      \"Principal\": {\n        \"AWS\": \"arn:aws:iam::084766854861:root\"\n      }\n    },\n    {\n      \"Sid\": \"KeyAdministration\",\n      \"Effect\": \"Allow\",\n      \"Action\": [\n        \"kms:Update*\",\n        \"kms:UntagResource\",\n        \"kms:TagResource\",\n        \"kms:ScheduleKeyDeletion\",\n        \"kms:Revoke*\",\n        \"kms:ReplicateKey\",\n        \"kms:Put*\",\n        \"kms:List*\",\n        \"kms:ImportKeyMaterial\",\n        \"kms:Get*\",\n        \"kms:Enable*\",\n        \"kms:Disable*\",\n        \"kms:Describe*\",\n        \"kms:Delete*\",\n        \"kms:Create*\",\n        \"kms:CancelKeyDeletion\"\n      ],\n      \"Resource\": \"*\",\n      \"Principal\": {\n        \"AWS\": \"arn:aws:iam::084766854861:root\"\n      }\n    },\n    {\n      \"Sid\": \"KeyUsage\",\n      \"Effect\": \"Allow\",\n      \"Action\": [\n        \"kms:ReEncrypt*\",\n        \"kms:GenerateDataKey*\",\n        \"kms:Encrypt\",\n        \"kms:DescribeKey\",\n        \"kms:Decrypt\"\n      ],\n      \"Resource\": \"*\",\n      \"Principal\": {\n        \"AWS\": \"arn:aws:iam::084766854861:role/dev-eks-cluster-cluster-cd10eac89c94d28db05788b42b\"\n      }\n    }\n  ]\n}",
            "minified_json": "{\"Version\":\"2012-10-17\",\"Statement\":[{\"Sid\":\"Default\",\"Effect\":\"Allow\",\"Action\":\"kms:*\",\"Resource\":\"*\",\"Principal\":{\"AWS\":\"arn:aws:iam::084766854861:root\"}},{\"Sid\":\"KeyAdministration\",\"Effect\":\"Allow\",\"Action\":[\"kms:Update*\",\"kms:UntagResource\",\"kms:TagResource\",\"kms:ScheduleKeyDeletion\",\"kms:Revoke*\",\"kms:ReplicateKey\",\"kms:Put*\",\"kms:List*\",\"kms:ImportKeyMaterial\",\"kms:Get*\",\"kms:Enable*\",\"kms:Disable*\",\"kms:Describe*\",\"kms:Delete*\",\"kms:Create*\",\"kms:CancelKeyDeletion\"],\"Resource\":\"*\",\"Principal\":{\"AWS\":\"arn:aws:iam::084766854861:root\"}},{\"Sid\":\"KeyUsage\",\"Effect\":\"Allow\",\"Action\":[\"kms:ReEncrypt*\",\"kms:GenerateDataKey*\",\"kms:Encrypt\",\"kms:DescribeKey\",\"kms:Decrypt\"],\"Resource\":\"*\",\"Principal\":{\"AWS\":\"arn:aws:iam::084766854861:role/dev-eks-cluster-cluster-cd10eac89c94d28db05788b42b\"}}]}",
            "override_json": null,
            "override_policy_documents": null,
            "policy_id": null,
            "source_json": null,
            "source_policy_documents": null,
            "statement": [
              {
                "actions": [
                  "kms:*"
                ],
                "condition": [],
                "effect": "Allow",
                "not_actions": [],
                "not_principals": [],
                "not_resources": [],
                "principals": [
                  {
                    "identifiers": [
                      "arn:aws:iam::084766854861:root"
                    ],
                    "type": "AWS"
                  }
                ],
                "resources": [
                  "*"
                ],
                "sid": "Default"
              },
              {
                "actions": [
                  "kms:CancelKeyDeletion",
                  "kms:Create*",
                  "kms:Delete*",
                  "kms:Describe*",
                  "kms:Disable*",
                  "kms:Enable*",
                  "kms:Get*",
                  "kms:ImportKeyMaterial",
                  "kms:List*",
                  "kms:Put*",
                  "kms:ReplicateKey",
                  "kms:Revoke*",
                  "kms:ScheduleKeyDeletion",
                  "kms:TagResource",
                  "kms:UntagResource",
                  "kms:Update*"
                ],
                "condition": [],
                "effect": "Allow",
                "not_actions": [],
                "not_principals": [],
                "not_resources": [],
                "principals": [
                  {
                    "identifiers": [
                      "arn:aws:iam::084766854861:root"
                    ],
                    "type": "AWS"
                  }
                ],
                "resources": [
                  "*"
                ],
                "sid": "KeyAdministration"
              },
              {
                "actions": [
                  "kms:Decrypt",
                  "kms:DescribeKey",
                  "kms:Encrypt",
                  "kms:GenerateDataKey*",
                  "kms:ReEncrypt*"
                ],
                "condition": [],
                "effect": "Allow",
                "not_actions": [],
                "not_principals": [],
                "not_resources": [],
                "principals": [
                  {
                    "identifiers": [
                      "arn:aws:iam::084766854861:role/dev-eks-cluster-cluster-cd10eac89c94d28db05788b42b"
                    ],
                    "type": "AWS"
                  }
                ],
                "resources": [
                  "*"
                ],
                "sid": "KeyUsage"
              }
            ],
            "version": "2012-10-17"
          },
          "sensitive_attributes": [],
          "identity_schema_version": 0
        }
      ]
    },
    {
      "module": "module.eks.module.eks.module.kms",
      "mode": "data",
      "type": "aws_partition",
      "name": "current",
      "provider": "provider[\"registry.terraform.io/hashicorp/aws\"]",
      "instances": [
        {
          "index_key": 0,
          "schema_version": 0,
          "attributes": {
            "dns_suffix": "amazonaws.com",
            "id": "aws",
            "partition": "aws",
            "reverse_dns_prefix": "com.amazonaws"
          },
          "sensitive_attributes": [],
          "identity_schema_version": 0
        }
      ]
    },
    {
      "module": "module.eks.module.eks.module.kms",
      "mode": "managed",
      "type": "aws_kms_alias",
      "name": "this",
      "provider": "provider[\"registry.terraform.io/hashicorp/aws\"]",
      "instances": [
        {
          "index_key": "cluster",
          "schema_version": 0,
          "attributes": {
            "arn": "arn:aws:kms:ap-south-1:084766854861:alias/eks/dev-eks-cluster",
            "id": "alias/eks/dev-eks-cluster",
            "name": "alias/eks/dev-eks-cluster",
            "name_prefix": "",
            "region": "ap-south-1",
            "target_key_arn": "arn:aws:kms:ap-south-1:084766854861:key/85a69293-62c9-40fa-bc66-79e7bbc4ae2b",
            "target_key_id": "85a69293-62c9-40fa-bc66-79e7bbc4ae2b"
          },
          "sensitive_attributes": [],
          "identity_schema_version": 0,
          "identity": {
            "account_id": "084766854861",
            "name": "alias/eks/dev-eks-cluster",
            "region": "ap-south-1"
          },
          "private": "bnVsbA==",
          "dependencies": [
            "module.eks.module.eks.aws_iam_role.this",
            "module.eks.module.eks.data.aws_caller_identity.current",
            "module.eks.module.eks.data.aws_iam_policy_document.assume_role_policy",
            "module.eks.module.eks.data.aws_iam_session_context.current",
            "module.eks.module.eks.module.kms.aws_kms_external_key.this",
            "module.eks.module.eks.module.kms.aws_kms_key.this",
            "module.eks.module.eks.module.kms.aws_kms_replica_external_key.this",
            "module.eks.module.eks.module.kms.aws_kms_replica_key.this",
            "module.eks.module.eks.module.kms.data.aws_caller_identity.current",
            "module.eks.module.eks.module.kms.data.aws_iam_policy_document.this",
            "module.eks.module.eks.module.kms.data.aws_partition.current",
            "module.vpc_dev.data.aws_availability_zones.available",
            "module.vpc_dev.module.vpc.aws_cloudwatch_log_group.flow_log",
            "module.vpc_dev.module.vpc.aws_customer_gateway.this",
            "module.vpc_dev.module.vpc.aws_db_subnet_group.database",
            "module.vpc_dev.module.vpc.aws_default_network_acl.this",
            "module.vpc_dev.module.vpc.aws_default_route_table.default",
            "module.vpc_dev.module.vpc.aws_default_security_group.this",
            "module.vpc_dev.module.vpc.aws_default_vpc.this",
            "module.vpc_dev.module.vpc.aws_egress_only_internet_gateway.this",
            "module.vpc_dev.module.vpc.aws_eip.nat",
            "module.vpc_dev.module.vpc.aws_elasticache_subnet_group.elasticache",
            "module.vpc_dev.module.vpc.aws_flow_log.this",
            "module.vpc_dev.module.vpc.aws_iam_policy.vpc_flow_log_cloudwatch",
            "module.vpc_dev.module.vpc.aws_iam_role.vpc_flow_log_cloudwatch",
            "module.vpc_dev.module.vpc.aws_iam_role_policy_attachment.vpc_flow_log_cloudwatch",
            "module.vpc_dev.module.vpc.aws_internet_gateway.this",
            "module.vpc_dev.module.vpc.aws_nat_gateway.this",
            "module.vpc_dev.module.vpc.aws_network_acl.database",
            "module.vpc_dev.module.vpc.aws_network_acl.elasticache",
            "module.vpc_dev.module.vpc.aws_network_acl.intra",
            "module.vpc_dev.module.vpc.aws_network_acl.outpost",
            "module.vpc_dev.module.vpc.aws_network_acl.private",
            "module.vpc_dev.module.vpc.aws_network_acl.public",
            "module.vpc_dev.module.vpc.aws_network_acl.redshift",
            "module.vpc_dev.module.vpc.aws_network_acl_rule.database_inbound",
            "module.vpc_dev.module.vpc.aws_network_acl_rule.database_outbound",
            "module.vpc_dev.module.vpc.aws_network_acl_rule.elasticache_inbound",
            "module.vpc_dev.module.vpc.aws_network_acl_rule.elasticache_outbound",
            "module.vpc_dev.module.vpc.aws_network_acl_rule.intra_inbound",
            "module.vpc_dev.module.vpc.aws_network_acl_rule.intra_outbound",
            "module.vpc_dev.module.vpc.aws_network_acl_rule.outpost_inbound",
            "module.vpc_dev.module.vpc.aws_network_acl_rule.outpost_outbound",
            "module.vpc_dev.module.vpc.aws_network_acl_rule.private_inbound",
            "module.vpc_dev.module.vpc.aws_network_acl_rule.private_outbound",
            "module.vpc_dev.module.vpc.aws_network_acl_rule.public_inbound",
            "module.vpc_dev.module.vpc.aws_network_acl_rule.public_outbound",
            "module.vpc_dev.module.vpc.aws_network_acl_rule.redshift_inbound",
            "module.vpc_dev.module.vpc.aws_network_acl_rule.redshift_outbound",
            "module.vpc_dev.module.vpc.aws_redshift_subnet_group.redshift",
            "module.vpc_dev.module.vpc.aws_route.database_dns64_nat_gateway",
            "module.vpc_dev.module.vpc.aws_route.database_internet_gateway",
            "module.vpc_dev.module.vpc.aws_route.database_ipv6_egress",
            "module.vpc_dev.module.vpc.aws_route.database_nat_gateway",
            "module.vpc_dev.module.vpc.aws_route.private_dns64_nat_gateway",
            "module.vpc_dev.module.vpc.aws_route.private_ipv6_egress",
            "module.vpc_dev.module.vpc.aws_route.private_nat_gateway",
            "module.vpc_dev.module.vpc.aws_route.public_internet_gateway",
            "module.vpc_dev.module.vpc.aws_route.public_internet_gateway_ipv6",
            "module.vpc_dev.module.vpc.aws_route_table.database",
            "module.vpc_dev.module.vpc.aws_route_table.elasticache",
            "module.vpc_dev.module.vpc.aws_route_table.intra",
            "module.vpc_dev.module.vpc.aws_route_table.private",
            "module.vpc_dev.module.vpc.aws_route_table.public",
            "module.vpc_dev.module.vpc.aws_route_table.redshift",
            "module.vpc_dev.module.vpc.aws_route_table_association.database",
            "module.vpc_dev.module.vpc.aws_route_table_association.elasticache",
            "module.vpc_dev.module.vpc.aws_route_table_association.intra",
            "module.vpc_dev.module.vpc.aws_route_table_association.outpost",
            "module.vpc_dev.module.vpc.aws_route_table_association.private",
            "module.vpc_dev.module.vpc.aws_route_table_association.public",
            "module.vpc_dev.module.vpc.aws_route_table_association.redshift",
            "module.vpc_dev.module.vpc.aws_route_table_association.redshift_public",
            "module.vpc_dev.module.vpc.aws_subnet.database",
            "module.vpc_dev.module.vpc.aws_subnet.elasticache",
            "module.vpc_dev.module.vpc.aws_subnet.intra",
            "module.vpc_dev.module.vpc.aws_subnet.outpost",
            "module.vpc_dev.module.vpc.aws_subnet.private",
            "module.vpc_dev.module.vpc.aws_subnet.public",
            "module.vpc_dev.module.vpc.aws_subnet.redshift",
            "module.vpc_dev.module.vpc.aws_vpc.this",
            "module.vpc_dev.module.vpc.aws_vpc_block_public_access_exclusion.this",
            "module.vpc_dev.module.vpc.aws_vpc_block_public_access_options.this",
            "module.vpc_dev.module.vpc.aws_vpc_dhcp_options.this",
            "module.vpc_dev.module.vpc.aws_vpc_dhcp_options_association.this",
            "module.vpc_dev.module.vpc.aws_vpc_ipv4_cidr_block_association.this",
            "module.vpc_dev.module.vpc.aws_vpn_gateway.this",
            "module.vpc_dev.module.vpc.aws_vpn_gateway_attachment.this",
            "module.vpc_dev.module.vpc.aws_vpn_gateway_route_propagation.intra",
            "module.vpc_dev.module.vpc.aws_vpn_gateway_route_propagation.private",
            "module.vpc_dev.module.vpc.aws_vpn_gateway_route_propagation.public",
            "module.vpc_dev.module.vpc.data.aws_caller_identity.current",
            "module.vpc_dev.module.vpc.data.aws_iam_policy_document.flow_log_cloudwatch_assume_role",
            "module.vpc_dev.module.vpc.data.aws_iam_policy_document.vpc_flow_log_cloudwatch",
            "module.vpc_dev.module.vpc.data.aws_partition.current",
            "module.vpc_dev.module.vpc.data.aws_region.current"
          ]
        }
      ]
    },
    {
      "module": "module.eks.module.eks.module.kms",
      "mode": "managed",
      "type": "aws_kms_key",
      "name": "this",
      "provider": "provider[\"registry.terraform.io/hashicorp/aws\"]",
      "instances": [
        {
          "index_key": 0,
          "schema_version": 0,
          "attributes": {
            "arn": "arn:aws:kms:ap-south-1:084766854861:key/85a69293-62c9-40fa-bc66-79e7bbc4ae2b",
            "bypass_policy_lockout_safety_check": false,
            "custom_key_store_id": "",
            "customer_master_key_spec": "SYMMETRIC_DEFAULT",
            "deletion_window_in_days": null,
            "description": "dev-eks-cluster cluster encryption key",
            "enable_key_rotation": true,
            "id": "85a69293-62c9-40fa-bc66-79e7bbc4ae2b",
            "is_enabled": true,
            "key_id": "85a69293-62c9-40fa-bc66-79e7bbc4ae2b",
            "key_usage": "ENCRYPT_DECRYPT",
            "multi_region": false,
            "policy": "{\"Statement\":[{\"Action\":\"kms:*\",\"Effect\":\"Allow\",\"Principal\":{\"AWS\":\"arn:aws:iam::084766854861:root\"},\"Resource\":\"*\",\"Sid\":\"Default\"},{\"Action\":[\"kms:Update*\",\"kms:UntagResource\",\"kms:TagResource\",\"kms:ScheduleKeyDeletion\",\"kms:Revoke*\",\"kms:ReplicateKey\",\"kms:Put*\",\"kms:List*\",\"kms:ImportKeyMaterial\",\"kms:Get*\",\"kms:Enable*\",\"kms:Disable*\",\"kms:Describe*\",\"kms:Delete*\",\"kms:Create*\",\"kms:CancelKeyDeletion\"],\"Effect\":\"Allow\",\"Principal\":{\"AWS\":\"arn:aws:iam::084766854861:root\"},\"Resource\":\"*\",\"Sid\":\"KeyAdministration\"},{\"Action\":[\"kms:ReEncrypt*\",\"kms:GenerateDataKey*\",\"kms:Encrypt\",\"kms:DescribeKey\",\"kms:Decrypt\"],\"Effect\":\"Allow\",\"Principal\":{\"AWS\":\"arn:aws:iam::084766854861:role/dev-eks-cluster-cluster-cd10eac89c94d28db05788b42b\"},\"Resource\":\"*\",\"Sid\":\"KeyUsage\"}],\"Version\":\"2012-10-17\"}",
            "region": "ap-south-1",
            "rotation_period_in_days": 365,
            "tags": {
              "Environment": "dev",
              "cluster": "dev-eks-cluster"
            },
            "tags_all": {
              "Environment": "dev",
              "cluster": "dev-eks-cluster"
            },
            "timeouts": null,
            "xks_key_id": ""
          },
          "sensitive_attributes": [],
          "identity_schema_version": 0,
          "identity": {
            "account_id": "084766854861",
            "id": "85a69293-62c9-40fa-bc66-79e7bbc4ae2b",
            "region": "ap-south-1"
          },
          "private": "eyJlMmJmYjczMC1lY2FhLTExZTYtOGY4OC0zNDM2M2JjN2M0YzAiOnsiY3JlYXRlIjoxMjAwMDAwMDAwMDB9fQ==",
          "dependencies": [
            "module.eks.module.eks.aws_iam_role.this",
            "module.eks.module.eks.data.aws_caller_identity.current",
            "module.eks.module.eks.data.aws_iam_policy_document.assume_role_policy",
            "module.eks.module.eks.data.aws_iam_session_context.current",
            "module.eks.module.eks.module.kms.data.aws_caller_identity.current",
            "module.eks.module.eks.module.kms.data.aws_iam_policy_document.this",
            "module.eks.module.eks.module.kms.data.aws_partition.current",
            "module.vpc_dev.data.aws_availability_zones.available",
            "module.vpc_dev.module.vpc.aws_cloudwatch_log_group.flow_log",
            "module.vpc_dev.module.vpc.aws_customer_gateway.this",
            "module.vpc_dev.module.vpc.aws_db_subnet_group.database",
            "module.vpc_dev.module.vpc.aws_default_network_acl.this",
            "module.vpc_dev.module.vpc.aws_default_route_table.default",
            "module.vpc_dev.module.vpc.aws_default_security_group.this",
            "module.vpc_dev.module.vpc.aws_default_vpc.this",
            "module.vpc_dev.module.vpc.aws_egress_only_internet_gateway.this",
            "module.vpc_dev.module.vpc.aws_eip.nat",
            "module.vpc_dev.module.vpc.aws_elasticache_subnet_group.elasticache",
            "module.vpc_dev.module.vpc.aws_flow_log.this",
            "module.vpc_dev.module.vpc.aws_iam_policy.vpc_flow_log_cloudwatch",
            "module.vpc_dev.module.vpc.aws_iam_role.vpc_flow_log_cloudwatch",
            "module.vpc_dev.module.vpc.aws_iam_role_policy_attachment.vpc_flow_log_cloudwatch",
            "module.vpc_dev.module.vpc.aws_internet_gateway.this",
            "module.vpc_dev.module.vpc.aws_nat_gateway.this",
            "module.vpc_dev.module.vpc.aws_network_acl.database",
            "module.vpc_dev.module.vpc.aws_network_acl.elasticache",
            "module.vpc_dev.module.vpc.aws_network_acl.intra",
            "module.vpc_dev.module.vpc.aws_network_acl.outpost",
            "module.vpc_dev.module.vpc.aws_network_acl.private",
            "module.vpc_dev.module.vpc.aws_network_acl.public",
            "module.vpc_dev.module.vpc.aws_network_acl.redshift",
            "module.vpc_dev.module.vpc.aws_network_acl_rule.database_inbound",
            "module.vpc_dev.module.vpc.aws_network_acl_rule.database_outbound",
            "module.vpc_dev.module.vpc.aws_network_acl_rule.elasticache_inbound",
            "module.vpc_dev.module.vpc.aws_network_acl_rule.elasticache_outbound",
            "module.vpc_dev.module.vpc.aws_network_acl_rule.intra_inbound",
            "module.vpc_dev.module.vpc.aws_network_acl_rule.intra_outbound",
            "module.vpc_dev.module.vpc.aws_network_acl_rule.outpost_inbound",
            "module.vpc_dev.module.vpc.aws_network_acl_rule.outpost_outbound",
            "module.vpc_dev.module.vpc.aws_network_acl_rule.private_inbound",
            "module.vpc_dev.module.vpc.aws_network_acl_rule.private_outbound",
            "module.vpc_dev.module.vpc.aws_network_acl_rule.public_inbound",
            "module.vpc_dev.module.vpc.aws_network_acl_rule.public_outbound",
            "module.vpc_dev.module.vpc.aws_network_acl_rule.redshift_inbound",
            "module.vpc_dev.module.vpc.aws_network_acl_rule.redshift_outbound",
            "module.vpc_dev.module.vpc.aws_redshift_subnet_group.redshift",
            "module.vpc_dev.module.vpc.aws_route.database_dns64_nat_gateway",
            "module.vpc_dev.module.vpc.aws_route.database_internet_gateway",
            "module.vpc_dev.module.vpc.aws_route.database_ipv6_egress",
            "module.vpc_dev.module.vpc.aws_route.database_nat_gateway",
            "module.vpc_dev.module.vpc.aws_route.private_dns64_nat_gateway",
            "module.vpc_dev.module.vpc.aws_route.private_ipv6_egress",
            "module.vpc_dev.module.vpc.aws_route.private_nat_gateway",
            "module.vpc_dev.module.vpc.aws_route.public_internet_gateway",
            "module.vpc_dev.module.vpc.aws_route.public_internet_gateway_ipv6",
            "module.vpc_dev.module.vpc.aws_route_table.database",
            "module.vpc_dev.module.vpc.aws_route_table.elasticache",
            "module.vpc_dev.module.vpc.aws_route_table.intra",
            "module.vpc_dev.module.vpc.aws_route_table.private",
            "module.vpc_dev.module.vpc.aws_route_table.public",
            "module.vpc_dev.module.vpc.aws_route_table.redshift",
            "module.vpc_dev.module.vpc.aws_route_table_association.database",
            "module.vpc_dev.module.vpc.aws_route_table_association.elasticache",
            "module.vpc_dev.module.vpc.aws_route_table_association.intra",
            "module.vpc_dev.module.vpc.aws_route_table_association.outpost",
            "module.vpc_dev.module.vpc.aws_route_table_association.private",
            "module.vpc_dev.module.vpc.aws_route_table_association.public",
            "module.vpc_dev.module.vpc.aws_route_table_association.redshift",
            "module.vpc_dev.module.vpc.aws_route_table_association.redshift_public",
            "module.vpc_dev.module.vpc.aws_subnet.database",
            "module.vpc_dev.module.vpc.aws_subnet.elasticache",
            "module.vpc_dev.module.vpc.aws_subnet.intra",
            "module.vpc_dev.module.vpc.aws_subnet.outpost",
            "module.vpc_dev.module.vpc.aws_subnet.private",
            "module.vpc_dev.module.vpc.aws_subnet.public",
            "module.vpc_dev.module.vpc.aws_subnet.redshift",
            "module.vpc_dev.module.vpc.aws_vpc.this",
            "module.vpc_dev.module.vpc.aws_vpc_block_public_access_exclusion.this",
            "module.vpc_dev.module.vpc.aws_vpc_block_public_access_options.this",
            "module.vpc_dev.module.vpc.aws_vpc_dhcp_options.this",
            "module.vpc_dev.module.vpc.aws_vpc_dhcp_options_association.this",
            "module.vpc_dev.module.vpc.aws_vpc_ipv4_cidr_block_association.this",
            "module.vpc_dev.module.vpc.aws_vpn_gateway.this",
            "module.vpc_dev.module.vpc.aws_vpn_gateway_attachment.this",
            "module.vpc_dev.module.vpc.aws_vpn_gateway_route_propagation.intra",
            "module.vpc_dev.module.vpc.aws_vpn_gateway_route_propagation.private",
            "module.vpc_dev.module.vpc.aws_vpn_gateway_route_propagation.public",
            "module.vpc_dev.module.vpc.data.aws_caller_identity.current",
            "module.vpc_dev.module.vpc.data.aws_iam_policy_document.flow_log_cloudwatch_assume_role",
            "module.vpc_dev.module.vpc.data.aws_iam_policy_document.vpc_flow_log_cloudwatch",
            "module.vpc_dev.module.vpc.data.aws_partition.current",
            "module.vpc_dev.module.vpc.data.aws_region.current"
          ],
          "create_before_destroy": true
        }
      ]
    },
    {
      "module": "module.vpc_dev",
      "mode": "data",
      "type": "aws_availability_zones",
      "name": "available",
      "provider": "provider[\"registry.terraform.io/hashicorp/aws\"]",
      "instances": [
        {
          "schema_version": 0,
          "attributes": {
            "all_availability_zones": null,
            "exclude_names": null,
            "exclude_zone_ids": null,
            "filter": [
              {
                "name": "opt-in-status",
                "values": [
                  "opt-in-not-required"
                ]
              }
            ],
            "group_names": [
              "ap-south-1-zg-1"
            ],
            "id": "ap-south-1",
            "names": [
              "ap-south-1a",
              "ap-south-1b",
              "ap-south-1c"
            ],
            "region": "ap-south-1",
            "state": null,
            "timeouts": null,
            "zone_ids": [
              "aps1-az1",
              "aps1-az3",
              "aps1-az2"
            ]
          },
          "sensitive_attributes": [],
          "identity_schema_version": 0
        }
      ]
    },
    {
      "module": "module.vpc_dev.module.vpc",
      "mode": "managed",
      "type": "aws_default_network_acl",
      "name": "this",
      "provider": "provider[\"registry.terraform.io/hashicorp/aws\"]",
      "instances": [
        {
          "index_key": 0,
          "schema_version": 0,
          "attributes": {
            "arn": "arn:aws:ec2:ap-south-1:084766854861:network-acl/acl-0d6a4e352447626df",
            "default_network_acl_id": "acl-0d6a4e352447626df",
            "egress": [
              {
                "action": "allow",
                "cidr_block": "",
                "from_port": 0,
                "icmp_code": 0,
                "icmp_type": 0,
                "ipv6_cidr_block": "::/0",
                "protocol": "-1",
                "rule_no": 101,
                "to_port": 0
              },
              {
                "action": "allow",
                "cidr_block": "0.0.0.0/0",
                "from_port": 0,
                "icmp_code": 0,
                "icmp_type": 0,
                "ipv6_cidr_block": "",
                "protocol": "-1",
                "rule_no": 100,
                "to_port": 0
              }
            ],
            "id": "acl-0d6a4e352447626df",
            "ingress": [
              {
                "action": "allow",
                "cidr_block": "",
                "from_port": 0,
                "icmp_code": 0,
                "icmp_type": 0,
                "ipv6_cidr_block": "::/0",
                "protocol": "-1",
                "rule_no": 101,
                "to_port": 0
              },
              {
                "action": "allow",
                "cidr_block": "0.0.0.0/0",
                "from_port": 0,
                "icmp_code": 0,
                "icmp_type": 0,
                "ipv6_cidr_block": "",
                "protocol": "-1",
                "rule_no": 100,
                "to_port": 0
              }
            ],
            "owner_id": "084766854861",
            "region": "ap-south-1",
            "subnet_ids": [
              "subnet-028530416b5b03dd8",
              "subnet-0444e41035d33cd04",
              "subnet-04949c37cb8ae909a",
              "subnet-0668a5fc1d0ddf341",
              "subnet-06a06d1e3a71c49ae",
              "subnet-0719c2524cee76fc9",
              "subnet-09f6ac08f64cea2df",
              "subnet-0a9fc29c31ec2ae10"
            ],
            "tags": {
              "Environment": "dev",
              "Name": "dev-env-vpc-default"
            },
            "tags_all": {
              "Environment": "dev",
              "Name": "dev-env-vpc-default"
            },
            "vpc_id": "vpc-0d42b6150d98256a5"
          },
          "sensitive_attributes": [],
          "identity_schema_version": 0,
          "private": "bnVsbA==",
          "dependencies": [
            "module.vpc_dev.module.vpc.aws_vpc.this"
          ],
          "create_before_destroy": true
        }
      ]
    },
    {
      "module": "module.vpc_dev.module.vpc",
      "mode": "managed",
      "type": "aws_default_route_table",
      "name": "default",
      "provider": "provider[\"registry.terraform.io/hashicorp/aws\"]",
      "instances": [
        {
          "index_key": 0,
          "schema_version": 0,
          "attributes": {
            "arn": "arn:aws:ec2:ap-south-1:084766854861:route-table/rtb-02f47a1a4d07c92ce",
            "default_route_table_id": "rtb-02f47a1a4d07c92ce",
            "id": "rtb-02f47a1a4d07c92ce",
            "owner_id": "084766854861",
            "propagating_vgws": [],
            "region": "ap-south-1",
            "route": [],
            "tags": {
              "Environment": "dev",
              "Name": "dev-env-vpc-default"
            },
            "tags_all": {
              "Environment": "dev",
              "Name": "dev-env-vpc-default"
            },
            "timeouts": {
              "create": "5m",
              "update": "5m"
            },
            "vpc_id": "vpc-0d42b6150d98256a5"
          },
          "sensitive_attributes": [],
          "identity_schema_version": 0,
          "private": "eyJlMmJmYjczMC1lY2FhLTExZTYtOGY4OC0zNDM2M2JjN2M0YzAiOnsiY3JlYXRlIjozMDAwMDAwMDAwMDAsInVwZGF0ZSI6MzAwMDAwMDAwMDAwfX0=",
          "dependencies": [
            "module.vpc_dev.module.vpc.aws_vpc.this"
          ],
          "create_before_destroy": true
        }
      ]
    },
    {
      "module": "module.vpc_dev.module.vpc",
      "mode": "managed",
      "type": "aws_default_security_group",
      "name": "this",
      "provider": "provider[\"registry.terraform.io/hashicorp/aws\"]",
      "instances": [
        {
          "index_key": 0,
          "schema_version": 1,
          "attributes": {
            "arn": "arn:aws:ec2:ap-south-1:084766854861:security-group/sg-02bae9b6b36d3d9f7",
            "description": "default VPC security group",
            "egress": [],
            "id": "sg-02bae9b6b36d3d9f7",
            "ingress": [],
            "name": "default",
            "name_prefix": "",
            "owner_id": "084766854861",
            "region": "ap-south-1",
            "revoke_rules_on_delete": false,
            "tags": {
              "Environment": "dev",
              "Name": "dev-env-vpc-default"
            },
            "tags_all": {
              "Environment": "dev",
              "Name": "dev-env-vpc-default"
            },
            "vpc_id": "vpc-0d42b6150d98256a5"
          },
          "sensitive_attributes": [],
          "identity_schema_version": 0,
          "private": "eyJzY2hlbWFfdmVyc2lvbiI6IjEifQ==",
          "dependencies": [
            "module.vpc_dev.module.vpc.aws_vpc.this"
          ],
          "create_before_destroy": true
        }
      ]
    },
    {
      "module": "module.vpc_dev.module.vpc",
      "mode": "managed",
      "type": "aws_eip",
      "name": "nat",
      "provider": "provider[\"registry.terraform.io/hashicorp/aws\"]",
      "instances": [
        {
          "index_key": 0,
          "schema_version": 0,
          "attributes": {
            "address": null,
            "allocation_id": "eipalloc-0c1ba2e4ef4e9e0ae",
            "arn": "arn:aws:ec2:ap-south-1:084766854861:elastic-ip/eipalloc-0c1ba2e4ef4e9e0ae",
            "associate_with_private_ip": null,
            "association_id": "eipassoc-08c4cebb9013b17bb",
            "carrier_ip": "",
            "customer_owned_ip": "",
            "customer_owned_ipv4_pool": "",
            "domain": "vpc",
            "id": "eipalloc-0c1ba2e4ef4e9e0ae",
            "instance": "",
            "ipam_pool_id": "",
            "network_border_group": "ap-south-1",
            "network_interface": "eni-0fd7a10eed1e76128",
            "private_dns": "ip-10-0-1-80.ap-south-1.compute.internal",
            "private_ip": "10.0.1.80",
            "ptr_record": "",
            "public_dns": "ec2-13-200-44-8.ap-south-1.compute.amazonaws.com",
            "public_ip": "13.200.44.8",
            "public_ipv4_pool": "amazon",
            "region": "ap-south-1",
            "tags": {
              "Environment": "dev",
              "Name": "dev-env-vpc-ap-south-1a"
            },
            "tags_all": {
              "Environment": "dev",
              "Name": "dev-env-vpc-ap-south-1a"
            },
            "timeouts": null
          },
          "sensitive_attributes": [],
          "identity_schema_version": 0,
          "identity": {
            "account_id": "084766854861",
            "id": "eipalloc-0c1ba2e4ef4e9e0ae",
            "region": "ap-south-1"
          },
          "private": "eyJlMmJmYjczMC1lY2FhLTExZTYtOGY4OC0zNDM2M2JjN2M0YzAiOnsiZGVsZXRlIjoxODAwMDAwMDAwMDAsInJlYWQiOjkwMDAwMDAwMDAwMCwidXBkYXRlIjozMDAwMDAwMDAwMDB9fQ==",
          "dependencies": [
            "module.vpc_dev.data.aws_availability_zones.available",
            "module.vpc_dev.module.vpc.aws_internet_gateway.this",
            "module.vpc_dev.module.vpc.aws_vpc.this",
            "module.vpc_dev.module.vpc.aws_vpc_ipv4_cidr_block_association.this"
          ],
          "create_before_destroy": true
        }
      ]
    },
    {
      "module": "module.vpc_dev.module.vpc",
      "mode": "managed",
      "type": "aws_internet_gateway",
      "name": "this",
      "provider": "provider[\"registry.terraform.io/hashicorp/aws\"]",
      "instances": [
        {
          "index_key": 0,
          "schema_version": 0,
          "attributes": {
            "arn": "arn:aws:ec2:ap-south-1:084766854861:internet-gateway/igw-0f990d6402d730704",
            "id": "igw-0f990d6402d730704",
            "owner_id": "084766854861",
            "region": "ap-south-1",
            "tags": {
              "Environment": "dev",
              "Name": "dev-env-vpc"
            },
            "tags_all": {
              "Environment": "dev",
              "Name": "dev-env-vpc"
            },
            "timeouts": null,
            "vpc_id": "vpc-0d42b6150d98256a5"
          },
          "sensitive_attributes": [],
          "identity_schema_version": 0,
          "identity": {
            "account_id": "084766854861",
            "id": "igw-0f990d6402d730704",
            "region": "ap-south-1"
          },
          "private": "eyJlMmJmYjczMC1lY2FhLTExZTYtOGY4OC0zNDM2M2JjN2M0YzAiOnsiY3JlYXRlIjoxMjAwMDAwMDAwMDAwLCJkZWxldGUiOjEyMDAwMDAwMDAwMDAsInVwZGF0ZSI6MTIwMDAwMDAwMDAwMH19",
          "dependencies": [
            "module.vpc_dev.module.vpc.aws_vpc.this",
            "module.vpc_dev.module.vpc.aws_vpc_ipv4_cidr_block_association.this"
          ],
          "create_before_destroy": true
        }
      ]
    },
    {
      "module": "module.vpc_dev.module.vpc",
      "mode": "managed",
      "type": "aws_nat_gateway",
      "name": "this",
      "provider": "provider[\"registry.terraform.io/hashicorp/aws\"]",
      "instances": [
        {
          "index_key": 0,
          "schema_version": 0,
          "attributes": {
            "allocation_id": "eipalloc-0c1ba2e4ef4e9e0ae",
            "association_id": "eipassoc-08c4cebb9013b17bb",
            "auto_provision_zones": null,
            "auto_scaling_ips": null,
            "availability_mode": "zonal",
            "availability_zone_address": [],
            "connectivity_type": "public",
            "id": "nat-092ce58582e18b6cf",
            "network_interface_id": "eni-0fd7a10eed1e76128",
            "private_ip": "10.0.1.80",
            "public_ip": "13.200.44.8",
            "region": "ap-south-1",
            "regional_nat_gateway_address": [],
            "regional_nat_gateway_auto_mode": null,
            "route_table_id": null,
            "secondary_allocation_ids": [],
            "secondary_private_ip_address_count": 0,
            "secondary_private_ip_addresses": [],
            "subnet_id": "subnet-0719c2524cee76fc9",
            "tags": {
              "Environment": "dev",
              "Name": "dev-env-vpc-ap-south-1a"
            },
            "tags_all": {
              "Environment": "dev",
              "Name": "dev-env-vpc-ap-south-1a"
            },
            "timeouts": null,
            "vpc_id": "vpc-0d42b6150d98256a5"
          },
          "sensitive_attributes": [],
          "identity_schema_version": 0,
          "identity": {
            "account_id": "084766854861",
            "id": "nat-092ce58582e18b6cf",
            "region": "ap-south-1"
          },
          "private": "eyJlMmJmYjczMC1lY2FhLTExZTYtOGY4OC0zNDM2M2JjN2M0YzAiOnsiY3JlYXRlIjo2MDAwMDAwMDAwMDAsImRlbGV0ZSI6MTgwMDAwMDAwMDAwMCwidXBkYXRlIjo2MDAwMDAwMDAwMDB9fQ==",
          "dependencies": [
            "module.vpc_dev.data.aws_availability_zones.available",
            "module.vpc_dev.module.vpc.aws_eip.nat",
            "module.vpc_dev.module.vpc.aws_internet_gateway.this",
            "module.vpc_dev.module.vpc.aws_subnet.public",
            "module.vpc_dev.module.vpc.aws_vpc.this",
            "module.vpc_dev.module.vpc.aws_vpc_ipv4_cidr_block_association.this"
          ],
          "create_before_destroy": true
        }
      ]
    },
    {
      "module": "module.vpc_dev.module.vpc",
      "mode": "managed",
      "type": "aws_route",
      "name": "private_nat_gateway",
      "provider": "provider[\"registry.terraform.io/hashicorp/aws\"]",
      "instances": [
        {
          "index_key": 0,
          "schema_version": 0,
          "attributes": {
            "carrier_gateway_id": "",
            "core_network_arn": "",
            "destination_cidr_block": "0.0.0.0/0",
            "destination_ipv6_cidr_block": "",
            "destination_prefix_list_id": "",
            "egress_only_gateway_id": "",
            "gateway_id": "",
            "id": "r-rtb-0c0a8194ef5526f821080289494",
            "instance_id": "",
            "instance_owner_id": "",
            "local_gateway_id": "",
            "nat_gateway_id": "nat-092ce58582e18b6cf",
            "network_interface_id": "",
            "odb_network_arn": "",
            "origin": "CreateRoute",
            "region": "ap-south-1",
            "route_table_id": "rtb-0c0a8194ef5526f82",
            "state": "active",
            "timeouts": {
              "create": "5m",
              "delete": null,
              "update": null
            },
            "transit_gateway_id": "",
            "vpc_endpoint_id": "",
            "vpc_peering_connection_id": ""
          },
          "sensitive_attributes": [],
          "identity_schema_version": 0,
          "identity": {
            "account_id": "084766854861",
            "destination_cidr_block": "0.0.0.0/0",
            "destination_ipv6_cidr_block": null,
            "destination_prefix_list_id": null,
            "region": "ap-south-1",
            "route_table_id": "rtb-0c0a8194ef5526f82"
          },
          "private": "eyJlMmJmYjczMC1lY2FhLTExZTYtOGY4OC0zNDM2M2JjN2M0YzAiOnsiY3JlYXRlIjozMDAwMDAwMDAwMDAsImRlbGV0ZSI6MzAwMDAwMDAwMDAwLCJ1cGRhdGUiOjEyMDAwMDAwMDAwMH19",
          "dependencies": [
            "module.vpc_dev.data.aws_availability_zones.available",
            "module.vpc_dev.module.vpc.aws_eip.nat",
            "module.vpc_dev.module.vpc.aws_internet_gateway.this",
            "module.vpc_dev.module.vpc.aws_nat_gateway.this",
            "module.vpc_dev.module.vpc.aws_route_table.private",
            "module.vpc_dev.module.vpc.aws_subnet.public",
            "module.vpc_dev.module.vpc.aws_vpc.this",
            "module.vpc_dev.module.vpc.aws_vpc_ipv4_cidr_block_association.this"
          ],
          "create_before_destroy": true
        }
      ]
    },
    {
      "module": "module.vpc_dev.module.vpc",
      "mode": "managed",
      "type": "aws_route",
      "name": "public_internet_gateway",
      "provider": "provider[\"registry.terraform.io/hashicorp/aws\"]",
      "instances": [
        {
          "index_key": 0,
          "schema_version": 0,
          "attributes": {
            "carrier_gateway_id": "",
            "core_network_arn": "",
            "destination_cidr_block": "0.0.0.0/0",
            "destination_ipv6_cidr_block": "",
            "destination_prefix_list_id": "",
            "egress_only_gateway_id": "",
            "gateway_id": "igw-0f990d6402d730704",
            "id": "r-rtb-028816d18912e71971080289494",
            "instance_id": "",
            "instance_owner_id": "",
            "local_gateway_id": "",
            "nat_gateway_id": "",
            "network_interface_id": "",
            "odb_network_arn": "",
            "origin": "CreateRoute",
            "region": "ap-south-1",
            "route_table_id": "rtb-028816d18912e7197",
            "state": "active",
            "timeouts": {
              "create": "5m",
              "delete": null,
              "update": null
            },
            "transit_gateway_id": "",
            "vpc_endpoint_id": "",
            "vpc_peering_connection_id": ""
          },
          "sensitive_attributes": [],
          "identity_schema_version": 0,
          "identity": {
            "account_id": "084766854861",
            "destination_cidr_block": "0.0.0.0/0",
            "destination_ipv6_cidr_block": null,
            "destination_prefix_list_id": null,
            "region": "ap-south-1",
            "route_table_id": "rtb-028816d18912e7197"
          },
          "private": "eyJlMmJmYjczMC1lY2FhLTExZTYtOGY4OC0zNDM2M2JjN2M0YzAiOnsiY3JlYXRlIjozMDAwMDAwMDAwMDAsImRlbGV0ZSI6MzAwMDAwMDAwMDAwLCJ1cGRhdGUiOjEyMDAwMDAwMDAwMH19",
          "dependencies": [
            "module.vpc_dev.data.aws_availability_zones.available",
            "module.vpc_dev.module.vpc.aws_internet_gateway.this",
            "module.vpc_dev.module.vpc.aws_route_table.public",
            "module.vpc_dev.module.vpc.aws_vpc.this",
            "module.vpc_dev.module.vpc.aws_vpc_ipv4_cidr_block_association.this"
          ],
          "create_before_destroy": true
        }
      ]
    },
    {
      "module": "module.vpc_dev.module.vpc",
      "mode": "managed",
      "type": "aws_route_table",
      "name": "private",
      "provider": "provider[\"registry.terraform.io/hashicorp/aws\"]",
      "instances": [
        {
          "index_key": 0,
          "schema_version": 0,
          "attributes": {
            "arn": "arn:aws:ec2:ap-south-1:084766854861:route-table/rtb-0c0a8194ef5526f82",
            "id": "rtb-0c0a8194ef5526f82",
            "owner_id": "084766854861",
            "propagating_vgws": [],
            "region": "ap-south-1",
            "route": [
              {
                "carrier_gateway_id": "",
                "cidr_block": "0.0.0.0/0",
                "core_network_arn": "",
                "destination_prefix_list_id": "",
                "egress_only_gateway_id": "",
                "gateway_id": "",
                "ipv6_cidr_block": "",
                "local_gateway_id": "",
                "nat_gateway_id": "nat-092ce58582e18b6cf",
                "network_interface_id": "",
                "odb_network_arn": "",
                "transit_gateway_id": "",
                "vpc_endpoint_id": "",
                "vpc_peering_connection_id": ""
              }
            ],
            "tags": {
              "Environment": "dev",
              "Name": "dev-env-vpc-private"
            },
            "tags_all": {
              "Environment": "dev",
              "Name": "dev-env-vpc-private"
            },
            "timeouts": null,
            "vpc_id": "vpc-0d42b6150d98256a5"
          },
          "sensitive_attributes": [],
          "identity_schema_version": 0,
          "identity": {
            "account_id": "084766854861",
            "id": "rtb-0c0a8194ef5526f82",
            "region": "ap-south-1"
          },
          "private": "eyJlMmJmYjczMC1lY2FhLTExZTYtOGY4OC0zNDM2M2JjN2M0YzAiOnsiY3JlYXRlIjozMDAwMDAwMDAwMDAsImRlbGV0ZSI6MzAwMDAwMDAwMDAwLCJ1cGRhdGUiOjEyMDAwMDAwMDAwMH19",
          "dependencies": [
            "module.vpc_dev.data.aws_availability_zones.available",
            "module.vpc_dev.module.vpc.aws_vpc.this",
            "module.vpc_dev.module.vpc.aws_vpc_ipv4_cidr_block_association.this"
          ],
          "create_before_destroy": true
        }
      ]
    },
    {
      "module": "module.vpc_dev.module.vpc",
      "mode": "managed",
      "type": "aws_route_table",
      "name": "public",
      "provider": "provider[\"registry.terraform.io/hashicorp/aws\"]",
      "instances": [
        {
          "index_key": 0,
          "schema_version": 0,
          "attributes": {
            "arn": "arn:aws:ec2:ap-south-1:084766854861:route-table/rtb-028816d18912e7197",
            "id": "rtb-028816d18912e7197",
            "owner_id": "084766854861",
            "propagating_vgws": [],
            "region": "ap-south-1",
            "route": [
              {
                "carrier_gateway_id": "",
                "cidr_block": "0.0.0.0/0",
                "core_network_arn": "",
                "destination_prefix_list_id": "",
                "egress_only_gateway_id": "",
                "gateway_id": "igw-0f990d6402d730704",
                "ipv6_cidr_block": "",
                "local_gateway_id": "",
                "nat_gateway_id": "",
                "network_interface_id": "",
                "odb_network_arn": "",
                "transit_gateway_id": "",
                "vpc_endpoint_id": "",
                "vpc_peering_connection_id": ""
              }
            ],
            "tags": {
              "Environment": "dev",
              "Name": "dev-env-vpc-public"
            },
            "tags_all": {
              "Environment": "dev",
              "Name": "dev-env-vpc-public"
            },
            "timeouts": null,
            "vpc_id": "vpc-0d42b6150d98256a5"
          },
          "sensitive_attributes": [],
          "identity_schema_version": 0,
          "identity": {
            "account_id": "084766854861",
            "id": "rtb-028816d18912e7197",
            "region": "ap-south-1"
          },
          "private": "eyJlMmJmYjczMC1lY2FhLTExZTYtOGY4OC0zNDM2M2JjN2M0YzAiOnsiY3JlYXRlIjozMDAwMDAwMDAwMDAsImRlbGV0ZSI6MzAwMDAwMDAwMDAwLCJ1cGRhdGUiOjEyMDAwMDAwMDAwMH19",
          "dependencies": [
            "module.vpc_dev.data.aws_availability_zones.available",
            "module.vpc_dev.module.vpc.aws_vpc.this",
            "module.vpc_dev.module.vpc.aws_vpc_ipv4_cidr_block_association.this"
          ],
          "create_before_destroy": true
        }
      ]
    },
    {
      "module": "module.vpc_dev.module.vpc",
      "mode": "managed",
      "type": "aws_route_table_association",
      "name": "private",
      "provider": "provider[\"registry.terraform.io/hashicorp/aws\"]",
      "instances": [
        {
          "index_key": 0,
          "schema_version": 0,
          "attributes": {
            "gateway_id": "",
            "id": "rtbassoc-06318d618fca20962",
            "region": "ap-south-1",
            "route_table_id": "rtb-0c0a8194ef5526f82",
            "subnet_id": "subnet-0668a5fc1d0ddf341",
            "timeouts": null
          },
          "sensitive_attributes": [],
          "identity_schema_version": 0,
          "identity": {
            "account_id": "084766854861",
            "id": "rtbassoc-06318d618fca20962",
            "region": "ap-south-1"
          },
          "private": "eyJlMmJmYjczMC1lY2FhLTExZTYtOGY4OC0zNDM2M2JjN2M0YzAiOnsiY3JlYXRlIjozMDAwMDAwMDAwMDAsImRlbGV0ZSI6MzAwMDAwMDAwMDAwLCJ1cGRhdGUiOjEyMDAwMDAwMDAwMH19",
          "dependencies": [
            "module.vpc_dev.data.aws_availability_zones.available",
            "module.vpc_dev.module.vpc.aws_route_table.private",
            "module.vpc_dev.module.vpc.aws_subnet.private",
            "module.vpc_dev.module.vpc.aws_vpc.this",
            "module.vpc_dev.module.vpc.aws_vpc_ipv4_cidr_block_association.this"
          ],
          "create_before_destroy": true
        },
        {
          "index_key": 1,
          "schema_version": 0,
          "attributes": {
            "gateway_id": "",
            "id": "rtbassoc-0c073dd453d7d19e2",
            "region": "ap-south-1",
            "route_table_id": "rtb-0c0a8194ef5526f82",
            "subnet_id": "subnet-0a9fc29c31ec2ae10",
            "timeouts": null
          },
          "sensitive_attributes": [],
          "identity_schema_version": 0,
          "identity": {
            "account_id": "084766854861",
            "id": "rtbassoc-0c073dd453d7d19e2",
            "region": "ap-south-1"
          },
          "private": "eyJlMmJmYjczMC1lY2FhLTExZTYtOGY4OC0zNDM2M2JjN2M0YzAiOnsiY3JlYXRlIjozMDAwMDAwMDAwMDAsImRlbGV0ZSI6MzAwMDAwMDAwMDAwLCJ1cGRhdGUiOjEyMDAwMDAwMDAwMH19",
          "dependencies": [
            "module.vpc_dev.data.aws_availability_zones.available",
            "module.vpc_dev.module.vpc.aws_route_table.private",
            "module.vpc_dev.module.vpc.aws_subnet.private",
            "module.vpc_dev.module.vpc.aws_vpc.this",
            "module.vpc_dev.module.vpc.aws_vpc_ipv4_cidr_block_association.this"
          ],
          "create_before_destroy": true
        },
        {
          "index_key": 2,
          "schema_version": 0,
          "attributes": {
            "gateway_id": "",
            "id": "rtbassoc-011e03468cf4a59b8",
            "region": "ap-south-1",
            "route_table_id": "rtb-0c0a8194ef5526f82",
            "subnet_id": "subnet-028530416b5b03dd8",
            "timeouts": null
          },
          "sensitive_attributes": [],
          "identity_schema_version": 0,
          "identity": {
            "account_id": "084766854861",
            "id": "rtbassoc-011e03468cf4a59b8",
            "region": "ap-south-1"
          },
          "private": "eyJlMmJmYjczMC1lY2FhLTExZTYtOGY4OC0zNDM2M2JjN2M0YzAiOnsiY3JlYXRlIjozMDAwMDAwMDAwMDAsImRlbGV0ZSI6MzAwMDAwMDAwMDAwLCJ1cGRhdGUiOjEyMDAwMDAwMDAwMH19",
          "dependencies": [
            "module.vpc_dev.data.aws_availability_zones.available",
            "module.vpc_dev.module.vpc.aws_route_table.private",
            "module.vpc_dev.module.vpc.aws_subnet.private",
            "module.vpc_dev.module.vpc.aws_vpc.this",
            "module.vpc_dev.module.vpc.aws_vpc_ipv4_cidr_block_association.this"
          ],
          "create_before_destroy": true
        },
        {
          "index_key": 3,
          "schema_version": 0,
          "attributes": {
            "gateway_id": "",
            "id": "rtbassoc-0921a8363a6cf8bdc",
            "region": "ap-south-1",
            "route_table_id": "rtb-0c0a8194ef5526f82",
            "subnet_id": "subnet-09f6ac08f64cea2df",
            "timeouts": null
          },
          "sensitive_attributes": [],
          "identity_schema_version": 0,
          "identity": {
            "account_id": "084766854861",
            "id": "rtbassoc-0921a8363a6cf8bdc",
            "region": "ap-south-1"
          },
          "private": "eyJlMmJmYjczMC1lY2FhLTExZTYtOGY4OC0zNDM2M2JjN2M0YzAiOnsiY3JlYXRlIjozMDAwMDAwMDAwMDAsImRlbGV0ZSI6MzAwMDAwMDAwMDAwLCJ1cGRhdGUiOjEyMDAwMDAwMDAwMH19",
          "dependencies": [
            "module.vpc_dev.data.aws_availability_zones.available",
            "module.vpc_dev.module.vpc.aws_route_table.private",
            "module.vpc_dev.module.vpc.aws_subnet.private",
            "module.vpc_dev.module.vpc.aws_vpc.this",
            "module.vpc_dev.module.vpc.aws_vpc_ipv4_cidr_block_association.this"
          ],
          "create_before_destroy": true
        },
        {
          "index_key": 4,
          "schema_version": 0,
          "attributes": {
            "gateway_id": "",
            "id": "rtbassoc-0a4681207149b3789",
            "region": "ap-south-1",
            "route_table_id": "rtb-0c0a8194ef5526f82",
            "subnet_id": "subnet-06a06d1e3a71c49ae",
            "timeouts": null
          },
          "sensitive_attributes": [],
          "identity_schema_version": 0,
          "identity": {
            "account_id": "084766854861",
            "id": "rtbassoc-0a4681207149b3789",
            "region": "ap-south-1"
          },
          "private": "eyJlMmJmYjczMC1lY2FhLTExZTYtOGY4OC0zNDM2M2JjN2M0YzAiOnsiY3JlYXRlIjozMDAwMDAwMDAwMDAsImRlbGV0ZSI6MzAwMDAwMDAwMDAwLCJ1cGRhdGUiOjEyMDAwMDAwMDAwMH19",
          "dependencies": [
            "module.vpc_dev.data.aws_availability_zones.available",
            "module.vpc_dev.module.vpc.aws_route_table.private",
            "module.vpc_dev.module.vpc.aws_subnet.private",
            "module.vpc_dev.module.vpc.aws_vpc.this",
            "module.vpc_dev.module.vpc.aws_vpc_ipv4_cidr_block_association.this"
          ],
          "create_before_destroy": true
        }
      ]
    },
    {
      "module": "module.vpc_dev.module.vpc",
      "mode": "managed",
      "type": "aws_route_table_association",
      "name": "public",
      "provider": "provider[\"registry.terraform.io/hashicorp/aws\"]",
      "instances": [
        {
          "index_key": 0,
          "schema_version": 0,
          "attributes": {
            "gateway_id": "",
            "id": "rtbassoc-05a12592e4f3b7c3b",
            "region": "ap-south-1",
            "route_table_id": "rtb-028816d18912e7197",
            "subnet_id": "subnet-0719c2524cee76fc9",
            "timeouts": null
          },
          "sensitive_attributes": [],
          "identity_schema_version": 0,
          "identity": {
            "account_id": "084766854861",
            "id": "rtbassoc-05a12592e4f3b7c3b",
            "region": "ap-south-1"
          },
          "private": "eyJlMmJmYjczMC1lY2FhLTExZTYtOGY4OC0zNDM2M2JjN2M0YzAiOnsiY3JlYXRlIjozMDAwMDAwMDAwMDAsImRlbGV0ZSI6MzAwMDAwMDAwMDAwLCJ1cGRhdGUiOjEyMDAwMDAwMDAwMH19",
          "dependencies": [
            "module.vpc_dev.data.aws_availability_zones.available",
            "module.vpc_dev.module.vpc.aws_route_table.public",
            "module.vpc_dev.module.vpc.aws_subnet.public",
            "module.vpc_dev.module.vpc.aws_vpc.this",
            "module.vpc_dev.module.vpc.aws_vpc_ipv4_cidr_block_association.this"
          ],
          "create_before_destroy": true
        },
        {
          "index_key": 1,
          "schema_version": 0,
          "attributes": {
            "gateway_id": "",
            "id": "rtbassoc-0e433423367a28059",
            "region": "ap-south-1",
            "route_table_id": "rtb-028816d18912e7197",
            "subnet_id": "subnet-0444e41035d33cd04",
            "timeouts": null
          },
          "sensitive_attributes": [],
          "identity_schema_version": 0,
          "identity": {
            "account_id": "084766854861",
            "id": "rtbassoc-0e433423367a28059",
            "region": "ap-south-1"
          },
          "private": "eyJlMmJmYjczMC1lY2FhLTExZTYtOGY4OC0zNDM2M2JjN2M0YzAiOnsiY3JlYXRlIjozMDAwMDAwMDAwMDAsImRlbGV0ZSI6MzAwMDAwMDAwMDAwLCJ1cGRhdGUiOjEyMDAwMDAwMDAwMH19",
          "dependencies": [
            "module.vpc_dev.data.aws_availability_zones.available",
            "module.vpc_dev.module.vpc.aws_route_table.public",
            "module.vpc_dev.module.vpc.aws_subnet.public",
            "module.vpc_dev.module.vpc.aws_vpc.this",
            "module.vpc_dev.module.vpc.aws_vpc_ipv4_cidr_block_association.this"
          ],
          "create_before_destroy": true
        },
        {
          "index_key": 2,
          "schema_version": 0,
          "attributes": {
            "gateway_id": "",
            "id": "rtbassoc-0167b03fdd35e979d",
            "region": "ap-south-1",
            "route_table_id": "rtb-028816d18912e7197",
            "subnet_id": "subnet-04949c37cb8ae909a",
            "timeouts": null
          },
          "sensitive_attributes": [],
          "identity_schema_version": 0,
          "identity": {
            "account_id": "084766854861",
            "id": "rtbassoc-0167b03fdd35e979d",
            "region": "ap-south-1"
          },
          "private": "eyJlMmJmYjczMC1lY2FhLTExZTYtOGY4OC0zNDM2M2JjN2M0YzAiOnsiY3JlYXRlIjozMDAwMDAwMDAwMDAsImRlbGV0ZSI6MzAwMDAwMDAwMDAwLCJ1cGRhdGUiOjEyMDAwMDAwMDAwMH19",
          "dependencies": [
            "module.vpc_dev.data.aws_availability_zones.available",
            "module.vpc_dev.module.vpc.aws_route_table.public",
            "module.vpc_dev.module.vpc.aws_subnet.public",
            "module.vpc_dev.module.vpc.aws_vpc.this",
            "module.vpc_dev.module.vpc.aws_vpc_ipv4_cidr_block_association.this"
          ],
          "create_before_destroy": true
        }
      ]
    },
    {
      "module": "module.vpc_dev.module.vpc",
      "mode": "managed",
      "type": "aws_subnet",
      "name": "private",
      "provider": "provider[\"registry.terraform.io/hashicorp/aws\"]",
      "instances": [
        {
          "index_key": 0,
          "schema_version": 1,
          "attributes": {
            "arn": "arn:aws:ec2:ap-south-1:084766854861:subnet/subnet-0668a5fc1d0ddf341",
            "assign_ipv6_address_on_creation": false,
            "availability_zone": "ap-south-1a",
            "availability_zone_id": "aps1-az1",
            "cidr_block": "10.0.100.0/24",
            "customer_owned_ipv4_pool": "",
            "enable_dns64": false,
            "enable_lni_at_device_index": 0,
            "enable_resource_name_dns_a_record_on_launch": false,
            "enable_resource_name_dns_aaaa_record_on_launch": false,
            "id": "subnet-0668a5fc1d0ddf341",
            "ipv4_ipam_pool_id": null,
            "ipv4_netmask_length": null,
            "ipv6_cidr_block": "",
            "ipv6_cidr_block_association_id": "",
            "ipv6_ipam_pool_id": null,
            "ipv6_native": false,
            "ipv6_netmask_length": null,
            "map_customer_owned_ip_on_launch": false,
            "map_public_ip_on_launch": false,
            "outpost_arn": "",
            "owner_id": "084766854861",
            "private_dns_hostname_type_on_launch": "ip-name",
            "region": "ap-south-1",
            "tags": {
              "Environment": "dev",
              "Name": "dev-env-vpc-private-ap-south-1a"
            },
            "tags_all": {
              "Environment": "dev",
              "Name": "dev-env-vpc-private-ap-south-1a"
            },
            "timeouts": null,
            "vpc_id": "vpc-0d42b6150d98256a5"
          },
          "sensitive_attributes": [],
          "identity_schema_version": 0,
          "identity": {
            "account_id": "084766854861",
            "id": "subnet-0668a5fc1d0ddf341",
            "region": "ap-south-1"
          },
          "private": "eyJlMmJmYjczMC1lY2FhLTExZTYtOGY4OC0zNDM2M2JjN2M0YzAiOnsiY3JlYXRlIjo2MDAwMDAwMDAwMDAsImRlbGV0ZSI6MTIwMDAwMDAwMDAwMH0sInNjaGVtYV92ZXJzaW9uIjoiMSJ9",
          "dependencies": [
            "module.vpc_dev.data.aws_availability_zones.available",
            "module.vpc_dev.module.vpc.aws_vpc.this",
            "module.vpc_dev.module.vpc.aws_vpc_ipv4_cidr_block_association.this"
          ],
          "create_before_destroy": true
        },
        {
          "index_key": 1,
          "schema_version": 1,
          "attributes": {
            "arn": "arn:aws:ec2:ap-south-1:084766854861:subnet/subnet-0a9fc29c31ec2ae10",
            "assign_ipv6_address_on_creation": false,
            "availability_zone": "ap-south-1b",
            "availability_zone_id": "aps1-az3",
            "cidr_block": "10.0.101.0/24",
            "customer_owned_ipv4_pool": "",
            "enable_dns64": false,
            "enable_lni_at_device_index": 0,
            "enable_resource_name_dns_a_record_on_launch": false,
            "enable_resource_name_dns_aaaa_record_on_launch": false,
            "id": "subnet-0a9fc29c31ec2ae10",
            "ipv4_ipam_pool_id": null,
            "ipv4_netmask_length": null,
            "ipv6_cidr_block": "",
            "ipv6_cidr_block_association_id": "",
            "ipv6_ipam_pool_id": null,
            "ipv6_native": false,
            "ipv6_netmask_length": null,
            "map_customer_owned_ip_on_launch": false,
            "map_public_ip_on_launch": false,
            "outpost_arn": "",
            "owner_id": "084766854861",
            "private_dns_hostname_type_on_launch": "ip-name",
            "region": "ap-south-1",
            "tags": {
              "Environment": "dev",
              "Name": "dev-env-vpc-private-ap-south-1b"
            },
            "tags_all": {
              "Environment": "dev",
              "Name": "dev-env-vpc-private-ap-south-1b"
            },
            "timeouts": null,
            "vpc_id": "vpc-0d42b6150d98256a5"
          },
          "sensitive_attributes": [],
          "identity_schema_version": 0,
          "identity": {
            "account_id": "084766854861",
            "id": "subnet-0a9fc29c31ec2ae10",
            "region": "ap-south-1"
          },
          "private": "eyJlMmJmYjczMC1lY2FhLTExZTYtOGY4OC0zNDM2M2JjN2M0YzAiOnsiY3JlYXRlIjo2MDAwMDAwMDAwMDAsImRlbGV0ZSI6MTIwMDAwMDAwMDAwMH0sInNjaGVtYV92ZXJzaW9uIjoiMSJ9",
          "dependencies": [
            "module.vpc_dev.data.aws_availability_zones.available",
            "module.vpc_dev.module.vpc.aws_vpc.this",
            "module.vpc_dev.module.vpc.aws_vpc_ipv4_cidr_block_association.this"
          ],
          "create_before_destroy": true
        },
        {
          "index_key": 2,
          "schema_version": 1,
          "attributes": {
            "arn": "arn:aws:ec2:ap-south-1:084766854861:subnet/subnet-028530416b5b03dd8",
            "assign_ipv6_address_on_creation": false,
            "availability_zone": "ap-south-1c",
            "availability_zone_id": "aps1-az2",
            "cidr_block": "10.0.103.0/24",
            "customer_owned_ipv4_pool": "",
            "enable_dns64": false,
            "enable_lni_at_device_index": 0,
            "enable_resource_name_dns_a_record_on_launch": false,
            "enable_resource_name_dns_aaaa_record_on_launch": false,
            "id": "subnet-028530416b5b03dd8",
            "ipv4_ipam_pool_id": null,
            "ipv4_netmask_length": null,
            "ipv6_cidr_block": "",
            "ipv6_cidr_block_association_id": "",
            "ipv6_ipam_pool_id": null,
            "ipv6_native": false,
            "ipv6_netmask_length": null,
            "map_customer_owned_ip_on_launch": false,
            "map_public_ip_on_launch": false,
            "outpost_arn": "",
            "owner_id": "084766854861",
            "private_dns_hostname_type_on_launch": "ip-name",
            "region": "ap-south-1",
            "tags": {
              "Environment": "dev",
              "Name": "dev-env-vpc-private-ap-south-1c"
            },
            "tags_all": {
              "Environment": "dev",
              "Name": "dev-env-vpc-private-ap-south-1c"
            },
            "timeouts": null,
            "vpc_id": "vpc-0d42b6150d98256a5"
          },
          "sensitive_attributes": [],
          "identity_schema_version": 0,
          "identity": {
            "account_id": "084766854861",
            "id": "subnet-028530416b5b03dd8",
            "region": "ap-south-1"
          },
          "private": "eyJlMmJmYjczMC1lY2FhLTExZTYtOGY4OC0zNDM2M2JjN2M0YzAiOnsiY3JlYXRlIjo2MDAwMDAwMDAwMDAsImRlbGV0ZSI6MTIwMDAwMDAwMDAwMH0sInNjaGVtYV92ZXJzaW9uIjoiMSJ9",
          "dependencies": [
            "module.vpc_dev.data.aws_availability_zones.available",
            "module.vpc_dev.module.vpc.aws_vpc.this",
            "module.vpc_dev.module.vpc.aws_vpc_ipv4_cidr_block_association.this"
          ],
          "create_before_destroy": true
        },
        {
          "index_key": 3,
          "schema_version": 1,
          "attributes": {
            "arn": "arn:aws:ec2:ap-south-1:084766854861:subnet/subnet-09f6ac08f64cea2df",
            "assign_ipv6_address_on_creation": false,
            "availability_zone": "ap-south-1a",
            "availability_zone_id": "aps1-az1",
            "cidr_block": "10.0.104.0/26",
            "customer_owned_ipv4_pool": "",
            "enable_dns64": false,
            "enable_lni_at_device_index": 0,
            "enable_resource_name_dns_a_record_on_launch": false,
            "enable_resource_name_dns_aaaa_record_on_launch": false,
            "id": "subnet-09f6ac08f64cea2df",
            "ipv4_ipam_pool_id": null,
            "ipv4_netmask_length": null,
            "ipv6_cidr_block": "",
            "ipv6_cidr_block_association_id": "",
            "ipv6_ipam_pool_id": null,
            "ipv6_native": false,
            "ipv6_netmask_length": null,
            "map_customer_owned_ip_on_launch": false,
            "map_public_ip_on_launch": false,
            "outpost_arn": "",
            "owner_id": "084766854861",
            "private_dns_hostname_type_on_launch": "ip-name",
            "region": "ap-south-1",
            "tags": {
              "Environment": "dev",
              "Name": "dev-env-vpc-private-ap-south-1a"
            },
            "tags_all": {
              "Environment": "dev",
              "Name": "dev-env-vpc-private-ap-south-1a"
            },
            "timeouts": null,
            "vpc_id": "vpc-0d42b6150d98256a5"
          },
          "sensitive_attributes": [],
          "identity_schema_version": 0,
          "identity": {
            "account_id": "084766854861",
            "id": "subnet-09f6ac08f64cea2df",
            "region": "ap-south-1"
          },
          "private": "eyJlMmJmYjczMC1lY2FhLTExZTYtOGY4OC0zNDM2M2JjN2M0YzAiOnsiY3JlYXRlIjo2MDAwMDAwMDAwMDAsImRlbGV0ZSI6MTIwMDAwMDAwMDAwMH0sInNjaGVtYV92ZXJzaW9uIjoiMSJ9",
          "dependencies": [
            "module.vpc_dev.data.aws_availability_zones.available",
            "module.vpc_dev.module.vpc.aws_vpc.this",
            "module.vpc_dev.module.vpc.aws_vpc_ipv4_cidr_block_association.this"
          ],
          "create_before_destroy": true
        },
        {
          "index_key": 4,
          "schema_version": 1,
          "attributes": {
            "arn": "arn:aws:ec2:ap-south-1:084766854861:subnet/subnet-06a06d1e3a71c49ae",
            "assign_ipv6_address_on_creation": false,
            "availability_zone": "ap-south-1b",
            "availability_zone_id": "aps1-az3",
            "cidr_block": "10.0.105.0/26",
            "customer_owned_ipv4_pool": "",
            "enable_dns64": false,
            "enable_lni_at_device_index": 0,
            "enable_resource_name_dns_a_record_on_launch": false,
            "enable_resource_name_dns_aaaa_record_on_launch": false,
            "id": "subnet-06a06d1e3a71c49ae",
            "ipv4_ipam_pool_id": null,
            "ipv4_netmask_length": null,
            "ipv6_cidr_block": "",
            "ipv6_cidr_block_association_id": "",
            "ipv6_ipam_pool_id": null,
            "ipv6_native": false,
            "ipv6_netmask_length": null,
            "map_customer_owned_ip_on_launch": false,
            "map_public_ip_on_launch": false,
            "outpost_arn": "",
            "owner_id": "084766854861",
            "private_dns_hostname_type_on_launch": "ip-name",
            "region": "ap-south-1",
            "tags": {
              "Environment": "dev",
              "Name": "dev-env-vpc-private-ap-south-1b"
            },
            "tags_all": {
              "Environment": "dev",
              "Name": "dev-env-vpc-private-ap-south-1b"
            },
            "timeouts": null,
            "vpc_id": "vpc-0d42b6150d98256a5"
          },
          "sensitive_attributes": [],
          "identity_schema_version": 0,
          "identity": {
            "account_id": "084766854861",
            "id": "subnet-06a06d1e3a71c49ae",
            "region": "ap-south-1"
          },
          "private": "eyJlMmJmYjczMC1lY2FhLTExZTYtOGY4OC0zNDM2M2JjN2M0YzAiOnsiY3JlYXRlIjo2MDAwMDAwMDAwMDAsImRlbGV0ZSI6MTIwMDAwMDAwMDAwMH0sInNjaGVtYV92ZXJzaW9uIjoiMSJ9",
          "dependencies": [
            "module.vpc_dev.data.aws_availability_zones.available",
            "module.vpc_dev.module.vpc.aws_vpc.this",
            "module.vpc_dev.module.vpc.aws_vpc_ipv4_cidr_block_association.this"
          ],
          "create_before_destroy": true
        }
      ]
    },
    {
      "module": "module.vpc_dev.module.vpc",
      "mode": "managed",
      "type": "aws_subnet",
      "name": "public",
      "provider": "provider[\"registry.terraform.io/hashicorp/aws\"]",
      "instances": [
        {
          "index_key": 0,
          "schema_version": 1,
          "attributes": {
            "arn": "arn:aws:ec2:ap-south-1:084766854861:subnet/subnet-0719c2524cee76fc9",
            "assign_ipv6_address_on_creation": false,
            "availability_zone": "ap-south-1a",
            "availability_zone_id": "aps1-az1",
            "cidr_block": "10.0.1.0/24",
            "customer_owned_ipv4_pool": "",
            "enable_dns64": false,
            "enable_lni_at_device_index": 0,
            "enable_resource_name_dns_a_record_on_launch": false,
            "enable_resource_name_dns_aaaa_record_on_launch": false,
            "id": "subnet-0719c2524cee76fc9",
            "ipv4_ipam_pool_id": null,
            "ipv4_netmask_length": null,
            "ipv6_cidr_block": "",
            "ipv6_cidr_block_association_id": "",
            "ipv6_ipam_pool_id": null,
            "ipv6_native": false,
            "ipv6_netmask_length": null,
            "map_customer_owned_ip_on_launch": false,
            "map_public_ip_on_launch": false,
            "outpost_arn": "",
            "owner_id": "084766854861",
            "private_dns_hostname_type_on_launch": "ip-name",
            "region": "ap-south-1",
            "tags": {
              "Environment": "dev",
              "Name": "dev-env-vpc-public-ap-south-1a"
            },
            "tags_all": {
              "Environment": "dev",
              "Name": "dev-env-vpc-public-ap-south-1a"
            },
            "timeouts": null,
            "vpc_id": "vpc-0d42b6150d98256a5"
          },
          "sensitive_attributes": [],
          "identity_schema_version": 0,
          "identity": {
            "account_id": "084766854861",
            "id": "subnet-0719c2524cee76fc9",
            "region": "ap-south-1"
          },
          "private": "eyJlMmJmYjczMC1lY2FhLTExZTYtOGY4OC0zNDM2M2JjN2M0YzAiOnsiY3JlYXRlIjo2MDAwMDAwMDAwMDAsImRlbGV0ZSI6MTIwMDAwMDAwMDAwMH0sInNjaGVtYV92ZXJzaW9uIjoiMSJ9",
          "dependencies": [
            "module.vpc_dev.data.aws_availability_zones.available",
            "module.vpc_dev.module.vpc.aws_vpc.this",
            "module.vpc_dev.module.vpc.aws_vpc_ipv4_cidr_block_association.this"
          ],
          "create_before_destroy": true
        },
        {
          "index_key": 1,
          "schema_version": 1,
          "attributes": {
            "arn": "arn:aws:ec2:ap-south-1:084766854861:subnet/subnet-0444e41035d33cd04",
            "assign_ipv6_address_on_creation": false,
            "availability_zone": "ap-south-1b",
            "availability_zone_id": "aps1-az3",
            "cidr_block": "10.0.2.0/24",
            "customer_owned_ipv4_pool": "",
            "enable_dns64": false,
            "enable_lni_at_device_index": 0,
            "enable_resource_name_dns_a_record_on_launch": false,
            "enable_resource_name_dns_aaaa_record_on_launch": false,
            "id": "subnet-0444e41035d33cd04",
            "ipv4_ipam_pool_id": null,
            "ipv4_netmask_length": null,
            "ipv6_cidr_block": "",
            "ipv6_cidr_block_association_id": "",
            "ipv6_ipam_pool_id": null,
            "ipv6_native": false,
            "ipv6_netmask_length": null,
            "map_customer_owned_ip_on_launch": false,
            "map_public_ip_on_launch": false,
            "outpost_arn": "",
            "owner_id": "084766854861",
            "private_dns_hostname_type_on_launch": "ip-name",
            "region": "ap-south-1",
            "tags": {
              "Environment": "dev",
              "Name": "dev-env-vpc-public-ap-south-1b"
            },
            "tags_all": {
              "Environment": "dev",
              "Name": "dev-env-vpc-public-ap-south-1b"
            },
            "timeouts": null,
            "vpc_id": "vpc-0d42b6150d98256a5"
          },
          "sensitive_attributes": [],
          "identity_schema_version": 0,
          "identity": {
            "account_id": "084766854861",
            "id": "subnet-0444e41035d33cd04",
            "region": "ap-south-1"
          },
          "private": "eyJlMmJmYjczMC1lY2FhLTExZTYtOGY4OC0zNDM2M2JjN2M0YzAiOnsiY3JlYXRlIjo2MDAwMDAwMDAwMDAsImRlbGV0ZSI6MTIwMDAwMDAwMDAwMH0sInNjaGVtYV92ZXJzaW9uIjoiMSJ9",
          "dependencies": [
            "module.vpc_dev.data.aws_availability_zones.available",
            "module.vpc_dev.module.vpc.aws_vpc.this",
            "module.vpc_dev.module.vpc.aws_vpc_ipv4_cidr_block_association.this"
          ],
          "create_before_destroy": true
        },
        {
          "index_key": 2,
          "schema_version": 1,
          "attributes": {
            "arn": "arn:aws:ec2:ap-south-1:084766854861:subnet/subnet-04949c37cb8ae909a",
            "assign_ipv6_address_on_creation": false,
            "availability_zone": "ap-south-1c",
            "availability_zone_id": "aps1-az2",
            "cidr_block": "10.0.3.0/24",
            "customer_owned_ipv4_pool": "",
            "enable_dns64": false,
            "enable_lni_at_device_index": 0,
            "enable_resource_name_dns_a_record_on_launch": false,
            "enable_resource_name_dns_aaaa_record_on_launch": false,
            "id": "subnet-04949c37cb8ae909a",
            "ipv4_ipam_pool_id": null,
            "ipv4_netmask_length": null,
            "ipv6_cidr_block": "",
            "ipv6_cidr_block_association_id": "",
            "ipv6_ipam_pool_id": null,
            "ipv6_native": false,
            "ipv6_netmask_length": null,
            "map_customer_owned_ip_on_launch": false,
            "map_public_ip_on_launch": false,
            "outpost_arn": "",
            "owner_id": "084766854861",
            "private_dns_hostname_type_on_launch": "ip-name",
            "region": "ap-south-1",
            "tags": {
              "Environment": "dev",
              "Name": "dev-env-vpc-public-ap-south-1c"
            },
            "tags_all": {
              "Environment": "dev",
              "Name": "dev-env-vpc-public-ap-south-1c"
            },
            "timeouts": null,
            "vpc_id": "vpc-0d42b6150d98256a5"
          },
          "sensitive_attributes": [],
          "identity_schema_version": 0,
          "identity": {
            "account_id": "084766854861",
            "id": "subnet-04949c37cb8ae909a",
            "region": "ap-south-1"
          },
          "private": "eyJlMmJmYjczMC1lY2FhLTExZTYtOGY4OC0zNDM2M2JjN2M0YzAiOnsiY3JlYXRlIjo2MDAwMDAwMDAwMDAsImRlbGV0ZSI6MTIwMDAwMDAwMDAwMH0sInNjaGVtYV92ZXJzaW9uIjoiMSJ9",
          "dependencies": [
            "module.vpc_dev.data.aws_availability_zones.available",
            "module.vpc_dev.module.vpc.aws_vpc.this",
            "module.vpc_dev.module.vpc.aws_vpc_ipv4_cidr_block_association.this"
          ],
          "create_before_destroy": true
        }
      ]
    },
    {
      "module": "module.vpc_dev.module.vpc",
      "mode": "managed",
      "type": "aws_vpc",
      "name": "this",
      "provider": "provider[\"registry.terraform.io/hashicorp/aws\"]",
      "instances": [
        {
          "index_key": 0,
          "schema_version": 1,
          "attributes": {
            "arn": "arn:aws:ec2:ap-south-1:084766854861:vpc/vpc-0d42b6150d98256a5",
            "assign_generated_ipv6_cidr_block": false,
            "cidr_block": "10.0.0.0/16",
            "default_network_acl_id": "acl-0d6a4e352447626df",
            "default_route_table_id": "rtb-02f47a1a4d07c92ce",
            "default_security_group_id": "sg-02bae9b6b36d3d9f7",
            "dhcp_options_id": "dopt-06daa4392706987b5",
            "enable_dns_hostnames": true,
            "enable_dns_support": true,
            "enable_network_address_usage_metrics": false,
            "id": "vpc-0d42b6150d98256a5",
            "instance_tenancy": "default",
            "ipv4_ipam_pool_id": null,
            "ipv4_netmask_length": null,
            "ipv6_association_id": "",
            "ipv6_cidr_block": "",
            "ipv6_cidr_block_network_border_group": "",
            "ipv6_ipam_pool_id": "",
            "ipv6_netmask_length": 0,
            "main_route_table_id": "rtb-02f47a1a4d07c92ce",
            "owner_id": "084766854861",
            "region": "ap-south-1",
            "tags": {
              "Environment": "dev",
              "Name": "dev-env-vpc"
            },
            "tags_all": {
              "Environment": "dev",
              "Name": "dev-env-vpc"
            }
          },
          "sensitive_attributes": [],
          "identity_schema_version": 0,
          "identity": {
            "account_id": "084766854861",
            "id": "vpc-0d42b6150d98256a5",
            "region": "ap-south-1"
          },
          "private": "eyJzY2hlbWFfdmVyc2lvbiI6IjEifQ==",
          "create_before_destroy": true
        }
      ]
    }
  ],
  "check_results": [
    {
      "object_kind": "resource",
      "config_addr": "module.eks.module.eks.module.eks_managed_node_group.module.user_data.null_resource.validate_cluster_service_cidr",
      "status": "pass",
      "objects": [
        {
          "object_addr": "module.eks.module.eks.module.eks_managed_node_group[\"general\"].module.user_data.null_resource.validate_cluster_service_cidr",
          "status": "pass"
        }
      ]
    },
    {
      "object_kind": "resource",
      "config_addr": "module.eks.module.eks.module.self_managed_node_group.module.user_data.null_resource.validate_cluster_service_cidr",
      "status": "pass",
      "objects": null
    }
  ]
}
